{
  "version": 4,
  "terraform_version": "1.11.2",
  "serial": 818,
  "lineage": "3155a26e-ec2b-a54c-0e80-cb7304c42539",
  "outputs": {
    "bastion_public_ip": {
      "value": "54.172.186.5",
      "type": "string"
    },
    "postgres_security_group_id": {
      "value": "sg-08c01f95f3ca726af",
      "type": "string"
    },
    "private_only_subnets_cidr_blocks": {
      "value": [
        "10.0.16.0/24",
        "10.0.17.0/24"
      ],
      "type": [
        "list",
        "string"
      ]
    },
    "public_subnets_cidr_blocks": {
      "value": [
        "10.0.6.0/24",
        "10.0.7.0/24"
      ],
      "type": [
        "list",
        "string"
      ]
    },
    "vpc_id": {
      "value": "vpc-00f11cdb8b2f969b2",
      "type": "string"
    }
  },
  "resources": [
    {
      "module": "module.aws_key_pair",
      "mode": "managed",
      "type": "aws_key_pair",
      "name": "generated",
      "provider": "provider[\"registry.terraform.io/hashicorp/aws\"]",
      "instances": [
        {
          "index_key": 0,
          "schema_version": 1,
          "attributes": {
            "arn": "arn:aws:ec2:us-east-1:203918842945:key-pair/vitality-dev-app-ssh-key",
            "fingerprint": "a7:fe:c2:cf:01:80:01:78:27:e0:10:da:b6:5c:7f:aa",
            "id": "vitality-dev-app-ssh-key",
            "key_name": "vitality-dev-app-ssh-key",
            "key_name_prefix": "",
            "key_pair_id": "key-00feb42c45c0f7476",
            "key_type": "rsa",
            "public_key": "ssh-rsa AAAAB3NzaC1yc2EAAAADAQABAAABAQC1/NNYeri9ooFM+YZ3925TaP2RvSoEvSnPr7Nbwkp8sovMwqe9APIEzOvjBDamCX+T9XYo4yivPfF4pJrzSEQhXu5EMFJUeiu24BR3i/Kwk92ePQ06kr9jtVp7LB/kDxvmQ0vVuVW9ygrqe45fzMq1l7TDh0KcGIQOK37KzNgY080EPmLfvmkDwJe5EYvLJHPbzJw/HK1Stkaw4TOQ0b0Bye0kNEUc4pRyiBKeJYHahUrgU85pClvBcl9+/zC+VlqnmGbUHFGuV0dh3/dhp3TMt5TysKrNwnax3/FhV/x8P/2+cGqiREVQ3AKf8kwuDdIKDKLk9v2XBNBGUMNQtWT1",
            "tags": {
              "Attributes": "ssh-key",
              "Name": "vitality-dev-app-ssh-key",
              "Namespace": "vitality",
              "Stage": "dev"
            },
            "tags_all": {
              "Attributes": "ssh-key",
              "Name": "vitality-dev-app-ssh-key",
              "Namespace": "vitality",
              "Stage": "dev"
            }
          },
          "sensitive_attributes": [],
          "private": "eyJzY2hlbWFfdmVyc2lvbiI6IjEifQ==",
          "dependencies": [
            "module.aws_key_pair.tls_private_key.default"
          ]
        }
      ]
    },
    {
      "module": "module.aws_key_pair",
      "mode": "managed",
      "type": "local_file",
      "name": "public_key_openssh",
      "provider": "provider[\"registry.terraform.io/hashicorp/local\"]",
      "instances": [
        {
          "index_key": 0,
          "schema_version": 0,
          "attributes": {
            "content": "ssh-rsa AAAAB3NzaC1yc2EAAAADAQABAAABAQC1/NNYeri9ooFM+YZ3925TaP2RvSoEvSnPr7Nbwkp8sovMwqe9APIEzOvjBDamCX+T9XYo4yivPfF4pJrzSEQhXu5EMFJUeiu24BR3i/Kwk92ePQ06kr9jtVp7LB/kDxvmQ0vVuVW9ygrqe45fzMq1l7TDh0KcGIQOK37KzNgY080EPmLfvmkDwJe5EYvLJHPbzJw/HK1Stkaw4TOQ0b0Bye0kNEUc4pRyiBKeJYHahUrgU85pClvBcl9+/zC+VlqnmGbUHFGuV0dh3/dhp3TMt5TysKrNwnax3/FhV/x8P/2+cGqiREVQ3AKf8kwuDdIKDKLk9v2XBNBGUMNQtWT1\n",
            "content_base64": null,
            "content_base64sha256": "voEN59EYCIw5LuiKXpaRlwerGpU+lpskaYLiXIDiAP0=",
            "content_base64sha512": "cFYnFlAqIeJPCdeQqDmwHMV0gSKB7XXhzTm7Nzux6dFxt/Lblsk0p7lVzsQ6+p1GHL91D5yDmv1ScMeZA8Mg4Q==",
            "content_md5": "3ce98e85e7f3fad92c2e0e46f9260af4",
            "content_sha1": "8572871b1c568edd6810bf00c5985ccbf28cda63",
            "content_sha256": "be810de7d118088c392ee88a5e96919707ab1a953e969b246982e25c80e200fd",
            "content_sha512": "70562716502a21e24f09d790a839b01cc574812281ed75e1cd39bb373bb1e9d171b7f2db96c934a7b955cec43afa9d461cbf750f9c839afd5270c79903c320e1",
            "directory_permission": "0777",
            "file_permission": "0777",
            "filename": ".pem/vitality-bastion.pub/vitality-dev-app-ssh-key.pub",
            "id": "8572871b1c568edd6810bf00c5985ccbf28cda63",
            "sensitive_content": null,
            "source": null
          },
          "sensitive_attributes": [
            [
              {
                "type": "get_attr",
                "value": "sensitive_content"
              }
            ]
          ],
          "dependencies": [
            "module.aws_key_pair.tls_private_key.default"
          ]
        }
      ]
    },
    {
      "module": "module.aws_key_pair",
      "mode": "managed",
      "type": "local_sensitive_file",
      "name": "private_key_pem",
      "provider": "provider[\"registry.terraform.io/hashicorp/local\"]",
      "instances": [
        {
          "index_key": 0,
          "schema_version": 0,
          "attributes": {
            "content": "-----BEGIN RSA PRIVATE KEY-----\nMIIEpgIBAAKCAQEAtfzTWHq4vaKBTPmGd/duU2j9kb0qBL0pz6+zW8JKfLKLzMKn\nvQDyBMzr4wQ2pgl/k/V2KOMorz3xeKSa80hEIV7uRDBSVHortuAUd4vysJPdnj0N\nOpK/Y7Vaeywf5A8b5kNL1blVvcoK6nuOX8zKtZe0w4dCnBiEDit+yszYGNPNBD5i\n375pA8CXuRGLyyRz28ycPxytUrZGsOEzkNG9AcntJDRFHOKUcogSniWB2oVK4FPO\naQpbwXJffv8wvlZap5hm1BxRrldHYd/3Yad0zLeU8rCqzcJ2sd/xYVf8fD/9vnBq\nokRFUNwCn/JMLg3SCgyi5Pb9lwTQRlDDULVk9QIDAQABAoIBAQCOeylExqBI6Cfv\nihS7bB8WcsbECaQSHb/UeK0mFBGZW3iUkXoeQdU56O5tyGi4ygr2XmFqVZ8OxKJ/\nX/BotJWSwu4suOBcf2ImRX4AsrMJiFskfowS5b2uZNg4Qy2csi+Xsex3oij89Ghj\neOTZIE88qU+/HfEKoS8SoP8d7A7sL+N8VaYImE2WLUyfD+woLiE5eK/8egtbxkgt\nneIhsFcSwsMeZfV5TnJuaflNgOjv7fivIUSAkHD8sGyGoK1uIAtUvdWKiNzR4pAk\ns7sU9rq9KPuSjqzfE8Jz+QBMvm2q3eICPFTTn2VC3gJV1sLyqSMlm2/6DRN0PidF\niaB9LQNpAoGBAO1U7UciswdH/1AeTSvonm9g7r8oiI/ZLfgVyAgfrJ9sKGr5La8z\n69bjl05PAfBjzP1lOLZCxxxsvIKtlDbSYttkjOdgW97u9KDKvnOsWCs5VgKb4XTI\n7S8Guf4Q+klhyzUthDKO2DVu6iqGkdjWrrPCb0AO6V8O2qCfgVk6O7cLAoGBAMRN\nc4//Wa7BaxxgKQg+HYPWnChSHEsbi9HauKiGfysUeqwpe9B6VPgl7x8tMNj0uYRY\n9Z3ffXHRGJq2/ReQYWnnYtGfr3KvGnnFM9stRd5/DmL+PQxChHdHEOTyMdd/qTdo\nSdAKJBUPZpPL8AnC0f4QsylP8jDPn4vijq7vlNP/AoGBAM204sTZipsxCFaFLRZ1\n1X1sYwNFOriT4Yg6ONrxuUmlEZNGzxYgxrXHJoo1aNTXbAHmDjXLw5EbnnkVwnWR\n/SV0Db0ug/LC4z3K/TB9nR454Bb6zXvP++Tay7MvPAEGxn8dKIw5y6TksgqSATAV\nQ++DA7JeOmCuG0lFd3PDSabpAoGBAMJ0Vr2WHajXQNtjBkJ8BZDLzvTCIfTk3KSN\nHc8TLHXoW3yfu17RT8phCXbAtVq1UfCgju5MrV9J2i2ohx4Ij/bwlxtAK/RXMMrf\nZnb/ae71vbKiVqcGXWIqq7mfkW//rgiM7lF/Oi8CioJtyuJgctRShqet4iQoB8vy\nKZVxDuTRAoGBAMyNbtKK0FZr+lho2QyZAQsxCdhFVw+Iyb/XUPJJ3bqd10yiXsOV\nzZc5HdQao4aiycUUTqryKR3yIq1Wl09+9DDNOoBs/ofkIukde4yhSd25ZR5UB0dc\nDDxuoWS+a8YP0MRnqu0q8jvEKSebJ3HT2Lf7+TWpIvx8ivdUdw3Qo0TF\n-----END RSA PRIVATE KEY-----\n",
            "content_base64": null,
            "content_base64sha256": "rbNmOIxo1HqPzjCSF4bsifxpi7dk7PTxm5slmtOD868=",
            "content_base64sha512": "HbVtj7G5FGVGsE1ppiLfni/KWUw8HODfxmlmmrhEfZuGucu4z9rEvxKuBLyunXn8ZZ1qnXgNuTomvYze4Ymyhg==",
            "content_md5": "0260b8615be09a00fccb1ac9aa3893d4",
            "content_sha1": "71d89dc7de411acf23cbb53965ffd7eded24b2f8",
            "content_sha256": "adb366388c68d47a8fce30921786ec89fc698bb764ecf4f19b9b259ad383f3af",
            "content_sha512": "1db56d8fb1b9146546b04d69a622df9e2fca594c3c1ce0dfc669669ab8447d9b86b9cbb8cfdac4bf12ae04bcae9d79fc659d6a9d780db93a26bd8cdee189b286",
            "directory_permission": "0700",
            "file_permission": "0600",
            "filename": ".pem/vitality-bastion.pub/vitality-dev-app-ssh-key",
            "id": "71d89dc7de411acf23cbb53965ffd7eded24b2f8",
            "source": null
          },
          "sensitive_attributes": [
            [
              {
                "type": "get_attr",
                "value": "content_base64"
              }
            ],
            [
              {
                "type": "get_attr",
                "value": "content"
              }
            ]
          ],
          "dependencies": [
            "module.aws_key_pair.tls_private_key.default"
          ]
        }
      ]
    },
    {
      "module": "module.aws_key_pair",
      "mode": "managed",
      "type": "tls_private_key",
      "name": "default",
      "provider": "provider[\"registry.terraform.io/hashicorp/tls\"]",
      "instances": [
        {
          "index_key": 0,
          "schema_version": 1,
          "attributes": {
            "algorithm": "RSA",
            "ecdsa_curve": "P224",
            "id": "25cc8c8be1c7c7b50bcfe922e70e0549f638a784",
            "private_key_openssh": "-----BEGIN OPENSSH PRIVATE KEY-----\nb3BlbnNzaC1rZXktdjEAAAAABG5vbmUAAAAEbm9uZQAAAAAAAAABAAABFwAAAAdz\nc2gtcnNhAAAAAwEAAQAAAQEAtfzTWHq4vaKBTPmGd/duU2j9kb0qBL0pz6+zW8JK\nfLKLzMKnvQDyBMzr4wQ2pgl/k/V2KOMorz3xeKSa80hEIV7uRDBSVHortuAUd4vy\nsJPdnj0NOpK/Y7Vaeywf5A8b5kNL1blVvcoK6nuOX8zKtZe0w4dCnBiEDit+yszY\nGNPNBD5i375pA8CXuRGLyyRz28ycPxytUrZGsOEzkNG9AcntJDRFHOKUcogSniWB\n2oVK4FPOaQpbwXJffv8wvlZap5hm1BxRrldHYd/3Yad0zLeU8rCqzcJ2sd/xYVf8\nfD/9vnBqokRFUNwCn/JMLg3SCgyi5Pb9lwTQRlDDULVk9QAAA7jdY1fx3WNX8QAA\nAAdzc2gtcnNhAAABAQC1/NNYeri9ooFM+YZ3925TaP2RvSoEvSnPr7Nbwkp8sovM\nwqe9APIEzOvjBDamCX+T9XYo4yivPfF4pJrzSEQhXu5EMFJUeiu24BR3i/Kwk92e\nPQ06kr9jtVp7LB/kDxvmQ0vVuVW9ygrqe45fzMq1l7TDh0KcGIQOK37KzNgY080E\nPmLfvmkDwJe5EYvLJHPbzJw/HK1Stkaw4TOQ0b0Bye0kNEUc4pRyiBKeJYHahUrg\nU85pClvBcl9+/zC+VlqnmGbUHFGuV0dh3/dhp3TMt5TysKrNwnax3/FhV/x8P/2+\ncGqiREVQ3AKf8kwuDdIKDKLk9v2XBNBGUMNQtWT1AAAAAwEAAQAAAQEAjnspRMag\nSOgn74oUu2wfFnLGxAmkEh2/1HitJhQRmVt4lJF6HkHVOejubchouMoK9l5halWf\nDsSif1/waLSVksLuLLjgXH9iJkV+ALKzCYhbJH6MEuW9rmTYOEMtnLIvl7Hsd6Io\n/PRoY3jk2SBPPKlPvx3xCqEvEqD/HewO7C/jfFWmCJhNli1Mnw/sKC4hOXiv/HoL\nW8ZILZ3iIbBXEsLDHmX1eU5ybmn5TYDo7+34ryFEgJBw/LBshqCtbiALVL3Viojc\n0eKQJLO7FPa6vSj7ko6s3xPCc/kATL5tqt3iAjxU059lQt4CVdbC8qkjJZtv+g0T\ndD4nRYmgfS0DaQAAAIEAzI1u0orQVmv6WGjZDJkBCzEJ2EVXD4jJv9dQ8kndup3X\nTKJew5XNlzkd1BqjhqLJxRROqvIpHfIirVaXT370MM06gGz+h+Qi6R17jKFJ3bll\nHlQHR1wMPG6hZL5rxg/QxGeq7SryO8QpJ5sncdPYt/v5Naki/HyK91R3DdCjRMUA\nAACBAO1U7UciswdH/1AeTSvonm9g7r8oiI/ZLfgVyAgfrJ9sKGr5La8z69bjl05P\nAfBjzP1lOLZCxxxsvIKtlDbSYttkjOdgW97u9KDKvnOsWCs5VgKb4XTI7S8Guf4Q\n+klhyzUthDKO2DVu6iqGkdjWrrPCb0AO6V8O2qCfgVk6O7cLAAAAgQDETXOP/1mu\nwWscYCkIPh2D1pwoUhxLG4vR2riohn8rFHqsKXvQelT4Je8fLTDY9LmEWPWd331x\n0Riatv0XkGFp52LRn69yrxp5xTPbLUXefw5i/j0MQoR3RxDk8jHXf6k3aEnQCiQV\nD2aTy/AJwtH+ELMpT/Iwz5+L4o6u75TT/wAAAAAB\n-----END OPENSSH PRIVATE KEY-----\n",
            "private_key_pem": "-----BEGIN RSA PRIVATE KEY-----\nMIIEpgIBAAKCAQEAtfzTWHq4vaKBTPmGd/duU2j9kb0qBL0pz6+zW8JKfLKLzMKn\nvQDyBMzr4wQ2pgl/k/V2KOMorz3xeKSa80hEIV7uRDBSVHortuAUd4vysJPdnj0N\nOpK/Y7Vaeywf5A8b5kNL1blVvcoK6nuOX8zKtZe0w4dCnBiEDit+yszYGNPNBD5i\n375pA8CXuRGLyyRz28ycPxytUrZGsOEzkNG9AcntJDRFHOKUcogSniWB2oVK4FPO\naQpbwXJffv8wvlZap5hm1BxRrldHYd/3Yad0zLeU8rCqzcJ2sd/xYVf8fD/9vnBq\nokRFUNwCn/JMLg3SCgyi5Pb9lwTQRlDDULVk9QIDAQABAoIBAQCOeylExqBI6Cfv\nihS7bB8WcsbECaQSHb/UeK0mFBGZW3iUkXoeQdU56O5tyGi4ygr2XmFqVZ8OxKJ/\nX/BotJWSwu4suOBcf2ImRX4AsrMJiFskfowS5b2uZNg4Qy2csi+Xsex3oij89Ghj\neOTZIE88qU+/HfEKoS8SoP8d7A7sL+N8VaYImE2WLUyfD+woLiE5eK/8egtbxkgt\nneIhsFcSwsMeZfV5TnJuaflNgOjv7fivIUSAkHD8sGyGoK1uIAtUvdWKiNzR4pAk\ns7sU9rq9KPuSjqzfE8Jz+QBMvm2q3eICPFTTn2VC3gJV1sLyqSMlm2/6DRN0PidF\niaB9LQNpAoGBAO1U7UciswdH/1AeTSvonm9g7r8oiI/ZLfgVyAgfrJ9sKGr5La8z\n69bjl05PAfBjzP1lOLZCxxxsvIKtlDbSYttkjOdgW97u9KDKvnOsWCs5VgKb4XTI\n7S8Guf4Q+klhyzUthDKO2DVu6iqGkdjWrrPCb0AO6V8O2qCfgVk6O7cLAoGBAMRN\nc4//Wa7BaxxgKQg+HYPWnChSHEsbi9HauKiGfysUeqwpe9B6VPgl7x8tMNj0uYRY\n9Z3ffXHRGJq2/ReQYWnnYtGfr3KvGnnFM9stRd5/DmL+PQxChHdHEOTyMdd/qTdo\nSdAKJBUPZpPL8AnC0f4QsylP8jDPn4vijq7vlNP/AoGBAM204sTZipsxCFaFLRZ1\n1X1sYwNFOriT4Yg6ONrxuUmlEZNGzxYgxrXHJoo1aNTXbAHmDjXLw5EbnnkVwnWR\n/SV0Db0ug/LC4z3K/TB9nR454Bb6zXvP++Tay7MvPAEGxn8dKIw5y6TksgqSATAV\nQ++DA7JeOmCuG0lFd3PDSabpAoGBAMJ0Vr2WHajXQNtjBkJ8BZDLzvTCIfTk3KSN\nHc8TLHXoW3yfu17RT8phCXbAtVq1UfCgju5MrV9J2i2ohx4Ij/bwlxtAK/RXMMrf\nZnb/ae71vbKiVqcGXWIqq7mfkW//rgiM7lF/Oi8CioJtyuJgctRShqet4iQoB8vy\nKZVxDuTRAoGBAMyNbtKK0FZr+lho2QyZAQsxCdhFVw+Iyb/XUPJJ3bqd10yiXsOV\nzZc5HdQao4aiycUUTqryKR3yIq1Wl09+9DDNOoBs/ofkIukde4yhSd25ZR5UB0dc\nDDxuoWS+a8YP0MRnqu0q8jvEKSebJ3HT2Lf7+TWpIvx8ivdUdw3Qo0TF\n-----END RSA PRIVATE KEY-----\n",
            "private_key_pem_pkcs8": "-----BEGIN PRIVATE KEY-----\nMIIEwAIBADANBgkqhkiG9w0BAQEFAASCBKowggSmAgEAAoIBAQC1/NNYeri9ooFM\n+YZ3925TaP2RvSoEvSnPr7Nbwkp8sovMwqe9APIEzOvjBDamCX+T9XYo4yivPfF4\npJrzSEQhXu5EMFJUeiu24BR3i/Kwk92ePQ06kr9jtVp7LB/kDxvmQ0vVuVW9ygrq\ne45fzMq1l7TDh0KcGIQOK37KzNgY080EPmLfvmkDwJe5EYvLJHPbzJw/HK1Stkaw\n4TOQ0b0Bye0kNEUc4pRyiBKeJYHahUrgU85pClvBcl9+/zC+VlqnmGbUHFGuV0dh\n3/dhp3TMt5TysKrNwnax3/FhV/x8P/2+cGqiREVQ3AKf8kwuDdIKDKLk9v2XBNBG\nUMNQtWT1AgMBAAECggEBAI57KUTGoEjoJ++KFLtsHxZyxsQJpBIdv9R4rSYUEZlb\neJSReh5B1Tno7m3IaLjKCvZeYWpVnw7Eon9f8Gi0lZLC7iy44Fx/YiZFfgCyswmI\nWyR+jBLlva5k2DhDLZyyL5ex7HeiKPz0aGN45NkgTzypT78d8QqhLxKg/x3sDuwv\n43xVpgiYTZYtTJ8P7CguITl4r/x6C1vGSC2d4iGwVxLCwx5l9XlOcm5p+U2A6O/t\n+K8hRICQcPywbIagrW4gC1S91YqI3NHikCSzuxT2ur0o+5KOrN8TwnP5AEy+bard\n4gI8VNOfZULeAlXWwvKpIyWbb/oNE3Q+J0WJoH0tA2kCgYEA7VTtRyKzB0f/UB5N\nK+ieb2DuvyiIj9kt+BXICB+sn2woavktrzPr1uOXTk8B8GPM/WU4tkLHHGy8gq2U\nNtJi22SM52Bb3u70oMq+c6xYKzlWApvhdMjtLwa5/hD6SWHLNS2EMo7YNW7qKoaR\n2Naus8JvQA7pXw7aoJ+BWTo7twsCgYEAxE1zj/9ZrsFrHGApCD4dg9acKFIcSxuL\n0dq4qIZ/KxR6rCl70HpU+CXvHy0w2PS5hFj1nd99cdEYmrb9F5Bhaedi0Z+vcq8a\necUz2y1F3n8OYv49DEKEd0cQ5PIx13+pN2hJ0AokFQ9mk8vwCcLR/hCzKU/yMM+f\ni+KOru+U0/8CgYEAzbTixNmKmzEIVoUtFnXVfWxjA0U6uJPhiDo42vG5SaURk0bP\nFiDGtccmijVo1NdsAeYONcvDkRueeRXCdZH9JXQNvS6D8sLjPcr9MH2dHjngFvrN\ne8/75NrLsy88AQbGfx0ojDnLpOSyCpIBMBVD74MDsl46YK4bSUV3c8NJpukCgYEA\nwnRWvZYdqNdA22MGQnwFkMvO9MIh9OTcpI0dzxMsdehbfJ+7XtFPymEJdsC1WrVR\n8KCO7kytX0naLaiHHgiP9vCXG0Ar9Fcwyt9mdv9p7vW9sqJWpwZdYiqruZ+Rb/+u\nCIzuUX86LwKKgm3K4mBy1FKGp63iJCgHy/IplXEO5NECgYEAzI1u0orQVmv6WGjZ\nDJkBCzEJ2EVXD4jJv9dQ8kndup3XTKJew5XNlzkd1BqjhqLJxRROqvIpHfIirVaX\nT370MM06gGz+h+Qi6R17jKFJ3bllHlQHR1wMPG6hZL5rxg/QxGeq7SryO8QpJ5sn\ncdPYt/v5Naki/HyK91R3DdCjRMU=\n-----END PRIVATE KEY-----\n",
            "public_key_fingerprint_md5": "a5:46:87:51:4e:f4:38:8d:df:78:d0:39:df:4e:78:e3",
            "public_key_fingerprint_sha256": "SHA256:x47iADRgLN8eXjg93Ta09ZJkrqjrHjZ79n6ELtB48+Q",
            "public_key_openssh": "ssh-rsa AAAAB3NzaC1yc2EAAAADAQABAAABAQC1/NNYeri9ooFM+YZ3925TaP2RvSoEvSnPr7Nbwkp8sovMwqe9APIEzOvjBDamCX+T9XYo4yivPfF4pJrzSEQhXu5EMFJUeiu24BR3i/Kwk92ePQ06kr9jtVp7LB/kDxvmQ0vVuVW9ygrqe45fzMq1l7TDh0KcGIQOK37KzNgY080EPmLfvmkDwJe5EYvLJHPbzJw/HK1Stkaw4TOQ0b0Bye0kNEUc4pRyiBKeJYHahUrgU85pClvBcl9+/zC+VlqnmGbUHFGuV0dh3/dhp3TMt5TysKrNwnax3/FhV/x8P/2+cGqiREVQ3AKf8kwuDdIKDKLk9v2XBNBGUMNQtWT1\n",
            "public_key_pem": "-----BEGIN PUBLIC KEY-----\nMIIBIjANBgkqhkiG9w0BAQEFAAOCAQ8AMIIBCgKCAQEAtfzTWHq4vaKBTPmGd/du\nU2j9kb0qBL0pz6+zW8JKfLKLzMKnvQDyBMzr4wQ2pgl/k/V2KOMorz3xeKSa80hE\nIV7uRDBSVHortuAUd4vysJPdnj0NOpK/Y7Vaeywf5A8b5kNL1blVvcoK6nuOX8zK\ntZe0w4dCnBiEDit+yszYGNPNBD5i375pA8CXuRGLyyRz28ycPxytUrZGsOEzkNG9\nAcntJDRFHOKUcogSniWB2oVK4FPOaQpbwXJffv8wvlZap5hm1BxRrldHYd/3Yad0\nzLeU8rCqzcJ2sd/xYVf8fD/9vnBqokRFUNwCn/JMLg3SCgyi5Pb9lwTQRlDDULVk\n9QIDAQAB\n-----END PUBLIC KEY-----\n",
            "rsa_bits": 2048
          },
          "sensitive_attributes": [
            [
              {
                "type": "get_attr",
                "value": "private_key_openssh"
              }
            ],
            [
              {
                "type": "get_attr",
                "value": "private_key_pem_pkcs8"
              }
            ],
            [
              {
                "type": "get_attr",
                "value": "private_key_pem"
              }
            ]
          ]
        }
      ]
    },
    {
      "module": "module.ec2_bastion",
      "mode": "data",
      "type": "aws_ami",
      "name": "default",
      "provider": "provider[\"registry.terraform.io/hashicorp/aws\"]",
      "instances": [
        {
          "index_key": 0,
          "schema_version": 0,
          "attributes": {
            "architecture": "x86_64",
            "arn": "arn:aws:ec2:us-east-1::image/ami-0f6832b69407e9746",
            "block_device_mappings": [
              {
                "device_name": "/dev/xvda",
                "ebs": {
                  "delete_on_termination": "true",
                  "encrypted": "false",
                  "iops": "0",
                  "snapshot_id": "snap-0f4645f459e2ca3fd",
                  "throughput": "0",
                  "volume_size": "8",
                  "volume_type": "standard"
                },
                "no_device": "",
                "virtual_name": ""
              }
            ],
            "boot_mode": "",
            "creation_date": "2025-03-05T01:34:45.000Z",
            "deprecation_time": "2025-07-01T00:00:00.000Z",
            "description": "Amazon Linux 2 AMI 2.0.20250305.0 x86_64 HVM ebs",
            "ena_support": true,
            "executable_users": null,
            "filter": [
              {
                "name": "name",
                "values": [
                  "amzn2-ami-hvm-2.*-x86_64-ebs"
                ]
              }
            ],
            "hypervisor": "xen",
            "id": "ami-0f6832b69407e9746",
            "image_id": "ami-0f6832b69407e9746",
            "image_location": "amazon/amzn2-ami-hvm-2.0.20250305.0-x86_64-ebs",
            "image_owner_alias": "amazon",
            "image_type": "machine",
            "imds_support": "",
            "include_deprecated": false,
            "kernel_id": "",
            "most_recent": true,
            "name": "amzn2-ami-hvm-2.0.20250305.0-x86_64-ebs",
            "name_regex": null,
            "owner_id": "137112412989",
            "owners": [
              "amazon"
            ],
            "platform": "",
            "platform_details": "Linux/UNIX",
            "product_codes": [],
            "public": true,
            "ramdisk_id": "",
            "root_device_name": "/dev/xvda",
            "root_device_type": "ebs",
            "root_snapshot_id": "snap-0f4645f459e2ca3fd",
            "sriov_net_support": "simple",
            "state": "available",
            "state_reason": {
              "code": "UNSET",
              "message": "UNSET"
            },
            "tags": {},
            "timeouts": null,
            "tpm_support": "",
            "uefi_data": null,
            "usage_operation": "RunInstances",
            "virtualization_type": "hvm"
          },
          "sensitive_attributes": []
        }
      ]
    },
    {
      "module": "module.ec2_bastion",
      "mode": "data",
      "type": "aws_iam_policy_document",
      "name": "default",
      "provider": "provider[\"registry.terraform.io/hashicorp/aws\"]",
      "instances": [
        {
          "schema_version": 0,
          "attributes": {
            "id": "2851119427",
            "json": "{\n  \"Version\": \"2012-10-17\",\n  \"Statement\": [\n    {\n      \"Effect\": \"Allow\",\n      \"Action\": \"sts:AssumeRole\",\n      \"Principal\": {\n        \"Service\": \"ec2.amazonaws.com\"\n      }\n    }\n  ]\n}",
            "minified_json": "{\"Version\":\"2012-10-17\",\"Statement\":[{\"Effect\":\"Allow\",\"Action\":\"sts:AssumeRole\",\"Principal\":{\"Service\":\"ec2.amazonaws.com\"}}]}",
            "override_json": null,
            "override_policy_documents": null,
            "policy_id": null,
            "source_json": null,
            "source_policy_documents": null,
            "statement": [
              {
                "actions": [
                  "sts:AssumeRole"
                ],
                "condition": [],
                "effect": "Allow",
                "not_actions": [],
                "not_principals": [],
                "not_resources": [],
                "principals": [
                  {
                    "identifiers": [
                      "ec2.amazonaws.com"
                    ],
                    "type": "Service"
                  }
                ],
                "resources": [],
                "sid": ""
              }
            ],
            "version": "2012-10-17"
          },
          "sensitive_attributes": []
        }
      ]
    },
    {
      "module": "module.ec2_bastion",
      "mode": "data",
      "type": "aws_iam_policy_document",
      "name": "main",
      "provider": "provider[\"registry.terraform.io/hashicorp/aws\"]",
      "instances": [
        {
          "schema_version": 0,
          "attributes": {
            "id": "1360668109",
            "json": "{\n  \"Version\": \"2012-10-17\",\n  \"Statement\": [\n    {\n      \"Effect\": \"Allow\",\n      \"Action\": [\n        \"ssm:UpdateInstanceInformation\",\n        \"ssm:UpdateInstanceAssociationStatus\",\n        \"ssm:UpdateAssociationStatus\",\n        \"ssm:PutInventory\",\n        \"ssm:PutConfigurePackageResult\",\n        \"ssm:PutComplianceItems\",\n        \"ssm:ListInstanceAssociations\",\n        \"ssm:ListAssociations\",\n        \"ssm:GetParameters\",\n        \"ssm:GetParameter\",\n        \"ssm:GetManifest\",\n        \"ssm:GetDocument\",\n        \"ssm:GetDeployablePatchSnapshotForInstance\",\n        \"ssm:DescribeDocument\",\n        \"ssm:DescribeAssociation\"\n      ],\n      \"Resource\": \"*\"\n    },\n    {\n      \"Effect\": \"Allow\",\n      \"Action\": [\n        \"ssmmessages:OpenDataChannel\",\n        \"ssmmessages:OpenControlChannel\",\n        \"ssmmessages:CreateDataChannel\",\n        \"ssmmessages:CreateControlChannel\"\n      ],\n      \"Resource\": \"*\"\n    },\n    {\n      \"Effect\": \"Allow\",\n      \"Action\": [\n        \"ec2messages:SendReply\",\n        \"ec2messages:GetMessages\",\n        \"ec2messages:GetEndpoint\",\n        \"ec2messages:FailMessage\",\n        \"ec2messages:DeleteMessage\",\n        \"ec2messages:AcknowledgeMessage\"\n      ],\n      \"Resource\": \"*\"\n    },\n    {\n      \"Effect\": \"Allow\",\n      \"Action\": \"s3:GetEncryptionConfiguration\",\n      \"Resource\": \"*\"\n    }\n  ]\n}",
            "minified_json": "{\"Version\":\"2012-10-17\",\"Statement\":[{\"Effect\":\"Allow\",\"Action\":[\"ssm:UpdateInstanceInformation\",\"ssm:UpdateInstanceAssociationStatus\",\"ssm:UpdateAssociationStatus\",\"ssm:PutInventory\",\"ssm:PutConfigurePackageResult\",\"ssm:PutComplianceItems\",\"ssm:ListInstanceAssociations\",\"ssm:ListAssociations\",\"ssm:GetParameters\",\"ssm:GetParameter\",\"ssm:GetManifest\",\"ssm:GetDocument\",\"ssm:GetDeployablePatchSnapshotForInstance\",\"ssm:DescribeDocument\",\"ssm:DescribeAssociation\"],\"Resource\":\"*\"},{\"Effect\":\"Allow\",\"Action\":[\"ssmmessages:OpenDataChannel\",\"ssmmessages:OpenControlChannel\",\"ssmmessages:CreateDataChannel\",\"ssmmessages:CreateControlChannel\"],\"Resource\":\"*\"},{\"Effect\":\"Allow\",\"Action\":[\"ec2messages:SendReply\",\"ec2messages:GetMessages\",\"ec2messages:GetEndpoint\",\"ec2messages:FailMessage\",\"ec2messages:DeleteMessage\",\"ec2messages:AcknowledgeMessage\"],\"Resource\":\"*\"},{\"Effect\":\"Allow\",\"Action\":\"s3:GetEncryptionConfiguration\",\"Resource\":\"*\"}]}",
            "override_json": null,
            "override_policy_documents": null,
            "policy_id": null,
            "source_json": null,
            "source_policy_documents": null,
            "statement": [
              {
                "actions": [
                  "ssm:DescribeAssociation",
                  "ssm:DescribeDocument",
                  "ssm:GetDeployablePatchSnapshotForInstance",
                  "ssm:GetDocument",
                  "ssm:GetManifest",
                  "ssm:GetParameter",
                  "ssm:GetParameters",
                  "ssm:ListAssociations",
                  "ssm:ListInstanceAssociations",
                  "ssm:PutComplianceItems",
                  "ssm:PutConfigurePackageResult",
                  "ssm:PutInventory",
                  "ssm:UpdateAssociationStatus",
                  "ssm:UpdateInstanceAssociationStatus",
                  "ssm:UpdateInstanceInformation"
                ],
                "condition": [],
                "effect": "Allow",
                "not_actions": [],
                "not_principals": [],
                "not_resources": [],
                "principals": [],
                "resources": [
                  "*"
                ],
                "sid": ""
              },
              {
                "actions": [
                  "ssmmessages:CreateControlChannel",
                  "ssmmessages:CreateDataChannel",
                  "ssmmessages:OpenControlChannel",
                  "ssmmessages:OpenDataChannel"
                ],
                "condition": [],
                "effect": "Allow",
                "not_actions": [],
                "not_principals": [],
                "not_resources": [],
                "principals": [],
                "resources": [
                  "*"
                ],
                "sid": ""
              },
              {
                "actions": [
                  "ec2messages:AcknowledgeMessage",
                  "ec2messages:DeleteMessage",
                  "ec2messages:FailMessage",
                  "ec2messages:GetEndpoint",
                  "ec2messages:GetMessages",
                  "ec2messages:SendReply"
                ],
                "condition": [],
                "effect": "Allow",
                "not_actions": [],
                "not_principals": [],
                "not_resources": [],
                "principals": [],
                "resources": [
                  "*"
                ],
                "sid": ""
              },
              {
                "actions": [
                  "s3:GetEncryptionConfiguration"
                ],
                "condition": [],
                "effect": "Allow",
                "not_actions": [],
                "not_principals": [],
                "not_resources": [],
                "principals": [],
                "resources": [
                  "*"
                ],
                "sid": ""
              }
            ],
            "version": "2012-10-17"
          },
          "sensitive_attributes": []
        }
      ]
    },
    {
      "module": "module.ec2_bastion",
      "mode": "data",
      "type": "aws_region",
      "name": "default",
      "provider": "provider[\"registry.terraform.io/hashicorp/aws\"]",
      "instances": [
        {
          "schema_version": 0,
          "attributes": {
            "description": "US East (N. Virginia)",
            "endpoint": "ec2.us-east-1.amazonaws.com",
            "id": "us-east-1",
            "name": "us-east-1"
          },
          "sensitive_attributes": []
        }
      ]
    },
    {
      "module": "module.ec2_bastion",
      "mode": "managed",
      "type": "aws_eip",
      "name": "default",
      "provider": "provider[\"registry.terraform.io/hashicorp/aws\"]",
      "instances": [
        {
          "index_key": 0,
          "schema_version": 0,
          "attributes": {
            "address": null,
            "allocation_id": "eipalloc-0d3fba187024dda21",
            "arn": "arn:aws:ec2:us-east-1:203918842945:elastic-ip/eipalloc-0d3fba187024dda21",
            "associate_with_private_ip": null,
            "association_id": "eipassoc-02d8047d72c9785c7",
            "carrier_ip": "",
            "customer_owned_ip": "",
            "customer_owned_ipv4_pool": "",
            "domain": "vpc",
            "id": "eipalloc-0d3fba187024dda21",
            "instance": "i-06bbbfda7690215e3",
            "ipam_pool_id": null,
            "network_border_group": "us-east-1",
            "network_interface": "eni-01bdaf657bc1bae5d",
            "private_dns": "ip-10-0-6-150.ec2.internal",
            "private_ip": "10.0.6.150",
            "ptr_record": "",
            "public_dns": "ec2-54-172-186-5.compute-1.amazonaws.com",
            "public_ip": "54.172.186.5",
            "public_ipv4_pool": "amazon",
            "tags": {
              "Attributes": "public",
              "Name": "vitality-dev-bastion-public",
              "Namespace": "vitality",
              "Stage": "dev"
            },
            "tags_all": {
              "Attributes": "public",
              "Name": "vitality-dev-bastion-public",
              "Namespace": "vitality",
              "Stage": "dev"
            },
            "timeouts": null,
            "vpc": true
          },
          "sensitive_attributes": [],
          "private": "eyJlMmJmYjczMC1lY2FhLTExZTYtOGY4OC0zNDM2M2JjN2M0YzAiOnsiZGVsZXRlIjoxODAwMDAwMDAwMDAsInJlYWQiOjkwMDAwMDAwMDAwMCwidXBkYXRlIjozMDAwMDAwMDAwMDB9fQ==",
          "dependencies": [
            "module.aws_key_pair.aws_key_pair.generated",
            "module.aws_key_pair.aws_key_pair.imported",
            "module.aws_key_pair.tls_private_key.default",
            "module.ec2_bastion.aws_iam_instance_profile.default",
            "module.ec2_bastion.aws_iam_role.default",
            "module.ec2_bastion.aws_instance.default",
            "module.ec2_bastion.data.aws_ami.default",
            "module.ec2_bastion.data.aws_iam_policy_document.default",
            "module.ec2_bastion.module.security_group.aws_security_group.default",
            "module.ec2_bastion.module.security_group.aws_security_group_rule.default",
            "module.ec2_bastion.module.security_group.data.aws_security_group.external",
            "module.public_private_subnets.aws_subnet.public",
            "module.public_private_subnets.data.aws_availability_zones.default",
            "module.public_private_subnets.data.aws_vpc.default",
            "module.vpc.aws_vpc.default"
          ]
        }
      ]
    },
    {
      "module": "module.ec2_bastion",
      "mode": "managed",
      "type": "aws_iam_instance_profile",
      "name": "default",
      "provider": "provider[\"registry.terraform.io/hashicorp/aws\"]",
      "instances": [
        {
          "index_key": 0,
          "schema_version": 0,
          "attributes": {
            "arn": "arn:aws:iam::203918842945:instance-profile/vitality-dev-bastion-public",
            "create_date": "2025-03-21T08:20:35Z",
            "id": "vitality-dev-bastion-public",
            "name": "vitality-dev-bastion-public",
            "name_prefix": "",
            "path": "/",
            "role": "vitality-dev-bastion-public",
            "tags": {
              "Attributes": "public",
              "Name": "vitality-dev-bastion-public",
              "Namespace": "vitality",
              "Stage": "dev"
            },
            "tags_all": {
              "Attributes": "public",
              "Name": "vitality-dev-bastion-public",
              "Namespace": "vitality",
              "Stage": "dev"
            },
            "unique_id": "AIPAS66UCTRAUCZJM2Q3L"
          },
          "sensitive_attributes": [],
          "private": "bnVsbA==",
          "dependencies": [
            "module.ec2_bastion.aws_iam_role.default",
            "module.ec2_bastion.data.aws_iam_policy_document.default"
          ]
        }
      ]
    },
    {
      "module": "module.ec2_bastion",
      "mode": "managed",
      "type": "aws_iam_role",
      "name": "default",
      "provider": "provider[\"registry.terraform.io/hashicorp/aws\"]",
      "instances": [
        {
          "index_key": 0,
          "schema_version": 0,
          "attributes": {
            "arn": "arn:aws:iam::203918842945:role/vitality-dev-bastion-public",
            "assume_role_policy": "{\"Statement\":[{\"Action\":\"sts:AssumeRole\",\"Effect\":\"Allow\",\"Principal\":{\"Service\":\"ec2.amazonaws.com\"}}],\"Version\":\"2012-10-17\"}",
            "create_date": "2025-03-21T08:20:34Z",
            "description": "",
            "force_detach_policies": false,
            "id": "vitality-dev-bastion-public",
            "inline_policy": [],
            "managed_policy_arns": [],
            "max_session_duration": 3600,
            "name": "vitality-dev-bastion-public",
            "name_prefix": "",
            "path": "/",
            "permissions_boundary": "",
            "tags": {
              "Attributes": "public",
              "Name": "vitality-dev-bastion-public",
              "Namespace": "vitality",
              "Stage": "dev"
            },
            "tags_all": {
              "Attributes": "public",
              "Name": "vitality-dev-bastion-public",
              "Namespace": "vitality",
              "Stage": "dev"
            },
            "unique_id": "AROAS66UCTRASFTSSRN3K"
          },
          "sensitive_attributes": [],
          "private": "bnVsbA==",
          "dependencies": [
            "module.ec2_bastion.data.aws_iam_policy_document.default"
          ]
        }
      ]
    },
    {
      "module": "module.ec2_bastion",
      "mode": "managed",
      "type": "aws_iam_role_policy",
      "name": "main",
      "provider": "provider[\"registry.terraform.io/hashicorp/aws\"]",
      "instances": [
        {
          "index_key": 0,
          "schema_version": 0,
          "attributes": {
            "id": "vitality-dev-bastion-public:vitality-dev-bastion-public",
            "name": "vitality-dev-bastion-public",
            "name_prefix": "",
            "policy": "{\"Version\":\"2012-10-17\",\"Statement\":[{\"Action\":[\"ssm:UpdateInstanceInformation\",\"ssm:UpdateInstanceAssociationStatus\",\"ssm:UpdateAssociationStatus\",\"ssm:PutInventory\",\"ssm:PutConfigurePackageResult\",\"ssm:PutComplianceItems\",\"ssm:ListInstanceAssociations\",\"ssm:ListAssociations\",\"ssm:GetParameters\",\"ssm:GetParameter\",\"ssm:GetManifest\",\"ssm:GetDocument\",\"ssm:GetDeployablePatchSnapshotForInstance\",\"ssm:DescribeDocument\",\"ssm:DescribeAssociation\"],\"Effect\":\"Allow\",\"Resource\":\"*\"},{\"Action\":[\"ssmmessages:OpenDataChannel\",\"ssmmessages:OpenControlChannel\",\"ssmmessages:CreateDataChannel\",\"ssmmessages:CreateControlChannel\"],\"Effect\":\"Allow\",\"Resource\":\"*\"},{\"Action\":[\"ec2messages:SendReply\",\"ec2messages:GetMessages\",\"ec2messages:GetEndpoint\",\"ec2messages:FailMessage\",\"ec2messages:DeleteMessage\",\"ec2messages:AcknowledgeMessage\"],\"Effect\":\"Allow\",\"Resource\":\"*\"},{\"Action\":\"s3:GetEncryptionConfiguration\",\"Effect\":\"Allow\",\"Resource\":\"*\"}]}",
            "role": "vitality-dev-bastion-public"
          },
          "sensitive_attributes": [],
          "private": "bnVsbA==",
          "dependencies": [
            "module.ec2_bastion.aws_iam_role.default",
            "module.ec2_bastion.data.aws_iam_policy_document.default",
            "module.ec2_bastion.data.aws_iam_policy_document.main"
          ]
        }
      ]
    },
    {
      "module": "module.ec2_bastion",
      "mode": "managed",
      "type": "aws_instance",
      "name": "default",
      "provider": "provider[\"registry.terraform.io/hashicorp/aws\"]",
      "instances": [
        {
          "index_key": 0,
          "schema_version": 1,
          "attributes": {
            "ami": "ami-0f6832b69407e9746",
            "arn": "arn:aws:ec2:us-east-1:203918842945:instance/i-06bbbfda7690215e3",
            "associate_public_ip_address": true,
            "availability_zone": "us-east-1a",
            "capacity_reservation_specification": [
              {
                "capacity_reservation_preference": "open",
                "capacity_reservation_target": []
              }
            ],
            "cpu_core_count": 1,
            "cpu_options": [
              {
                "amd_sev_snp": "",
                "core_count": 1,
                "threads_per_core": 1
              }
            ],
            "cpu_threads_per_core": 1,
            "credit_specification": [
              {
                "cpu_credits": "standard"
              }
            ],
            "disable_api_stop": false,
            "disable_api_termination": false,
            "ebs_block_device": [],
            "ebs_optimized": false,
            "enable_primary_ipv6": null,
            "enclave_options": [
              {
                "enabled": false
              }
            ],
            "ephemeral_block_device": [],
            "get_password_data": false,
            "hibernation": false,
            "host_id": "",
            "host_resource_group_arn": null,
            "iam_instance_profile": "vitality-dev-bastion-public",
            "id": "i-06bbbfda7690215e3",
            "instance_initiated_shutdown_behavior": "stop",
            "instance_lifecycle": "",
            "instance_market_options": [],
            "instance_state": "running",
            "instance_type": "t2.micro",
            "ipv6_address_count": 0,
            "ipv6_addresses": [],
            "key_name": "vitality-dev-app-ssh-key",
            "launch_template": [],
            "maintenance_options": [
              {
                "auto_recovery": "default"
              }
            ],
            "metadata_options": [
              {
                "http_endpoint": "enabled",
                "http_protocol_ipv6": "disabled",
                "http_put_response_hop_limit": 1,
                "http_tokens": "required",
                "instance_metadata_tags": "disabled"
              }
            ],
            "monitoring": true,
            "network_interface": [],
            "outpost_arn": "",
            "password_data": "",
            "placement_group": "",
            "placement_partition_number": 0,
            "primary_network_interface_id": "eni-01bdaf657bc1bae5d",
            "private_dns": "ip-10-0-6-150.ec2.internal",
            "private_dns_name_options": [
              {
                "enable_resource_name_dns_a_record": false,
                "enable_resource_name_dns_aaaa_record": false,
                "hostname_type": "ip-name"
              }
            ],
            "private_ip": "10.0.6.150",
            "public_dns": "ec2-13-217-226-177.compute-1.amazonaws.com",
            "public_ip": "13.217.226.177",
            "root_block_device": [
              {
                "delete_on_termination": true,
                "device_name": "/dev/xvda",
                "encrypted": true,
                "iops": 0,
                "kms_key_id": "arn:aws:kms:us-east-1:203918842945:key/2b98fc46-d86d-4318-a26a-e8c68e0a7f32",
                "tags": null,
                "tags_all": {},
                "throughput": 0,
                "volume_id": "vol-03d753137f8578629",
                "volume_size": 8,
                "volume_type": "standard"
              }
            ],
            "secondary_private_ips": [],
            "security_groups": [],
            "source_dest_check": true,
            "spot_instance_request_id": "",
            "subnet_id": "subnet-061b1cf390435edc5",
            "tags": {
              "Attributes": "public",
              "Name": "vitality-dev-bastion-public",
              "Namespace": "vitality",
              "Stage": "dev"
            },
            "tags_all": {
              "Attributes": "public",
              "Name": "vitality-dev-bastion-public",
              "Namespace": "vitality",
              "Stage": "dev"
            },
            "tenancy": "default",
            "timeouts": null,
            "user_data": "4885b7ccbe6945deff941ffd7fc650d723e7ad17",
            "user_data_base64": null,
            "user_data_replace_on_change": false,
            "volume_tags": null,
            "vpc_security_group_ids": [
              "sg-00878e8806b17537a",
              "sg-035fcfb9b2c75c6f6"
            ]
          },
          "sensitive_attributes": [],
          "private": "eyJlMmJmYjczMC1lY2FhLTExZTYtOGY4OC0zNDM2M2JjN2M0YzAiOnsiY3JlYXRlIjo2MDAwMDAwMDAwMDAsImRlbGV0ZSI6MTIwMDAwMDAwMDAwMCwicmVhZCI6OTAwMDAwMDAwMDAwLCJ1cGRhdGUiOjYwMDAwMDAwMDAwMH0sInNjaGVtYV92ZXJzaW9uIjoiMSJ9",
          "dependencies": [
            "module.aws_key_pair.aws_key_pair.generated",
            "module.aws_key_pair.aws_key_pair.imported",
            "module.aws_key_pair.tls_private_key.default",
            "module.ec2_bastion.aws_iam_instance_profile.default",
            "module.ec2_bastion.aws_iam_role.default",
            "module.ec2_bastion.data.aws_ami.default",
            "module.ec2_bastion.data.aws_iam_policy_document.default",
            "module.ec2_bastion.module.security_group.aws_security_group.default",
            "module.ec2_bastion.module.security_group.aws_security_group_rule.default",
            "module.ec2_bastion.module.security_group.data.aws_security_group.external",
            "module.public_private_subnets.aws_subnet.public",
            "module.public_private_subnets.data.aws_availability_zones.default",
            "module.public_private_subnets.data.aws_vpc.default",
            "module.vpc.aws_vpc.default"
          ]
        }
      ]
    },
    {
      "module": "module.ec2_bastion.module.security_group",
      "mode": "managed",
      "type": "aws_security_group",
      "name": "default",
      "provider": "provider[\"registry.terraform.io/hashicorp/aws\"]",
      "instances": [
        {
          "index_key": 0,
          "schema_version": 1,
          "attributes": {
            "arn": "arn:aws:ec2:us-east-1:203918842945:security-group/sg-035fcfb9b2c75c6f6",
            "description": "Bastion host security group",
            "egress": [],
            "id": "sg-035fcfb9b2c75c6f6",
            "ingress": [],
            "name": "vitality-dev-bastion-public",
            "name_prefix": "",
            "owner_id": "203918842945",
            "revoke_rules_on_delete": false,
            "tags": {
              "Attributes": "public",
              "Name": "vitality-dev-bastion-public",
              "Namespace": "vitality",
              "Stage": "dev"
            },
            "tags_all": {
              "Attributes": "public",
              "Name": "vitality-dev-bastion-public",
              "Namespace": "vitality",
              "Stage": "dev"
            },
            "timeouts": null,
            "vpc_id": "vpc-00f11cdb8b2f969b2"
          },
          "sensitive_attributes": [],
          "private": "eyJlMmJmYjczMC1lY2FhLTExZTYtOGY4OC0zNDM2M2JjN2M0YzAiOnsiY3JlYXRlIjo2MDAwMDAwMDAwMDAsImRlbGV0ZSI6OTAwMDAwMDAwMDAwfSwic2NoZW1hX3ZlcnNpb24iOiIxIn0=",
          "dependencies": [
            "module.vpc.aws_vpc.default"
          ],
          "create_before_destroy": true
        }
      ]
    },
    {
      "module": "module.ec2_bastion.module.security_group",
      "mode": "managed",
      "type": "aws_security_group_rule",
      "name": "default",
      "provider": "provider[\"registry.terraform.io/hashicorp/aws\"]",
      "instances": [
        {
          "index_key": "egress--1-0-0-9c87e5e1ed040a443ce1ac8e6d6cf159",
          "schema_version": 2,
          "attributes": {
            "cidr_blocks": [
              "0.0.0.0/0"
            ],
            "description": "Allow all outbound traffic",
            "from_port": 0,
            "id": "sgrule-4119339502",
            "ipv6_cidr_blocks": null,
            "prefix_list_ids": null,
            "protocol": "-1",
            "security_group_id": "sg-035fcfb9b2c75c6f6",
            "security_group_rule_id": "sgr-0288a25b82ceef290",
            "self": false,
            "source_security_group_id": null,
            "timeouts": null,
            "to_port": 0,
            "type": "egress"
          },
          "sensitive_attributes": [],
          "private": "eyJlMmJmYjczMC1lY2FhLTExZTYtOGY4OC0zNDM2M2JjN2M0YzAiOnsiY3JlYXRlIjozMDAwMDAwMDAwMDB9LCJzY2hlbWFfdmVyc2lvbiI6IjIifQ==",
          "dependencies": [
            "module.ec2_bastion.module.security_group.aws_security_group.default",
            "module.ec2_bastion.module.security_group.data.aws_security_group.external",
            "module.vpc.aws_vpc.default"
          ]
        },
        {
          "index_key": "ingress-tcp-22-22-423a6669f6ad4c36d49b47a12e248189",
          "schema_version": 2,
          "attributes": {
            "cidr_blocks": [
              "0.0.0.0/0"
            ],
            "description": "Allow all inbound to SSH",
            "from_port": 22,
            "id": "sgrule-3236844909",
            "ipv6_cidr_blocks": null,
            "prefix_list_ids": null,
            "protocol": "tcp",
            "security_group_id": "sg-035fcfb9b2c75c6f6",
            "security_group_rule_id": "sgr-0cc9e9bf4f9e65d63",
            "self": false,
            "source_security_group_id": null,
            "timeouts": null,
            "to_port": 22,
            "type": "ingress"
          },
          "sensitive_attributes": [],
          "private": "eyJlMmJmYjczMC1lY2FhLTExZTYtOGY4OC0zNDM2M2JjN2M0YzAiOnsiY3JlYXRlIjozMDAwMDAwMDAwMDB9LCJzY2hlbWFfdmVyc2lvbiI6IjIifQ==",
          "dependencies": [
            "module.ec2_bastion.module.security_group.aws_security_group.default",
            "module.ec2_bastion.module.security_group.data.aws_security_group.external",
            "module.vpc.aws_vpc.default"
          ]
        }
      ]
    },
    {
      "module": "module.private_only_subnets",
      "mode": "data",
      "type": "aws_availability_zones",
      "name": "default",
      "provider": "provider[\"registry.terraform.io/hashicorp/aws\"]",
      "instances": [
        {
          "index_key": 0,
          "schema_version": 0,
          "attributes": {
            "all_availability_zones": null,
            "exclude_names": null,
            "exclude_zone_ids": null,
            "filter": [
              {
                "name": "opt-in-status",
                "values": [
                  "opt-in-not-required"
                ]
              }
            ],
            "group_names": [
              "us-east-1-zg-1"
            ],
            "id": "us-east-1",
            "names": [
              "us-east-1a",
              "us-east-1b",
              "us-east-1c",
              "us-east-1d",
              "us-east-1e",
              "us-east-1f"
            ],
            "state": null,
            "timeouts": null,
            "zone_ids": [
              "use1-az4",
              "use1-az6",
              "use1-az1",
              "use1-az2",
              "use1-az3",
              "use1-az5"
            ]
          },
          "sensitive_attributes": []
        }
      ]
    },
    {
      "module": "module.private_only_subnets",
      "mode": "managed",
      "type": "aws_eip",
      "name": "default",
      "provider": "provider[\"registry.terraform.io/hashicorp/aws\"]",
      "instances": [
        {
          "index_key": 0,
          "schema_version": 0,
          "attributes": {
            "address": null,
            "allocation_id": "eipalloc-004cdf3aae98b92aa",
            "arn": "arn:aws:ec2:us-east-1:203918842945:elastic-ip/eipalloc-004cdf3aae98b92aa",
            "associate_with_private_ip": null,
            "association_id": "",
            "carrier_ip": "",
            "customer_owned_ip": "",
            "customer_owned_ipv4_pool": "",
            "domain": "vpc",
            "id": "eipalloc-004cdf3aae98b92aa",
            "instance": "",
            "ipam_pool_id": null,
            "network_border_group": "us-east-1",
            "network_interface": "",
            "private_dns": null,
            "private_ip": "",
            "ptr_record": "",
            "public_dns": "ec2-13-217-71-97.compute-1.amazonaws.com",
            "public_ip": "13.217.71.97",
            "public_ipv4_pool": "amazon",
            "tags": {
              "Attributes": "private-only-nat",
              "Name": "vitality-dev-app-private-only-nat-use1c",
              "Namespace": "vitality",
              "Stage": "dev"
            },
            "tags_all": {
              "Attributes": "private-only-nat",
              "Name": "vitality-dev-app-private-only-nat-use1c",
              "Namespace": "vitality",
              "Stage": "dev"
            },
            "timeouts": null,
            "vpc": true
          },
          "sensitive_attributes": [],
          "private": "eyJlMmJmYjczMC1lY2FhLTExZTYtOGY4OC0zNDM2M2JjN2M0YzAiOnsiZGVsZXRlIjoxODAwMDAwMDAwMDAsInJlYWQiOjkwMDAwMDAwMDAwMCwidXBkYXRlIjozMDAwMDAwMDAwMDB9fQ==",
          "dependencies": [
            "module.private_only_subnets.data.aws_availability_zones.default"
          ],
          "create_before_destroy": true
        },
        {
          "index_key": 1,
          "schema_version": 0,
          "attributes": {
            "address": null,
            "allocation_id": "eipalloc-083ea00fff7926dea",
            "arn": "arn:aws:ec2:us-east-1:203918842945:elastic-ip/eipalloc-083ea00fff7926dea",
            "associate_with_private_ip": null,
            "association_id": "",
            "carrier_ip": "",
            "customer_owned_ip": "",
            "customer_owned_ipv4_pool": "",
            "domain": "vpc",
            "id": "eipalloc-083ea00fff7926dea",
            "instance": "",
            "ipam_pool_id": null,
            "network_border_group": "us-east-1",
            "network_interface": "",
            "private_dns": null,
            "private_ip": "",
            "ptr_record": "",
            "public_dns": "ec2-3-90-119-72.compute-1.amazonaws.com",
            "public_ip": "3.90.119.72",
            "public_ipv4_pool": "amazon",
            "tags": {
              "Attributes": "private-only-nat",
              "Name": "vitality-dev-app-private-only-nat-use1d",
              "Namespace": "vitality",
              "Stage": "dev"
            },
            "tags_all": {
              "Attributes": "private-only-nat",
              "Name": "vitality-dev-app-private-only-nat-use1d",
              "Namespace": "vitality",
              "Stage": "dev"
            },
            "timeouts": null,
            "vpc": true
          },
          "sensitive_attributes": [],
          "private": "eyJlMmJmYjczMC1lY2FhLTExZTYtOGY4OC0zNDM2M2JjN2M0YzAiOnsiZGVsZXRlIjoxODAwMDAwMDAwMDAsInJlYWQiOjkwMDAwMDAwMDAwMCwidXBkYXRlIjozMDAwMDAwMDAwMDB9fQ==",
          "dependencies": [
            "module.private_only_subnets.data.aws_availability_zones.default"
          ],
          "create_before_destroy": true
        }
      ]
    },
    {
      "module": "module.private_only_subnets",
      "mode": "managed",
      "type": "aws_nat_gateway",
      "name": "default",
      "provider": "provider[\"registry.terraform.io/hashicorp/aws\"]",
      "instances": [
        {
          "index_key": 0,
          "schema_version": 0,
          "attributes": {
            "allocation_id": "eipalloc-004cdf3aae98b92aa",
            "association_id": "eipassoc-0e8350b9714f0d4be",
            "connectivity_type": "public",
            "id": "nat-0d6ba51de495a8bb6",
            "network_interface_id": "eni-07b40b266e719233a",
            "private_ip": "10.0.22.75",
            "public_ip": "13.217.71.97",
            "secondary_allocation_ids": null,
            "secondary_private_ip_address_count": 0,
            "secondary_private_ip_addresses": [],
            "subnet_id": "subnet-0a30b4bedf3bf822a",
            "tags": {
              "Attributes": "private-only-nat",
              "Name": "vitality-dev-app-private-only-nat-use1c",
              "Namespace": "vitality",
              "Stage": "dev"
            },
            "tags_all": {
              "Attributes": "private-only-nat",
              "Name": "vitality-dev-app-private-only-nat-use1c",
              "Namespace": "vitality",
              "Stage": "dev"
            },
            "timeouts": null
          },
          "sensitive_attributes": [],
          "private": "eyJlMmJmYjczMC1lY2FhLTExZTYtOGY4OC0zNDM2M2JjN2M0YzAiOnsiY3JlYXRlIjo2MDAwMDAwMDAwMDAsImRlbGV0ZSI6MTgwMDAwMDAwMDAwMCwidXBkYXRlIjo2MDAwMDAwMDAwMDB9fQ==",
          "dependencies": [
            "module.private_only_subnets.aws_eip.default",
            "module.private_only_subnets.aws_eip_association.nat_instance",
            "module.private_only_subnets.aws_instance.nat_instance",
            "module.private_only_subnets.aws_security_group.nat_instance",
            "module.private_only_subnets.aws_subnet.public",
            "module.private_only_subnets.data.aws_ami.nat_instance",
            "module.private_only_subnets.data.aws_availability_zones.default",
            "module.private_only_subnets.data.aws_eip.nat",
            "module.private_only_subnets.data.aws_vpc.default",
            "module.vpc.aws_vpc.default"
          ]
        },
        {
          "index_key": 1,
          "schema_version": 0,
          "attributes": {
            "allocation_id": "eipalloc-083ea00fff7926dea",
            "association_id": "eipassoc-0b074f96590efedec",
            "connectivity_type": "public",
            "id": "nat-0e57571c4923219cb",
            "network_interface_id": "eni-0ce3141ddbc7b48a0",
            "private_ip": "10.0.23.240",
            "public_ip": "3.90.119.72",
            "secondary_allocation_ids": null,
            "secondary_private_ip_address_count": 0,
            "secondary_private_ip_addresses": [],
            "subnet_id": "subnet-046a9f9e606f18eb0",
            "tags": {
              "Attributes": "private-only-nat",
              "Name": "vitality-dev-app-private-only-nat-use1d",
              "Namespace": "vitality",
              "Stage": "dev"
            },
            "tags_all": {
              "Attributes": "private-only-nat",
              "Name": "vitality-dev-app-private-only-nat-use1d",
              "Namespace": "vitality",
              "Stage": "dev"
            },
            "timeouts": null
          },
          "sensitive_attributes": [],
          "private": "eyJlMmJmYjczMC1lY2FhLTExZTYtOGY4OC0zNDM2M2JjN2M0YzAiOnsiY3JlYXRlIjo2MDAwMDAwMDAwMDAsImRlbGV0ZSI6MTgwMDAwMDAwMDAwMCwidXBkYXRlIjo2MDAwMDAwMDAwMDB9fQ==",
          "dependencies": [
            "module.private_only_subnets.aws_eip.default",
            "module.private_only_subnets.aws_eip_association.nat_instance",
            "module.private_only_subnets.aws_instance.nat_instance",
            "module.private_only_subnets.aws_security_group.nat_instance",
            "module.private_only_subnets.aws_subnet.public",
            "module.private_only_subnets.data.aws_ami.nat_instance",
            "module.private_only_subnets.data.aws_availability_zones.default",
            "module.private_only_subnets.data.aws_eip.nat",
            "module.private_only_subnets.data.aws_vpc.default",
            "module.vpc.aws_vpc.default"
          ]
        }
      ]
    },
    {
      "module": "module.private_only_subnets",
      "mode": "managed",
      "type": "aws_network_acl",
      "name": "private",
      "provider": "provider[\"registry.terraform.io/hashicorp/aws\"]",
      "instances": [
        {
          "index_key": 0,
          "schema_version": 0,
          "attributes": {
            "arn": "arn:aws:ec2:us-east-1:203918842945:network-acl/acl-0464b3c8568e78178",
            "egress": [],
            "id": "acl-0464b3c8568e78178",
            "ingress": [],
            "owner_id": "203918842945",
            "subnet_ids": [
              "subnet-03911beb676de0a58",
              "subnet-071e4069778af6cfc"
            ],
            "tags": {
              "Attributes": "private-only-private",
              "Name": "vitality-dev-app-private-only-private",
              "Namespace": "vitality",
              "Stage": "dev"
            },
            "tags_all": {
              "Attributes": "private-only-private",
              "Name": "vitality-dev-app-private-only-private",
              "Namespace": "vitality",
              "Stage": "dev"
            },
            "vpc_id": "vpc-00f11cdb8b2f969b2"
          },
          "sensitive_attributes": [],
          "private": "bnVsbA==",
          "dependencies": [
            "module.private_only_subnets.aws_subnet.private",
            "module.private_only_subnets.data.aws_availability_zones.default",
            "module.private_only_subnets.data.aws_vpc.default",
            "module.vpc.aws_vpc.default"
          ]
        }
      ]
    },
    {
      "module": "module.private_only_subnets",
      "mode": "managed",
      "type": "aws_network_acl",
      "name": "public",
      "provider": "provider[\"registry.terraform.io/hashicorp/aws\"]",
      "instances": [
        {
          "index_key": 0,
          "schema_version": 0,
          "attributes": {
            "arn": "arn:aws:ec2:us-east-1:203918842945:network-acl/acl-084800126b87402f8",
            "egress": [],
            "id": "acl-084800126b87402f8",
            "ingress": [],
            "owner_id": "203918842945",
            "subnet_ids": [
              "subnet-046a9f9e606f18eb0",
              "subnet-0a30b4bedf3bf822a"
            ],
            "tags": {
              "Attributes": "private-only-public",
              "Name": "vitality-dev-app-private-only-public",
              "Namespace": "vitality",
              "Stage": "dev"
            },
            "tags_all": {
              "Attributes": "private-only-public",
              "Name": "vitality-dev-app-private-only-public",
              "Namespace": "vitality",
              "Stage": "dev"
            },
            "vpc_id": "vpc-00f11cdb8b2f969b2"
          },
          "sensitive_attributes": [],
          "private": "bnVsbA==",
          "dependencies": [
            "module.private_only_subnets.aws_subnet.public",
            "module.private_only_subnets.data.aws_availability_zones.default",
            "module.private_only_subnets.data.aws_vpc.default",
            "module.vpc.aws_vpc.default"
          ]
        }
      ]
    },
    {
      "module": "module.private_only_subnets",
      "mode": "managed",
      "type": "aws_network_acl_rule",
      "name": "private4_egress",
      "provider": "provider[\"registry.terraform.io/hashicorp/aws\"]",
      "instances": [
        {
          "index_key": 0,
          "schema_version": 0,
          "attributes": {
            "cidr_block": "0.0.0.0/0",
            "egress": true,
            "from_port": 0,
            "icmp_code": null,
            "icmp_type": null,
            "id": "nacl-2695088776",
            "ipv6_cidr_block": "",
            "network_acl_id": "acl-0464b3c8568e78178",
            "protocol": "-1",
            "rule_action": "allow",
            "rule_number": 100,
            "to_port": 0
          },
          "sensitive_attributes": [],
          "private": "bnVsbA==",
          "dependencies": [
            "module.private_only_subnets.aws_network_acl.private",
            "module.private_only_subnets.aws_subnet.private",
            "module.private_only_subnets.data.aws_availability_zones.default",
            "module.private_only_subnets.data.aws_vpc.default",
            "module.vpc.aws_vpc.default"
          ]
        }
      ]
    },
    {
      "module": "module.private_only_subnets",
      "mode": "managed",
      "type": "aws_network_acl_rule",
      "name": "private4_ingress",
      "provider": "provider[\"registry.terraform.io/hashicorp/aws\"]",
      "instances": [
        {
          "index_key": 0,
          "schema_version": 0,
          "attributes": {
            "cidr_block": "0.0.0.0/0",
            "egress": false,
            "from_port": 0,
            "icmp_code": null,
            "icmp_type": null,
            "id": "nacl-3088935749",
            "ipv6_cidr_block": "",
            "network_acl_id": "acl-0464b3c8568e78178",
            "protocol": "-1",
            "rule_action": "allow",
            "rule_number": 100,
            "to_port": 0
          },
          "sensitive_attributes": [],
          "private": "bnVsbA==",
          "dependencies": [
            "module.private_only_subnets.aws_network_acl.private",
            "module.private_only_subnets.aws_subnet.private",
            "module.private_only_subnets.data.aws_availability_zones.default",
            "module.private_only_subnets.data.aws_vpc.default",
            "module.vpc.aws_vpc.default"
          ]
        }
      ]
    },
    {
      "module": "module.private_only_subnets",
      "mode": "managed",
      "type": "aws_network_acl_rule",
      "name": "public4_egress",
      "provider": "provider[\"registry.terraform.io/hashicorp/aws\"]",
      "instances": [
        {
          "index_key": 0,
          "schema_version": 0,
          "attributes": {
            "cidr_block": "0.0.0.0/0",
            "egress": true,
            "from_port": 0,
            "icmp_code": null,
            "icmp_type": null,
            "id": "nacl-1987251392",
            "ipv6_cidr_block": "",
            "network_acl_id": "acl-084800126b87402f8",
            "protocol": "-1",
            "rule_action": "allow",
            "rule_number": 100,
            "to_port": 0
          },
          "sensitive_attributes": [],
          "private": "bnVsbA==",
          "dependencies": [
            "module.private_only_subnets.aws_network_acl.public",
            "module.private_only_subnets.aws_subnet.public",
            "module.private_only_subnets.data.aws_availability_zones.default",
            "module.private_only_subnets.data.aws_vpc.default",
            "module.vpc.aws_vpc.default"
          ]
        }
      ]
    },
    {
      "module": "module.private_only_subnets",
      "mode": "managed",
      "type": "aws_network_acl_rule",
      "name": "public4_ingress",
      "provider": "provider[\"registry.terraform.io/hashicorp/aws\"]",
      "instances": [
        {
          "index_key": 0,
          "schema_version": 0,
          "attributes": {
            "cidr_block": "0.0.0.0/0",
            "egress": false,
            "from_port": 0,
            "icmp_code": null,
            "icmp_type": null,
            "id": "nacl-3234624033",
            "ipv6_cidr_block": "",
            "network_acl_id": "acl-084800126b87402f8",
            "protocol": "-1",
            "rule_action": "allow",
            "rule_number": 100,
            "to_port": 0
          },
          "sensitive_attributes": [],
          "private": "bnVsbA==",
          "dependencies": [
            "module.private_only_subnets.aws_network_acl.public",
            "module.private_only_subnets.aws_subnet.public",
            "module.private_only_subnets.data.aws_availability_zones.default",
            "module.private_only_subnets.data.aws_vpc.default",
            "module.vpc.aws_vpc.default"
          ]
        }
      ]
    },
    {
      "module": "module.private_only_subnets",
      "mode": "managed",
      "type": "aws_route",
      "name": "nat4",
      "provider": "provider[\"registry.terraform.io/hashicorp/aws\"]",
      "instances": [
        {
          "index_key": 0,
          "schema_version": 0,
          "attributes": {
            "carrier_gateway_id": "",
            "core_network_arn": "",
            "destination_cidr_block": "0.0.0.0/0",
            "destination_ipv6_cidr_block": "",
            "destination_prefix_list_id": "",
            "egress_only_gateway_id": "",
            "gateway_id": "",
            "id": "r-rtb-0fe7c61914211cf231080289494",
            "instance_id": "",
            "instance_owner_id": "",
            "local_gateway_id": "",
            "nat_gateway_id": "nat-0d6ba51de495a8bb6",
            "network_interface_id": "",
            "origin": "CreateRoute",
            "route_table_id": "rtb-0fe7c61914211cf23",
            "state": "active",
            "timeouts": {
              "create": null,
              "delete": null,
              "update": null
            },
            "transit_gateway_id": "",
            "vpc_endpoint_id": "",
            "vpc_peering_connection_id": ""
          },
          "sensitive_attributes": [],
          "private": "eyJlMmJmYjczMC1lY2FhLTExZTYtOGY4OC0zNDM2M2JjN2M0YzAiOnsiY3JlYXRlIjozMDAwMDAwMDAwMDAsImRlbGV0ZSI6MzAwMDAwMDAwMDAwLCJ1cGRhdGUiOjEyMDAwMDAwMDAwMH19",
          "dependencies": [
            "module.private_only_subnets.aws_eip.default",
            "module.private_only_subnets.aws_eip_association.nat_instance",
            "module.private_only_subnets.aws_instance.nat_instance",
            "module.private_only_subnets.aws_nat_gateway.default",
            "module.private_only_subnets.aws_route_table.private",
            "module.private_only_subnets.aws_security_group.nat_instance",
            "module.private_only_subnets.aws_subnet.public",
            "module.private_only_subnets.data.aws_ami.nat_instance",
            "module.private_only_subnets.data.aws_availability_zones.default",
            "module.private_only_subnets.data.aws_eip.nat",
            "module.private_only_subnets.data.aws_vpc.default",
            "module.vpc.aws_vpc.default"
          ]
        },
        {
          "index_key": 1,
          "schema_version": 0,
          "attributes": {
            "carrier_gateway_id": "",
            "core_network_arn": "",
            "destination_cidr_block": "0.0.0.0/0",
            "destination_ipv6_cidr_block": "",
            "destination_prefix_list_id": "",
            "egress_only_gateway_id": "",
            "gateway_id": "",
            "id": "r-rtb-0924a99731fc68e9d1080289494",
            "instance_id": "",
            "instance_owner_id": "",
            "local_gateway_id": "",
            "nat_gateway_id": "nat-0e57571c4923219cb",
            "network_interface_id": "",
            "origin": "CreateRoute",
            "route_table_id": "rtb-0924a99731fc68e9d",
            "state": "active",
            "timeouts": {
              "create": null,
              "delete": null,
              "update": null
            },
            "transit_gateway_id": "",
            "vpc_endpoint_id": "",
            "vpc_peering_connection_id": ""
          },
          "sensitive_attributes": [],
          "private": "eyJlMmJmYjczMC1lY2FhLTExZTYtOGY4OC0zNDM2M2JjN2M0YzAiOnsiY3JlYXRlIjozMDAwMDAwMDAwMDAsImRlbGV0ZSI6MzAwMDAwMDAwMDAwLCJ1cGRhdGUiOjEyMDAwMDAwMDAwMH19",
          "dependencies": [
            "module.private_only_subnets.aws_eip.default",
            "module.private_only_subnets.aws_eip_association.nat_instance",
            "module.private_only_subnets.aws_instance.nat_instance",
            "module.private_only_subnets.aws_nat_gateway.default",
            "module.private_only_subnets.aws_route_table.private",
            "module.private_only_subnets.aws_security_group.nat_instance",
            "module.private_only_subnets.aws_subnet.public",
            "module.private_only_subnets.data.aws_ami.nat_instance",
            "module.private_only_subnets.data.aws_availability_zones.default",
            "module.private_only_subnets.data.aws_eip.nat",
            "module.private_only_subnets.data.aws_vpc.default",
            "module.vpc.aws_vpc.default"
          ]
        }
      ]
    },
    {
      "module": "module.private_only_subnets",
      "mode": "managed",
      "type": "aws_route",
      "name": "public",
      "provider": "provider[\"registry.terraform.io/hashicorp/aws\"]",
      "instances": [
        {
          "index_key": 0,
          "schema_version": 0,
          "attributes": {
            "carrier_gateway_id": "",
            "core_network_arn": "",
            "destination_cidr_block": "0.0.0.0/0",
            "destination_ipv6_cidr_block": "",
            "destination_prefix_list_id": "",
            "egress_only_gateway_id": "",
            "gateway_id": "igw-09f143aa28332a47e",
            "id": "r-rtb-066089aae36b1aef31080289494",
            "instance_id": "",
            "instance_owner_id": "",
            "local_gateway_id": "",
            "nat_gateway_id": "",
            "network_interface_id": "",
            "origin": "CreateRoute",
            "route_table_id": "rtb-066089aae36b1aef3",
            "state": "active",
            "timeouts": {
              "create": null,
              "delete": null,
              "update": null
            },
            "transit_gateway_id": "",
            "vpc_endpoint_id": "",
            "vpc_peering_connection_id": ""
          },
          "sensitive_attributes": [],
          "private": "eyJlMmJmYjczMC1lY2FhLTExZTYtOGY4OC0zNDM2M2JjN2M0YzAiOnsiY3JlYXRlIjozMDAwMDAwMDAwMDAsImRlbGV0ZSI6MzAwMDAwMDAwMDAwLCJ1cGRhdGUiOjEyMDAwMDAwMDAwMH19",
          "dependencies": [
            "module.private_only_subnets.aws_route_table.public",
            "module.private_only_subnets.data.aws_availability_zones.default",
            "module.vpc.aws_internet_gateway.default",
            "module.vpc.aws_vpc.default"
          ]
        }
      ]
    },
    {
      "module": "module.private_only_subnets",
      "mode": "managed",
      "type": "aws_route_table",
      "name": "private",
      "provider": "provider[\"registry.terraform.io/hashicorp/aws\"]",
      "instances": [
        {
          "index_key": 0,
          "schema_version": 0,
          "attributes": {
            "arn": "arn:aws:ec2:us-east-1:203918842945:route-table/rtb-0fe7c61914211cf23",
            "id": "rtb-0fe7c61914211cf23",
            "owner_id": "203918842945",
            "propagating_vgws": [],
            "route": [],
            "tags": {
              "Attributes": "private-only-private",
              "Name": "vitality-dev-app-private-only-private-use1c",
              "Namespace": "vitality",
              "Stage": "dev"
            },
            "tags_all": {
              "Attributes": "private-only-private",
              "Name": "vitality-dev-app-private-only-private-use1c",
              "Namespace": "vitality",
              "Stage": "dev"
            },
            "timeouts": null,
            "vpc_id": "vpc-00f11cdb8b2f969b2"
          },
          "sensitive_attributes": [],
          "private": "eyJlMmJmYjczMC1lY2FhLTExZTYtOGY4OC0zNDM2M2JjN2M0YzAiOnsiY3JlYXRlIjozMDAwMDAwMDAwMDAsImRlbGV0ZSI6MzAwMDAwMDAwMDAwLCJ1cGRhdGUiOjEyMDAwMDAwMDAwMH19",
          "dependencies": [
            "module.private_only_subnets.data.aws_availability_zones.default",
            "module.vpc.aws_vpc.default"
          ]
        },
        {
          "index_key": 1,
          "schema_version": 0,
          "attributes": {
            "arn": "arn:aws:ec2:us-east-1:203918842945:route-table/rtb-0924a99731fc68e9d",
            "id": "rtb-0924a99731fc68e9d",
            "owner_id": "203918842945",
            "propagating_vgws": [],
            "route": [],
            "tags": {
              "Attributes": "private-only-private",
              "Name": "vitality-dev-app-private-only-private-use1d",
              "Namespace": "vitality",
              "Stage": "dev"
            },
            "tags_all": {
              "Attributes": "private-only-private",
              "Name": "vitality-dev-app-private-only-private-use1d",
              "Namespace": "vitality",
              "Stage": "dev"
            },
            "timeouts": null,
            "vpc_id": "vpc-00f11cdb8b2f969b2"
          },
          "sensitive_attributes": [],
          "private": "eyJlMmJmYjczMC1lY2FhLTExZTYtOGY4OC0zNDM2M2JjN2M0YzAiOnsiY3JlYXRlIjozMDAwMDAwMDAwMDAsImRlbGV0ZSI6MzAwMDAwMDAwMDAwLCJ1cGRhdGUiOjEyMDAwMDAwMDAwMH19",
          "dependencies": [
            "module.private_only_subnets.data.aws_availability_zones.default",
            "module.vpc.aws_vpc.default"
          ]
        }
      ]
    },
    {
      "module": "module.private_only_subnets",
      "mode": "managed",
      "type": "aws_route_table",
      "name": "public",
      "provider": "provider[\"registry.terraform.io/hashicorp/aws\"]",
      "instances": [
        {
          "index_key": 0,
          "schema_version": 0,
          "attributes": {
            "arn": "arn:aws:ec2:us-east-1:203918842945:route-table/rtb-066089aae36b1aef3",
            "id": "rtb-066089aae36b1aef3",
            "owner_id": "203918842945",
            "propagating_vgws": [],
            "route": [],
            "tags": {
              "Attributes": "private-only-public",
              "Name": "vitality-dev-app-private-only-public",
              "Namespace": "vitality",
              "Stage": "dev"
            },
            "tags_all": {
              "Attributes": "private-only-public",
              "Name": "vitality-dev-app-private-only-public",
              "Namespace": "vitality",
              "Stage": "dev"
            },
            "timeouts": null,
            "vpc_id": "vpc-00f11cdb8b2f969b2"
          },
          "sensitive_attributes": [],
          "private": "eyJlMmJmYjczMC1lY2FhLTExZTYtOGY4OC0zNDM2M2JjN2M0YzAiOnsiY3JlYXRlIjozMDAwMDAwMDAwMDAsImRlbGV0ZSI6MzAwMDAwMDAwMDAwLCJ1cGRhdGUiOjEyMDAwMDAwMDAwMH19",
          "dependencies": [
            "module.private_only_subnets.data.aws_availability_zones.default",
            "module.vpc.aws_vpc.default"
          ]
        }
      ]
    },
    {
      "module": "module.private_only_subnets",
      "mode": "managed",
      "type": "aws_route_table_association",
      "name": "private",
      "provider": "provider[\"registry.terraform.io/hashicorp/aws\"]",
      "instances": [
        {
          "index_key": 0,
          "schema_version": 0,
          "attributes": {
            "gateway_id": "",
            "id": "rtbassoc-021f076fdf5d8b73f",
            "route_table_id": "rtb-0fe7c61914211cf23",
            "subnet_id": "subnet-071e4069778af6cfc",
            "timeouts": null
          },
          "sensitive_attributes": [],
          "private": "eyJlMmJmYjczMC1lY2FhLTExZTYtOGY4OC0zNDM2M2JjN2M0YzAiOnsiY3JlYXRlIjozMDAwMDAwMDAwMDAsImRlbGV0ZSI6MzAwMDAwMDAwMDAwLCJ1cGRhdGUiOjEyMDAwMDAwMDAwMH19",
          "dependencies": [
            "module.private_only_subnets.aws_route_table.private",
            "module.private_only_subnets.aws_subnet.private",
            "module.private_only_subnets.data.aws_availability_zones.default",
            "module.private_only_subnets.data.aws_vpc.default",
            "module.vpc.aws_vpc.default"
          ]
        },
        {
          "index_key": 1,
          "schema_version": 0,
          "attributes": {
            "gateway_id": "",
            "id": "rtbassoc-0700f72b57e40497e",
            "route_table_id": "rtb-0924a99731fc68e9d",
            "subnet_id": "subnet-03911beb676de0a58",
            "timeouts": null
          },
          "sensitive_attributes": [],
          "private": "eyJlMmJmYjczMC1lY2FhLTExZTYtOGY4OC0zNDM2M2JjN2M0YzAiOnsiY3JlYXRlIjozMDAwMDAwMDAwMDAsImRlbGV0ZSI6MzAwMDAwMDAwMDAwLCJ1cGRhdGUiOjEyMDAwMDAwMDAwMH19",
          "dependencies": [
            "module.private_only_subnets.aws_route_table.private",
            "module.private_only_subnets.aws_subnet.private",
            "module.private_only_subnets.data.aws_availability_zones.default",
            "module.private_only_subnets.data.aws_vpc.default",
            "module.vpc.aws_vpc.default"
          ]
        }
      ]
    },
    {
      "module": "module.private_only_subnets",
      "mode": "managed",
      "type": "aws_route_table_association",
      "name": "public",
      "provider": "provider[\"registry.terraform.io/hashicorp/aws\"]",
      "instances": [
        {
          "index_key": 0,
          "schema_version": 0,
          "attributes": {
            "gateway_id": "",
            "id": "rtbassoc-07e560d963a4fbdd5",
            "route_table_id": "rtb-066089aae36b1aef3",
            "subnet_id": "subnet-0a30b4bedf3bf822a",
            "timeouts": null
          },
          "sensitive_attributes": [],
          "private": "eyJlMmJmYjczMC1lY2FhLTExZTYtOGY4OC0zNDM2M2JjN2M0YzAiOnsiY3JlYXRlIjozMDAwMDAwMDAwMDAsImRlbGV0ZSI6MzAwMDAwMDAwMDAwLCJ1cGRhdGUiOjEyMDAwMDAwMDAwMH19",
          "dependencies": [
            "module.private_only_subnets.aws_route_table.public",
            "module.private_only_subnets.aws_subnet.public",
            "module.private_only_subnets.data.aws_availability_zones.default",
            "module.private_only_subnets.data.aws_vpc.default",
            "module.vpc.aws_vpc.default"
          ]
        },
        {
          "index_key": 1,
          "schema_version": 0,
          "attributes": {
            "gateway_id": "",
            "id": "rtbassoc-03d9aac6f924181a9",
            "route_table_id": "rtb-066089aae36b1aef3",
            "subnet_id": "subnet-046a9f9e606f18eb0",
            "timeouts": null
          },
          "sensitive_attributes": [],
          "private": "eyJlMmJmYjczMC1lY2FhLTExZTYtOGY4OC0zNDM2M2JjN2M0YzAiOnsiY3JlYXRlIjozMDAwMDAwMDAwMDAsImRlbGV0ZSI6MzAwMDAwMDAwMDAwLCJ1cGRhdGUiOjEyMDAwMDAwMDAwMH19",
          "dependencies": [
            "module.private_only_subnets.aws_route_table.public",
            "module.private_only_subnets.aws_subnet.public",
            "module.private_only_subnets.data.aws_availability_zones.default",
            "module.private_only_subnets.data.aws_vpc.default",
            "module.vpc.aws_vpc.default"
          ]
        }
      ]
    },
    {
      "module": "module.private_only_subnets",
      "mode": "managed",
      "type": "aws_subnet",
      "name": "private",
      "provider": "provider[\"registry.terraform.io/hashicorp/aws\"]",
      "instances": [
        {
          "index_key": 0,
          "schema_version": 1,
          "attributes": {
            "arn": "arn:aws:ec2:us-east-1:203918842945:subnet/subnet-071e4069778af6cfc",
            "assign_ipv6_address_on_creation": false,
            "availability_zone": "us-east-1c",
            "availability_zone_id": "use1-az1",
            "cidr_block": "10.0.16.0/24",
            "customer_owned_ipv4_pool": "",
            "enable_dns64": false,
            "enable_lni_at_device_index": 0,
            "enable_resource_name_dns_a_record_on_launch": false,
            "enable_resource_name_dns_aaaa_record_on_launch": false,
            "id": "subnet-071e4069778af6cfc",
            "ipv6_cidr_block": "",
            "ipv6_cidr_block_association_id": "",
            "ipv6_native": false,
            "map_customer_owned_ip_on_launch": false,
            "map_public_ip_on_launch": false,
            "outpost_arn": "",
            "owner_id": "203918842945",
            "private_dns_hostname_type_on_launch": "ip-name",
            "tags": {
              "Attributes": "private-only-private",
              "Name": "vitality-dev-app-private-only-private-use1c",
              "Namespace": "vitality",
              "Stage": "dev"
            },
            "tags_all": {
              "Attributes": "private-only-private",
              "Name": "vitality-dev-app-private-only-private-use1c",
              "Namespace": "vitality",
              "Stage": "dev"
            },
            "timeouts": {
              "create": null,
              "delete": null
            },
            "vpc_id": "vpc-00f11cdb8b2f969b2"
          },
          "sensitive_attributes": [],
          "private": "eyJlMmJmYjczMC1lY2FhLTExZTYtOGY4OC0zNDM2M2JjN2M0YzAiOnsiY3JlYXRlIjo2MDAwMDAwMDAwMDAsImRlbGV0ZSI6MTIwMDAwMDAwMDAwMH0sInNjaGVtYV92ZXJzaW9uIjoiMSJ9",
          "dependencies": [
            "module.private_only_subnets.data.aws_availability_zones.default",
            "module.private_only_subnets.data.aws_vpc.default",
            "module.vpc.aws_vpc.default"
          ]
        },
        {
          "index_key": 1,
          "schema_version": 1,
          "attributes": {
            "arn": "arn:aws:ec2:us-east-1:203918842945:subnet/subnet-03911beb676de0a58",
            "assign_ipv6_address_on_creation": false,
            "availability_zone": "us-east-1d",
            "availability_zone_id": "use1-az2",
            "cidr_block": "10.0.17.0/24",
            "customer_owned_ipv4_pool": "",
            "enable_dns64": false,
            "enable_lni_at_device_index": 0,
            "enable_resource_name_dns_a_record_on_launch": false,
            "enable_resource_name_dns_aaaa_record_on_launch": false,
            "id": "subnet-03911beb676de0a58",
            "ipv6_cidr_block": "",
            "ipv6_cidr_block_association_id": "",
            "ipv6_native": false,
            "map_customer_owned_ip_on_launch": false,
            "map_public_ip_on_launch": false,
            "outpost_arn": "",
            "owner_id": "203918842945",
            "private_dns_hostname_type_on_launch": "ip-name",
            "tags": {
              "Attributes": "private-only-private",
              "Name": "vitality-dev-app-private-only-private-use1d",
              "Namespace": "vitality",
              "Stage": "dev"
            },
            "tags_all": {
              "Attributes": "private-only-private",
              "Name": "vitality-dev-app-private-only-private-use1d",
              "Namespace": "vitality",
              "Stage": "dev"
            },
            "timeouts": {
              "create": null,
              "delete": null
            },
            "vpc_id": "vpc-00f11cdb8b2f969b2"
          },
          "sensitive_attributes": [],
          "private": "eyJlMmJmYjczMC1lY2FhLTExZTYtOGY4OC0zNDM2M2JjN2M0YzAiOnsiY3JlYXRlIjo2MDAwMDAwMDAwMDAsImRlbGV0ZSI6MTIwMDAwMDAwMDAwMH0sInNjaGVtYV92ZXJzaW9uIjoiMSJ9",
          "dependencies": [
            "module.private_only_subnets.data.aws_availability_zones.default",
            "module.private_only_subnets.data.aws_vpc.default",
            "module.vpc.aws_vpc.default"
          ]
        }
      ]
    },
    {
      "module": "module.private_only_subnets",
      "mode": "managed",
      "type": "aws_subnet",
      "name": "public",
      "provider": "provider[\"registry.terraform.io/hashicorp/aws\"]",
      "instances": [
        {
          "index_key": 0,
          "schema_version": 1,
          "attributes": {
            "arn": "arn:aws:ec2:us-east-1:203918842945:subnet/subnet-0a30b4bedf3bf822a",
            "assign_ipv6_address_on_creation": false,
            "availability_zone": "us-east-1c",
            "availability_zone_id": "use1-az1",
            "cidr_block": "10.0.22.0/24",
            "customer_owned_ipv4_pool": "",
            "enable_dns64": false,
            "enable_lni_at_device_index": 0,
            "enable_resource_name_dns_a_record_on_launch": false,
            "enable_resource_name_dns_aaaa_record_on_launch": false,
            "id": "subnet-0a30b4bedf3bf822a",
            "ipv6_cidr_block": "",
            "ipv6_cidr_block_association_id": "",
            "ipv6_native": false,
            "map_customer_owned_ip_on_launch": false,
            "map_public_ip_on_launch": true,
            "outpost_arn": "",
            "owner_id": "203918842945",
            "private_dns_hostname_type_on_launch": "ip-name",
            "tags": {
              "Attributes": "private-only-public",
              "Name": "vitality-dev-app-private-only-public-use1c",
              "Namespace": "vitality",
              "Stage": "dev"
            },
            "tags_all": {
              "Attributes": "private-only-public",
              "Name": "vitality-dev-app-private-only-public-use1c",
              "Namespace": "vitality",
              "Stage": "dev"
            },
            "timeouts": {
              "create": null,
              "delete": null
            },
            "vpc_id": "vpc-00f11cdb8b2f969b2"
          },
          "sensitive_attributes": [],
          "private": "eyJlMmJmYjczMC1lY2FhLTExZTYtOGY4OC0zNDM2M2JjN2M0YzAiOnsiY3JlYXRlIjo2MDAwMDAwMDAwMDAsImRlbGV0ZSI6MTIwMDAwMDAwMDAwMH0sInNjaGVtYV92ZXJzaW9uIjoiMSJ9",
          "dependencies": [
            "module.private_only_subnets.data.aws_availability_zones.default",
            "module.private_only_subnets.data.aws_vpc.default",
            "module.vpc.aws_vpc.default"
          ]
        },
        {
          "index_key": 1,
          "schema_version": 1,
          "attributes": {
            "arn": "arn:aws:ec2:us-east-1:203918842945:subnet/subnet-046a9f9e606f18eb0",
            "assign_ipv6_address_on_creation": false,
            "availability_zone": "us-east-1d",
            "availability_zone_id": "use1-az2",
            "cidr_block": "10.0.23.0/24",
            "customer_owned_ipv4_pool": "",
            "enable_dns64": false,
            "enable_lni_at_device_index": 0,
            "enable_resource_name_dns_a_record_on_launch": false,
            "enable_resource_name_dns_aaaa_record_on_launch": false,
            "id": "subnet-046a9f9e606f18eb0",
            "ipv6_cidr_block": "",
            "ipv6_cidr_block_association_id": "",
            "ipv6_native": false,
            "map_customer_owned_ip_on_launch": false,
            "map_public_ip_on_launch": true,
            "outpost_arn": "",
            "owner_id": "203918842945",
            "private_dns_hostname_type_on_launch": "ip-name",
            "tags": {
              "Attributes": "private-only-public",
              "Name": "vitality-dev-app-private-only-public-use1d",
              "Namespace": "vitality",
              "Stage": "dev"
            },
            "tags_all": {
              "Attributes": "private-only-public",
              "Name": "vitality-dev-app-private-only-public-use1d",
              "Namespace": "vitality",
              "Stage": "dev"
            },
            "timeouts": {
              "create": null,
              "delete": null
            },
            "vpc_id": "vpc-00f11cdb8b2f969b2"
          },
          "sensitive_attributes": [],
          "private": "eyJlMmJmYjczMC1lY2FhLTExZTYtOGY4OC0zNDM2M2JjN2M0YzAiOnsiY3JlYXRlIjo2MDAwMDAwMDAwMDAsImRlbGV0ZSI6MTIwMDAwMDAwMDAwMH0sInNjaGVtYV92ZXJzaW9uIjoiMSJ9",
          "dependencies": [
            "module.private_only_subnets.data.aws_availability_zones.default",
            "module.private_only_subnets.data.aws_vpc.default",
            "module.vpc.aws_vpc.default"
          ]
        }
      ]
    },
    {
      "module": "module.private_only_subnets.module.utils",
      "mode": "data",
      "type": "aws_regions",
      "name": "complete",
      "provider": "provider[\"registry.terraform.io/hashicorp/aws\"]",
      "instances": [
        {
          "schema_version": 0,
          "attributes": {
            "all_regions": true,
            "filter": [],
            "id": "aws",
            "names": [
              "af-south-1",
              "ap-east-1",
              "ap-northeast-1",
              "ap-northeast-2",
              "ap-northeast-3",
              "ap-south-1",
              "ap-south-2",
              "ap-southeast-1",
              "ap-southeast-2",
              "ap-southeast-3",
              "ap-southeast-4",
              "ap-southeast-5",
              "ap-southeast-7",
              "ca-central-1",
              "ca-west-1",
              "eu-central-1",
              "eu-central-2",
              "eu-north-1",
              "eu-south-1",
              "eu-south-2",
              "eu-west-1",
              "eu-west-2",
              "eu-west-3",
              "il-central-1",
              "me-central-1",
              "me-south-1",
              "mx-central-1",
              "sa-east-1",
              "us-east-1",
              "us-east-2",
              "us-west-1",
              "us-west-2"
            ]
          },
          "sensitive_attributes": []
        }
      ]
    },
    {
      "module": "module.private_only_subnets.module.utils",
      "mode": "data",
      "type": "aws_regions",
      "name": "default",
      "provider": "provider[\"registry.terraform.io/hashicorp/aws\"]",
      "instances": [
        {
          "schema_version": 0,
          "attributes": {
            "all_regions": true,
            "filter": [
              {
                "name": "opt-in-status",
                "values": [
                  "opt-in-not-required"
                ]
              }
            ],
            "id": "aws",
            "names": [
              "ap-northeast-1",
              "ap-northeast-2",
              "ap-northeast-3",
              "ap-south-1",
              "ap-southeast-1",
              "ap-southeast-2",
              "ca-central-1",
              "eu-central-1",
              "eu-north-1",
              "eu-west-1",
              "eu-west-2",
              "eu-west-3",
              "sa-east-1",
              "us-east-1",
              "us-east-2",
              "us-west-1",
              "us-west-2"
            ]
          },
          "sensitive_attributes": []
        }
      ]
    },
    {
      "module": "module.private_only_subnets.module.utils",
      "mode": "data",
      "type": "aws_regions",
      "name": "not_opted_in",
      "provider": "provider[\"registry.terraform.io/hashicorp/aws\"]",
      "instances": [
        {
          "schema_version": 0,
          "attributes": {
            "all_regions": true,
            "filter": [
              {
                "name": "opt-in-status",
                "values": [
                  "not-opted-in"
                ]
              }
            ],
            "id": "aws",
            "names": [
              "af-south-1",
              "ap-east-1",
              "ap-south-2",
              "ap-southeast-3",
              "ap-southeast-4",
              "ap-southeast-5",
              "ap-southeast-7",
              "ca-west-1",
              "eu-central-2",
              "eu-south-1",
              "eu-south-2",
              "il-central-1",
              "me-central-1",
              "me-south-1",
              "mx-central-1"
            ]
          },
          "sensitive_attributes": []
        }
      ]
    },
    {
      "module": "module.private_only_subnets.module.utils",
      "mode": "data",
      "type": "aws_regions",
      "name": "opted_in",
      "provider": "provider[\"registry.terraform.io/hashicorp/aws\"]",
      "instances": [
        {
          "schema_version": 0,
          "attributes": {
            "all_regions": true,
            "filter": [
              {
                "name": "opt-in-status",
                "values": [
                  "opted-in"
                ]
              }
            ],
            "id": "aws",
            "names": []
          },
          "sensitive_attributes": []
        }
      ]
    },
    {
      "module": "module.public_private_subnets",
      "mode": "data",
      "type": "aws_availability_zones",
      "name": "default",
      "provider": "provider[\"registry.terraform.io/hashicorp/aws\"]",
      "instances": [
        {
          "index_key": 0,
          "schema_version": 0,
          "attributes": {
            "all_availability_zones": null,
            "exclude_names": null,
            "exclude_zone_ids": null,
            "filter": [
              {
                "name": "opt-in-status",
                "values": [
                  "opt-in-not-required"
                ]
              }
            ],
            "group_names": [
              "us-east-1-zg-1"
            ],
            "id": "us-east-1",
            "names": [
              "us-east-1a",
              "us-east-1b",
              "us-east-1c",
              "us-east-1d",
              "us-east-1e",
              "us-east-1f"
            ],
            "state": null,
            "timeouts": null,
            "zone_ids": [
              "use1-az4",
              "use1-az6",
              "use1-az1",
              "use1-az2",
              "use1-az3",
              "use1-az5"
            ]
          },
          "sensitive_attributes": []
        }
      ]
    },
    {
      "module": "module.public_private_subnets",
      "mode": "managed",
      "type": "aws_eip",
      "name": "default",
      "provider": "provider[\"registry.terraform.io/hashicorp/aws\"]",
      "instances": [
        {
          "index_key": 0,
          "schema_version": 0,
          "attributes": {
            "address": null,
            "allocation_id": "eipalloc-071aad5853f3913f1",
            "arn": "arn:aws:ec2:us-east-1:203918842945:elastic-ip/eipalloc-071aad5853f3913f1",
            "associate_with_private_ip": null,
            "association_id": "",
            "carrier_ip": "",
            "customer_owned_ip": "",
            "customer_owned_ipv4_pool": "",
            "domain": "vpc",
            "id": "eipalloc-071aad5853f3913f1",
            "instance": "",
            "ipam_pool_id": null,
            "network_border_group": "us-east-1",
            "network_interface": "",
            "private_dns": null,
            "private_ip": "",
            "ptr_record": "",
            "public_dns": "ec2-54-157-55-151.compute-1.amazonaws.com",
            "public_ip": "54.157.55.151",
            "public_ipv4_pool": "amazon",
            "tags": {
              "Attributes": "public-private-nat",
              "Name": "vitality-dev-app-public-private-nat-use1a",
              "Namespace": "vitality",
              "Stage": "dev"
            },
            "tags_all": {
              "Attributes": "public-private-nat",
              "Name": "vitality-dev-app-public-private-nat-use1a",
              "Namespace": "vitality",
              "Stage": "dev"
            },
            "timeouts": null,
            "vpc": true
          },
          "sensitive_attributes": [],
          "private": "eyJlMmJmYjczMC1lY2FhLTExZTYtOGY4OC0zNDM2M2JjN2M0YzAiOnsiZGVsZXRlIjoxODAwMDAwMDAwMDAsInJlYWQiOjkwMDAwMDAwMDAwMCwidXBkYXRlIjozMDAwMDAwMDAwMDB9fQ==",
          "dependencies": [
            "module.public_private_subnets.data.aws_availability_zones.default"
          ],
          "create_before_destroy": true
        },
        {
          "index_key": 1,
          "schema_version": 0,
          "attributes": {
            "address": null,
            "allocation_id": "eipalloc-0fc155b0ac7f6cb82",
            "arn": "arn:aws:ec2:us-east-1:203918842945:elastic-ip/eipalloc-0fc155b0ac7f6cb82",
            "associate_with_private_ip": null,
            "association_id": "",
            "carrier_ip": "",
            "customer_owned_ip": "",
            "customer_owned_ipv4_pool": "",
            "domain": "vpc",
            "id": "eipalloc-0fc155b0ac7f6cb82",
            "instance": "",
            "ipam_pool_id": null,
            "network_border_group": "us-east-1",
            "network_interface": "",
            "private_dns": null,
            "private_ip": "",
            "ptr_record": "",
            "public_dns": "ec2-34-205-22-59.compute-1.amazonaws.com",
            "public_ip": "34.205.22.59",
            "public_ipv4_pool": "amazon",
            "tags": {
              "Attributes": "public-private-nat",
              "Name": "vitality-dev-app-public-private-nat-use1b",
              "Namespace": "vitality",
              "Stage": "dev"
            },
            "tags_all": {
              "Attributes": "public-private-nat",
              "Name": "vitality-dev-app-public-private-nat-use1b",
              "Namespace": "vitality",
              "Stage": "dev"
            },
            "timeouts": null,
            "vpc": true
          },
          "sensitive_attributes": [],
          "private": "eyJlMmJmYjczMC1lY2FhLTExZTYtOGY4OC0zNDM2M2JjN2M0YzAiOnsiZGVsZXRlIjoxODAwMDAwMDAwMDAsInJlYWQiOjkwMDAwMDAwMDAwMCwidXBkYXRlIjozMDAwMDAwMDAwMDB9fQ==",
          "dependencies": [
            "module.public_private_subnets.data.aws_availability_zones.default"
          ],
          "create_before_destroy": true
        }
      ]
    },
    {
      "module": "module.public_private_subnets",
      "mode": "managed",
      "type": "aws_nat_gateway",
      "name": "default",
      "provider": "provider[\"registry.terraform.io/hashicorp/aws\"]",
      "instances": [
        {
          "index_key": 0,
          "schema_version": 0,
          "attributes": {
            "allocation_id": "eipalloc-071aad5853f3913f1",
            "association_id": "eipassoc-048e4bc1a61cd46a9",
            "connectivity_type": "public",
            "id": "nat-0f14c136a5c2fe2ef",
            "network_interface_id": "eni-07aad8787a1142b24",
            "private_ip": "10.0.6.102",
            "public_ip": "54.157.55.151",
            "secondary_allocation_ids": null,
            "secondary_private_ip_address_count": 0,
            "secondary_private_ip_addresses": [],
            "subnet_id": "subnet-061b1cf390435edc5",
            "tags": {
              "Attributes": "public-private-nat",
              "Name": "vitality-dev-app-public-private-nat-use1a",
              "Namespace": "vitality",
              "Stage": "dev"
            },
            "tags_all": {
              "Attributes": "public-private-nat",
              "Name": "vitality-dev-app-public-private-nat-use1a",
              "Namespace": "vitality",
              "Stage": "dev"
            },
            "timeouts": null
          },
          "sensitive_attributes": [],
          "private": "eyJlMmJmYjczMC1lY2FhLTExZTYtOGY4OC0zNDM2M2JjN2M0YzAiOnsiY3JlYXRlIjo2MDAwMDAwMDAwMDAsImRlbGV0ZSI6MTgwMDAwMDAwMDAwMCwidXBkYXRlIjo2MDAwMDAwMDAwMDB9fQ==",
          "dependencies": [
            "module.public_private_subnets.aws_eip.default",
            "module.public_private_subnets.aws_eip_association.nat_instance",
            "module.public_private_subnets.aws_instance.nat_instance",
            "module.public_private_subnets.aws_security_group.nat_instance",
            "module.public_private_subnets.aws_subnet.public",
            "module.public_private_subnets.data.aws_ami.nat_instance",
            "module.public_private_subnets.data.aws_availability_zones.default",
            "module.public_private_subnets.data.aws_eip.nat",
            "module.public_private_subnets.data.aws_vpc.default",
            "module.vpc.aws_vpc.default"
          ]
        },
        {
          "index_key": 1,
          "schema_version": 0,
          "attributes": {
            "allocation_id": "eipalloc-0fc155b0ac7f6cb82",
            "association_id": "eipassoc-02af66507ec470d90",
            "connectivity_type": "public",
            "id": "nat-007b1d820f32dba4c",
            "network_interface_id": "eni-0368e5b2f8cf7f8c1",
            "private_ip": "10.0.7.17",
            "public_ip": "34.205.22.59",
            "secondary_allocation_ids": null,
            "secondary_private_ip_address_count": 0,
            "secondary_private_ip_addresses": [],
            "subnet_id": "subnet-0b81b64aa0d73e3fa",
            "tags": {
              "Attributes": "public-private-nat",
              "Name": "vitality-dev-app-public-private-nat-use1b",
              "Namespace": "vitality",
              "Stage": "dev"
            },
            "tags_all": {
              "Attributes": "public-private-nat",
              "Name": "vitality-dev-app-public-private-nat-use1b",
              "Namespace": "vitality",
              "Stage": "dev"
            },
            "timeouts": null
          },
          "sensitive_attributes": [],
          "private": "eyJlMmJmYjczMC1lY2FhLTExZTYtOGY4OC0zNDM2M2JjN2M0YzAiOnsiY3JlYXRlIjo2MDAwMDAwMDAwMDAsImRlbGV0ZSI6MTgwMDAwMDAwMDAwMCwidXBkYXRlIjo2MDAwMDAwMDAwMDB9fQ==",
          "dependencies": [
            "module.public_private_subnets.aws_eip.default",
            "module.public_private_subnets.aws_eip_association.nat_instance",
            "module.public_private_subnets.aws_instance.nat_instance",
            "module.public_private_subnets.aws_security_group.nat_instance",
            "module.public_private_subnets.aws_subnet.public",
            "module.public_private_subnets.data.aws_ami.nat_instance",
            "module.public_private_subnets.data.aws_availability_zones.default",
            "module.public_private_subnets.data.aws_eip.nat",
            "module.public_private_subnets.data.aws_vpc.default",
            "module.vpc.aws_vpc.default"
          ]
        }
      ]
    },
    {
      "module": "module.public_private_subnets",
      "mode": "managed",
      "type": "aws_network_acl",
      "name": "private",
      "provider": "provider[\"registry.terraform.io/hashicorp/aws\"]",
      "instances": [
        {
          "index_key": 0,
          "schema_version": 0,
          "attributes": {
            "arn": "arn:aws:ec2:us-east-1:203918842945:network-acl/acl-0abacf94a8067adce",
            "egress": [],
            "id": "acl-0abacf94a8067adce",
            "ingress": [],
            "owner_id": "203918842945",
            "subnet_ids": [
              "subnet-00e65bb625f5db7dd",
              "subnet-03251588f8b68a2c2"
            ],
            "tags": {
              "Attributes": "public-private-private",
              "Name": "vitality-dev-app-public-private-private",
              "Namespace": "vitality",
              "Stage": "dev"
            },
            "tags_all": {
              "Attributes": "public-private-private",
              "Name": "vitality-dev-app-public-private-private",
              "Namespace": "vitality",
              "Stage": "dev"
            },
            "vpc_id": "vpc-00f11cdb8b2f969b2"
          },
          "sensitive_attributes": [],
          "private": "bnVsbA==",
          "dependencies": [
            "module.public_private_subnets.aws_subnet.private",
            "module.public_private_subnets.data.aws_availability_zones.default",
            "module.public_private_subnets.data.aws_vpc.default",
            "module.vpc.aws_vpc.default"
          ]
        }
      ]
    },
    {
      "module": "module.public_private_subnets",
      "mode": "managed",
      "type": "aws_network_acl",
      "name": "public",
      "provider": "provider[\"registry.terraform.io/hashicorp/aws\"]",
      "instances": [
        {
          "index_key": 0,
          "schema_version": 0,
          "attributes": {
            "arn": "arn:aws:ec2:us-east-1:203918842945:network-acl/acl-01e89438a1adf73ba",
            "egress": [],
            "id": "acl-01e89438a1adf73ba",
            "ingress": [],
            "owner_id": "203918842945",
            "subnet_ids": [
              "subnet-061b1cf390435edc5",
              "subnet-0b81b64aa0d73e3fa"
            ],
            "tags": {
              "Attributes": "public-private-public",
              "Name": "vitality-dev-app-public-private-public",
              "Namespace": "vitality",
              "Stage": "dev"
            },
            "tags_all": {
              "Attributes": "public-private-public",
              "Name": "vitality-dev-app-public-private-public",
              "Namespace": "vitality",
              "Stage": "dev"
            },
            "vpc_id": "vpc-00f11cdb8b2f969b2"
          },
          "sensitive_attributes": [],
          "private": "bnVsbA==",
          "dependencies": [
            "module.public_private_subnets.aws_subnet.public",
            "module.public_private_subnets.data.aws_availability_zones.default",
            "module.public_private_subnets.data.aws_vpc.default",
            "module.vpc.aws_vpc.default"
          ]
        }
      ]
    },
    {
      "module": "module.public_private_subnets",
      "mode": "managed",
      "type": "aws_network_acl_rule",
      "name": "private4_egress",
      "provider": "provider[\"registry.terraform.io/hashicorp/aws\"]",
      "instances": [
        {
          "index_key": 0,
          "schema_version": 0,
          "attributes": {
            "cidr_block": "0.0.0.0/0",
            "egress": true,
            "from_port": 0,
            "icmp_code": null,
            "icmp_type": null,
            "id": "nacl-1854841288",
            "ipv6_cidr_block": "",
            "network_acl_id": "acl-0abacf94a8067adce",
            "protocol": "-1",
            "rule_action": "allow",
            "rule_number": 100,
            "to_port": 0
          },
          "sensitive_attributes": [],
          "private": "bnVsbA==",
          "dependencies": [
            "module.public_private_subnets.aws_network_acl.private",
            "module.public_private_subnets.aws_subnet.private",
            "module.public_private_subnets.data.aws_availability_zones.default",
            "module.public_private_subnets.data.aws_vpc.default",
            "module.vpc.aws_vpc.default"
          ]
        }
      ]
    },
    {
      "module": "module.public_private_subnets",
      "mode": "managed",
      "type": "aws_network_acl_rule",
      "name": "private4_ingress",
      "provider": "provider[\"registry.terraform.io/hashicorp/aws\"]",
      "instances": [
        {
          "index_key": 0,
          "schema_version": 0,
          "attributes": {
            "cidr_block": "0.0.0.0/0",
            "egress": false,
            "from_port": 0,
            "icmp_code": null,
            "icmp_type": null,
            "id": "nacl-3457091518",
            "ipv6_cidr_block": "",
            "network_acl_id": "acl-0abacf94a8067adce",
            "protocol": "-1",
            "rule_action": "allow",
            "rule_number": 100,
            "to_port": 0
          },
          "sensitive_attributes": [],
          "private": "bnVsbA==",
          "dependencies": [
            "module.public_private_subnets.aws_network_acl.private",
            "module.public_private_subnets.aws_subnet.private",
            "module.public_private_subnets.data.aws_availability_zones.default",
            "module.public_private_subnets.data.aws_vpc.default",
            "module.vpc.aws_vpc.default"
          ]
        }
      ]
    },
    {
      "module": "module.public_private_subnets",
      "mode": "managed",
      "type": "aws_network_acl_rule",
      "name": "public4_egress",
      "provider": "provider[\"registry.terraform.io/hashicorp/aws\"]",
      "instances": [
        {
          "index_key": 0,
          "schema_version": 0,
          "attributes": {
            "cidr_block": "0.0.0.0/0",
            "egress": true,
            "from_port": 0,
            "icmp_code": null,
            "icmp_type": null,
            "id": "nacl-3211010096",
            "ipv6_cidr_block": "",
            "network_acl_id": "acl-01e89438a1adf73ba",
            "protocol": "-1",
            "rule_action": "allow",
            "rule_number": 100,
            "to_port": 0
          },
          "sensitive_attributes": [],
          "private": "bnVsbA==",
          "dependencies": [
            "module.public_private_subnets.aws_network_acl.public",
            "module.public_private_subnets.aws_subnet.public",
            "module.public_private_subnets.data.aws_availability_zones.default",
            "module.public_private_subnets.data.aws_vpc.default",
            "module.vpc.aws_vpc.default"
          ]
        }
      ]
    },
    {
      "module": "module.public_private_subnets",
      "mode": "managed",
      "type": "aws_network_acl_rule",
      "name": "public4_ingress",
      "provider": "provider[\"registry.terraform.io/hashicorp/aws\"]",
      "instances": [
        {
          "index_key": 0,
          "schema_version": 0,
          "attributes": {
            "cidr_block": "0.0.0.0/0",
            "egress": false,
            "from_port": 0,
            "icmp_code": null,
            "icmp_type": null,
            "id": "nacl-2109249297",
            "ipv6_cidr_block": "",
            "network_acl_id": "acl-01e89438a1adf73ba",
            "protocol": "-1",
            "rule_action": "allow",
            "rule_number": 100,
            "to_port": 0
          },
          "sensitive_attributes": [],
          "private": "bnVsbA==",
          "dependencies": [
            "module.public_private_subnets.aws_network_acl.public",
            "module.public_private_subnets.aws_subnet.public",
            "module.public_private_subnets.data.aws_availability_zones.default",
            "module.public_private_subnets.data.aws_vpc.default",
            "module.vpc.aws_vpc.default"
          ]
        }
      ]
    },
    {
      "module": "module.public_private_subnets",
      "mode": "managed",
      "type": "aws_route",
      "name": "nat4",
      "provider": "provider[\"registry.terraform.io/hashicorp/aws\"]",
      "instances": [
        {
          "index_key": 0,
          "schema_version": 0,
          "attributes": {
            "carrier_gateway_id": "",
            "core_network_arn": "",
            "destination_cidr_block": "0.0.0.0/0",
            "destination_ipv6_cidr_block": "",
            "destination_prefix_list_id": "",
            "egress_only_gateway_id": "",
            "gateway_id": "",
            "id": "r-rtb-0da1a095b28b20d641080289494",
            "instance_id": "",
            "instance_owner_id": "",
            "local_gateway_id": "",
            "nat_gateway_id": "nat-0f14c136a5c2fe2ef",
            "network_interface_id": "",
            "origin": "CreateRoute",
            "route_table_id": "rtb-0da1a095b28b20d64",
            "state": "active",
            "timeouts": {
              "create": null,
              "delete": null,
              "update": null
            },
            "transit_gateway_id": "",
            "vpc_endpoint_id": "",
            "vpc_peering_connection_id": ""
          },
          "sensitive_attributes": [],
          "private": "eyJlMmJmYjczMC1lY2FhLTExZTYtOGY4OC0zNDM2M2JjN2M0YzAiOnsiY3JlYXRlIjozMDAwMDAwMDAwMDAsImRlbGV0ZSI6MzAwMDAwMDAwMDAwLCJ1cGRhdGUiOjEyMDAwMDAwMDAwMH19",
          "dependencies": [
            "module.public_private_subnets.aws_eip.default",
            "module.public_private_subnets.aws_eip_association.nat_instance",
            "module.public_private_subnets.aws_instance.nat_instance",
            "module.public_private_subnets.aws_nat_gateway.default",
            "module.public_private_subnets.aws_route_table.private",
            "module.public_private_subnets.aws_security_group.nat_instance",
            "module.public_private_subnets.aws_subnet.public",
            "module.public_private_subnets.data.aws_ami.nat_instance",
            "module.public_private_subnets.data.aws_availability_zones.default",
            "module.public_private_subnets.data.aws_eip.nat",
            "module.public_private_subnets.data.aws_vpc.default",
            "module.vpc.aws_vpc.default"
          ]
        },
        {
          "index_key": 1,
          "schema_version": 0,
          "attributes": {
            "carrier_gateway_id": "",
            "core_network_arn": "",
            "destination_cidr_block": "0.0.0.0/0",
            "destination_ipv6_cidr_block": "",
            "destination_prefix_list_id": "",
            "egress_only_gateway_id": "",
            "gateway_id": "",
            "id": "r-rtb-014440ef8ed62d67b1080289494",
            "instance_id": "",
            "instance_owner_id": "",
            "local_gateway_id": "",
            "nat_gateway_id": "nat-007b1d820f32dba4c",
            "network_interface_id": "",
            "origin": "CreateRoute",
            "route_table_id": "rtb-014440ef8ed62d67b",
            "state": "active",
            "timeouts": {
              "create": null,
              "delete": null,
              "update": null
            },
            "transit_gateway_id": "",
            "vpc_endpoint_id": "",
            "vpc_peering_connection_id": ""
          },
          "sensitive_attributes": [],
          "private": "eyJlMmJmYjczMC1lY2FhLTExZTYtOGY4OC0zNDM2M2JjN2M0YzAiOnsiY3JlYXRlIjozMDAwMDAwMDAwMDAsImRlbGV0ZSI6MzAwMDAwMDAwMDAwLCJ1cGRhdGUiOjEyMDAwMDAwMDAwMH19",
          "dependencies": [
            "module.public_private_subnets.aws_eip.default",
            "module.public_private_subnets.aws_eip_association.nat_instance",
            "module.public_private_subnets.aws_instance.nat_instance",
            "module.public_private_subnets.aws_nat_gateway.default",
            "module.public_private_subnets.aws_route_table.private",
            "module.public_private_subnets.aws_security_group.nat_instance",
            "module.public_private_subnets.aws_subnet.public",
            "module.public_private_subnets.data.aws_ami.nat_instance",
            "module.public_private_subnets.data.aws_availability_zones.default",
            "module.public_private_subnets.data.aws_eip.nat",
            "module.public_private_subnets.data.aws_vpc.default",
            "module.vpc.aws_vpc.default"
          ]
        }
      ]
    },
    {
      "module": "module.public_private_subnets",
      "mode": "managed",
      "type": "aws_route",
      "name": "public",
      "provider": "provider[\"registry.terraform.io/hashicorp/aws\"]",
      "instances": [
        {
          "index_key": 0,
          "schema_version": 0,
          "attributes": {
            "carrier_gateway_id": "",
            "core_network_arn": "",
            "destination_cidr_block": "0.0.0.0/0",
            "destination_ipv6_cidr_block": "",
            "destination_prefix_list_id": "",
            "egress_only_gateway_id": "",
            "gateway_id": "igw-09f143aa28332a47e",
            "id": "r-rtb-07d8c6afb48c642ee1080289494",
            "instance_id": "",
            "instance_owner_id": "",
            "local_gateway_id": "",
            "nat_gateway_id": "",
            "network_interface_id": "",
            "origin": "CreateRoute",
            "route_table_id": "rtb-07d8c6afb48c642ee",
            "state": "active",
            "timeouts": {
              "create": null,
              "delete": null,
              "update": null
            },
            "transit_gateway_id": "",
            "vpc_endpoint_id": "",
            "vpc_peering_connection_id": ""
          },
          "sensitive_attributes": [],
          "private": "eyJlMmJmYjczMC1lY2FhLTExZTYtOGY4OC0zNDM2M2JjN2M0YzAiOnsiY3JlYXRlIjozMDAwMDAwMDAwMDAsImRlbGV0ZSI6MzAwMDAwMDAwMDAwLCJ1cGRhdGUiOjEyMDAwMDAwMDAwMH19",
          "dependencies": [
            "module.public_private_subnets.aws_route_table.public",
            "module.public_private_subnets.data.aws_availability_zones.default",
            "module.vpc.aws_internet_gateway.default",
            "module.vpc.aws_vpc.default"
          ]
        }
      ]
    },
    {
      "module": "module.public_private_subnets",
      "mode": "managed",
      "type": "aws_route_table",
      "name": "private",
      "provider": "provider[\"registry.terraform.io/hashicorp/aws\"]",
      "instances": [
        {
          "index_key": 0,
          "schema_version": 0,
          "attributes": {
            "arn": "arn:aws:ec2:us-east-1:203918842945:route-table/rtb-0da1a095b28b20d64",
            "id": "rtb-0da1a095b28b20d64",
            "owner_id": "203918842945",
            "propagating_vgws": [],
            "route": [],
            "tags": {
              "Attributes": "public-private-private",
              "Name": "vitality-dev-app-public-private-private-use1a",
              "Namespace": "vitality",
              "Stage": "dev"
            },
            "tags_all": {
              "Attributes": "public-private-private",
              "Name": "vitality-dev-app-public-private-private-use1a",
              "Namespace": "vitality",
              "Stage": "dev"
            },
            "timeouts": null,
            "vpc_id": "vpc-00f11cdb8b2f969b2"
          },
          "sensitive_attributes": [],
          "private": "eyJlMmJmYjczMC1lY2FhLTExZTYtOGY4OC0zNDM2M2JjN2M0YzAiOnsiY3JlYXRlIjozMDAwMDAwMDAwMDAsImRlbGV0ZSI6MzAwMDAwMDAwMDAwLCJ1cGRhdGUiOjEyMDAwMDAwMDAwMH19",
          "dependencies": [
            "module.public_private_subnets.data.aws_availability_zones.default",
            "module.vpc.aws_vpc.default"
          ]
        },
        {
          "index_key": 1,
          "schema_version": 0,
          "attributes": {
            "arn": "arn:aws:ec2:us-east-1:203918842945:route-table/rtb-014440ef8ed62d67b",
            "id": "rtb-014440ef8ed62d67b",
            "owner_id": "203918842945",
            "propagating_vgws": [],
            "route": [],
            "tags": {
              "Attributes": "public-private-private",
              "Name": "vitality-dev-app-public-private-private-use1b",
              "Namespace": "vitality",
              "Stage": "dev"
            },
            "tags_all": {
              "Attributes": "public-private-private",
              "Name": "vitality-dev-app-public-private-private-use1b",
              "Namespace": "vitality",
              "Stage": "dev"
            },
            "timeouts": null,
            "vpc_id": "vpc-00f11cdb8b2f969b2"
          },
          "sensitive_attributes": [],
          "private": "eyJlMmJmYjczMC1lY2FhLTExZTYtOGY4OC0zNDM2M2JjN2M0YzAiOnsiY3JlYXRlIjozMDAwMDAwMDAwMDAsImRlbGV0ZSI6MzAwMDAwMDAwMDAwLCJ1cGRhdGUiOjEyMDAwMDAwMDAwMH19",
          "dependencies": [
            "module.public_private_subnets.data.aws_availability_zones.default",
            "module.vpc.aws_vpc.default"
          ]
        }
      ]
    },
    {
      "module": "module.public_private_subnets",
      "mode": "managed",
      "type": "aws_route_table",
      "name": "public",
      "provider": "provider[\"registry.terraform.io/hashicorp/aws\"]",
      "instances": [
        {
          "index_key": 0,
          "schema_version": 0,
          "attributes": {
            "arn": "arn:aws:ec2:us-east-1:203918842945:route-table/rtb-07d8c6afb48c642ee",
            "id": "rtb-07d8c6afb48c642ee",
            "owner_id": "203918842945",
            "propagating_vgws": [],
            "route": [],
            "tags": {
              "Attributes": "public-private-public",
              "Name": "vitality-dev-app-public-private-public",
              "Namespace": "vitality",
              "Stage": "dev"
            },
            "tags_all": {
              "Attributes": "public-private-public",
              "Name": "vitality-dev-app-public-private-public",
              "Namespace": "vitality",
              "Stage": "dev"
            },
            "timeouts": null,
            "vpc_id": "vpc-00f11cdb8b2f969b2"
          },
          "sensitive_attributes": [],
          "private": "eyJlMmJmYjczMC1lY2FhLTExZTYtOGY4OC0zNDM2M2JjN2M0YzAiOnsiY3JlYXRlIjozMDAwMDAwMDAwMDAsImRlbGV0ZSI6MzAwMDAwMDAwMDAwLCJ1cGRhdGUiOjEyMDAwMDAwMDAwMH19",
          "dependencies": [
            "module.public_private_subnets.data.aws_availability_zones.default",
            "module.vpc.aws_vpc.default"
          ]
        }
      ]
    },
    {
      "module": "module.public_private_subnets",
      "mode": "managed",
      "type": "aws_route_table_association",
      "name": "private",
      "provider": "provider[\"registry.terraform.io/hashicorp/aws\"]",
      "instances": [
        {
          "index_key": 0,
          "schema_version": 0,
          "attributes": {
            "gateway_id": "",
            "id": "rtbassoc-0e1fa922919c4b74c",
            "route_table_id": "rtb-0da1a095b28b20d64",
            "subnet_id": "subnet-00e65bb625f5db7dd",
            "timeouts": null
          },
          "sensitive_attributes": [],
          "private": "eyJlMmJmYjczMC1lY2FhLTExZTYtOGY4OC0zNDM2M2JjN2M0YzAiOnsiY3JlYXRlIjozMDAwMDAwMDAwMDAsImRlbGV0ZSI6MzAwMDAwMDAwMDAwLCJ1cGRhdGUiOjEyMDAwMDAwMDAwMH19",
          "dependencies": [
            "module.public_private_subnets.aws_route_table.private",
            "module.public_private_subnets.aws_subnet.private",
            "module.public_private_subnets.data.aws_availability_zones.default",
            "module.public_private_subnets.data.aws_vpc.default",
            "module.vpc.aws_vpc.default"
          ]
        },
        {
          "index_key": 1,
          "schema_version": 0,
          "attributes": {
            "gateway_id": "",
            "id": "rtbassoc-075e3a7c074e9059e",
            "route_table_id": "rtb-014440ef8ed62d67b",
            "subnet_id": "subnet-03251588f8b68a2c2",
            "timeouts": null
          },
          "sensitive_attributes": [],
          "private": "eyJlMmJmYjczMC1lY2FhLTExZTYtOGY4OC0zNDM2M2JjN2M0YzAiOnsiY3JlYXRlIjozMDAwMDAwMDAwMDAsImRlbGV0ZSI6MzAwMDAwMDAwMDAwLCJ1cGRhdGUiOjEyMDAwMDAwMDAwMH19",
          "dependencies": [
            "module.public_private_subnets.aws_route_table.private",
            "module.public_private_subnets.aws_subnet.private",
            "module.public_private_subnets.data.aws_availability_zones.default",
            "module.public_private_subnets.data.aws_vpc.default",
            "module.vpc.aws_vpc.default"
          ]
        }
      ]
    },
    {
      "module": "module.public_private_subnets",
      "mode": "managed",
      "type": "aws_route_table_association",
      "name": "public",
      "provider": "provider[\"registry.terraform.io/hashicorp/aws\"]",
      "instances": [
        {
          "index_key": 0,
          "schema_version": 0,
          "attributes": {
            "gateway_id": "",
            "id": "rtbassoc-06113bb126bf9f50c",
            "route_table_id": "rtb-07d8c6afb48c642ee",
            "subnet_id": "subnet-061b1cf390435edc5",
            "timeouts": null
          },
          "sensitive_attributes": [],
          "private": "eyJlMmJmYjczMC1lY2FhLTExZTYtOGY4OC0zNDM2M2JjN2M0YzAiOnsiY3JlYXRlIjozMDAwMDAwMDAwMDAsImRlbGV0ZSI6MzAwMDAwMDAwMDAwLCJ1cGRhdGUiOjEyMDAwMDAwMDAwMH19",
          "dependencies": [
            "module.public_private_subnets.aws_route_table.public",
            "module.public_private_subnets.aws_subnet.public",
            "module.public_private_subnets.data.aws_availability_zones.default",
            "module.public_private_subnets.data.aws_vpc.default",
            "module.vpc.aws_vpc.default"
          ]
        },
        {
          "index_key": 1,
          "schema_version": 0,
          "attributes": {
            "gateway_id": "",
            "id": "rtbassoc-0932b70ffa4fa4fc4",
            "route_table_id": "rtb-07d8c6afb48c642ee",
            "subnet_id": "subnet-0b81b64aa0d73e3fa",
            "timeouts": null
          },
          "sensitive_attributes": [],
          "private": "eyJlMmJmYjczMC1lY2FhLTExZTYtOGY4OC0zNDM2M2JjN2M0YzAiOnsiY3JlYXRlIjozMDAwMDAwMDAwMDAsImRlbGV0ZSI6MzAwMDAwMDAwMDAwLCJ1cGRhdGUiOjEyMDAwMDAwMDAwMH19",
          "dependencies": [
            "module.public_private_subnets.aws_route_table.public",
            "module.public_private_subnets.aws_subnet.public",
            "module.public_private_subnets.data.aws_availability_zones.default",
            "module.public_private_subnets.data.aws_vpc.default",
            "module.vpc.aws_vpc.default"
          ]
        }
      ]
    },
    {
      "module": "module.public_private_subnets",
      "mode": "managed",
      "type": "aws_subnet",
      "name": "private",
      "provider": "provider[\"registry.terraform.io/hashicorp/aws\"]",
      "instances": [
        {
          "index_key": 0,
          "schema_version": 1,
          "attributes": {
            "arn": "arn:aws:ec2:us-east-1:203918842945:subnet/subnet-00e65bb625f5db7dd",
            "assign_ipv6_address_on_creation": false,
            "availability_zone": "us-east-1a",
            "availability_zone_id": "use1-az4",
            "cidr_block": "10.0.0.0/24",
            "customer_owned_ipv4_pool": "",
            "enable_dns64": false,
            "enable_lni_at_device_index": 0,
            "enable_resource_name_dns_a_record_on_launch": false,
            "enable_resource_name_dns_aaaa_record_on_launch": false,
            "id": "subnet-00e65bb625f5db7dd",
            "ipv6_cidr_block": "",
            "ipv6_cidr_block_association_id": "",
            "ipv6_native": false,
            "map_customer_owned_ip_on_launch": false,
            "map_public_ip_on_launch": false,
            "outpost_arn": "",
            "owner_id": "203918842945",
            "private_dns_hostname_type_on_launch": "ip-name",
            "tags": {
              "Attributes": "public-private-private",
              "Name": "vitality-dev-app-public-private-private-use1a",
              "Namespace": "vitality",
              "Stage": "dev"
            },
            "tags_all": {
              "Attributes": "public-private-private",
              "Name": "vitality-dev-app-public-private-private-use1a",
              "Namespace": "vitality",
              "Stage": "dev"
            },
            "timeouts": {
              "create": null,
              "delete": null
            },
            "vpc_id": "vpc-00f11cdb8b2f969b2"
          },
          "sensitive_attributes": [],
          "private": "eyJlMmJmYjczMC1lY2FhLTExZTYtOGY4OC0zNDM2M2JjN2M0YzAiOnsiY3JlYXRlIjo2MDAwMDAwMDAwMDAsImRlbGV0ZSI6MTIwMDAwMDAwMDAwMH0sInNjaGVtYV92ZXJzaW9uIjoiMSJ9",
          "dependencies": [
            "module.public_private_subnets.data.aws_availability_zones.default",
            "module.public_private_subnets.data.aws_vpc.default",
            "module.vpc.aws_vpc.default"
          ]
        },
        {
          "index_key": 1,
          "schema_version": 1,
          "attributes": {
            "arn": "arn:aws:ec2:us-east-1:203918842945:subnet/subnet-03251588f8b68a2c2",
            "assign_ipv6_address_on_creation": false,
            "availability_zone": "us-east-1b",
            "availability_zone_id": "use1-az6",
            "cidr_block": "10.0.1.0/24",
            "customer_owned_ipv4_pool": "",
            "enable_dns64": false,
            "enable_lni_at_device_index": 0,
            "enable_resource_name_dns_a_record_on_launch": false,
            "enable_resource_name_dns_aaaa_record_on_launch": false,
            "id": "subnet-03251588f8b68a2c2",
            "ipv6_cidr_block": "",
            "ipv6_cidr_block_association_id": "",
            "ipv6_native": false,
            "map_customer_owned_ip_on_launch": false,
            "map_public_ip_on_launch": false,
            "outpost_arn": "",
            "owner_id": "203918842945",
            "private_dns_hostname_type_on_launch": "ip-name",
            "tags": {
              "Attributes": "public-private-private",
              "Name": "vitality-dev-app-public-private-private-use1b",
              "Namespace": "vitality",
              "Stage": "dev"
            },
            "tags_all": {
              "Attributes": "public-private-private",
              "Name": "vitality-dev-app-public-private-private-use1b",
              "Namespace": "vitality",
              "Stage": "dev"
            },
            "timeouts": {
              "create": null,
              "delete": null
            },
            "vpc_id": "vpc-00f11cdb8b2f969b2"
          },
          "sensitive_attributes": [],
          "private": "eyJlMmJmYjczMC1lY2FhLTExZTYtOGY4OC0zNDM2M2JjN2M0YzAiOnsiY3JlYXRlIjo2MDAwMDAwMDAwMDAsImRlbGV0ZSI6MTIwMDAwMDAwMDAwMH0sInNjaGVtYV92ZXJzaW9uIjoiMSJ9",
          "dependencies": [
            "module.public_private_subnets.data.aws_availability_zones.default",
            "module.public_private_subnets.data.aws_vpc.default",
            "module.vpc.aws_vpc.default"
          ]
        }
      ]
    },
    {
      "module": "module.public_private_subnets",
      "mode": "managed",
      "type": "aws_subnet",
      "name": "public",
      "provider": "provider[\"registry.terraform.io/hashicorp/aws\"]",
      "instances": [
        {
          "index_key": 0,
          "schema_version": 1,
          "attributes": {
            "arn": "arn:aws:ec2:us-east-1:203918842945:subnet/subnet-061b1cf390435edc5",
            "assign_ipv6_address_on_creation": false,
            "availability_zone": "us-east-1a",
            "availability_zone_id": "use1-az4",
            "cidr_block": "10.0.6.0/24",
            "customer_owned_ipv4_pool": "",
            "enable_dns64": false,
            "enable_lni_at_device_index": 0,
            "enable_resource_name_dns_a_record_on_launch": false,
            "enable_resource_name_dns_aaaa_record_on_launch": false,
            "id": "subnet-061b1cf390435edc5",
            "ipv6_cidr_block": "",
            "ipv6_cidr_block_association_id": "",
            "ipv6_native": false,
            "map_customer_owned_ip_on_launch": false,
            "map_public_ip_on_launch": true,
            "outpost_arn": "",
            "owner_id": "203918842945",
            "private_dns_hostname_type_on_launch": "ip-name",
            "tags": {
              "Attributes": "public-private-public",
              "Name": "vitality-dev-app-public-private-public-use1a",
              "Namespace": "vitality",
              "Stage": "dev"
            },
            "tags_all": {
              "Attributes": "public-private-public",
              "Name": "vitality-dev-app-public-private-public-use1a",
              "Namespace": "vitality",
              "Stage": "dev"
            },
            "timeouts": {
              "create": null,
              "delete": null
            },
            "vpc_id": "vpc-00f11cdb8b2f969b2"
          },
          "sensitive_attributes": [],
          "private": "eyJlMmJmYjczMC1lY2FhLTExZTYtOGY4OC0zNDM2M2JjN2M0YzAiOnsiY3JlYXRlIjo2MDAwMDAwMDAwMDAsImRlbGV0ZSI6MTIwMDAwMDAwMDAwMH0sInNjaGVtYV92ZXJzaW9uIjoiMSJ9",
          "dependencies": [
            "module.public_private_subnets.data.aws_availability_zones.default",
            "module.public_private_subnets.data.aws_vpc.default",
            "module.vpc.aws_vpc.default"
          ]
        },
        {
          "index_key": 1,
          "schema_version": 1,
          "attributes": {
            "arn": "arn:aws:ec2:us-east-1:203918842945:subnet/subnet-0b81b64aa0d73e3fa",
            "assign_ipv6_address_on_creation": false,
            "availability_zone": "us-east-1b",
            "availability_zone_id": "use1-az6",
            "cidr_block": "10.0.7.0/24",
            "customer_owned_ipv4_pool": "",
            "enable_dns64": false,
            "enable_lni_at_device_index": 0,
            "enable_resource_name_dns_a_record_on_launch": false,
            "enable_resource_name_dns_aaaa_record_on_launch": false,
            "id": "subnet-0b81b64aa0d73e3fa",
            "ipv6_cidr_block": "",
            "ipv6_cidr_block_association_id": "",
            "ipv6_native": false,
            "map_customer_owned_ip_on_launch": false,
            "map_public_ip_on_launch": true,
            "outpost_arn": "",
            "owner_id": "203918842945",
            "private_dns_hostname_type_on_launch": "ip-name",
            "tags": {
              "Attributes": "public-private-public",
              "Name": "vitality-dev-app-public-private-public-use1b",
              "Namespace": "vitality",
              "Stage": "dev"
            },
            "tags_all": {
              "Attributes": "public-private-public",
              "Name": "vitality-dev-app-public-private-public-use1b",
              "Namespace": "vitality",
              "Stage": "dev"
            },
            "timeouts": {
              "create": null,
              "delete": null
            },
            "vpc_id": "vpc-00f11cdb8b2f969b2"
          },
          "sensitive_attributes": [],
          "private": "eyJlMmJmYjczMC1lY2FhLTExZTYtOGY4OC0zNDM2M2JjN2M0YzAiOnsiY3JlYXRlIjo2MDAwMDAwMDAwMDAsImRlbGV0ZSI6MTIwMDAwMDAwMDAwMH0sInNjaGVtYV92ZXJzaW9uIjoiMSJ9",
          "dependencies": [
            "module.public_private_subnets.data.aws_availability_zones.default",
            "module.public_private_subnets.data.aws_vpc.default",
            "module.vpc.aws_vpc.default"
          ]
        }
      ]
    },
    {
      "module": "module.public_private_subnets.module.utils",
      "mode": "data",
      "type": "aws_regions",
      "name": "complete",
      "provider": "provider[\"registry.terraform.io/hashicorp/aws\"]",
      "instances": [
        {
          "schema_version": 0,
          "attributes": {
            "all_regions": true,
            "filter": [],
            "id": "aws",
            "names": [
              "af-south-1",
              "ap-east-1",
              "ap-northeast-1",
              "ap-northeast-2",
              "ap-northeast-3",
              "ap-south-1",
              "ap-south-2",
              "ap-southeast-1",
              "ap-southeast-2",
              "ap-southeast-3",
              "ap-southeast-4",
              "ap-southeast-5",
              "ap-southeast-7",
              "ca-central-1",
              "ca-west-1",
              "eu-central-1",
              "eu-central-2",
              "eu-north-1",
              "eu-south-1",
              "eu-south-2",
              "eu-west-1",
              "eu-west-2",
              "eu-west-3",
              "il-central-1",
              "me-central-1",
              "me-south-1",
              "mx-central-1",
              "sa-east-1",
              "us-east-1",
              "us-east-2",
              "us-west-1",
              "us-west-2"
            ]
          },
          "sensitive_attributes": []
        }
      ]
    },
    {
      "module": "module.public_private_subnets.module.utils",
      "mode": "data",
      "type": "aws_regions",
      "name": "default",
      "provider": "provider[\"registry.terraform.io/hashicorp/aws\"]",
      "instances": [
        {
          "schema_version": 0,
          "attributes": {
            "all_regions": true,
            "filter": [
              {
                "name": "opt-in-status",
                "values": [
                  "opt-in-not-required"
                ]
              }
            ],
            "id": "aws",
            "names": [
              "ap-northeast-1",
              "ap-northeast-2",
              "ap-northeast-3",
              "ap-south-1",
              "ap-southeast-1",
              "ap-southeast-2",
              "ca-central-1",
              "eu-central-1",
              "eu-north-1",
              "eu-west-1",
              "eu-west-2",
              "eu-west-3",
              "sa-east-1",
              "us-east-1",
              "us-east-2",
              "us-west-1",
              "us-west-2"
            ]
          },
          "sensitive_attributes": []
        }
      ]
    },
    {
      "module": "module.public_private_subnets.module.utils",
      "mode": "data",
      "type": "aws_regions",
      "name": "not_opted_in",
      "provider": "provider[\"registry.terraform.io/hashicorp/aws\"]",
      "instances": [
        {
          "schema_version": 0,
          "attributes": {
            "all_regions": true,
            "filter": [
              {
                "name": "opt-in-status",
                "values": [
                  "not-opted-in"
                ]
              }
            ],
            "id": "aws",
            "names": [
              "af-south-1",
              "ap-east-1",
              "ap-south-2",
              "ap-southeast-3",
              "ap-southeast-4",
              "ap-southeast-5",
              "ap-southeast-7",
              "ca-west-1",
              "eu-central-2",
              "eu-south-1",
              "eu-south-2",
              "il-central-1",
              "me-central-1",
              "me-south-1",
              "mx-central-1"
            ]
          },
          "sensitive_attributes": []
        }
      ]
    },
    {
      "module": "module.public_private_subnets.module.utils",
      "mode": "data",
      "type": "aws_regions",
      "name": "opted_in",
      "provider": "provider[\"registry.terraform.io/hashicorp/aws\"]",
      "instances": [
        {
          "schema_version": 0,
          "attributes": {
            "all_regions": true,
            "filter": [
              {
                "name": "opt-in-status",
                "values": [
                  "opted-in"
                ]
              }
            ],
            "id": "aws",
            "names": []
          },
          "sensitive_attributes": []
        }
      ]
    },
    {
      "module": "module.sg_postgres",
      "mode": "managed",
      "type": "aws_security_group",
      "name": "cbd",
      "provider": "provider[\"registry.terraform.io/hashicorp/aws\"]",
      "instances": [
        {
          "index_key": 0,
          "schema_version": 1,
          "attributes": {
            "arn": "arn:aws:ec2:us-east-1:203918842945:security-group/sg-08c01f95f3ca726af",
            "description": "Managed by Terraform",
            "egress": [],
            "id": "sg-08c01f95f3ca726af",
            "ingress": [],
            "name": "vitality-dev-app-postgres--oVBX-20250321082048899600000009",
            "name_prefix": "vitality-dev-app-postgres--oVBX-",
            "owner_id": "203918842945",
            "revoke_rules_on_delete": false,
            "tags": {
              "Attributes": "postgres",
              "Name": "vitality-dev-app-postgres",
              "Namespace": "vitality",
              "Stage": "dev"
            },
            "tags_all": {
              "Attributes": "postgres",
              "Name": "vitality-dev-app-postgres",
              "Namespace": "vitality",
              "Stage": "dev"
            },
            "timeouts": {
              "create": "10m",
              "delete": "15m"
            },
            "vpc_id": "vpc-00f11cdb8b2f969b2"
          },
          "sensitive_attributes": [],
          "private": "eyJlMmJmYjczMC1lY2FhLTExZTYtOGY4OC0zNDM2M2JjN2M0YzAiOnsiY3JlYXRlIjo2MDAwMDAwMDAwMDAsImRlbGV0ZSI6OTAwMDAwMDAwMDAwfSwic2NoZW1hX3ZlcnNpb24iOiIxIn0=",
          "dependencies": [
            "module.sg_postgres.random_id.rule_change_forces_new_security_group",
            "module.sg_primary.aws_security_group.cbd",
            "module.sg_primary.aws_security_group.default",
            "module.sg_primary.random_id.rule_change_forces_new_security_group",
            "module.vpc.aws_vpc.default"
          ],
          "create_before_destroy": true
        }
      ]
    },
    {
      "module": "module.sg_postgres",
      "mode": "managed",
      "type": "aws_security_group_rule",
      "name": "keyed",
      "provider": "provider[\"registry.terraform.io/hashicorp/aws\"]",
      "instances": [
        {
          "index_key": "_allow_all_egress_",
          "schema_version": 2,
          "attributes": {
            "cidr_blocks": [
              "0.0.0.0/0"
            ],
            "description": "Allow all egress",
            "from_port": 0,
            "id": "sgrule-3004055370",
            "ipv6_cidr_blocks": [
              "::/0"
            ],
            "prefix_list_ids": [],
            "protocol": "-1",
            "security_group_id": "sg-08c01f95f3ca726af",
            "security_group_rule_id": "",
            "self": false,
            "source_security_group_id": null,
            "timeouts": null,
            "to_port": 0,
            "type": "egress"
          },
          "sensitive_attributes": [],
          "private": "eyJlMmJmYjczMC1lY2FhLTExZTYtOGY4OC0zNDM2M2JjN2M0YzAiOnsiY3JlYXRlIjozMDAwMDAwMDAwMDB9LCJzY2hlbWFfdmVyc2lvbiI6IjIifQ==",
          "dependencies": [
            "module.sg_postgres.aws_security_group.cbd",
            "module.sg_postgres.random_id.rule_change_forces_new_security_group",
            "module.sg_primary.aws_security_group.cbd",
            "module.sg_primary.aws_security_group.default",
            "module.sg_primary.random_id.rule_change_forces_new_security_group",
            "module.vpc.aws_vpc.default"
          ],
          "create_before_destroy": true
        },
        {
          "index_key": "_m[0]#postgres#sg#0",
          "schema_version": 2,
          "attributes": {
            "cidr_blocks": null,
            "description": "Allow Postgres access from trusted security groups",
            "from_port": 5432,
            "id": "sgrule-195622774",
            "ipv6_cidr_blocks": null,
            "prefix_list_ids": [],
            "protocol": "tcp",
            "security_group_id": "sg-08c01f95f3ca726af",
            "security_group_rule_id": "sgr-0c2ea48c15367e86e",
            "self": false,
            "source_security_group_id": "sg-07daa25676a05e9d8",
            "timeouts": null,
            "to_port": 5432,
            "type": "ingress"
          },
          "sensitive_attributes": [],
          "private": "eyJlMmJmYjczMC1lY2FhLTExZTYtOGY4OC0zNDM2M2JjN2M0YzAiOnsiY3JlYXRlIjozMDAwMDAwMDAwMDB9LCJzY2hlbWFfdmVyc2lvbiI6IjIifQ==",
          "dependencies": [
            "module.sg_postgres.aws_security_group.cbd",
            "module.sg_postgres.random_id.rule_change_forces_new_security_group",
            "module.sg_primary.aws_security_group.cbd",
            "module.sg_primary.aws_security_group.default",
            "module.sg_primary.random_id.rule_change_forces_new_security_group",
            "module.vpc.aws_vpc.default"
          ],
          "create_before_destroy": true
        }
      ]
    },
    {
      "module": "module.sg_postgres",
      "mode": "managed",
      "type": "null_resource",
      "name": "sync_rules_and_sg_lifecycles",
      "provider": "provider[\"registry.terraform.io/hashicorp/null\"]",
      "instances": [
        {
          "index_key": 0,
          "schema_version": 0,
          "attributes": {
            "id": "2634698091858779064",
            "triggers": {
              "sg_ids": "sg-08c01f95f3ca726af"
            }
          },
          "sensitive_attributes": [],
          "dependencies": [
            "module.sg_postgres.aws_security_group.cbd",
            "module.sg_postgres.aws_security_group_rule.keyed",
            "module.sg_postgres.random_id.rule_change_forces_new_security_group",
            "module.sg_primary.aws_security_group.cbd",
            "module.sg_primary.aws_security_group.default",
            "module.sg_primary.random_id.rule_change_forces_new_security_group",
            "module.vpc.aws_vpc.default"
          ],
          "create_before_destroy": true
        }
      ]
    },
    {
      "module": "module.sg_postgres",
      "mode": "managed",
      "type": "random_id",
      "name": "rule_change_forces_new_security_group",
      "provider": "provider[\"registry.terraform.io/hashicorp/random\"]",
      "instances": [
        {
          "index_key": 0,
          "schema_version": 0,
          "attributes": {
            "b64_std": "oVBX",
            "b64_url": "oVBX",
            "byte_length": 3,
            "dec": "10571863",
            "hex": "a15057",
            "id": "oVBX",
            "keepers": {
              "rules": "{\"_allow_all_egress_\":{\"cidr_blocks\":[\"0.0.0.0/0\"],\"description\":\"Allow all egress\",\"from_port\":0,\"ipv6_cidr_blocks\":[\"::/0\"],\"key\":\"_allow_all_egress_\",\"prefix_list_ids\":[],\"protocol\":\"-1\",\"security_groups\":[],\"self\":null,\"source_security_group_id\":null,\"to_port\":0,\"type\":\"egress\"},\"_m[0]#postgres#sg#0\":{\"cidr_blocks\":[],\"description\":\"Allow Postgres access from trusted security groups\",\"from_port\":5432,\"ipv6_cidr_blocks\":[],\"key\":\"_m[0]#postgres#sg#0\",\"prefix_list_ids\":[],\"protocol\":\"tcp\",\"security_groups\":[],\"self\":null,\"source_security_group_id\":\"sg-07daa25676a05e9d8\",\"to_port\":5432,\"type\":\"ingress\"}}"
            },
            "prefix": null
          },
          "sensitive_attributes": [],
          "dependencies": [
            "module.sg_primary.aws_security_group.cbd",
            "module.sg_primary.aws_security_group.default",
            "module.sg_primary.random_id.rule_change_forces_new_security_group",
            "module.vpc.aws_vpc.default"
          ],
          "create_before_destroy": true
        }
      ]
    },
    {
      "module": "module.sg_primary",
      "mode": "managed",
      "type": "aws_security_group",
      "name": "cbd",
      "provider": "provider[\"registry.terraform.io/hashicorp/aws\"]",
      "instances": [
        {
          "index_key": 0,
          "schema_version": 1,
          "attributes": {
            "arn": "arn:aws:ec2:us-east-1:203918842945:security-group/sg-07daa25676a05e9d8",
            "description": "Managed by Terraform",
            "egress": [],
            "id": "sg-07daa25676a05e9d8",
            "ingress": [],
            "name": "vitality-dev-app-primary--ncp0-20250321082045870900000004",
            "name_prefix": "vitality-dev-app-primary--ncp0-",
            "owner_id": "203918842945",
            "revoke_rules_on_delete": false,
            "tags": {
              "Attributes": "primary",
              "Name": "vitality-dev-app-primary",
              "Namespace": "vitality",
              "Stage": "dev"
            },
            "tags_all": {
              "Attributes": "primary",
              "Name": "vitality-dev-app-primary",
              "Namespace": "vitality",
              "Stage": "dev"
            },
            "timeouts": {
              "create": "10m",
              "delete": "15m"
            },
            "vpc_id": "vpc-00f11cdb8b2f969b2"
          },
          "sensitive_attributes": [],
          "private": "eyJlMmJmYjczMC1lY2FhLTExZTYtOGY4OC0zNDM2M2JjN2M0YzAiOnsiY3JlYXRlIjo2MDAwMDAwMDAwMDAsImRlbGV0ZSI6OTAwMDAwMDAwMDAwfSwic2NoZW1hX3ZlcnNpb24iOiIxIn0=",
          "dependencies": [
            "module.sg_primary.random_id.rule_change_forces_new_security_group",
            "module.vpc.aws_vpc.default"
          ],
          "create_before_destroy": true
        }
      ]
    },
    {
      "module": "module.sg_primary",
      "mode": "managed",
      "type": "aws_security_group_rule",
      "name": "keyed",
      "provider": "provider[\"registry.terraform.io/hashicorp/aws\"]",
      "instances": [
        {
          "index_key": "HTTP",
          "schema_version": 2,
          "attributes": {
            "cidr_blocks": null,
            "description": "Allow HTTP from inside the security group",
            "from_port": 80,
            "id": "sgrule-1882457618",
            "ipv6_cidr_blocks": null,
            "prefix_list_ids": [],
            "protocol": "tcp",
            "security_group_id": "sg-07daa25676a05e9d8",
            "security_group_rule_id": "sgr-0e1a1e7f5e038b0de",
            "self": true,
            "source_security_group_id": null,
            "timeouts": null,
            "to_port": 80,
            "type": "ingress"
          },
          "sensitive_attributes": [],
          "private": "eyJlMmJmYjczMC1lY2FhLTExZTYtOGY4OC0zNDM2M2JjN2M0YzAiOnsiY3JlYXRlIjozMDAwMDAwMDAwMDB9LCJzY2hlbWFfdmVyc2lvbiI6IjIifQ==",
          "dependencies": [
            "module.sg_primary.aws_security_group.cbd",
            "module.sg_primary.random_id.rule_change_forces_new_security_group",
            "module.vpc.aws_vpc.default"
          ],
          "create_before_destroy": true
        },
        {
          "index_key": "_allow_all_egress_",
          "schema_version": 2,
          "attributes": {
            "cidr_blocks": [
              "0.0.0.0/0"
            ],
            "description": "Allow all egress",
            "from_port": 0,
            "id": "sgrule-3786470425",
            "ipv6_cidr_blocks": [
              "::/0"
            ],
            "prefix_list_ids": [],
            "protocol": "-1",
            "security_group_id": "sg-07daa25676a05e9d8",
            "security_group_rule_id": "",
            "self": false,
            "source_security_group_id": null,
            "timeouts": null,
            "to_port": 0,
            "type": "egress"
          },
          "sensitive_attributes": [],
          "private": "eyJlMmJmYjczMC1lY2FhLTExZTYtOGY4OC0zNDM2M2JjN2M0YzAiOnsiY3JlYXRlIjozMDAwMDAwMDAwMDB9LCJzY2hlbWFfdmVyc2lvbiI6IjIifQ==",
          "dependencies": [
            "module.sg_primary.aws_security_group.cbd",
            "module.sg_primary.random_id.rule_change_forces_new_security_group",
            "module.vpc.aws_vpc.default"
          ],
          "create_before_destroy": true
        },
        {
          "index_key": "ssh",
          "schema_version": 2,
          "attributes": {
            "cidr_blocks": [
              "0.0.0.0/0"
            ],
            "description": "Allow SSH from anywhere",
            "from_port": 22,
            "id": "sgrule-1660018161",
            "ipv6_cidr_blocks": null,
            "prefix_list_ids": [],
            "protocol": "tcp",
            "security_group_id": "sg-07daa25676a05e9d8",
            "security_group_rule_id": "sgr-0f55a1e2bf031d604",
            "self": false,
            "source_security_group_id": null,
            "timeouts": null,
            "to_port": 22,
            "type": "ingress"
          },
          "sensitive_attributes": [],
          "private": "eyJlMmJmYjczMC1lY2FhLTExZTYtOGY4OC0zNDM2M2JjN2M0YzAiOnsiY3JlYXRlIjozMDAwMDAwMDAwMDB9LCJzY2hlbWFfdmVyc2lvbiI6IjIifQ==",
          "dependencies": [
            "module.sg_primary.aws_security_group.cbd",
            "module.sg_primary.random_id.rule_change_forces_new_security_group",
            "module.vpc.aws_vpc.default"
          ],
          "create_before_destroy": true
        }
      ]
    },
    {
      "module": "module.sg_primary",
      "mode": "managed",
      "type": "null_resource",
      "name": "sync_rules_and_sg_lifecycles",
      "provider": "provider[\"registry.terraform.io/hashicorp/null\"]",
      "instances": [
        {
          "index_key": 0,
          "schema_version": 0,
          "attributes": {
            "id": "2335219024904837226",
            "triggers": {
              "sg_ids": "sg-07daa25676a05e9d8"
            }
          },
          "sensitive_attributes": [],
          "dependencies": [
            "module.sg_primary.aws_security_group.cbd",
            "module.sg_primary.aws_security_group_rule.keyed",
            "module.sg_primary.random_id.rule_change_forces_new_security_group",
            "module.vpc.aws_vpc.default"
          ],
          "create_before_destroy": true
        }
      ]
    },
    {
      "module": "module.sg_primary",
      "mode": "managed",
      "type": "random_id",
      "name": "rule_change_forces_new_security_group",
      "provider": "provider[\"registry.terraform.io/hashicorp/random\"]",
      "instances": [
        {
          "index_key": 0,
          "schema_version": 0,
          "attributes": {
            "b64_std": "ncp0",
            "b64_url": "ncp0",
            "byte_length": 3,
            "dec": "10340980",
            "hex": "9dca74",
            "id": "ncp0",
            "keepers": {
              "rules": "{\"HTTP\":{\"cidr_blocks\":[],\"description\":\"Allow HTTP from inside the security group\",\"from_port\":80,\"ipv6_cidr_blocks\":[],\"key\":\"HTTP\",\"prefix_list_ids\":[],\"protocol\":\"tcp\",\"security_groups\":[],\"self\":true,\"source_security_group_id\":null,\"to_port\":80,\"type\":\"ingress\"},\"_allow_all_egress_\":{\"cidr_blocks\":[\"0.0.0.0/0\"],\"description\":\"Allow all egress\",\"from_port\":0,\"ipv6_cidr_blocks\":[\"::/0\"],\"key\":\"_allow_all_egress_\",\"prefix_list_ids\":[],\"protocol\":\"-1\",\"security_groups\":[],\"self\":null,\"source_security_group_id\":null,\"to_port\":0,\"type\":\"egress\"},\"ssh\":{\"cidr_blocks\":[\"0.0.0.0/0\"],\"description\":\"Allow SSH from anywhere\",\"from_port\":22,\"ipv6_cidr_blocks\":[],\"key\":\"ssh\",\"prefix_list_ids\":[],\"protocol\":\"tcp\",\"security_groups\":[],\"self\":null,\"source_security_group_id\":null,\"to_port\":22,\"type\":\"ingress\"}}"
            },
            "prefix": null
          },
          "sensitive_attributes": [],
          "create_before_destroy": true
        }
      ]
    },
    {
      "module": "module.vpc",
      "mode": "managed",
      "type": "aws_default_security_group",
      "name": "default",
      "provider": "provider[\"registry.terraform.io/hashicorp/aws\"]",
      "instances": [
        {
          "index_key": 0,
          "schema_version": 1,
          "attributes": {
            "arn": "arn:aws:ec2:us-east-1:203918842945:security-group/sg-00878e8806b17537a",
            "description": "default VPC security group",
            "egress": [],
            "id": "sg-00878e8806b17537a",
            "ingress": [],
            "name": "default",
            "name_prefix": "",
            "owner_id": "203918842945",
            "revoke_rules_on_delete": false,
            "tags": {
              "Attributes": "vpc",
              "Name": "vitality-dev-app-vpc-default",
              "Namespace": "vitality",
              "Stage": "dev"
            },
            "tags_all": {
              "Attributes": "vpc",
              "Name": "vitality-dev-app-vpc-default",
              "Namespace": "vitality",
              "Stage": "dev"
            },
            "vpc_id": "vpc-00f11cdb8b2f969b2"
          },
          "sensitive_attributes": [],
          "private": "eyJzY2hlbWFfdmVyc2lvbiI6IjEifQ==",
          "dependencies": [
            "module.vpc.aws_vpc.default"
          ]
        }
      ]
    },
    {
      "module": "module.vpc",
      "mode": "managed",
      "type": "aws_internet_gateway",
      "name": "default",
      "provider": "provider[\"registry.terraform.io/hashicorp/aws\"]",
      "instances": [
        {
          "index_key": 0,
          "schema_version": 0,
          "attributes": {
            "arn": "arn:aws:ec2:us-east-1:203918842945:internet-gateway/igw-09f143aa28332a47e",
            "id": "igw-09f143aa28332a47e",
            "owner_id": "203918842945",
            "tags": {
              "Attributes": "vpc",
              "Name": "vitality-dev-app-vpc",
              "Namespace": "vitality",
              "Stage": "dev"
            },
            "tags_all": {
              "Attributes": "vpc",
              "Name": "vitality-dev-app-vpc",
              "Namespace": "vitality",
              "Stage": "dev"
            },
            "timeouts": null,
            "vpc_id": "vpc-00f11cdb8b2f969b2"
          },
          "sensitive_attributes": [],
          "private": "eyJlMmJmYjczMC1lY2FhLTExZTYtOGY4OC0zNDM2M2JjN2M0YzAiOnsiY3JlYXRlIjoxMjAwMDAwMDAwMDAwLCJkZWxldGUiOjEyMDAwMDAwMDAwMDAsInVwZGF0ZSI6MTIwMDAwMDAwMDAwMH19",
          "dependencies": [
            "module.vpc.aws_vpc.default"
          ]
        }
      ]
    },
    {
      "module": "module.vpc",
      "mode": "managed",
      "type": "aws_vpc",
      "name": "default",
      "provider": "provider[\"registry.terraform.io/hashicorp/aws\"]",
      "instances": [
        {
          "index_key": 0,
          "schema_version": 1,
          "attributes": {
            "arn": "arn:aws:ec2:us-east-1:203918842945:vpc/vpc-00f11cdb8b2f969b2",
            "assign_generated_ipv6_cidr_block": false,
            "cidr_block": "10.0.0.0/16",
            "default_network_acl_id": "acl-07f6b114c460ec6c7",
            "default_route_table_id": "rtb-046e4b255b45e235f",
            "default_security_group_id": "sg-00878e8806b17537a",
            "dhcp_options_id": "dopt-0675ed68aee56a836",
            "enable_dns_hostnames": true,
            "enable_dns_support": true,
            "enable_network_address_usage_metrics": false,
            "id": "vpc-00f11cdb8b2f969b2",
            "instance_tenancy": "default",
            "ipv4_ipam_pool_id": null,
            "ipv4_netmask_length": null,
            "ipv6_association_id": "",
            "ipv6_cidr_block": "",
            "ipv6_cidr_block_network_border_group": "",
            "ipv6_ipam_pool_id": "",
            "ipv6_netmask_length": 0,
            "main_route_table_id": "rtb-046e4b255b45e235f",
            "owner_id": "203918842945",
            "tags": {
              "Attributes": "vpc",
              "Name": "vitality-dev-app-vpc",
              "Namespace": "vitality",
              "Stage": "dev"
            },
            "tags_all": {
              "Attributes": "vpc",
              "Name": "vitality-dev-app-vpc",
              "Namespace": "vitality",
              "Stage": "dev"
            }
          },
          "sensitive_attributes": [],
          "private": "eyJzY2hlbWFfdmVyc2lvbiI6IjEifQ==",
          "create_before_destroy": true
        }
      ]
    }
  ],
  "check_results": [
    {
      "object_kind": "var",
      "config_addr": "module.this.var.label_value_case",
      "status": "pass",
      "objects": [
        {
          "object_addr": "module.this.var.label_value_case",
          "status": "pass"
        }
      ]
    },
    {
      "object_kind": "var",
      "config_addr": "module.public_private_subnets.module.utils.var.context",
      "status": "pass",
      "objects": [
        {
          "object_addr": "module.public_private_subnets.module.utils.var.context",
          "status": "pass"
        }
      ]
    },
    {
      "object_kind": "var",
      "config_addr": "module.private_only_subnets.module.this.var.label_key_case",
      "status": "pass",
      "objects": [
        {
          "object_addr": "module.private_only_subnets.module.this.var.label_key_case",
          "status": "pass"
        }
      ]
    },
    {
      "object_kind": "var",
      "config_addr": "module.ec2_bastion.module.dns.module.this.var.label_key_case",
      "status": "pass",
      "objects": [
        {
          "object_addr": "module.ec2_bastion.module.dns.module.this.var.label_key_case",
          "status": "pass"
        }
      ]
    },
    {
      "object_kind": "var",
      "config_addr": "module.vpc.module.this.var.label_value_case",
      "status": "pass",
      "objects": [
        {
          "object_addr": "module.vpc.module.this.var.label_value_case",
          "status": "pass"
        }
      ]
    },
    {
      "object_kind": "var",
      "config_addr": "module.public_private_subnets.module.nat_label.var.label_value_case",
      "status": "pass",
      "objects": [
        {
          "object_addr": "module.public_private_subnets.module.nat_label.var.label_value_case",
          "status": "pass"
        }
      ]
    },
    {
      "object_kind": "var",
      "config_addr": "module.private_only_subnets.module.utils.module.this.var.context",
      "status": "pass",
      "objects": [
        {
          "object_addr": "module.private_only_subnets.module.utils.module.this.var.context",
          "status": "pass"
        }
      ]
    },
    {
      "object_kind": "var",
      "config_addr": "module.vitality.var.context",
      "status": "pass",
      "objects": [
        {
          "object_addr": "module.vitality.var.context",
          "status": "pass"
        }
      ]
    },
    {
      "object_kind": "var",
      "config_addr": "module.sg_postgres.var.label_key_case",
      "status": "pass",
      "objects": [
        {
          "object_addr": "module.sg_postgres.var.label_key_case",
          "status": "pass"
        }
      ]
    },
    {
      "object_kind": "var",
      "config_addr": "module.private_only_subnets.var.ipv6_egress_only_igw_id",
      "status": "pass",
      "objects": [
        {
          "object_addr": "module.private_only_subnets.var.ipv6_egress_only_igw_id",
          "status": "pass"
        }
      ]
    },
    {
      "object_kind": "var",
      "config_addr": "module.private_only_subnets.module.public_label.var.label_key_case",
      "status": "pass",
      "objects": [
        {
          "object_addr": "module.private_only_subnets.module.public_label.var.label_key_case",
          "status": "pass"
        }
      ]
    },
    {
      "object_kind": "var",
      "config_addr": "module.public_private_subnets.var.context",
      "status": "pass",
      "objects": [
        {
          "object_addr": "module.public_private_subnets.var.context",
          "status": "pass"
        }
      ]
    },
    {
      "object_kind": "var",
      "config_addr": "module.sg_primary.var.id_length_limit",
      "status": "pass",
      "objects": [
        {
          "object_addr": "module.sg_primary.var.id_length_limit",
          "status": "pass"
        }
      ]
    },
    {
      "object_kind": "var",
      "config_addr": "module.sg_primary.module.this.var.id_length_limit",
      "status": "pass",
      "objects": [
        {
          "object_addr": "module.sg_primary.module.this.var.id_length_limit",
          "status": "pass"
        }
      ]
    },
    {
      "object_kind": "var",
      "config_addr": "module.private_only_subnets.var.subnets_per_az_count",
      "status": "pass",
      "objects": [
        {
          "object_addr": "module.private_only_subnets.var.subnets_per_az_count",
          "status": "pass"
        }
      ]
    },
    {
      "object_kind": "var",
      "config_addr": "module.ec2_bastion.module.security_group.module.this.var.label_value_case",
      "status": "pass",
      "objects": [
        {
          "object_addr": "module.ec2_bastion.module.security_group.module.this.var.label_value_case",
          "status": "pass"
        }
      ]
    },
    {
      "object_kind": "var",
      "config_addr": "module.public_private_subnets.module.public_label.var.label_value_case",
      "status": "pass",
      "objects": [
        {
          "object_addr": "module.public_private_subnets.module.public_label.var.label_value_case",
          "status": "pass"
        }
      ]
    },
    {
      "object_kind": "var",
      "config_addr": "module.ec2_bastion.module.dns.module.this.var.id_length_limit",
      "status": "pass",
      "objects": [
        {
          "object_addr": "module.ec2_bastion.module.dns.module.this.var.id_length_limit",
          "status": "pass"
        }
      ]
    },
    {
      "object_kind": "var",
      "config_addr": "module.bastion_label.var.id_length_limit",
      "status": "pass",
      "objects": [
        {
          "object_addr": "module.bastion_label.var.id_length_limit",
          "status": "pass"
        }
      ]
    },
    {
      "object_kind": "var",
      "config_addr": "module.private_only_subnets.module.utils.module.this.var.label_key_case",
      "status": "pass",
      "objects": [
        {
          "object_addr": "module.private_only_subnets.module.utils.module.this.var.label_key_case",
          "status": "pass"
        }
      ]
    },
    {
      "object_kind": "var",
      "config_addr": "module.vpc.module.this.var.context",
      "status": "pass",
      "objects": [
        {
          "object_addr": "module.vpc.module.this.var.context",
          "status": "pass"
        }
      ]
    },
    {
      "object_kind": "var",
      "config_addr": "module.public_private_subnets.module.nat_instance_label.var.label_key_case",
      "status": "pass",
      "objects": [
        {
          "object_addr": "module.public_private_subnets.module.nat_instance_label.var.label_key_case",
          "status": "pass"
        }
      ]
    },
    {
      "object_kind": "var",
      "config_addr": "module.private_only_subnets.module.nat_label.var.label_key_case",
      "status": "pass",
      "objects": [
        {
          "object_addr": "module.private_only_subnets.module.nat_label.var.label_key_case",
          "status": "pass"
        }
      ]
    },
    {
      "object_kind": "var",
      "config_addr": "module.this.var.id_length_limit",
      "status": "pass",
      "objects": [
        {
          "object_addr": "module.this.var.id_length_limit",
          "status": "pass"
        }
      ]
    },
    {
      "object_kind": "var",
      "config_addr": "module.vpc.var.context",
      "status": "pass",
      "objects": [
        {
          "object_addr": "module.vpc.var.context",
          "status": "pass"
        }
      ]
    },
    {
      "object_kind": "var",
      "config_addr": "module.private_only_subnets.module.utils.var.label_key_case",
      "status": "pass",
      "objects": [
        {
          "object_addr": "module.private_only_subnets.module.utils.var.label_key_case",
          "status": "pass"
        }
      ]
    },
    {
      "object_kind": "var",
      "config_addr": "module.public_private_subnets.module.this.var.id_length_limit",
      "status": "pass",
      "objects": [
        {
          "object_addr": "module.public_private_subnets.module.this.var.id_length_limit",
          "status": "pass"
        }
      ]
    },
    {
      "object_kind": "var",
      "config_addr": "module.private_only_subnets.module.this.var.id_length_limit",
      "status": "pass",
      "objects": [
        {
          "object_addr": "module.private_only_subnets.module.this.var.id_length_limit",
          "status": "pass"
        }
      ]
    },
    {
      "object_kind": "var",
      "config_addr": "module.private_only_subnets.module.nat_instance_label.var.label_key_case",
      "status": "pass",
      "objects": [
        {
          "object_addr": "module.private_only_subnets.module.nat_instance_label.var.label_key_case",
          "status": "pass"
        }
      ]
    },
    {
      "object_kind": "var",
      "config_addr": "var.label_value_case",
      "status": "pass",
      "objects": [
        {
          "object_addr": "var.label_value_case",
          "status": "pass"
        }
      ]
    },
    {
      "object_kind": "var",
      "config_addr": "module.public_private_subnets.module.this.var.label_key_case",
      "status": "pass",
      "objects": [
        {
          "object_addr": "module.public_private_subnets.module.this.var.label_key_case",
          "status": "pass"
        }
      ]
    },
    {
      "object_kind": "var",
      "config_addr": "module.private_only_subnets.var.igw_id",
      "status": "pass",
      "objects": [
        {
          "object_addr": "module.private_only_subnets.var.igw_id",
          "status": "pass"
        }
      ]
    },
    {
      "object_kind": "var",
      "config_addr": "module.ec2_bastion.var.context",
      "status": "pass",
      "objects": [
        {
          "object_addr": "module.ec2_bastion.var.context",
          "status": "pass"
        }
      ]
    },
    {
      "object_kind": "var",
      "config_addr": "module.vpc.module.label.var.context",
      "status": "pass",
      "objects": [
        {
          "object_addr": "module.vpc.module.label.var.context",
          "status": "pass"
        }
      ]
    },
    {
      "object_kind": "var",
      "config_addr": "module.public_private_subnets.var.nat_instance_cpu_credits_override",
      "status": "pass",
      "objects": [
        {
          "object_addr": "module.public_private_subnets.var.nat_instance_cpu_credits_override",
          "status": "pass"
        }
      ]
    },
    {
      "object_kind": "var",
      "config_addr": "module.sg_primary.var.label_key_case",
      "status": "pass",
      "objects": [
        {
          "object_addr": "module.sg_primary.var.label_key_case",
          "status": "pass"
        }
      ]
    },
    {
      "object_kind": "var",
      "config_addr": "module.ec2_bastion.module.security_group.var.id_length_limit",
      "status": "pass",
      "objects": [
        {
          "object_addr": "module.ec2_bastion.module.security_group.var.id_length_limit",
          "status": "pass"
        }
      ]
    },
    {
      "object_kind": "var",
      "config_addr": "module.private_only_subnets.var.ipv4_cidrs",
      "status": "pass",
      "objects": [
        {
          "object_addr": "module.private_only_subnets.var.ipv4_cidrs",
          "status": "pass"
        }
      ]
    },
    {
      "object_kind": "var",
      "config_addr": "module.private_only_subnets.var.label_key_case",
      "status": "pass",
      "objects": [
        {
          "object_addr": "module.private_only_subnets.var.label_key_case",
          "status": "pass"
        }
      ]
    },
    {
      "object_kind": "var",
      "config_addr": "module.vpc.module.label.var.id_length_limit",
      "status": "pass",
      "objects": [
        {
          "object_addr": "module.vpc.module.label.var.id_length_limit",
          "status": "pass"
        }
      ]
    },
    {
      "object_kind": "var",
      "config_addr": "module.public_private_subnets.module.nat_instance_label.var.label_value_case",
      "status": "pass",
      "objects": [
        {
          "object_addr": "module.public_private_subnets.module.nat_instance_label.var.label_value_case",
          "status": "pass"
        }
      ]
    },
    {
      "object_kind": "var",
      "config_addr": "module.vpc.module.label.var.label_key_case",
      "status": "pass",
      "objects": [
        {
          "object_addr": "module.vpc.module.label.var.label_key_case",
          "status": "pass"
        }
      ]
    },
    {
      "object_kind": "var",
      "config_addr": "module.ec2_bastion.module.dns.module.this.var.context",
      "status": "pass",
      "objects": [
        {
          "object_addr": "module.ec2_bastion.module.dns.module.this.var.context",
          "status": "pass"
        }
      ]
    },
    {
      "object_kind": "var",
      "config_addr": "module.public_private_subnets.var.label_value_case",
      "status": "pass",
      "objects": [
        {
          "object_addr": "module.public_private_subnets.var.label_value_case",
          "status": "pass"
        }
      ]
    },
    {
      "object_kind": "var",
      "config_addr": "module.sg_primary.var.label_value_case",
      "status": "pass",
      "objects": [
        {
          "object_addr": "module.sg_primary.var.label_value_case",
          "status": "pass"
        }
      ]
    },
    {
      "object_kind": "var",
      "config_addr": "module.private_only_subnets.var.nat_instance_ami_id",
      "status": "pass",
      "objects": [
        {
          "object_addr": "module.private_only_subnets.var.nat_instance_ami_id",
          "status": "pass"
        }
      ]
    },
    {
      "object_kind": "var",
      "config_addr": "module.sg_postgres.var.label_value_case",
      "status": "pass",
      "objects": [
        {
          "object_addr": "module.sg_postgres.var.label_value_case",
          "status": "pass"
        }
      ]
    },
    {
      "object_kind": "var",
      "config_addr": "module.sg_primary.module.this.var.label_value_case",
      "status": "pass",
      "objects": [
        {
          "object_addr": "module.sg_primary.module.this.var.label_value_case",
          "status": "pass"
        }
      ]
    },
    {
      "object_kind": "var",
      "config_addr": "var.label_key_case",
      "status": "pass",
      "objects": [
        {
          "object_addr": "var.label_key_case",
          "status": "pass"
        }
      ]
    },
    {
      "object_kind": "var",
      "config_addr": "module.private_only_subnets.module.nat_instance_label.var.context",
      "status": "pass",
      "objects": [
        {
          "object_addr": "module.private_only_subnets.module.nat_instance_label.var.context",
          "status": "pass"
        }
      ]
    },
    {
      "object_kind": "var",
      "config_addr": "module.ec2_bastion.module.dns.module.this.var.label_value_case",
      "status": "pass",
      "objects": [
        {
          "object_addr": "module.ec2_bastion.module.dns.module.this.var.label_value_case",
          "status": "pass"
        }
      ]
    },
    {
      "object_kind": "var",
      "config_addr": "module.aws_key_pair.var.label_key_case",
      "status": "pass",
      "objects": [
        {
          "object_addr": "module.aws_key_pair.var.label_key_case",
          "status": "pass"
        }
      ]
    },
    {
      "object_kind": "var",
      "config_addr": "module.sg_primary.module.this.var.label_key_case",
      "status": "pass",
      "objects": [
        {
          "object_addr": "module.sg_primary.module.this.var.label_key_case",
          "status": "pass"
        }
      ]
    },
    {
      "object_kind": "var",
      "config_addr": "module.public_private_subnets.var.nat_instance_ami_id",
      "status": "pass",
      "objects": [
        {
          "object_addr": "module.public_private_subnets.var.nat_instance_ami_id",
          "status": "pass"
        }
      ]
    },
    {
      "object_kind": "var",
      "config_addr": "module.ec2_bastion.var.id_length_limit",
      "status": "pass",
      "objects": [
        {
          "object_addr": "module.ec2_bastion.var.id_length_limit",
          "status": "pass"
        }
      ]
    },
    {
      "object_kind": "var",
      "config_addr": "module.aws_key_pair.module.this.var.label_value_case",
      "status": "pass",
      "objects": [
        {
          "object_addr": "module.aws_key_pair.module.this.var.label_value_case",
          "status": "pass"
        }
      ]
    },
    {
      "object_kind": "var",
      "config_addr": "module.private_only_subnets.module.utils.var.id_length_limit",
      "status": "pass",
      "objects": [
        {
          "object_addr": "module.private_only_subnets.module.utils.var.id_length_limit",
          "status": "pass"
        }
      ]
    },
    {
      "object_kind": "var",
      "config_addr": "module.public_private_subnets.var.igw_id",
      "status": "pass",
      "objects": [
        {
          "object_addr": "module.public_private_subnets.var.igw_id",
          "status": "pass"
        }
      ]
    },
    {
      "object_kind": "var",
      "config_addr": "module.ec2_bastion.module.this.var.context",
      "status": "pass",
      "objects": [
        {
          "object_addr": "module.ec2_bastion.module.this.var.context",
          "status": "pass"
        }
      ]
    },
    {
      "object_kind": "var",
      "config_addr": "module.private_only_subnets.var.ipv4_cidr_block",
      "status": "pass",
      "objects": [
        {
          "object_addr": "module.private_only_subnets.var.ipv4_cidr_block",
          "status": "pass"
        }
      ]
    },
    {
      "object_kind": "var",
      "config_addr": "module.ec2_bastion.module.security_group.var.context",
      "status": "pass",
      "objects": [
        {
          "object_addr": "module.ec2_bastion.module.security_group.var.context",
          "status": "pass"
        }
      ]
    },
    {
      "object_kind": "var",
      "config_addr": "module.vpc.var.id_length_limit",
      "status": "pass",
      "objects": [
        {
          "object_addr": "module.vpc.var.id_length_limit",
          "status": "pass"
        }
      ]
    },
    {
      "object_kind": "var",
      "config_addr": "var.context",
      "status": "pass",
      "objects": [
        {
          "object_addr": "var.context",
          "status": "pass"
        }
      ]
    },
    {
      "object_kind": "var",
      "config_addr": "module.vitality.var.label_key_case",
      "status": "pass",
      "objects": [
        {
          "object_addr": "module.vitality.var.label_key_case",
          "status": "pass"
        }
      ]
    },
    {
      "object_kind": "var",
      "config_addr": "module.public_private_subnets.var.ipv4_cidr_block",
      "status": "pass",
      "objects": [
        {
          "object_addr": "module.public_private_subnets.var.ipv4_cidr_block",
          "status": "pass"
        }
      ]
    },
    {
      "object_kind": "var",
      "config_addr": "module.sg_postgres.var.context",
      "status": "pass",
      "objects": [
        {
          "object_addr": "module.sg_postgres.var.context",
          "status": "pass"
        }
      ]
    },
    {
      "object_kind": "var",
      "config_addr": "module.this.var.label_key_case",
      "status": "pass",
      "objects": [
        {
          "object_addr": "module.this.var.label_key_case",
          "status": "pass"
        }
      ]
    },
    {
      "object_kind": "var",
      "config_addr": "module.public_private_subnets.var.ipv6_cidrs",
      "status": "pass",
      "objects": [
        {
          "object_addr": "module.public_private_subnets.var.ipv6_cidrs",
          "status": "pass"
        }
      ]
    },
    {
      "object_kind": "var",
      "config_addr": "module.public_private_subnets.module.utils.var.id_length_limit",
      "status": "pass",
      "objects": [
        {
          "object_addr": "module.public_private_subnets.module.utils.var.id_length_limit",
          "status": "pass"
        }
      ]
    },
    {
      "object_kind": "var",
      "config_addr": "module.sg_primary.var.security_group_name",
      "status": "pass",
      "objects": [
        {
          "object_addr": "module.sg_primary.var.security_group_name",
          "status": "pass"
        }
      ]
    },
    {
      "object_kind": "var",
      "config_addr": "module.public_private_subnets.module.utils.module.this.var.id_length_limit",
      "status": "pass",
      "objects": [
        {
          "object_addr": "module.public_private_subnets.module.utils.module.this.var.id_length_limit",
          "status": "pass"
        }
      ]
    },
    {
      "object_kind": "var",
      "config_addr": "module.private_only_subnets.module.public_label.var.context",
      "status": "pass",
      "objects": [
        {
          "object_addr": "module.private_only_subnets.module.public_label.var.context",
          "status": "pass"
        }
      ]
    },
    {
      "object_kind": "var",
      "config_addr": "module.bastion_label.var.context",
      "status": "pass",
      "objects": [
        {
          "object_addr": "module.bastion_label.var.context",
          "status": "pass"
        }
      ]
    },
    {
      "object_kind": "var",
      "config_addr": "module.private_only_subnets.module.this.var.label_value_case",
      "status": "pass",
      "objects": [
        {
          "object_addr": "module.private_only_subnets.module.this.var.label_value_case",
          "status": "pass"
        }
      ]
    },
    {
      "object_kind": "var",
      "config_addr": "module.ec2_bastion.module.security_group.module.this.var.label_key_case",
      "status": "pass",
      "objects": [
        {
          "object_addr": "module.ec2_bastion.module.security_group.module.this.var.label_key_case",
          "status": "pass"
        }
      ]
    },
    {
      "object_kind": "var",
      "config_addr": "module.private_only_subnets.var.label_value_case",
      "status": "pass",
      "objects": [
        {
          "object_addr": "module.private_only_subnets.var.label_value_case",
          "status": "pass"
        }
      ]
    },
    {
      "object_kind": "var",
      "config_addr": "module.private_only_subnets.module.utils.module.this.var.id_length_limit",
      "status": "pass",
      "objects": [
        {
          "object_addr": "module.private_only_subnets.module.utils.module.this.var.id_length_limit",
          "status": "pass"
        }
      ]
    },
    {
      "object_kind": "var",
      "config_addr": "module.private_only_subnets.module.private_label.var.label_value_case",
      "status": "pass",
      "objects": [
        {
          "object_addr": "module.private_only_subnets.module.private_label.var.label_value_case",
          "status": "pass"
        }
      ]
    },
    {
      "object_kind": "var",
      "config_addr": "module.vpc.var.instance_tenancy",
      "status": "pass",
      "objects": [
        {
          "object_addr": "module.vpc.var.instance_tenancy",
          "status": "pass"
        }
      ]
    },
    {
      "object_kind": "var",
      "config_addr": "module.ec2_bastion.module.dns.var.id_length_limit",
      "status": "pass",
      "objects": [
        {
          "object_addr": "module.ec2_bastion.module.dns.var.id_length_limit",
          "status": "pass"
        }
      ]
    },
    {
      "object_kind": "var",
      "config_addr": "module.public_private_subnets.module.private_label.var.context",
      "status": "pass",
      "objects": [
        {
          "object_addr": "module.public_private_subnets.module.private_label.var.context",
          "status": "pass"
        }
      ]
    },
    {
      "object_kind": "var",
      "config_addr": "module.private_only_subnets.module.private_label.var.context",
      "status": "pass",
      "objects": [
        {
          "object_addr": "module.private_only_subnets.module.private_label.var.context",
          "status": "pass"
        }
      ]
    },
    {
      "object_kind": "var",
      "config_addr": "module.aws_key_pair.module.this.var.context",
      "status": "pass",
      "objects": [
        {
          "object_addr": "module.aws_key_pair.module.this.var.context",
          "status": "pass"
        }
      ]
    },
    {
      "object_kind": "var",
      "config_addr": "module.sg_postgres.var.target_security_group_id",
      "status": "pass",
      "objects": [
        {
          "object_addr": "module.sg_postgres.var.target_security_group_id",
          "status": "pass"
        }
      ]
    },
    {
      "object_kind": "var",
      "config_addr": "module.sg_postgres.module.this.var.label_key_case",
      "status": "pass",
      "objects": [
        {
          "object_addr": "module.sg_postgres.module.this.var.label_key_case",
          "status": "pass"
        }
      ]
    },
    {
      "object_kind": "var",
      "config_addr": "module.private_only_subnets.var.ipv6_cidrs",
      "status": "pass",
      "objects": [
        {
          "object_addr": "module.private_only_subnets.var.ipv6_cidrs",
          "status": "pass"
        }
      ]
    },
    {
      "object_kind": "var",
      "config_addr": "module.public_private_subnets.var.subnets_per_az_count",
      "status": "pass",
      "objects": [
        {
          "object_addr": "module.public_private_subnets.var.subnets_per_az_count",
          "status": "pass"
        }
      ]
    },
    {
      "object_kind": "var",
      "config_addr": "module.public_private_subnets.module.nat_instance_label.var.id_length_limit",
      "status": "pass",
      "objects": [
        {
          "object_addr": "module.public_private_subnets.module.nat_instance_label.var.id_length_limit",
          "status": "pass"
        }
      ]
    },
    {
      "object_kind": "var",
      "config_addr": "module.ec2_bastion.var.label_value_case",
      "status": "pass",
      "objects": [
        {
          "object_addr": "module.ec2_bastion.var.label_value_case",
          "status": "pass"
        }
      ]
    },
    {
      "object_kind": "var",
      "config_addr": "module.public_private_subnets.module.utils.module.this.var.label_key_case",
      "status": "pass",
      "objects": [
        {
          "object_addr": "module.public_private_subnets.module.utils.module.this.var.label_key_case",
          "status": "pass"
        }
      ]
    },
    {
      "object_kind": "var",
      "config_addr": "module.public_private_subnets.module.nat_label.var.label_key_case",
      "status": "pass",
      "objects": [
        {
          "object_addr": "module.public_private_subnets.module.nat_label.var.label_key_case",
          "status": "pass"
        }
      ]
    },
    {
      "object_kind": "var",
      "config_addr": "module.public_private_subnets.module.this.var.context",
      "status": "pass",
      "objects": [
        {
          "object_addr": "module.public_private_subnets.module.this.var.context",
          "status": "pass"
        }
      ]
    },
    {
      "object_kind": "var",
      "config_addr": "module.ec2_bastion.module.dns.var.label_key_case",
      "status": "pass",
      "objects": [
        {
          "object_addr": "module.ec2_bastion.module.dns.var.label_key_case",
          "status": "pass"
        }
      ]
    },
    {
      "object_kind": "var",
      "config_addr": "module.public_private_subnets.module.public_label.var.id_length_limit",
      "status": "pass",
      "objects": [
        {
          "object_addr": "module.public_private_subnets.module.public_label.var.id_length_limit",
          "status": "pass"
        }
      ]
    },
    {
      "object_kind": "var",
      "config_addr": "module.private_only_subnets.var.id_length_limit",
      "status": "pass",
      "objects": [
        {
          "object_addr": "module.private_only_subnets.var.id_length_limit",
          "status": "pass"
        }
      ]
    },
    {
      "object_kind": "var",
      "config_addr": "module.vpc.var.label_value_case",
      "status": "pass",
      "objects": [
        {
          "object_addr": "module.vpc.var.label_value_case",
          "status": "pass"
        }
      ]
    },
    {
      "object_kind": "var",
      "config_addr": "module.private_only_subnets.module.nat_label.var.context",
      "status": "pass",
      "objects": [
        {
          "object_addr": "module.private_only_subnets.module.nat_label.var.context",
          "status": "pass"
        }
      ]
    },
    {
      "object_kind": "var",
      "config_addr": "module.vpc.var.label_key_case",
      "status": "pass",
      "objects": [
        {
          "object_addr": "module.vpc.var.label_key_case",
          "status": "pass"
        }
      ]
    },
    {
      "object_kind": "var",
      "config_addr": "module.private_only_subnets.module.utils.var.label_value_case",
      "status": "pass",
      "objects": [
        {
          "object_addr": "module.private_only_subnets.module.utils.var.label_value_case",
          "status": "pass"
        }
      ]
    },
    {
      "object_kind": "var",
      "config_addr": "module.vitality.var.label_value_case",
      "status": "pass",
      "objects": [
        {
          "object_addr": "module.vitality.var.label_value_case",
          "status": "pass"
        }
      ]
    },
    {
      "object_kind": "var",
      "config_addr": "module.sg_postgres.var.security_group_name",
      "status": "pass",
      "objects": [
        {
          "object_addr": "module.sg_postgres.var.security_group_name",
          "status": "pass"
        }
      ]
    },
    {
      "object_kind": "var",
      "config_addr": "module.public_private_subnets.module.private_label.var.id_length_limit",
      "status": "pass",
      "objects": [
        {
          "object_addr": "module.public_private_subnets.module.private_label.var.id_length_limit",
          "status": "pass"
        }
      ]
    },
    {
      "object_kind": "var",
      "config_addr": "module.public_private_subnets.var.ipv6_egress_only_igw_id",
      "status": "pass",
      "objects": [
        {
          "object_addr": "module.public_private_subnets.var.ipv6_egress_only_igw_id",
          "status": "pass"
        }
      ]
    },
    {
      "object_kind": "var",
      "config_addr": "module.ec2_bastion.module.this.var.id_length_limit",
      "status": "pass",
      "objects": [
        {
          "object_addr": "module.ec2_bastion.module.this.var.id_length_limit",
          "status": "pass"
        }
      ]
    },
    {
      "object_kind": "var",
      "config_addr": "module.aws_key_pair.var.label_value_case",
      "status": "pass",
      "objects": [
        {
          "object_addr": "module.aws_key_pair.var.label_value_case",
          "status": "pass"
        }
      ]
    },
    {
      "object_kind": "var",
      "config_addr": "module.aws_key_pair.module.this.var.id_length_limit",
      "status": "pass",
      "objects": [
        {
          "object_addr": "module.aws_key_pair.module.this.var.id_length_limit",
          "status": "pass"
        }
      ]
    },
    {
      "object_kind": "var",
      "config_addr": "module.aws_key_pair.var.id_length_limit",
      "status": "pass",
      "objects": [
        {
          "object_addr": "module.aws_key_pair.var.id_length_limit",
          "status": "pass"
        }
      ]
    },
    {
      "object_kind": "var",
      "config_addr": "module.private_only_subnets.module.public_label.var.label_value_case",
      "status": "pass",
      "objects": [
        {
          "object_addr": "module.private_only_subnets.module.public_label.var.label_value_case",
          "status": "pass"
        }
      ]
    },
    {
      "object_kind": "var",
      "config_addr": "module.public_private_subnets.var.label_key_case",
      "status": "pass",
      "objects": [
        {
          "object_addr": "module.public_private_subnets.var.label_key_case",
          "status": "pass"
        }
      ]
    },
    {
      "object_kind": "var",
      "config_addr": "module.aws_key_pair.module.this.var.label_key_case",
      "status": "pass",
      "objects": [
        {
          "object_addr": "module.aws_key_pair.module.this.var.label_key_case",
          "status": "pass"
        }
      ]
    },
    {
      "object_kind": "var",
      "config_addr": "module.private_only_subnets.module.public_label.var.id_length_limit",
      "status": "pass",
      "objects": [
        {
          "object_addr": "module.private_only_subnets.module.public_label.var.id_length_limit",
          "status": "pass"
        }
      ]
    },
    {
      "object_kind": "var",
      "config_addr": "module.public_private_subnets.module.public_label.var.context",
      "status": "pass",
      "objects": [
        {
          "object_addr": "module.public_private_subnets.module.public_label.var.context",
          "status": "pass"
        }
      ]
    },
    {
      "object_kind": "var",
      "config_addr": "module.private_only_subnets.module.nat_instance_label.var.id_length_limit",
      "status": "pass",
      "objects": [
        {
          "object_addr": "module.private_only_subnets.module.nat_instance_label.var.id_length_limit",
          "status": "pass"
        }
      ]
    },
    {
      "object_kind": "var",
      "config_addr": "module.ec2_bastion.module.this.var.label_key_case",
      "status": "pass",
      "objects": [
        {
          "object_addr": "module.ec2_bastion.module.this.var.label_key_case",
          "status": "pass"
        }
      ]
    },
    {
      "object_kind": "var",
      "config_addr": "module.sg_postgres.module.this.var.context",
      "status": "pass",
      "objects": [
        {
          "object_addr": "module.sg_postgres.module.this.var.context",
          "status": "pass"
        }
      ]
    },
    {
      "object_kind": "var",
      "config_addr": "module.this.var.context",
      "status": "pass",
      "objects": [
        {
          "object_addr": "module.this.var.context",
          "status": "pass"
        }
      ]
    },
    {
      "object_kind": "var",
      "config_addr": "module.private_only_subnets.module.nat_label.var.label_value_case",
      "status": "pass",
      "objects": [
        {
          "object_addr": "module.private_only_subnets.module.nat_label.var.label_value_case",
          "status": "pass"
        }
      ]
    },
    {
      "object_kind": "var",
      "config_addr": "module.ec2_bastion.module.this.var.label_value_case",
      "status": "pass",
      "objects": [
        {
          "object_addr": "module.ec2_bastion.module.this.var.label_value_case",
          "status": "pass"
        }
      ]
    },
    {
      "object_kind": "var",
      "config_addr": "module.sg_postgres.module.this.var.id_length_limit",
      "status": "pass",
      "objects": [
        {
          "object_addr": "module.sg_postgres.module.this.var.id_length_limit",
          "status": "pass"
        }
      ]
    },
    {
      "object_kind": "var",
      "config_addr": "module.ec2_bastion.var.label_key_case",
      "status": "pass",
      "objects": [
        {
          "object_addr": "module.ec2_bastion.var.label_key_case",
          "status": "pass"
        }
      ]
    },
    {
      "object_kind": "var",
      "config_addr": "module.private_only_subnets.module.private_label.var.id_length_limit",
      "status": "pass",
      "objects": [
        {
          "object_addr": "module.private_only_subnets.module.private_label.var.id_length_limit",
          "status": "pass"
        }
      ]
    },
    {
      "object_kind": "var",
      "config_addr": "module.private_only_subnets.module.utils.var.context",
      "status": "pass",
      "objects": [
        {
          "object_addr": "module.private_only_subnets.module.utils.var.context",
          "status": "pass"
        }
      ]
    },
    {
      "object_kind": "var",
      "config_addr": "module.ec2_bastion.module.dns.var.label_value_case",
      "status": "pass",
      "objects": [
        {
          "object_addr": "module.ec2_bastion.module.dns.var.label_value_case",
          "status": "pass"
        }
      ]
    },
    {
      "object_kind": "var",
      "config_addr": "module.private_only_subnets.var.context",
      "status": "pass",
      "objects": [
        {
          "object_addr": "module.private_only_subnets.var.context",
          "status": "pass"
        }
      ]
    },
    {
      "object_kind": "var",
      "config_addr": "module.public_private_subnets.module.utils.module.this.var.label_value_case",
      "status": "pass",
      "objects": [
        {
          "object_addr": "module.public_private_subnets.module.utils.module.this.var.label_value_case",
          "status": "pass"
        }
      ]
    },
    {
      "object_kind": "var",
      "config_addr": "module.public_private_subnets.module.nat_instance_label.var.context",
      "status": "pass",
      "objects": [
        {
          "object_addr": "module.public_private_subnets.module.nat_instance_label.var.context",
          "status": "pass"
        }
      ]
    },
    {
      "object_kind": "var",
      "config_addr": "module.public_private_subnets.module.nat_label.var.context",
      "status": "pass",
      "objects": [
        {
          "object_addr": "module.public_private_subnets.module.nat_label.var.context",
          "status": "pass"
        }
      ]
    },
    {
      "object_kind": "var",
      "config_addr": "module.vitality.var.id_length_limit",
      "status": "pass",
      "objects": [
        {
          "object_addr": "module.vitality.var.id_length_limit",
          "status": "pass"
        }
      ]
    },
    {
      "object_kind": "var",
      "config_addr": "module.ec2_bastion.module.security_group.module.this.var.id_length_limit",
      "status": "pass",
      "objects": [
        {
          "object_addr": "module.ec2_bastion.module.security_group.module.this.var.id_length_limit",
          "status": "pass"
        }
      ]
    },
    {
      "object_kind": "var",
      "config_addr": "module.private_only_subnets.var.nat_instance_cpu_credits_override",
      "status": "pass",
      "objects": [
        {
          "object_addr": "module.private_only_subnets.var.nat_instance_cpu_credits_override",
          "status": "pass"
        }
      ]
    },
    {
      "object_kind": "var",
      "config_addr": "module.public_private_subnets.module.utils.var.label_value_case",
      "status": "pass",
      "objects": [
        {
          "object_addr": "module.public_private_subnets.module.utils.var.label_value_case",
          "status": "pass"
        }
      ]
    },
    {
      "object_kind": "var",
      "config_addr": "module.public_private_subnets.var.ipv6_cidr_block",
      "status": "pass",
      "objects": [
        {
          "object_addr": "module.public_private_subnets.var.ipv6_cidr_block",
          "status": "pass"
        }
      ]
    },
    {
      "object_kind": "var",
      "config_addr": "module.ec2_bastion.module.security_group.module.this.var.context",
      "status": "pass",
      "objects": [
        {
          "object_addr": "module.ec2_bastion.module.security_group.module.this.var.context",
          "status": "pass"
        }
      ]
    },
    {
      "object_kind": "var",
      "config_addr": "module.sg_primary.var.context",
      "status": "pass",
      "objects": [
        {
          "object_addr": "module.sg_primary.var.context",
          "status": "pass"
        }
      ]
    },
    {
      "object_kind": "var",
      "config_addr": "module.public_private_subnets.var.id_length_limit",
      "status": "pass",
      "objects": [
        {
          "object_addr": "module.public_private_subnets.var.id_length_limit",
          "status": "pass"
        }
      ]
    },
    {
      "object_kind": "var",
      "config_addr": "module.vpc.module.this.var.label_key_case",
      "status": "pass",
      "objects": [
        {
          "object_addr": "module.vpc.module.this.var.label_key_case",
          "status": "pass"
        }
      ]
    },
    {
      "object_kind": "var",
      "config_addr": "module.vpc.module.label.var.label_value_case",
      "status": "pass",
      "objects": [
        {
          "object_addr": "module.vpc.module.label.var.label_value_case",
          "status": "pass"
        }
      ]
    },
    {
      "object_kind": "var",
      "config_addr": "module.public_private_subnets.module.this.var.label_value_case",
      "status": "pass",
      "objects": [
        {
          "object_addr": "module.public_private_subnets.module.this.var.label_value_case",
          "status": "pass"
        }
      ]
    },
    {
      "object_kind": "var",
      "config_addr": "module.private_only_subnets.module.private_label.var.label_key_case",
      "status": "pass",
      "objects": [
        {
          "object_addr": "module.private_only_subnets.module.private_label.var.label_key_case",
          "status": "pass"
        }
      ]
    },
    {
      "object_kind": "var",
      "config_addr": "module.sg_primary.module.this.var.context",
      "status": "pass",
      "objects": [
        {
          "object_addr": "module.sg_primary.module.this.var.context",
          "status": "pass"
        }
      ]
    },
    {
      "object_kind": "var",
      "config_addr": "module.public_private_subnets.module.nat_label.var.id_length_limit",
      "status": "pass",
      "objects": [
        {
          "object_addr": "module.public_private_subnets.module.nat_label.var.id_length_limit",
          "status": "pass"
        }
      ]
    },
    {
      "object_kind": "var",
      "config_addr": "module.bastion_label.var.label_key_case",
      "status": "pass",
      "objects": [
        {
          "object_addr": "module.bastion_label.var.label_key_case",
          "status": "pass"
        }
      ]
    },
    {
      "object_kind": "var",
      "config_addr": "module.private_only_subnets.module.nat_label.var.id_length_limit",
      "status": "pass",
      "objects": [
        {
          "object_addr": "module.private_only_subnets.module.nat_label.var.id_length_limit",
          "status": "pass"
        }
      ]
    },
    {
      "object_kind": "var",
      "config_addr": "module.public_private_subnets.var.ipv4_cidrs",
      "status": "pass",
      "objects": [
        {
          "object_addr": "module.public_private_subnets.var.ipv4_cidrs",
          "status": "pass"
        }
      ]
    },
    {
      "object_kind": "var",
      "config_addr": "module.vpc.module.this.var.id_length_limit",
      "status": "pass",
      "objects": [
        {
          "object_addr": "module.vpc.module.this.var.id_length_limit",
          "status": "pass"
        }
      ]
    },
    {
      "object_kind": "var",
      "config_addr": "module.sg_postgres.var.id_length_limit",
      "status": "pass",
      "objects": [
        {
          "object_addr": "module.sg_postgres.var.id_length_limit",
          "status": "pass"
        }
      ]
    },
    {
      "object_kind": "var",
      "config_addr": "module.ec2_bastion.module.security_group.var.label_value_case",
      "status": "pass",
      "objects": [
        {
          "object_addr": "module.ec2_bastion.module.security_group.var.label_value_case",
          "status": "pass"
        }
      ]
    },
    {
      "object_kind": "var",
      "config_addr": "var.id_length_limit",
      "status": "pass",
      "objects": [
        {
          "object_addr": "var.id_length_limit",
          "status": "pass"
        }
      ]
    },
    {
      "object_kind": "var",
      "config_addr": "module.public_private_subnets.module.utils.var.label_key_case",
      "status": "pass",
      "objects": [
        {
          "object_addr": "module.public_private_subnets.module.utils.var.label_key_case",
          "status": "pass"
        }
      ]
    },
    {
      "object_kind": "var",
      "config_addr": "module.public_private_subnets.module.public_label.var.label_key_case",
      "status": "pass",
      "objects": [
        {
          "object_addr": "module.public_private_subnets.module.public_label.var.label_key_case",
          "status": "pass"
        }
      ]
    },
    {
      "object_kind": "var",
      "config_addr": "module.ec2_bastion.module.dns.var.context",
      "status": "pass",
      "objects": [
        {
          "object_addr": "module.ec2_bastion.module.dns.var.context",
          "status": "pass"
        }
      ]
    },
    {
      "object_kind": "var",
      "config_addr": "module.private_only_subnets.var.ipv6_cidr_block",
      "status": "pass",
      "objects": [
        {
          "object_addr": "module.private_only_subnets.var.ipv6_cidr_block",
          "status": "pass"
        }
      ]
    },
    {
      "object_kind": "var",
      "config_addr": "module.sg_primary.var.target_security_group_id",
      "status": "pass",
      "objects": [
        {
          "object_addr": "module.sg_primary.var.target_security_group_id",
          "status": "pass"
        }
      ]
    },
    {
      "object_kind": "var",
      "config_addr": "module.private_only_subnets.module.nat_instance_label.var.label_value_case",
      "status": "pass",
      "objects": [
        {
          "object_addr": "module.private_only_subnets.module.nat_instance_label.var.label_value_case",
          "status": "pass"
        }
      ]
    },
    {
      "object_kind": "var",
      "config_addr": "module.public_private_subnets.module.private_label.var.label_key_case",
      "status": "pass",
      "objects": [
        {
          "object_addr": "module.public_private_subnets.module.private_label.var.label_key_case",
          "status": "pass"
        }
      ]
    },
    {
      "object_kind": "var",
      "config_addr": "module.bastion_label.var.label_value_case",
      "status": "pass",
      "objects": [
        {
          "object_addr": "module.bastion_label.var.label_value_case",
          "status": "pass"
        }
      ]
    },
    {
      "object_kind": "var",
      "config_addr": "module.ec2_bastion.module.security_group.var.label_key_case",
      "status": "pass",
      "objects": [
        {
          "object_addr": "module.ec2_bastion.module.security_group.var.label_key_case",
          "status": "pass"
        }
      ]
    },
    {
      "object_kind": "var",
      "config_addr": "module.private_only_subnets.module.this.var.context",
      "status": "pass",
      "objects": [
        {
          "object_addr": "module.private_only_subnets.module.this.var.context",
          "status": "pass"
        }
      ]
    },
    {
      "object_kind": "var",
      "config_addr": "module.private_only_subnets.module.utils.module.this.var.label_value_case",
      "status": "pass",
      "objects": [
        {
          "object_addr": "module.private_only_subnets.module.utils.module.this.var.label_value_case",
          "status": "pass"
        }
      ]
    },
    {
      "object_kind": "var",
      "config_addr": "module.aws_key_pair.var.context",
      "status": "pass",
      "objects": [
        {
          "object_addr": "module.aws_key_pair.var.context",
          "status": "pass"
        }
      ]
    },
    {
      "object_kind": "var",
      "config_addr": "module.public_private_subnets.module.private_label.var.label_value_case",
      "status": "pass",
      "objects": [
        {
          "object_addr": "module.public_private_subnets.module.private_label.var.label_value_case",
          "status": "pass"
        }
      ]
    },
    {
      "object_kind": "var",
      "config_addr": "module.sg_postgres.module.this.var.label_value_case",
      "status": "pass",
      "objects": [
        {
          "object_addr": "module.sg_postgres.module.this.var.label_value_case",
          "status": "pass"
        }
      ]
    },
    {
      "object_kind": "var",
      "config_addr": "module.public_private_subnets.module.utils.module.this.var.context",
      "status": "pass",
      "objects": [
        {
          "object_addr": "module.public_private_subnets.module.utils.module.this.var.context",
          "status": "pass"
        }
      ]
    }
  ]
}
