{
  "version": 4,
  "terraform_version": "1.11.2",
  "serial": 479,
  "lineage": "3155a26e-ec2b-a54c-0e80-cb7304c42539",
  "outputs": {},
  "resources": [
    {
      "module": "module.private_only_subnets",
      "mode": "data",
      "type": "aws_ami",
      "name": "nat_instance",
      "provider": "provider[\"registry.terraform.io/hashicorp/aws\"]",
      "instances": []
    },
    {
      "module": "module.private_only_subnets",
      "mode": "data",
      "type": "aws_availability_zones",
      "name": "default",
      "provider": "provider[\"registry.terraform.io/hashicorp/aws\"]",
      "instances": [
        {
          "index_key": 0,
          "schema_version": 0,
          "attributes": {
            "all_availability_zones": null,
            "exclude_names": null,
            "exclude_zone_ids": null,
            "filter": [
              {
                "name": "opt-in-status",
                "values": [
                  "opt-in-not-required"
                ]
              }
            ],
            "group_names": [
              "us-east-1-zg-1"
            ],
            "id": "us-east-1",
            "names": [
              "us-east-1a",
              "us-east-1b",
              "us-east-1c",
              "us-east-1d",
              "us-east-1e",
              "us-east-1f"
            ],
            "state": null,
            "timeouts": null,
            "zone_ids": [
              "use1-az4",
              "use1-az6",
              "use1-az1",
              "use1-az2",
              "use1-az3",
              "use1-az5"
            ]
          },
          "sensitive_attributes": []
        }
      ]
    },
    {
      "module": "module.private_only_subnets",
      "mode": "data",
      "type": "aws_eip",
      "name": "nat",
      "provider": "provider[\"registry.terraform.io/hashicorp/aws\"]",
      "instances": []
    },
    {
      "module": "module.private_only_subnets",
      "mode": "data",
      "type": "aws_vpc",
      "name": "default",
      "provider": "provider[\"registry.terraform.io/hashicorp/aws\"]",
      "instances": []
    },
    {
      "module": "module.private_only_subnets",
      "mode": "managed",
      "type": "aws_eip",
      "name": "default",
      "provider": "provider[\"registry.terraform.io/hashicorp/aws\"]",
      "instances": [
        {
          "index_key": 0,
          "schema_version": 0,
          "attributes": {
            "address": null,
            "allocation_id": "eipalloc-02cbcf20c91d28ea5",
            "arn": "arn:aws:ec2:us-east-1:203918842945:elastic-ip/eipalloc-02cbcf20c91d28ea5",
            "associate_with_private_ip": null,
            "association_id": "",
            "carrier_ip": "",
            "customer_owned_ip": "",
            "customer_owned_ipv4_pool": "",
            "domain": "vpc",
            "id": "eipalloc-02cbcf20c91d28ea5",
            "instance": "",
            "ipam_pool_id": null,
            "network_border_group": "us-east-1",
            "network_interface": "",
            "private_dns": null,
            "private_ip": "",
            "ptr_record": "",
            "public_dns": "ec2-98-85-115-123.compute-1.amazonaws.com",
            "public_ip": "98.85.115.123",
            "public_ipv4_pool": "amazon",
            "tags": {
              "Attributes": "private-only-nat",
              "Name": "vitality-dev-app-private-only-nat-use1e",
              "Namespace": "vitality",
              "Stage": "dev"
            },
            "tags_all": {
              "Attributes": "private-only-nat",
              "Name": "vitality-dev-app-private-only-nat-use1e",
              "Namespace": "vitality",
              "Stage": "dev"
            },
            "timeouts": null,
            "vpc": true
          },
          "sensitive_attributes": [],
          "private": "eyJlMmJmYjczMC1lY2FhLTExZTYtOGY4OC0zNDM2M2JjN2M0YzAiOnsiZGVsZXRlIjoxODAwMDAwMDAwMDAsInJlYWQiOjkwMDAwMDAwMDAwMCwidXBkYXRlIjozMDAwMDAwMDAwMDB9fQ==",
          "dependencies": [
            "module.private_only_subnets.data.aws_availability_zones.default"
          ],
          "create_before_destroy": true
        },
        {
          "index_key": 1,
          "schema_version": 0,
          "attributes": {
            "address": null,
            "allocation_id": "eipalloc-003ca5ea21cfeaa09",
            "arn": "arn:aws:ec2:us-east-1:203918842945:elastic-ip/eipalloc-003ca5ea21cfeaa09",
            "associate_with_private_ip": null,
            "association_id": "",
            "carrier_ip": "",
            "customer_owned_ip": "",
            "customer_owned_ipv4_pool": "",
            "domain": "vpc",
            "id": "eipalloc-003ca5ea21cfeaa09",
            "instance": "",
            "ipam_pool_id": null,
            "network_border_group": "us-east-1",
            "network_interface": "",
            "private_dns": null,
            "private_ip": "",
            "ptr_record": "",
            "public_dns": "ec2-52-21-53-96.compute-1.amazonaws.com",
            "public_ip": "52.21.53.96",
            "public_ipv4_pool": "amazon",
            "tags": {
              "Attributes": "private-only-nat",
              "Name": "vitality-dev-app-private-only-nat-use1f",
              "Namespace": "vitality",
              "Stage": "dev"
            },
            "tags_all": {
              "Attributes": "private-only-nat",
              "Name": "vitality-dev-app-private-only-nat-use1f",
              "Namespace": "vitality",
              "Stage": "dev"
            },
            "timeouts": null,
            "vpc": true
          },
          "sensitive_attributes": [],
          "private": "eyJlMmJmYjczMC1lY2FhLTExZTYtOGY4OC0zNDM2M2JjN2M0YzAiOnsiZGVsZXRlIjoxODAwMDAwMDAwMDAsInJlYWQiOjkwMDAwMDAwMDAwMCwidXBkYXRlIjozMDAwMDAwMDAwMDB9fQ==",
          "dependencies": [
            "module.private_only_subnets.data.aws_availability_zones.default"
          ],
          "create_before_destroy": true
        }
      ]
    },
    {
      "module": "module.private_only_subnets",
      "mode": "managed",
      "type": "aws_network_acl",
      "name": "private",
      "provider": "provider[\"registry.terraform.io/hashicorp/aws\"]",
      "instances": [
        {
          "index_key": 0,
          "schema_version": 0,
          "attributes": {
            "arn": "arn:aws:ec2:us-east-1:203918842945:network-acl/acl-0e15a5de8584f637c",
            "egress": [
              {
                "action": "allow",
                "cidr_block": "0.0.0.0/0",
                "from_port": 0,
                "icmp_code": 0,
                "icmp_type": 0,
                "ipv6_cidr_block": "",
                "protocol": "-1",
                "rule_no": 100,
                "to_port": 0
              }
            ],
            "id": "acl-0e15a5de8584f637c",
            "ingress": [
              {
                "action": "allow",
                "cidr_block": "0.0.0.0/0",
                "from_port": 0,
                "icmp_code": 0,
                "icmp_type": 0,
                "ipv6_cidr_block": "",
                "protocol": "-1",
                "rule_no": 100,
                "to_port": 0
              }
            ],
            "owner_id": "203918842945",
            "subnet_ids": [],
            "tags": {
              "Attributes": "private-only-private",
              "Name": "vitality-dev-app-private-only-private",
              "Namespace": "vitality",
              "Stage": "dev"
            },
            "tags_all": {
              "Attributes": "private-only-private",
              "Name": "vitality-dev-app-private-only-private",
              "Namespace": "vitality",
              "Stage": "dev"
            },
            "vpc_id": "vpc-07681cd3054d9f772"
          },
          "sensitive_attributes": [],
          "private": "bnVsbA==",
          "dependencies": [
            "module.private_only_subnets.aws_subnet.private",
            "module.private_only_subnets.data.aws_availability_zones.default",
            "module.private_only_subnets.data.aws_vpc.default",
            "module.vpc.aws_vpc.default"
          ]
        }
      ]
    },
    {
      "module": "module.private_only_subnets",
      "mode": "managed",
      "type": "aws_network_acl_rule",
      "name": "private4_egress",
      "provider": "provider[\"registry.terraform.io/hashicorp/aws\"]",
      "instances": [
        {
          "index_key": 0,
          "schema_version": 0,
          "attributes": {
            "cidr_block": "0.0.0.0/0",
            "egress": true,
            "from_port": 0,
            "icmp_code": null,
            "icmp_type": null,
            "id": "nacl-3142965789",
            "ipv6_cidr_block": "",
            "network_acl_id": "acl-0e15a5de8584f637c",
            "protocol": "-1",
            "rule_action": "allow",
            "rule_number": 100,
            "to_port": 0
          },
          "sensitive_attributes": [],
          "private": "bnVsbA==",
          "dependencies": [
            "module.private_only_subnets.aws_network_acl.private",
            "module.private_only_subnets.aws_subnet.private",
            "module.private_only_subnets.data.aws_availability_zones.default",
            "module.private_only_subnets.data.aws_vpc.default",
            "module.vpc.aws_vpc.default"
          ]
        }
      ]
    },
    {
      "module": "module.private_only_subnets",
      "mode": "managed",
      "type": "aws_network_acl_rule",
      "name": "private4_ingress",
      "provider": "provider[\"registry.terraform.io/hashicorp/aws\"]",
      "instances": [
        {
          "index_key": 0,
          "schema_version": 0,
          "attributes": {
            "cidr_block": "0.0.0.0/0",
            "egress": false,
            "from_port": 0,
            "icmp_code": null,
            "icmp_type": null,
            "id": "nacl-946076318",
            "ipv6_cidr_block": "",
            "network_acl_id": "acl-0e15a5de8584f637c",
            "protocol": "-1",
            "rule_action": "allow",
            "rule_number": 100,
            "to_port": 0
          },
          "sensitive_attributes": [],
          "private": "bnVsbA==",
          "dependencies": [
            "module.private_only_subnets.aws_network_acl.private",
            "module.private_only_subnets.aws_subnet.private",
            "module.private_only_subnets.data.aws_availability_zones.default",
            "module.private_only_subnets.data.aws_vpc.default",
            "module.vpc.aws_vpc.default"
          ]
        }
      ]
    },
    {
      "module": "module.private_only_subnets",
      "mode": "managed",
      "type": "aws_network_acl_rule",
      "name": "private6_egress",
      "provider": "provider[\"registry.terraform.io/hashicorp/aws\"]",
      "instances": []
    },
    {
      "module": "module.private_only_subnets",
      "mode": "managed",
      "type": "aws_network_acl_rule",
      "name": "private6_ingress",
      "provider": "provider[\"registry.terraform.io/hashicorp/aws\"]",
      "instances": []
    },
    {
      "module": "module.private_only_subnets",
      "mode": "managed",
      "type": "aws_route",
      "name": "private6",
      "provider": "provider[\"registry.terraform.io/hashicorp/aws\"]",
      "instances": []
    },
    {
      "module": "module.private_only_subnets",
      "mode": "managed",
      "type": "aws_route",
      "name": "public",
      "provider": "provider[\"registry.terraform.io/hashicorp/aws\"]",
      "instances": [
        {
          "index_key": 0,
          "schema_version": 0,
          "attributes": {
            "carrier_gateway_id": "",
            "core_network_arn": "",
            "destination_cidr_block": "0.0.0.0/0",
            "destination_ipv6_cidr_block": "",
            "destination_prefix_list_id": "",
            "egress_only_gateway_id": "",
            "gateway_id": "igw-0e9ea34bd18152efa",
            "id": "r-rtb-02f87b87d510fb6c91080289494",
            "instance_id": "",
            "instance_owner_id": "",
            "local_gateway_id": "",
            "nat_gateway_id": "",
            "network_interface_id": "",
            "origin": "CreateRoute",
            "route_table_id": "rtb-02f87b87d510fb6c9",
            "state": "active",
            "timeouts": {
              "create": null,
              "delete": null,
              "update": null
            },
            "transit_gateway_id": "",
            "vpc_endpoint_id": "",
            "vpc_peering_connection_id": ""
          },
          "sensitive_attributes": [],
          "private": "eyJlMmJmYjczMC1lY2FhLTExZTYtOGY4OC0zNDM2M2JjN2M0YzAiOnsiY3JlYXRlIjozMDAwMDAwMDAwMDAsImRlbGV0ZSI6MzAwMDAwMDAwMDAwLCJ1cGRhdGUiOjEyMDAwMDAwMDAwMH19",
          "dependencies": [
            "module.private_only_subnets.aws_route_table.public",
            "module.private_only_subnets.data.aws_availability_zones.default",
            "module.vpc.aws_internet_gateway.default",
            "module.vpc.aws_vpc.default"
          ]
        }
      ]
    },
    {
      "module": "module.private_only_subnets",
      "mode": "managed",
      "type": "aws_route",
      "name": "public6",
      "provider": "provider[\"registry.terraform.io/hashicorp/aws\"]",
      "instances": []
    },
    {
      "module": "module.private_only_subnets",
      "mode": "managed",
      "type": "aws_route_table",
      "name": "private",
      "provider": "provider[\"registry.terraform.io/hashicorp/aws\"]",
      "instances": [
        {
          "index_key": 0,
          "schema_version": 0,
          "attributes": {
            "arn": "arn:aws:ec2:us-east-1:203918842945:route-table/rtb-0a31536b24ed05230",
            "id": "rtb-0a31536b24ed05230",
            "owner_id": "203918842945",
            "propagating_vgws": [],
            "route": [],
            "tags": {
              "Attributes": "private-only-private",
              "Name": "vitality-dev-app-private-only-private-use1e",
              "Namespace": "vitality",
              "Stage": "dev"
            },
            "tags_all": {
              "Attributes": "private-only-private",
              "Name": "vitality-dev-app-private-only-private-use1e",
              "Namespace": "vitality",
              "Stage": "dev"
            },
            "timeouts": null,
            "vpc_id": "vpc-07681cd3054d9f772"
          },
          "sensitive_attributes": [],
          "private": "eyJlMmJmYjczMC1lY2FhLTExZTYtOGY4OC0zNDM2M2JjN2M0YzAiOnsiY3JlYXRlIjozMDAwMDAwMDAwMDAsImRlbGV0ZSI6MzAwMDAwMDAwMDAwLCJ1cGRhdGUiOjEyMDAwMDAwMDAwMH19",
          "dependencies": [
            "module.private_only_subnets.data.aws_availability_zones.default",
            "module.vpc.aws_vpc.default"
          ]
        },
        {
          "index_key": 1,
          "schema_version": 0,
          "attributes": {
            "arn": "arn:aws:ec2:us-east-1:203918842945:route-table/rtb-022f34262761bd628",
            "id": "rtb-022f34262761bd628",
            "owner_id": "203918842945",
            "propagating_vgws": [],
            "route": [],
            "tags": {
              "Attributes": "private-only-private",
              "Name": "vitality-dev-app-private-only-private-use1f",
              "Namespace": "vitality",
              "Stage": "dev"
            },
            "tags_all": {
              "Attributes": "private-only-private",
              "Name": "vitality-dev-app-private-only-private-use1f",
              "Namespace": "vitality",
              "Stage": "dev"
            },
            "timeouts": null,
            "vpc_id": "vpc-07681cd3054d9f772"
          },
          "sensitive_attributes": [],
          "private": "eyJlMmJmYjczMC1lY2FhLTExZTYtOGY4OC0zNDM2M2JjN2M0YzAiOnsiY3JlYXRlIjozMDAwMDAwMDAwMDAsImRlbGV0ZSI6MzAwMDAwMDAwMDAwLCJ1cGRhdGUiOjEyMDAwMDAwMDAwMH19",
          "dependencies": [
            "module.private_only_subnets.data.aws_availability_zones.default",
            "module.vpc.aws_vpc.default"
          ]
        }
      ]
    },
    {
      "module": "module.private_only_subnets",
      "mode": "managed",
      "type": "aws_route_table",
      "name": "public",
      "provider": "provider[\"registry.terraform.io/hashicorp/aws\"]",
      "instances": [
        {
          "index_key": 0,
          "schema_version": 0,
          "attributes": {
            "arn": "arn:aws:ec2:us-east-1:203918842945:route-table/rtb-02f87b87d510fb6c9",
            "id": "rtb-02f87b87d510fb6c9",
            "owner_id": "203918842945",
            "propagating_vgws": [],
            "route": [
              {
                "carrier_gateway_id": "",
                "cidr_block": "0.0.0.0/0",
                "core_network_arn": "",
                "destination_prefix_list_id": "",
                "egress_only_gateway_id": "",
                "gateway_id": "igw-0e9ea34bd18152efa",
                "ipv6_cidr_block": "",
                "local_gateway_id": "",
                "nat_gateway_id": "",
                "network_interface_id": "",
                "transit_gateway_id": "",
                "vpc_endpoint_id": "",
                "vpc_peering_connection_id": ""
              }
            ],
            "tags": {
              "Attributes": "private-only-public",
              "Name": "vitality-dev-app-private-only-public",
              "Namespace": "vitality",
              "Stage": "dev"
            },
            "tags_all": {
              "Attributes": "private-only-public",
              "Name": "vitality-dev-app-private-only-public",
              "Namespace": "vitality",
              "Stage": "dev"
            },
            "timeouts": null,
            "vpc_id": "vpc-07681cd3054d9f772"
          },
          "sensitive_attributes": [],
          "private": "eyJlMmJmYjczMC1lY2FhLTExZTYtOGY4OC0zNDM2M2JjN2M0YzAiOnsiY3JlYXRlIjozMDAwMDAwMDAwMDAsImRlbGV0ZSI6MzAwMDAwMDAwMDAwLCJ1cGRhdGUiOjEyMDAwMDAwMDAwMH19",
          "dependencies": [
            "module.private_only_subnets.data.aws_availability_zones.default",
            "module.vpc.aws_vpc.default"
          ]
        }
      ]
    },
    {
      "module": "module.private_only_subnets",
      "mode": "managed",
      "type": "aws_security_group",
      "name": "nat_instance",
      "provider": "provider[\"registry.terraform.io/hashicorp/aws\"]",
      "instances": []
    },
    {
      "module": "module.private_only_subnets",
      "mode": "managed",
      "type": "aws_security_group_rule",
      "name": "nat_instance_egress",
      "provider": "provider[\"registry.terraform.io/hashicorp/aws\"]",
      "instances": []
    },
    {
      "module": "module.private_only_subnets",
      "mode": "managed",
      "type": "aws_security_group_rule",
      "name": "nat_instance_ingress",
      "provider": "provider[\"registry.terraform.io/hashicorp/aws\"]",
      "instances": []
    },
    {
      "module": "module.private_only_subnets.module.utils",
      "mode": "data",
      "type": "aws_iam_policy_document",
      "name": "by_account",
      "provider": "provider[\"registry.terraform.io/hashicorp/aws\"]",
      "instances": []
    },
    {
      "module": "module.private_only_subnets.module.utils",
      "mode": "data",
      "type": "aws_iam_policy_document",
      "name": "by_region",
      "provider": "provider[\"registry.terraform.io/hashicorp/aws\"]",
      "instances": []
    },
    {
      "module": "module.private_only_subnets.module.utils",
      "mode": "data",
      "type": "aws_regions",
      "name": "complete",
      "provider": "provider[\"registry.terraform.io/hashicorp/aws\"]",
      "instances": [
        {
          "schema_version": 0,
          "attributes": {
            "all_regions": true,
            "filter": [],
            "id": "aws",
            "names": [
              "af-south-1",
              "ap-east-1",
              "ap-northeast-1",
              "ap-northeast-2",
              "ap-northeast-3",
              "ap-south-1",
              "ap-south-2",
              "ap-southeast-1",
              "ap-southeast-2",
              "ap-southeast-3",
              "ap-southeast-4",
              "ap-southeast-5",
              "ap-southeast-7",
              "ca-central-1",
              "ca-west-1",
              "eu-central-1",
              "eu-central-2",
              "eu-north-1",
              "eu-south-1",
              "eu-south-2",
              "eu-west-1",
              "eu-west-2",
              "eu-west-3",
              "il-central-1",
              "me-central-1",
              "me-south-1",
              "mx-central-1",
              "sa-east-1",
              "us-east-1",
              "us-east-2",
              "us-west-1",
              "us-west-2"
            ]
          },
          "sensitive_attributes": []
        }
      ]
    },
    {
      "module": "module.private_only_subnets.module.utils",
      "mode": "data",
      "type": "aws_regions",
      "name": "default",
      "provider": "provider[\"registry.terraform.io/hashicorp/aws\"]",
      "instances": [
        {
          "schema_version": 0,
          "attributes": {
            "all_regions": true,
            "filter": [
              {
                "name": "opt-in-status",
                "values": [
                  "opt-in-not-required"
                ]
              }
            ],
            "id": "aws",
            "names": [
              "ap-northeast-1",
              "ap-northeast-2",
              "ap-northeast-3",
              "ap-south-1",
              "ap-southeast-1",
              "ap-southeast-2",
              "ca-central-1",
              "eu-central-1",
              "eu-north-1",
              "eu-west-1",
              "eu-west-2",
              "eu-west-3",
              "sa-east-1",
              "us-east-1",
              "us-east-2",
              "us-west-1",
              "us-west-2"
            ]
          },
          "sensitive_attributes": []
        }
      ]
    },
    {
      "module": "module.private_only_subnets.module.utils",
      "mode": "data",
      "type": "aws_regions",
      "name": "not_opted_in",
      "provider": "provider[\"registry.terraform.io/hashicorp/aws\"]",
      "instances": [
        {
          "schema_version": 0,
          "attributes": {
            "all_regions": true,
            "filter": [
              {
                "name": "opt-in-status",
                "values": [
                  "not-opted-in"
                ]
              }
            ],
            "id": "aws",
            "names": [
              "af-south-1",
              "ap-east-1",
              "ap-south-2",
              "ap-southeast-3",
              "ap-southeast-4",
              "ap-southeast-5",
              "ap-southeast-7",
              "ca-west-1",
              "eu-central-2",
              "eu-south-1",
              "eu-south-2",
              "il-central-1",
              "me-central-1",
              "me-south-1",
              "mx-central-1"
            ]
          },
          "sensitive_attributes": []
        }
      ]
    },
    {
      "module": "module.private_only_subnets.module.utils",
      "mode": "data",
      "type": "aws_regions",
      "name": "opted_in",
      "provider": "provider[\"registry.terraform.io/hashicorp/aws\"]",
      "instances": [
        {
          "schema_version": 0,
          "attributes": {
            "all_regions": true,
            "filter": [
              {
                "name": "opt-in-status",
                "values": [
                  "opted-in"
                ]
              }
            ],
            "id": "aws",
            "names": []
          },
          "sensitive_attributes": []
        }
      ]
    },
    {
      "module": "module.public_private_subnets",
      "mode": "data",
      "type": "aws_ami",
      "name": "nat_instance",
      "provider": "provider[\"registry.terraform.io/hashicorp/aws\"]",
      "instances": []
    },
    {
      "module": "module.public_private_subnets",
      "mode": "data",
      "type": "aws_availability_zones",
      "name": "default",
      "provider": "provider[\"registry.terraform.io/hashicorp/aws\"]",
      "instances": [
        {
          "index_key": 0,
          "schema_version": 0,
          "attributes": {
            "all_availability_zones": null,
            "exclude_names": null,
            "exclude_zone_ids": null,
            "filter": [
              {
                "name": "opt-in-status",
                "values": [
                  "opt-in-not-required"
                ]
              }
            ],
            "group_names": [
              "us-east-1-zg-1"
            ],
            "id": "us-east-1",
            "names": [
              "us-east-1a",
              "us-east-1b",
              "us-east-1c",
              "us-east-1d",
              "us-east-1e",
              "us-east-1f"
            ],
            "state": null,
            "timeouts": null,
            "zone_ids": [
              "use1-az4",
              "use1-az6",
              "use1-az1",
              "use1-az2",
              "use1-az3",
              "use1-az5"
            ]
          },
          "sensitive_attributes": []
        }
      ]
    },
    {
      "module": "module.public_private_subnets",
      "mode": "data",
      "type": "aws_eip",
      "name": "nat",
      "provider": "provider[\"registry.terraform.io/hashicorp/aws\"]",
      "instances": []
    },
    {
      "module": "module.public_private_subnets",
      "mode": "data",
      "type": "aws_vpc",
      "name": "default",
      "provider": "provider[\"registry.terraform.io/hashicorp/aws\"]",
      "instances": []
    },
    {
      "module": "module.public_private_subnets",
      "mode": "managed",
      "type": "aws_eip",
      "name": "default",
      "provider": "provider[\"registry.terraform.io/hashicorp/aws\"]",
      "instances": [
        {
          "index_key": 0,
          "schema_version": 0,
          "attributes": {
            "address": null,
            "allocation_id": "eipalloc-071eed9b27b7591f5",
            "arn": "arn:aws:ec2:us-east-1:203918842945:elastic-ip/eipalloc-071eed9b27b7591f5",
            "associate_with_private_ip": null,
            "association_id": "eipassoc-026d73653965c65dd",
            "carrier_ip": "",
            "customer_owned_ip": "",
            "customer_owned_ipv4_pool": "",
            "domain": "vpc",
            "id": "eipalloc-071eed9b27b7591f5",
            "instance": "",
            "ipam_pool_id": null,
            "network_border_group": "us-east-1",
            "network_interface": "eni-0498937faf781e473",
            "private_dns": "ip-10-0-6-134.ec2.internal",
            "private_ip": "10.0.6.134",
            "ptr_record": "",
            "public_dns": "ec2-98-83-21-204.compute-1.amazonaws.com",
            "public_ip": "98.83.21.204",
            "public_ipv4_pool": "amazon",
            "tags": {
              "Attributes": "public-private-nat",
              "Name": "vitality-dev-app-public-private-nat-use1a",
              "Namespace": "vitality",
              "Stage": "dev"
            },
            "tags_all": {
              "Attributes": "public-private-nat",
              "Name": "vitality-dev-app-public-private-nat-use1a",
              "Namespace": "vitality",
              "Stage": "dev"
            },
            "timeouts": null,
            "vpc": true
          },
          "sensitive_attributes": [],
          "private": "eyJlMmJmYjczMC1lY2FhLTExZTYtOGY4OC0zNDM2M2JjN2M0YzAiOnsiZGVsZXRlIjoxODAwMDAwMDAwMDAsInJlYWQiOjkwMDAwMDAwMDAwMCwidXBkYXRlIjozMDAwMDAwMDAwMDB9fQ==",
          "dependencies": [
            "module.public_private_subnets.data.aws_availability_zones.default"
          ],
          "create_before_destroy": true
        },
        {
          "index_key": 1,
          "schema_version": 0,
          "attributes": {
            "address": null,
            "allocation_id": "eipalloc-07f78d4efb31190f5",
            "arn": "arn:aws:ec2:us-east-1:203918842945:elastic-ip/eipalloc-07f78d4efb31190f5",
            "associate_with_private_ip": null,
            "association_id": "eipassoc-0fec2154a689c19a3",
            "carrier_ip": "",
            "customer_owned_ip": "",
            "customer_owned_ipv4_pool": "",
            "domain": "vpc",
            "id": "eipalloc-07f78d4efb31190f5",
            "instance": "",
            "ipam_pool_id": null,
            "network_border_group": "us-east-1",
            "network_interface": "eni-02f93b77b90ea4ebe",
            "private_dns": "ip-10-0-7-17.ec2.internal",
            "private_ip": "10.0.7.17",
            "ptr_record": "",
            "public_dns": "ec2-34-202-35-241.compute-1.amazonaws.com",
            "public_ip": "34.202.35.241",
            "public_ipv4_pool": "amazon",
            "tags": {
              "Attributes": "public-private-nat",
              "Name": "vitality-dev-app-public-private-nat-use1b",
              "Namespace": "vitality",
              "Stage": "dev"
            },
            "tags_all": {
              "Attributes": "public-private-nat",
              "Name": "vitality-dev-app-public-private-nat-use1b",
              "Namespace": "vitality",
              "Stage": "dev"
            },
            "timeouts": null,
            "vpc": true
          },
          "sensitive_attributes": [],
          "private": "eyJlMmJmYjczMC1lY2FhLTExZTYtOGY4OC0zNDM2M2JjN2M0YzAiOnsiZGVsZXRlIjoxODAwMDAwMDAwMDAsInJlYWQiOjkwMDAwMDAwMDAwMCwidXBkYXRlIjozMDAwMDAwMDAwMDB9fQ==",
          "dependencies": [
            "module.public_private_subnets.data.aws_availability_zones.default"
          ],
          "create_before_destroy": true
        }
      ]
    },
    {
      "module": "module.public_private_subnets",
      "mode": "managed",
      "type": "aws_eip_association",
      "name": "nat_instance",
      "provider": "provider[\"registry.terraform.io/hashicorp/aws\"]",
      "instances": []
    },
    {
      "module": "module.public_private_subnets",
      "mode": "managed",
      "type": "aws_instance",
      "name": "nat_instance",
      "provider": "provider[\"registry.terraform.io/hashicorp/aws\"]",
      "instances": []
    },
    {
      "module": "module.public_private_subnets",
      "mode": "managed",
      "type": "aws_nat_gateway",
      "name": "default",
      "provider": "provider[\"registry.terraform.io/hashicorp/aws\"]",
      "instances": [
        {
          "index_key": 0,
          "schema_version": 0,
          "attributes": {
            "allocation_id": "eipalloc-071eed9b27b7591f5",
            "association_id": "eipassoc-026d73653965c65dd",
            "connectivity_type": "public",
            "id": "nat-033fb51789dd0f44e",
            "network_interface_id": "eni-0498937faf781e473",
            "private_ip": "10.0.6.134",
            "public_ip": "98.83.21.204",
            "secondary_allocation_ids": [],
            "secondary_private_ip_address_count": 0,
            "secondary_private_ip_addresses": [],
            "subnet_id": "subnet-0f46822cfaf7d5ee9",
            "tags": {
              "Attributes": "public-private-nat",
              "Name": "vitality-dev-app-public-private-nat-use1a",
              "Namespace": "vitality",
              "Stage": "dev"
            },
            "tags_all": {
              "Attributes": "public-private-nat",
              "Name": "vitality-dev-app-public-private-nat-use1a",
              "Namespace": "vitality",
              "Stage": "dev"
            },
            "timeouts": null
          },
          "sensitive_attributes": [],
          "private": "eyJlMmJmYjczMC1lY2FhLTExZTYtOGY4OC0zNDM2M2JjN2M0YzAiOnsiY3JlYXRlIjo2MDAwMDAwMDAwMDAsImRlbGV0ZSI6MTgwMDAwMDAwMDAwMCwidXBkYXRlIjo2MDAwMDAwMDAwMDB9fQ==",
          "dependencies": [
            "module.public_private_subnets.aws_eip.default",
            "module.public_private_subnets.aws_eip_association.nat_instance",
            "module.public_private_subnets.aws_instance.nat_instance",
            "module.public_private_subnets.aws_security_group.nat_instance",
            "module.public_private_subnets.aws_subnet.public",
            "module.public_private_subnets.data.aws_ami.nat_instance",
            "module.public_private_subnets.data.aws_availability_zones.default",
            "module.public_private_subnets.data.aws_eip.nat",
            "module.public_private_subnets.data.aws_vpc.default",
            "module.vpc.aws_vpc.default"
          ]
        },
        {
          "index_key": 1,
          "schema_version": 0,
          "attributes": {
            "allocation_id": "eipalloc-07f78d4efb31190f5",
            "association_id": "eipassoc-0fec2154a689c19a3",
            "connectivity_type": "public",
            "id": "nat-0485fd3999e1c7d5e",
            "network_interface_id": "eni-02f93b77b90ea4ebe",
            "private_ip": "10.0.7.17",
            "public_ip": "34.202.35.241",
            "secondary_allocation_ids": [],
            "secondary_private_ip_address_count": 0,
            "secondary_private_ip_addresses": [],
            "subnet_id": "subnet-08db065a30264ca79",
            "tags": {
              "Attributes": "public-private-nat",
              "Name": "vitality-dev-app-public-private-nat-use1b",
              "Namespace": "vitality",
              "Stage": "dev"
            },
            "tags_all": {
              "Attributes": "public-private-nat",
              "Name": "vitality-dev-app-public-private-nat-use1b",
              "Namespace": "vitality",
              "Stage": "dev"
            },
            "timeouts": null
          },
          "sensitive_attributes": [],
          "private": "eyJlMmJmYjczMC1lY2FhLTExZTYtOGY4OC0zNDM2M2JjN2M0YzAiOnsiY3JlYXRlIjo2MDAwMDAwMDAwMDAsImRlbGV0ZSI6MTgwMDAwMDAwMDAwMCwidXBkYXRlIjo2MDAwMDAwMDAwMDB9fQ==",
          "dependencies": [
            "module.public_private_subnets.aws_eip.default",
            "module.public_private_subnets.aws_eip_association.nat_instance",
            "module.public_private_subnets.aws_instance.nat_instance",
            "module.public_private_subnets.aws_security_group.nat_instance",
            "module.public_private_subnets.aws_subnet.public",
            "module.public_private_subnets.data.aws_ami.nat_instance",
            "module.public_private_subnets.data.aws_availability_zones.default",
            "module.public_private_subnets.data.aws_eip.nat",
            "module.public_private_subnets.data.aws_vpc.default",
            "module.vpc.aws_vpc.default"
          ]
        }
      ]
    },
    {
      "module": "module.public_private_subnets",
      "mode": "managed",
      "type": "aws_network_acl",
      "name": "private",
      "provider": "provider[\"registry.terraform.io/hashicorp/aws\"]",
      "instances": [
        {
          "index_key": 0,
          "schema_version": 0,
          "attributes": {
            "arn": "arn:aws:ec2:us-east-1:203918842945:network-acl/acl-0bad9aecb97f95cd5",
            "egress": [
              {
                "action": "allow",
                "cidr_block": "0.0.0.0/0",
                "from_port": 0,
                "icmp_code": 0,
                "icmp_type": 0,
                "ipv6_cidr_block": "",
                "protocol": "-1",
                "rule_no": 100,
                "to_port": 0
              }
            ],
            "id": "acl-0bad9aecb97f95cd5",
            "ingress": [
              {
                "action": "allow",
                "cidr_block": "0.0.0.0/0",
                "from_port": 0,
                "icmp_code": 0,
                "icmp_type": 0,
                "ipv6_cidr_block": "",
                "protocol": "-1",
                "rule_no": 100,
                "to_port": 0
              }
            ],
            "owner_id": "203918842945",
            "subnet_ids": [
              "subnet-018c259d093563656",
              "subnet-074dcd6107539c8c2"
            ],
            "tags": {
              "Attributes": "public-private",
              "Name": "vitality-dev-app-public-private",
              "Namespace": "vitality",
              "Stage": "dev"
            },
            "tags_all": {
              "Attributes": "public-private",
              "Name": "vitality-dev-app-public-private",
              "Namespace": "vitality",
              "Stage": "dev"
            },
            "vpc_id": "vpc-07681cd3054d9f772"
          },
          "sensitive_attributes": [],
          "private": "bnVsbA==",
          "dependencies": [
            "module.public_private_subnets.aws_subnet.private",
            "module.public_private_subnets.data.aws_availability_zones.default",
            "module.public_private_subnets.data.aws_vpc.default",
            "module.vpc.aws_vpc.default"
          ]
        }
      ]
    },
    {
      "module": "module.public_private_subnets",
      "mode": "managed",
      "type": "aws_network_acl",
      "name": "public",
      "provider": "provider[\"registry.terraform.io/hashicorp/aws\"]",
      "instances": [
        {
          "index_key": 0,
          "schema_version": 0,
          "attributes": {
            "arn": "arn:aws:ec2:us-east-1:203918842945:network-acl/acl-035dc708eff828bab",
            "egress": [
              {
                "action": "allow",
                "cidr_block": "0.0.0.0/0",
                "from_port": 0,
                "icmp_code": 0,
                "icmp_type": 0,
                "ipv6_cidr_block": "",
                "protocol": "-1",
                "rule_no": 100,
                "to_port": 0
              }
            ],
            "id": "acl-035dc708eff828bab",
            "ingress": [
              {
                "action": "allow",
                "cidr_block": "0.0.0.0/0",
                "from_port": 0,
                "icmp_code": 0,
                "icmp_type": 0,
                "ipv6_cidr_block": "",
                "protocol": "-1",
                "rule_no": 100,
                "to_port": 0
              }
            ],
            "owner_id": "203918842945",
            "subnet_ids": [
              "subnet-08db065a30264ca79",
              "subnet-0f46822cfaf7d5ee9"
            ],
            "tags": {
              "Attributes": "public-private",
              "Name": "vitality-dev-app-public-private",
              "Namespace": "vitality",
              "Stage": "dev"
            },
            "tags_all": {
              "Attributes": "public-private",
              "Name": "vitality-dev-app-public-private",
              "Namespace": "vitality",
              "Stage": "dev"
            },
            "vpc_id": "vpc-07681cd3054d9f772"
          },
          "sensitive_attributes": [],
          "private": "bnVsbA==",
          "dependencies": [
            "module.public_private_subnets.aws_subnet.public",
            "module.public_private_subnets.data.aws_availability_zones.default",
            "module.public_private_subnets.data.aws_vpc.default",
            "module.vpc.aws_vpc.default"
          ]
        }
      ]
    },
    {
      "module": "module.public_private_subnets",
      "mode": "managed",
      "type": "aws_network_acl_rule",
      "name": "private4_egress",
      "provider": "provider[\"registry.terraform.io/hashicorp/aws\"]",
      "instances": [
        {
          "index_key": 0,
          "schema_version": 0,
          "attributes": {
            "cidr_block": "0.0.0.0/0",
            "egress": true,
            "from_port": 0,
            "icmp_code": null,
            "icmp_type": null,
            "id": "nacl-3472789838",
            "ipv6_cidr_block": "",
            "network_acl_id": "acl-0bad9aecb97f95cd5",
            "protocol": "-1",
            "rule_action": "allow",
            "rule_number": 100,
            "to_port": 0
          },
          "sensitive_attributes": [],
          "private": "bnVsbA==",
          "dependencies": [
            "module.public_private_subnets.aws_network_acl.private",
            "module.public_private_subnets.aws_subnet.private",
            "module.public_private_subnets.data.aws_availability_zones.default",
            "module.public_private_subnets.data.aws_vpc.default",
            "module.vpc.aws_vpc.default"
          ]
        }
      ]
    },
    {
      "module": "module.public_private_subnets",
      "mode": "managed",
      "type": "aws_network_acl_rule",
      "name": "private4_ingress",
      "provider": "provider[\"registry.terraform.io/hashicorp/aws\"]",
      "instances": [
        {
          "index_key": 0,
          "schema_version": 0,
          "attributes": {
            "cidr_block": "0.0.0.0/0",
            "egress": false,
            "from_port": 0,
            "icmp_code": null,
            "icmp_type": null,
            "id": "nacl-3396620699",
            "ipv6_cidr_block": "",
            "network_acl_id": "acl-0bad9aecb97f95cd5",
            "protocol": "-1",
            "rule_action": "allow",
            "rule_number": 100,
            "to_port": 0
          },
          "sensitive_attributes": [],
          "private": "bnVsbA==",
          "dependencies": [
            "module.public_private_subnets.aws_network_acl.private",
            "module.public_private_subnets.aws_subnet.private",
            "module.public_private_subnets.data.aws_availability_zones.default",
            "module.public_private_subnets.data.aws_vpc.default",
            "module.vpc.aws_vpc.default"
          ]
        }
      ]
    },
    {
      "module": "module.public_private_subnets",
      "mode": "managed",
      "type": "aws_network_acl_rule",
      "name": "private6_egress",
      "provider": "provider[\"registry.terraform.io/hashicorp/aws\"]",
      "instances": []
    },
    {
      "module": "module.public_private_subnets",
      "mode": "managed",
      "type": "aws_network_acl_rule",
      "name": "private6_ingress",
      "provider": "provider[\"registry.terraform.io/hashicorp/aws\"]",
      "instances": []
    },
    {
      "module": "module.public_private_subnets",
      "mode": "managed",
      "type": "aws_network_acl_rule",
      "name": "public4_egress",
      "provider": "provider[\"registry.terraform.io/hashicorp/aws\"]",
      "instances": [
        {
          "index_key": 0,
          "schema_version": 0,
          "attributes": {
            "cidr_block": "0.0.0.0/0",
            "egress": true,
            "from_port": 0,
            "icmp_code": null,
            "icmp_type": null,
            "id": "nacl-2498365947",
            "ipv6_cidr_block": "",
            "network_acl_id": "acl-035dc708eff828bab",
            "protocol": "-1",
            "rule_action": "allow",
            "rule_number": 100,
            "to_port": 0
          },
          "sensitive_attributes": [],
          "private": "bnVsbA==",
          "dependencies": [
            "module.public_private_subnets.aws_network_acl.public",
            "module.public_private_subnets.aws_subnet.public",
            "module.public_private_subnets.data.aws_availability_zones.default",
            "module.public_private_subnets.data.aws_vpc.default",
            "module.vpc.aws_vpc.default"
          ]
        }
      ]
    },
    {
      "module": "module.public_private_subnets",
      "mode": "managed",
      "type": "aws_network_acl_rule",
      "name": "public4_ingress",
      "provider": "provider[\"registry.terraform.io/hashicorp/aws\"]",
      "instances": [
        {
          "index_key": 0,
          "schema_version": 0,
          "attributes": {
            "cidr_block": "0.0.0.0/0",
            "egress": false,
            "from_port": 0,
            "icmp_code": null,
            "icmp_type": null,
            "id": "nacl-1898250752",
            "ipv6_cidr_block": "",
            "network_acl_id": "acl-035dc708eff828bab",
            "protocol": "-1",
            "rule_action": "allow",
            "rule_number": 100,
            "to_port": 0
          },
          "sensitive_attributes": [],
          "private": "bnVsbA==",
          "dependencies": [
            "module.public_private_subnets.aws_network_acl.public",
            "module.public_private_subnets.aws_subnet.public",
            "module.public_private_subnets.data.aws_availability_zones.default",
            "module.public_private_subnets.data.aws_vpc.default",
            "module.vpc.aws_vpc.default"
          ]
        }
      ]
    },
    {
      "module": "module.public_private_subnets",
      "mode": "managed",
      "type": "aws_network_acl_rule",
      "name": "public6_egress",
      "provider": "provider[\"registry.terraform.io/hashicorp/aws\"]",
      "instances": []
    },
    {
      "module": "module.public_private_subnets",
      "mode": "managed",
      "type": "aws_network_acl_rule",
      "name": "public6_ingress",
      "provider": "provider[\"registry.terraform.io/hashicorp/aws\"]",
      "instances": []
    },
    {
      "module": "module.public_private_subnets",
      "mode": "managed",
      "type": "aws_route",
      "name": "nat4",
      "provider": "provider[\"registry.terraform.io/hashicorp/aws\"]",
      "instances": [
        {
          "index_key": 0,
          "schema_version": 0,
          "attributes": {
            "carrier_gateway_id": "",
            "core_network_arn": "",
            "destination_cidr_block": "0.0.0.0/0",
            "destination_ipv6_cidr_block": "",
            "destination_prefix_list_id": "",
            "egress_only_gateway_id": "",
            "gateway_id": "",
            "id": "r-rtb-0364bab632a511e831080289494",
            "instance_id": "",
            "instance_owner_id": "",
            "local_gateway_id": "",
            "nat_gateway_id": "nat-033fb51789dd0f44e",
            "network_interface_id": "",
            "origin": "CreateRoute",
            "route_table_id": "rtb-0364bab632a511e83",
            "state": "active",
            "timeouts": {
              "create": null,
              "delete": null,
              "update": null
            },
            "transit_gateway_id": "",
            "vpc_endpoint_id": "",
            "vpc_peering_connection_id": ""
          },
          "sensitive_attributes": [],
          "private": "eyJlMmJmYjczMC1lY2FhLTExZTYtOGY4OC0zNDM2M2JjN2M0YzAiOnsiY3JlYXRlIjozMDAwMDAwMDAwMDAsImRlbGV0ZSI6MzAwMDAwMDAwMDAwLCJ1cGRhdGUiOjEyMDAwMDAwMDAwMH19",
          "dependencies": [
            "module.public_private_subnets.aws_eip.default",
            "module.public_private_subnets.aws_eip_association.nat_instance",
            "module.public_private_subnets.aws_instance.nat_instance",
            "module.public_private_subnets.aws_nat_gateway.default",
            "module.public_private_subnets.aws_route_table.private",
            "module.public_private_subnets.aws_security_group.nat_instance",
            "module.public_private_subnets.aws_subnet.public",
            "module.public_private_subnets.data.aws_ami.nat_instance",
            "module.public_private_subnets.data.aws_availability_zones.default",
            "module.public_private_subnets.data.aws_eip.nat",
            "module.public_private_subnets.data.aws_vpc.default",
            "module.vpc.aws_vpc.default"
          ]
        },
        {
          "index_key": 1,
          "schema_version": 0,
          "attributes": {
            "carrier_gateway_id": "",
            "core_network_arn": "",
            "destination_cidr_block": "0.0.0.0/0",
            "destination_ipv6_cidr_block": "",
            "destination_prefix_list_id": "",
            "egress_only_gateway_id": "",
            "gateway_id": "",
            "id": "r-rtb-0da36ea8d9376f7711080289494",
            "instance_id": "",
            "instance_owner_id": "",
            "local_gateway_id": "",
            "nat_gateway_id": "nat-0485fd3999e1c7d5e",
            "network_interface_id": "",
            "origin": "CreateRoute",
            "route_table_id": "rtb-0da36ea8d9376f771",
            "state": "active",
            "timeouts": {
              "create": null,
              "delete": null,
              "update": null
            },
            "transit_gateway_id": "",
            "vpc_endpoint_id": "",
            "vpc_peering_connection_id": ""
          },
          "sensitive_attributes": [],
          "private": "eyJlMmJmYjczMC1lY2FhLTExZTYtOGY4OC0zNDM2M2JjN2M0YzAiOnsiY3JlYXRlIjozMDAwMDAwMDAwMDAsImRlbGV0ZSI6MzAwMDAwMDAwMDAwLCJ1cGRhdGUiOjEyMDAwMDAwMDAwMH19",
          "dependencies": [
            "module.public_private_subnets.aws_eip.default",
            "module.public_private_subnets.aws_eip_association.nat_instance",
            "module.public_private_subnets.aws_instance.nat_instance",
            "module.public_private_subnets.aws_nat_gateway.default",
            "module.public_private_subnets.aws_route_table.private",
            "module.public_private_subnets.aws_security_group.nat_instance",
            "module.public_private_subnets.aws_subnet.public",
            "module.public_private_subnets.data.aws_ami.nat_instance",
            "module.public_private_subnets.data.aws_availability_zones.default",
            "module.public_private_subnets.data.aws_eip.nat",
            "module.public_private_subnets.data.aws_vpc.default",
            "module.vpc.aws_vpc.default"
          ]
        }
      ]
    },
    {
      "module": "module.public_private_subnets",
      "mode": "managed",
      "type": "aws_route",
      "name": "nat_instance",
      "provider": "provider[\"registry.terraform.io/hashicorp/aws\"]",
      "instances": []
    },
    {
      "module": "module.public_private_subnets",
      "mode": "managed",
      "type": "aws_route",
      "name": "private6",
      "provider": "provider[\"registry.terraform.io/hashicorp/aws\"]",
      "instances": []
    },
    {
      "module": "module.public_private_subnets",
      "mode": "managed",
      "type": "aws_route",
      "name": "private_nat64",
      "provider": "provider[\"registry.terraform.io/hashicorp/aws\"]",
      "instances": []
    },
    {
      "module": "module.public_private_subnets",
      "mode": "managed",
      "type": "aws_route",
      "name": "public",
      "provider": "provider[\"registry.terraform.io/hashicorp/aws\"]",
      "instances": [
        {
          "index_key": 0,
          "schema_version": 0,
          "attributes": {
            "carrier_gateway_id": "",
            "core_network_arn": "",
            "destination_cidr_block": "0.0.0.0/0",
            "destination_ipv6_cidr_block": "",
            "destination_prefix_list_id": "",
            "egress_only_gateway_id": "",
            "gateway_id": "igw-0e9ea34bd18152efa",
            "id": "r-rtb-0e8dd3caaa9f014e31080289494",
            "instance_id": "",
            "instance_owner_id": "",
            "local_gateway_id": "",
            "nat_gateway_id": "",
            "network_interface_id": "",
            "origin": "CreateRoute",
            "route_table_id": "rtb-0e8dd3caaa9f014e3",
            "state": "active",
            "timeouts": {
              "create": null,
              "delete": null,
              "update": null
            },
            "transit_gateway_id": "",
            "vpc_endpoint_id": "",
            "vpc_peering_connection_id": ""
          },
          "sensitive_attributes": [],
          "private": "eyJlMmJmYjczMC1lY2FhLTExZTYtOGY4OC0zNDM2M2JjN2M0YzAiOnsiY3JlYXRlIjozMDAwMDAwMDAwMDAsImRlbGV0ZSI6MzAwMDAwMDAwMDAwLCJ1cGRhdGUiOjEyMDAwMDAwMDAwMH19",
          "dependencies": [
            "module.public_private_subnets.aws_route_table.public",
            "module.public_private_subnets.data.aws_availability_zones.default",
            "module.vpc.aws_internet_gateway.default",
            "module.vpc.aws_vpc.default"
          ]
        }
      ]
    },
    {
      "module": "module.public_private_subnets",
      "mode": "managed",
      "type": "aws_route",
      "name": "public6",
      "provider": "provider[\"registry.terraform.io/hashicorp/aws\"]",
      "instances": []
    },
    {
      "module": "module.public_private_subnets",
      "mode": "managed",
      "type": "aws_route",
      "name": "public_nat64",
      "provider": "provider[\"registry.terraform.io/hashicorp/aws\"]",
      "instances": []
    },
    {
      "module": "module.public_private_subnets",
      "mode": "managed",
      "type": "aws_route_table",
      "name": "private",
      "provider": "provider[\"registry.terraform.io/hashicorp/aws\"]",
      "instances": [
        {
          "index_key": 0,
          "schema_version": 0,
          "attributes": {
            "arn": "arn:aws:ec2:us-east-1:203918842945:route-table/rtb-0364bab632a511e83",
            "id": "rtb-0364bab632a511e83",
            "owner_id": "203918842945",
            "propagating_vgws": [],
            "route": [
              {
                "carrier_gateway_id": "",
                "cidr_block": "0.0.0.0/0",
                "core_network_arn": "",
                "destination_prefix_list_id": "",
                "egress_only_gateway_id": "",
                "gateway_id": "",
                "ipv6_cidr_block": "",
                "local_gateway_id": "",
                "nat_gateway_id": "nat-033fb51789dd0f44e",
                "network_interface_id": "",
                "transit_gateway_id": "",
                "vpc_endpoint_id": "",
                "vpc_peering_connection_id": ""
              }
            ],
            "tags": {
              "Attributes": "public-private",
              "Name": "vitality-dev-app-public-private-use1a",
              "Namespace": "vitality",
              "Stage": "dev"
            },
            "tags_all": {
              "Attributes": "public-private",
              "Name": "vitality-dev-app-public-private-use1a",
              "Namespace": "vitality",
              "Stage": "dev"
            },
            "timeouts": null,
            "vpc_id": "vpc-07681cd3054d9f772"
          },
          "sensitive_attributes": [],
          "private": "eyJlMmJmYjczMC1lY2FhLTExZTYtOGY4OC0zNDM2M2JjN2M0YzAiOnsiY3JlYXRlIjozMDAwMDAwMDAwMDAsImRlbGV0ZSI6MzAwMDAwMDAwMDAwLCJ1cGRhdGUiOjEyMDAwMDAwMDAwMH19",
          "dependencies": [
            "module.public_private_subnets.data.aws_availability_zones.default",
            "module.vpc.aws_vpc.default"
          ]
        },
        {
          "index_key": 1,
          "schema_version": 0,
          "attributes": {
            "arn": "arn:aws:ec2:us-east-1:203918842945:route-table/rtb-0da36ea8d9376f771",
            "id": "rtb-0da36ea8d9376f771",
            "owner_id": "203918842945",
            "propagating_vgws": [],
            "route": [
              {
                "carrier_gateway_id": "",
                "cidr_block": "0.0.0.0/0",
                "core_network_arn": "",
                "destination_prefix_list_id": "",
                "egress_only_gateway_id": "",
                "gateway_id": "",
                "ipv6_cidr_block": "",
                "local_gateway_id": "",
                "nat_gateway_id": "nat-0485fd3999e1c7d5e",
                "network_interface_id": "",
                "transit_gateway_id": "",
                "vpc_endpoint_id": "",
                "vpc_peering_connection_id": ""
              }
            ],
            "tags": {
              "Attributes": "public-private",
              "Name": "vitality-dev-app-public-private-use1b",
              "Namespace": "vitality",
              "Stage": "dev"
            },
            "tags_all": {
              "Attributes": "public-private",
              "Name": "vitality-dev-app-public-private-use1b",
              "Namespace": "vitality",
              "Stage": "dev"
            },
            "timeouts": null,
            "vpc_id": "vpc-07681cd3054d9f772"
          },
          "sensitive_attributes": [],
          "private": "eyJlMmJmYjczMC1lY2FhLTExZTYtOGY4OC0zNDM2M2JjN2M0YzAiOnsiY3JlYXRlIjozMDAwMDAwMDAwMDAsImRlbGV0ZSI6MzAwMDAwMDAwMDAwLCJ1cGRhdGUiOjEyMDAwMDAwMDAwMH19",
          "dependencies": [
            "module.public_private_subnets.data.aws_availability_zones.default",
            "module.vpc.aws_vpc.default"
          ]
        }
      ]
    },
    {
      "module": "module.public_private_subnets",
      "mode": "managed",
      "type": "aws_route_table",
      "name": "public",
      "provider": "provider[\"registry.terraform.io/hashicorp/aws\"]",
      "instances": [
        {
          "index_key": 0,
          "schema_version": 0,
          "attributes": {
            "arn": "arn:aws:ec2:us-east-1:203918842945:route-table/rtb-0e8dd3caaa9f014e3",
            "id": "rtb-0e8dd3caaa9f014e3",
            "owner_id": "203918842945",
            "propagating_vgws": [],
            "route": [
              {
                "carrier_gateway_id": "",
                "cidr_block": "0.0.0.0/0",
                "core_network_arn": "",
                "destination_prefix_list_id": "",
                "egress_only_gateway_id": "",
                "gateway_id": "igw-0e9ea34bd18152efa",
                "ipv6_cidr_block": "",
                "local_gateway_id": "",
                "nat_gateway_id": "",
                "network_interface_id": "",
                "transit_gateway_id": "",
                "vpc_endpoint_id": "",
                "vpc_peering_connection_id": ""
              }
            ],
            "tags": {
              "Attributes": "public-private",
              "Name": "vitality-dev-app-public-private",
              "Namespace": "vitality",
              "Stage": "dev"
            },
            "tags_all": {
              "Attributes": "public-private",
              "Name": "vitality-dev-app-public-private",
              "Namespace": "vitality",
              "Stage": "dev"
            },
            "timeouts": null,
            "vpc_id": "vpc-07681cd3054d9f772"
          },
          "sensitive_attributes": [],
          "private": "eyJlMmJmYjczMC1lY2FhLTExZTYtOGY4OC0zNDM2M2JjN2M0YzAiOnsiY3JlYXRlIjozMDAwMDAwMDAwMDAsImRlbGV0ZSI6MzAwMDAwMDAwMDAwLCJ1cGRhdGUiOjEyMDAwMDAwMDAwMH19",
          "dependencies": [
            "module.public_private_subnets.data.aws_availability_zones.default",
            "module.vpc.aws_vpc.default"
          ]
        }
      ]
    },
    {
      "module": "module.public_private_subnets",
      "mode": "managed",
      "type": "aws_route_table_association",
      "name": "private",
      "provider": "provider[\"registry.terraform.io/hashicorp/aws\"]",
      "instances": [
        {
          "index_key": 0,
          "schema_version": 0,
          "attributes": {
            "gateway_id": "",
            "id": "rtbassoc-0fa6494bcf45ee300",
            "route_table_id": "rtb-0364bab632a511e83",
            "subnet_id": "subnet-074dcd6107539c8c2",
            "timeouts": null
          },
          "sensitive_attributes": [],
          "private": "eyJlMmJmYjczMC1lY2FhLTExZTYtOGY4OC0zNDM2M2JjN2M0YzAiOnsiY3JlYXRlIjozMDAwMDAwMDAwMDAsImRlbGV0ZSI6MzAwMDAwMDAwMDAwLCJ1cGRhdGUiOjEyMDAwMDAwMDAwMH19",
          "dependencies": [
            "module.public_private_subnets.aws_route_table.private",
            "module.public_private_subnets.aws_subnet.private",
            "module.public_private_subnets.data.aws_availability_zones.default",
            "module.public_private_subnets.data.aws_vpc.default",
            "module.vpc.aws_vpc.default"
          ]
        },
        {
          "index_key": 1,
          "schema_version": 0,
          "attributes": {
            "gateway_id": "",
            "id": "rtbassoc-0aa093401e02c3886",
            "route_table_id": "rtb-0da36ea8d9376f771",
            "subnet_id": "subnet-018c259d093563656",
            "timeouts": null
          },
          "sensitive_attributes": [],
          "private": "eyJlMmJmYjczMC1lY2FhLTExZTYtOGY4OC0zNDM2M2JjN2M0YzAiOnsiY3JlYXRlIjozMDAwMDAwMDAwMDAsImRlbGV0ZSI6MzAwMDAwMDAwMDAwLCJ1cGRhdGUiOjEyMDAwMDAwMDAwMH19",
          "dependencies": [
            "module.public_private_subnets.aws_route_table.private",
            "module.public_private_subnets.aws_subnet.private",
            "module.public_private_subnets.data.aws_availability_zones.default",
            "module.public_private_subnets.data.aws_vpc.default",
            "module.vpc.aws_vpc.default"
          ]
        }
      ]
    },
    {
      "module": "module.public_private_subnets",
      "mode": "managed",
      "type": "aws_route_table_association",
      "name": "public",
      "provider": "provider[\"registry.terraform.io/hashicorp/aws\"]",
      "instances": [
        {
          "index_key": 0,
          "schema_version": 0,
          "attributes": {
            "gateway_id": "",
            "id": "rtbassoc-02f3aef3f1949c109",
            "route_table_id": "rtb-0e8dd3caaa9f014e3",
            "subnet_id": "subnet-0f46822cfaf7d5ee9",
            "timeouts": null
          },
          "sensitive_attributes": [],
          "private": "eyJlMmJmYjczMC1lY2FhLTExZTYtOGY4OC0zNDM2M2JjN2M0YzAiOnsiY3JlYXRlIjozMDAwMDAwMDAwMDAsImRlbGV0ZSI6MzAwMDAwMDAwMDAwLCJ1cGRhdGUiOjEyMDAwMDAwMDAwMH19",
          "dependencies": [
            "module.public_private_subnets.aws_route_table.public",
            "module.public_private_subnets.aws_subnet.public",
            "module.public_private_subnets.data.aws_availability_zones.default",
            "module.public_private_subnets.data.aws_vpc.default",
            "module.vpc.aws_vpc.default"
          ]
        },
        {
          "index_key": 1,
          "schema_version": 0,
          "attributes": {
            "gateway_id": "",
            "id": "rtbassoc-0b38f7a210cf71179",
            "route_table_id": "rtb-0e8dd3caaa9f014e3",
            "subnet_id": "subnet-08db065a30264ca79",
            "timeouts": null
          },
          "sensitive_attributes": [],
          "private": "eyJlMmJmYjczMC1lY2FhLTExZTYtOGY4OC0zNDM2M2JjN2M0YzAiOnsiY3JlYXRlIjozMDAwMDAwMDAwMDAsImRlbGV0ZSI6MzAwMDAwMDAwMDAwLCJ1cGRhdGUiOjEyMDAwMDAwMDAwMH19",
          "dependencies": [
            "module.public_private_subnets.aws_route_table.public",
            "module.public_private_subnets.aws_subnet.public",
            "module.public_private_subnets.data.aws_availability_zones.default",
            "module.public_private_subnets.data.aws_vpc.default",
            "module.vpc.aws_vpc.default"
          ]
        }
      ]
    },
    {
      "module": "module.public_private_subnets",
      "mode": "managed",
      "type": "aws_security_group",
      "name": "nat_instance",
      "provider": "provider[\"registry.terraform.io/hashicorp/aws\"]",
      "instances": []
    },
    {
      "module": "module.public_private_subnets",
      "mode": "managed",
      "type": "aws_security_group_rule",
      "name": "nat_instance_egress",
      "provider": "provider[\"registry.terraform.io/hashicorp/aws\"]",
      "instances": []
    },
    {
      "module": "module.public_private_subnets",
      "mode": "managed",
      "type": "aws_security_group_rule",
      "name": "nat_instance_ingress",
      "provider": "provider[\"registry.terraform.io/hashicorp/aws\"]",
      "instances": []
    },
    {
      "module": "module.public_private_subnets",
      "mode": "managed",
      "type": "aws_subnet",
      "name": "private",
      "provider": "provider[\"registry.terraform.io/hashicorp/aws\"]",
      "instances": [
        {
          "index_key": 0,
          "schema_version": 1,
          "attributes": {
            "arn": "arn:aws:ec2:us-east-1:203918842945:subnet/subnet-074dcd6107539c8c2",
            "assign_ipv6_address_on_creation": false,
            "availability_zone": "us-east-1a",
            "availability_zone_id": "use1-az4",
            "cidr_block": "10.0.0.0/24",
            "customer_owned_ipv4_pool": "",
            "enable_dns64": false,
            "enable_lni_at_device_index": 0,
            "enable_resource_name_dns_a_record_on_launch": false,
            "enable_resource_name_dns_aaaa_record_on_launch": false,
            "id": "subnet-074dcd6107539c8c2",
            "ipv6_cidr_block": "",
            "ipv6_cidr_block_association_id": "",
            "ipv6_native": false,
            "map_customer_owned_ip_on_launch": false,
            "map_public_ip_on_launch": false,
            "outpost_arn": "",
            "owner_id": "203918842945",
            "private_dns_hostname_type_on_launch": "ip-name",
            "tags": {
              "Attributes": "public-private",
              "Name": "vitality-dev-app-public-private-use1a",
              "Namespace": "vitality",
              "Stage": "dev"
            },
            "tags_all": {
              "Attributes": "public-private",
              "Name": "vitality-dev-app-public-private-use1a",
              "Namespace": "vitality",
              "Stage": "dev"
            },
            "timeouts": {
              "create": null,
              "delete": null
            },
            "vpc_id": "vpc-07681cd3054d9f772"
          },
          "sensitive_attributes": [],
          "private": "eyJlMmJmYjczMC1lY2FhLTExZTYtOGY4OC0zNDM2M2JjN2M0YzAiOnsiY3JlYXRlIjo2MDAwMDAwMDAwMDAsImRlbGV0ZSI6MTIwMDAwMDAwMDAwMH0sInNjaGVtYV92ZXJzaW9uIjoiMSJ9",
          "dependencies": [
            "module.public_private_subnets.data.aws_availability_zones.default",
            "module.public_private_subnets.data.aws_vpc.default",
            "module.vpc.aws_vpc.default"
          ]
        },
        {
          "index_key": 1,
          "schema_version": 1,
          "attributes": {
            "arn": "arn:aws:ec2:us-east-1:203918842945:subnet/subnet-018c259d093563656",
            "assign_ipv6_address_on_creation": false,
            "availability_zone": "us-east-1b",
            "availability_zone_id": "use1-az6",
            "cidr_block": "10.0.1.0/24",
            "customer_owned_ipv4_pool": "",
            "enable_dns64": false,
            "enable_lni_at_device_index": 0,
            "enable_resource_name_dns_a_record_on_launch": false,
            "enable_resource_name_dns_aaaa_record_on_launch": false,
            "id": "subnet-018c259d093563656",
            "ipv6_cidr_block": "",
            "ipv6_cidr_block_association_id": "",
            "ipv6_native": false,
            "map_customer_owned_ip_on_launch": false,
            "map_public_ip_on_launch": false,
            "outpost_arn": "",
            "owner_id": "203918842945",
            "private_dns_hostname_type_on_launch": "ip-name",
            "tags": {
              "Attributes": "public-private",
              "Name": "vitality-dev-app-public-private-use1b",
              "Namespace": "vitality",
              "Stage": "dev"
            },
            "tags_all": {
              "Attributes": "public-private",
              "Name": "vitality-dev-app-public-private-use1b",
              "Namespace": "vitality",
              "Stage": "dev"
            },
            "timeouts": {
              "create": null,
              "delete": null
            },
            "vpc_id": "vpc-07681cd3054d9f772"
          },
          "sensitive_attributes": [],
          "private": "eyJlMmJmYjczMC1lY2FhLTExZTYtOGY4OC0zNDM2M2JjN2M0YzAiOnsiY3JlYXRlIjo2MDAwMDAwMDAwMDAsImRlbGV0ZSI6MTIwMDAwMDAwMDAwMH0sInNjaGVtYV92ZXJzaW9uIjoiMSJ9",
          "dependencies": [
            "module.public_private_subnets.data.aws_availability_zones.default",
            "module.public_private_subnets.data.aws_vpc.default",
            "module.vpc.aws_vpc.default"
          ]
        }
      ]
    },
    {
      "module": "module.public_private_subnets",
      "mode": "managed",
      "type": "aws_subnet",
      "name": "public",
      "provider": "provider[\"registry.terraform.io/hashicorp/aws\"]",
      "instances": [
        {
          "index_key": 0,
          "schema_version": 1,
          "attributes": {
            "arn": "arn:aws:ec2:us-east-1:203918842945:subnet/subnet-0f46822cfaf7d5ee9",
            "assign_ipv6_address_on_creation": false,
            "availability_zone": "us-east-1a",
            "availability_zone_id": "use1-az4",
            "cidr_block": "10.0.6.0/24",
            "customer_owned_ipv4_pool": "",
            "enable_dns64": false,
            "enable_lni_at_device_index": 0,
            "enable_resource_name_dns_a_record_on_launch": false,
            "enable_resource_name_dns_aaaa_record_on_launch": false,
            "id": "subnet-0f46822cfaf7d5ee9",
            "ipv6_cidr_block": "",
            "ipv6_cidr_block_association_id": "",
            "ipv6_native": false,
            "map_customer_owned_ip_on_launch": false,
            "map_public_ip_on_launch": true,
            "outpost_arn": "",
            "owner_id": "203918842945",
            "private_dns_hostname_type_on_launch": "ip-name",
            "tags": {
              "Attributes": "public-private",
              "Name": "vitality-dev-app-public-private-use1a",
              "Namespace": "vitality",
              "Stage": "dev"
            },
            "tags_all": {
              "Attributes": "public-private",
              "Name": "vitality-dev-app-public-private-use1a",
              "Namespace": "vitality",
              "Stage": "dev"
            },
            "timeouts": {
              "create": null,
              "delete": null
            },
            "vpc_id": "vpc-07681cd3054d9f772"
          },
          "sensitive_attributes": [],
          "private": "eyJlMmJmYjczMC1lY2FhLTExZTYtOGY4OC0zNDM2M2JjN2M0YzAiOnsiY3JlYXRlIjo2MDAwMDAwMDAwMDAsImRlbGV0ZSI6MTIwMDAwMDAwMDAwMH0sInNjaGVtYV92ZXJzaW9uIjoiMSJ9",
          "dependencies": [
            "module.public_private_subnets.data.aws_availability_zones.default",
            "module.public_private_subnets.data.aws_vpc.default",
            "module.vpc.aws_vpc.default"
          ]
        },
        {
          "index_key": 1,
          "schema_version": 1,
          "attributes": {
            "arn": "arn:aws:ec2:us-east-1:203918842945:subnet/subnet-08db065a30264ca79",
            "assign_ipv6_address_on_creation": false,
            "availability_zone": "us-east-1b",
            "availability_zone_id": "use1-az6",
            "cidr_block": "10.0.7.0/24",
            "customer_owned_ipv4_pool": "",
            "enable_dns64": false,
            "enable_lni_at_device_index": 0,
            "enable_resource_name_dns_a_record_on_launch": false,
            "enable_resource_name_dns_aaaa_record_on_launch": false,
            "id": "subnet-08db065a30264ca79",
            "ipv6_cidr_block": "",
            "ipv6_cidr_block_association_id": "",
            "ipv6_native": false,
            "map_customer_owned_ip_on_launch": false,
            "map_public_ip_on_launch": true,
            "outpost_arn": "",
            "owner_id": "203918842945",
            "private_dns_hostname_type_on_launch": "ip-name",
            "tags": {
              "Attributes": "public-private",
              "Name": "vitality-dev-app-public-private-use1b",
              "Namespace": "vitality",
              "Stage": "dev"
            },
            "tags_all": {
              "Attributes": "public-private",
              "Name": "vitality-dev-app-public-private-use1b",
              "Namespace": "vitality",
              "Stage": "dev"
            },
            "timeouts": {
              "create": null,
              "delete": null
            },
            "vpc_id": "vpc-07681cd3054d9f772"
          },
          "sensitive_attributes": [],
          "private": "eyJlMmJmYjczMC1lY2FhLTExZTYtOGY4OC0zNDM2M2JjN2M0YzAiOnsiY3JlYXRlIjo2MDAwMDAwMDAwMDAsImRlbGV0ZSI6MTIwMDAwMDAwMDAwMH0sInNjaGVtYV92ZXJzaW9uIjoiMSJ9",
          "dependencies": [
            "module.public_private_subnets.data.aws_availability_zones.default",
            "module.public_private_subnets.data.aws_vpc.default",
            "module.vpc.aws_vpc.default"
          ]
        }
      ]
    },
    {
      "module": "module.public_private_subnets.module.utils",
      "mode": "data",
      "type": "aws_iam_policy_document",
      "name": "by_account",
      "provider": "provider[\"registry.terraform.io/hashicorp/aws\"]",
      "instances": []
    },
    {
      "module": "module.public_private_subnets.module.utils",
      "mode": "data",
      "type": "aws_iam_policy_document",
      "name": "by_region",
      "provider": "provider[\"registry.terraform.io/hashicorp/aws\"]",
      "instances": []
    },
    {
      "module": "module.public_private_subnets.module.utils",
      "mode": "data",
      "type": "aws_regions",
      "name": "complete",
      "provider": "provider[\"registry.terraform.io/hashicorp/aws\"]",
      "instances": [
        {
          "schema_version": 0,
          "attributes": {
            "all_regions": true,
            "filter": [],
            "id": "aws",
            "names": [
              "af-south-1",
              "ap-east-1",
              "ap-northeast-1",
              "ap-northeast-2",
              "ap-northeast-3",
              "ap-south-1",
              "ap-south-2",
              "ap-southeast-1",
              "ap-southeast-2",
              "ap-southeast-3",
              "ap-southeast-4",
              "ap-southeast-5",
              "ap-southeast-7",
              "ca-central-1",
              "ca-west-1",
              "eu-central-1",
              "eu-central-2",
              "eu-north-1",
              "eu-south-1",
              "eu-south-2",
              "eu-west-1",
              "eu-west-2",
              "eu-west-3",
              "il-central-1",
              "me-central-1",
              "me-south-1",
              "mx-central-1",
              "sa-east-1",
              "us-east-1",
              "us-east-2",
              "us-west-1",
              "us-west-2"
            ]
          },
          "sensitive_attributes": []
        }
      ]
    },
    {
      "module": "module.public_private_subnets.module.utils",
      "mode": "data",
      "type": "aws_regions",
      "name": "default",
      "provider": "provider[\"registry.terraform.io/hashicorp/aws\"]",
      "instances": [
        {
          "schema_version": 0,
          "attributes": {
            "all_regions": true,
            "filter": [
              {
                "name": "opt-in-status",
                "values": [
                  "opt-in-not-required"
                ]
              }
            ],
            "id": "aws",
            "names": [
              "ap-northeast-1",
              "ap-northeast-2",
              "ap-northeast-3",
              "ap-south-1",
              "ap-southeast-1",
              "ap-southeast-2",
              "ca-central-1",
              "eu-central-1",
              "eu-north-1",
              "eu-west-1",
              "eu-west-2",
              "eu-west-3",
              "sa-east-1",
              "us-east-1",
              "us-east-2",
              "us-west-1",
              "us-west-2"
            ]
          },
          "sensitive_attributes": []
        }
      ]
    },
    {
      "module": "module.public_private_subnets.module.utils",
      "mode": "data",
      "type": "aws_regions",
      "name": "not_opted_in",
      "provider": "provider[\"registry.terraform.io/hashicorp/aws\"]",
      "instances": [
        {
          "schema_version": 0,
          "attributes": {
            "all_regions": true,
            "filter": [
              {
                "name": "opt-in-status",
                "values": [
                  "not-opted-in"
                ]
              }
            ],
            "id": "aws",
            "names": [
              "af-south-1",
              "ap-east-1",
              "ap-south-2",
              "ap-southeast-3",
              "ap-southeast-4",
              "ap-southeast-5",
              "ap-southeast-7",
              "ca-west-1",
              "eu-central-2",
              "eu-south-1",
              "eu-south-2",
              "il-central-1",
              "me-central-1",
              "me-south-1",
              "mx-central-1"
            ]
          },
          "sensitive_attributes": []
        }
      ]
    },
    {
      "module": "module.public_private_subnets.module.utils",
      "mode": "data",
      "type": "aws_regions",
      "name": "opted_in",
      "provider": "provider[\"registry.terraform.io/hashicorp/aws\"]",
      "instances": [
        {
          "schema_version": 0,
          "attributes": {
            "all_regions": true,
            "filter": [
              {
                "name": "opt-in-status",
                "values": [
                  "opted-in"
                ]
              }
            ],
            "id": "aws",
            "names": []
          },
          "sensitive_attributes": []
        }
      ]
    },
    {
      "module": "module.vpc",
      "mode": "managed",
      "type": "aws_default_network_acl",
      "name": "default",
      "provider": "provider[\"registry.terraform.io/hashicorp/aws\"]",
      "instances": []
    },
    {
      "module": "module.vpc",
      "mode": "managed",
      "type": "aws_default_route_table",
      "name": "default",
      "provider": "provider[\"registry.terraform.io/hashicorp/aws\"]",
      "instances": []
    },
    {
      "module": "module.vpc",
      "mode": "managed",
      "type": "aws_default_security_group",
      "name": "default",
      "provider": "provider[\"registry.terraform.io/hashicorp/aws\"]",
      "instances": [
        {
          "index_key": 0,
          "schema_version": 1,
          "attributes": {
            "arn": "arn:aws:ec2:us-east-1:203918842945:security-group/sg-02fea1576a0f9efad",
            "description": "default VPC security group",
            "egress": [],
            "id": "sg-02fea1576a0f9efad",
            "ingress": [],
            "name": "default",
            "name_prefix": "",
            "owner_id": "203918842945",
            "revoke_rules_on_delete": false,
            "tags": {
              "Name": "vitality-dev-app-default",
              "Namespace": "vitality",
              "Stage": "dev"
            },
            "tags_all": {
              "Name": "vitality-dev-app-default",
              "Namespace": "vitality",
              "Stage": "dev"
            },
            "vpc_id": "vpc-07681cd3054d9f772"
          },
          "sensitive_attributes": [],
          "private": "eyJzY2hlbWFfdmVyc2lvbiI6IjEifQ==",
          "dependencies": [
            "module.vpc.aws_vpc.default"
          ]
        }
      ]
    },
    {
      "module": "module.vpc",
      "mode": "managed",
      "type": "aws_egress_only_internet_gateway",
      "name": "default",
      "provider": "provider[\"registry.terraform.io/hashicorp/aws\"]",
      "instances": []
    },
    {
      "module": "module.vpc",
      "mode": "managed",
      "type": "aws_internet_gateway",
      "name": "default",
      "provider": "provider[\"registry.terraform.io/hashicorp/aws\"]",
      "instances": [
        {
          "index_key": 0,
          "schema_version": 0,
          "attributes": {
            "arn": "arn:aws:ec2:us-east-1:203918842945:internet-gateway/igw-0e9ea34bd18152efa",
            "id": "igw-0e9ea34bd18152efa",
            "owner_id": "203918842945",
            "tags": {
              "Name": "vitality-dev-app",
              "Namespace": "vitality",
              "Stage": "dev"
            },
            "tags_all": {
              "Name": "vitality-dev-app",
              "Namespace": "vitality",
              "Stage": "dev"
            },
            "timeouts": null,
            "vpc_id": "vpc-07681cd3054d9f772"
          },
          "sensitive_attributes": [],
          "private": "eyJlMmJmYjczMC1lY2FhLTExZTYtOGY4OC0zNDM2M2JjN2M0YzAiOnsiY3JlYXRlIjoxMjAwMDAwMDAwMDAwLCJkZWxldGUiOjEyMDAwMDAwMDAwMDAsInVwZGF0ZSI6MTIwMDAwMDAwMDAwMH19",
          "dependencies": [
            "module.vpc.aws_vpc.default"
          ]
        }
      ]
    },
    {
      "module": "module.vpc",
      "mode": "managed",
      "type": "aws_vpc",
      "name": "default",
      "provider": "provider[\"registry.terraform.io/hashicorp/aws\"]",
      "instances": [
        {
          "index_key": 0,
          "schema_version": 1,
          "attributes": {
            "arn": "arn:aws:ec2:us-east-1:203918842945:vpc/vpc-07681cd3054d9f772",
            "assign_generated_ipv6_cidr_block": false,
            "cidr_block": "10.0.0.0/16",
            "default_network_acl_id": "acl-0b3af65977a1c6d63",
            "default_route_table_id": "rtb-0c717b6e887b87db9",
            "default_security_group_id": "sg-02fea1576a0f9efad",
            "dhcp_options_id": "dopt-0675ed68aee56a836",
            "enable_dns_hostnames": true,
            "enable_dns_support": true,
            "enable_network_address_usage_metrics": false,
            "id": "vpc-07681cd3054d9f772",
            "instance_tenancy": "default",
            "ipv4_ipam_pool_id": null,
            "ipv4_netmask_length": null,
            "ipv6_association_id": "",
            "ipv6_cidr_block": "",
            "ipv6_cidr_block_network_border_group": "",
            "ipv6_ipam_pool_id": "",
            "ipv6_netmask_length": 0,
            "main_route_table_id": "rtb-0c717b6e887b87db9",
            "owner_id": "203918842945",
            "tags": {
              "Name": "vitality-dev-app",
              "Namespace": "vitality",
              "Stage": "dev"
            },
            "tags_all": {
              "Name": "vitality-dev-app",
              "Namespace": "vitality",
              "Stage": "dev"
            }
          },
          "sensitive_attributes": [],
          "private": "eyJzY2hlbWFfdmVyc2lvbiI6IjEifQ=="
        }
      ]
    },
    {
      "module": "module.vpc",
      "mode": "managed",
      "type": "aws_vpc_ipv4_cidr_block_association",
      "name": "default",
      "provider": "provider[\"registry.terraform.io/hashicorp/aws\"]",
      "instances": [
        {
          "index_key": "db",
          "schema_version": 0,
          "attributes": {
            "cidr_block": "12.0.0.0/16",
            "id": "vpc-cidr-assoc-0be21006e500ae265",
            "ipv4_ipam_pool_id": null,
            "ipv4_netmask_length": null,
            "timeouts": null,
            "vpc_id": "vpc-07681cd3054d9f772"
          },
          "sensitive_attributes": [],
          "private": "eyJlMmJmYjczMC1lY2FhLTExZTYtOGY4OC0zNDM2M2JjN2M0YzAiOnsiY3JlYXRlIjo2MDAwMDAwMDAwMDAsImRlbGV0ZSI6NjAwMDAwMDAwMDAwfX0=",
          "dependencies": [
            "module.vpc.aws_vpc.default"
          ]
        }
      ]
    },
    {
      "module": "module.vpc",
      "mode": "managed",
      "type": "aws_vpc_ipv6_cidr_block_association",
      "name": "default",
      "provider": "provider[\"registry.terraform.io/hashicorp/aws\"]",
      "instances": []
    }
  ],
  "check_results": [
    {
      "object_kind": "var",
      "config_addr": "module.public_private_subnets.module.nat_label.var.label_value_case",
      "status": "pass",
      "objects": [
        {
          "object_addr": "module.public_private_subnets.module.nat_label.var.label_value_case",
          "status": "pass"
        }
      ]
    },
    {
      "object_kind": "var",
      "config_addr": "module.public_private_subnets.module.private_label.var.id_length_limit",
      "status": "pass",
      "objects": [
        {
          "object_addr": "module.public_private_subnets.module.private_label.var.id_length_limit",
          "status": "pass"
        }
      ]
    },
    {
      "object_kind": "var",
      "config_addr": "module.private_only_subnets.module.private_label.var.id_length_limit",
      "status": "pass",
      "objects": [
        {
          "object_addr": "module.private_only_subnets.module.private_label.var.id_length_limit",
          "status": "pass"
        }
      ]
    },
    {
      "object_kind": "var",
      "config_addr": "module.private_only_subnets.module.utils.var.id_length_limit",
      "status": "pass",
      "objects": [
        {
          "object_addr": "module.private_only_subnets.module.utils.var.id_length_limit",
          "status": "pass"
        }
      ]
    },
    {
      "object_kind": "var",
      "config_addr": "module.private_only_subnets.var.ipv4_cidrs",
      "status": "pass",
      "objects": [
        {
          "object_addr": "module.private_only_subnets.var.ipv4_cidrs",
          "status": "pass"
        }
      ]
    },
    {
      "object_kind": "var",
      "config_addr": "module.private_only_subnets.var.label_value_case",
      "status": "pass",
      "objects": [
        {
          "object_addr": "module.private_only_subnets.var.label_value_case",
          "status": "pass"
        }
      ]
    },
    {
      "object_kind": "var",
      "config_addr": "module.vpc.var.instance_tenancy",
      "status": "pass",
      "objects": [
        {
          "object_addr": "module.vpc.var.instance_tenancy",
          "status": "pass"
        }
      ]
    },
    {
      "object_kind": "var",
      "config_addr": "module.public_private_subnets.var.subnets_per_az_count",
      "status": "pass",
      "objects": [
        {
          "object_addr": "module.public_private_subnets.var.subnets_per_az_count",
          "status": "pass"
        }
      ]
    },
    {
      "object_kind": "var",
      "config_addr": "module.private_only_subnets.var.context",
      "status": "pass",
      "objects": [
        {
          "object_addr": "module.private_only_subnets.var.context",
          "status": "pass"
        }
      ]
    },
    {
      "object_kind": "var",
      "config_addr": "module.private_only_subnets.var.subnets_per_az_count",
      "status": "pass",
      "objects": [
        {
          "object_addr": "module.private_only_subnets.var.subnets_per_az_count",
          "status": "pass"
        }
      ]
    },
    {
      "object_kind": "var",
      "config_addr": "module.public_private_subnets.module.utils.module.this.var.label_key_case",
      "status": "pass",
      "objects": [
        {
          "object_addr": "module.public_private_subnets.module.utils.module.this.var.label_key_case",
          "status": "pass"
        }
      ]
    },
    {
      "object_kind": "var",
      "config_addr": "module.public_private_subnets.module.public_label.var.context",
      "status": "pass",
      "objects": [
        {
          "object_addr": "module.public_private_subnets.module.public_label.var.context",
          "status": "pass"
        }
      ]
    },
    {
      "object_kind": "var",
      "config_addr": "module.private_only_subnets.var.nat_instance_ami_id",
      "status": "pass",
      "objects": [
        {
          "object_addr": "module.private_only_subnets.var.nat_instance_ami_id",
          "status": "pass"
        }
      ]
    },
    {
      "object_kind": "var",
      "config_addr": "module.private_only_subnets.module.nat_label.var.id_length_limit",
      "status": "pass",
      "objects": [
        {
          "object_addr": "module.private_only_subnets.module.nat_label.var.id_length_limit",
          "status": "pass"
        }
      ]
    },
    {
      "object_kind": "var",
      "config_addr": "module.private_only_subnets.module.utils.module.this.var.label_key_case",
      "status": "pass",
      "objects": [
        {
          "object_addr": "module.private_only_subnets.module.utils.module.this.var.label_key_case",
          "status": "pass"
        }
      ]
    },
    {
      "object_kind": "var",
      "config_addr": "module.public_private_subnets.module.utils.var.context",
      "status": "pass",
      "objects": [
        {
          "object_addr": "module.public_private_subnets.module.utils.var.context",
          "status": "pass"
        }
      ]
    },
    {
      "object_kind": "var",
      "config_addr": "module.this.var.context",
      "status": "pass",
      "objects": [
        {
          "object_addr": "module.this.var.context",
          "status": "pass"
        }
      ]
    },
    {
      "object_kind": "var",
      "config_addr": "module.private_only_subnets.module.utils.var.label_key_case",
      "status": "pass",
      "objects": [
        {
          "object_addr": "module.private_only_subnets.module.utils.var.label_key_case",
          "status": "pass"
        }
      ]
    },
    {
      "object_kind": "var",
      "config_addr": "module.vpc.module.this.var.label_value_case",
      "status": "pass",
      "objects": [
        {
          "object_addr": "module.vpc.module.this.var.label_value_case",
          "status": "pass"
        }
      ]
    },
    {
      "object_kind": "var",
      "config_addr": "module.public_private_subnets.var.nat_instance_ami_id",
      "status": "pass",
      "objects": [
        {
          "object_addr": "module.public_private_subnets.var.nat_instance_ami_id",
          "status": "pass"
        }
      ]
    },
    {
      "object_kind": "var",
      "config_addr": "module.private_only_subnets.module.utils.module.this.var.id_length_limit",
      "status": "pass",
      "objects": [
        {
          "object_addr": "module.private_only_subnets.module.utils.module.this.var.id_length_limit",
          "status": "pass"
        }
      ]
    },
    {
      "object_kind": "var",
      "config_addr": "module.private_only_subnets.module.this.var.context",
      "status": "pass",
      "objects": [
        {
          "object_addr": "module.private_only_subnets.module.this.var.context",
          "status": "pass"
        }
      ]
    },
    {
      "object_kind": "var",
      "config_addr": "module.public_private_subnets.module.private_label.var.label_value_case",
      "status": "pass",
      "objects": [
        {
          "object_addr": "module.public_private_subnets.module.private_label.var.label_value_case",
          "status": "pass"
        }
      ]
    },
    {
      "object_kind": "var",
      "config_addr": "module.public_private_subnets.module.nat_instance_label.var.id_length_limit",
      "status": "pass",
      "objects": [
        {
          "object_addr": "module.public_private_subnets.module.nat_instance_label.var.id_length_limit",
          "status": "pass"
        }
      ]
    },
    {
      "object_kind": "var",
      "config_addr": "module.private_only_subnets.module.nat_instance_label.var.label_value_case",
      "status": "pass",
      "objects": [
        {
          "object_addr": "module.private_only_subnets.module.nat_instance_label.var.label_value_case",
          "status": "pass"
        }
      ]
    },
    {
      "object_kind": "var",
      "config_addr": "module.public_private_subnets.module.public_label.var.label_key_case",
      "status": "pass",
      "objects": [
        {
          "object_addr": "module.public_private_subnets.module.public_label.var.label_key_case",
          "status": "pass"
        }
      ]
    },
    {
      "object_kind": "var",
      "config_addr": "module.public_private_subnets.module.utils.module.this.var.context",
      "status": "pass",
      "objects": [
        {
          "object_addr": "module.public_private_subnets.module.utils.module.this.var.context",
          "status": "pass"
        }
      ]
    },
    {
      "object_kind": "var",
      "config_addr": "module.public_private_subnets.module.utils.var.label_value_case",
      "status": "pass",
      "objects": [
        {
          "object_addr": "module.public_private_subnets.module.utils.var.label_value_case",
          "status": "pass"
        }
      ]
    },
    {
      "object_kind": "var",
      "config_addr": "var.context",
      "status": "pass",
      "objects": [
        {
          "object_addr": "var.context",
          "status": "pass"
        }
      ]
    },
    {
      "object_kind": "var",
      "config_addr": "module.public_private_subnets.module.this.var.label_key_case",
      "status": "pass",
      "objects": [
        {
          "object_addr": "module.public_private_subnets.module.this.var.label_key_case",
          "status": "pass"
        }
      ]
    },
    {
      "object_kind": "var",
      "config_addr": "module.private_only_subnets.module.public_label.var.id_length_limit",
      "status": "pass",
      "objects": [
        {
          "object_addr": "module.private_only_subnets.module.public_label.var.id_length_limit",
          "status": "pass"
        }
      ]
    },
    {
      "object_kind": "var",
      "config_addr": "module.vpc.var.context",
      "status": "pass",
      "objects": [
        {
          "object_addr": "module.vpc.var.context",
          "status": "pass"
        }
      ]
    },
    {
      "object_kind": "var",
      "config_addr": "module.private_only_subnets.module.public_label.var.label_key_case",
      "status": "pass",
      "objects": [
        {
          "object_addr": "module.private_only_subnets.module.public_label.var.label_key_case",
          "status": "pass"
        }
      ]
    },
    {
      "object_kind": "var",
      "config_addr": "module.private_only_subnets.module.nat_label.var.label_key_case",
      "status": "pass",
      "objects": [
        {
          "object_addr": "module.private_only_subnets.module.nat_label.var.label_key_case",
          "status": "pass"
        }
      ]
    },
    {
      "object_kind": "var",
      "config_addr": "module.private_only_subnets.var.ipv6_cidrs",
      "status": "pass",
      "objects": [
        {
          "object_addr": "module.private_only_subnets.var.ipv6_cidrs",
          "status": "pass"
        }
      ]
    },
    {
      "object_kind": "var",
      "config_addr": "module.public_private_subnets.module.private_label.var.context",
      "status": "pass",
      "objects": [
        {
          "object_addr": "module.public_private_subnets.module.private_label.var.context",
          "status": "pass"
        }
      ]
    },
    {
      "object_kind": "var",
      "config_addr": "module.public_private_subnets.var.label_value_case",
      "status": "pass",
      "objects": [
        {
          "object_addr": "module.public_private_subnets.var.label_value_case",
          "status": "pass"
        }
      ]
    },
    {
      "object_kind": "var",
      "config_addr": "module.public_private_subnets.var.ipv6_cidrs",
      "status": "pass",
      "objects": [
        {
          "object_addr": "module.public_private_subnets.var.ipv6_cidrs",
          "status": "pass"
        }
      ]
    },
    {
      "object_kind": "var",
      "config_addr": "module.public_private_subnets.module.this.var.id_length_limit",
      "status": "pass",
      "objects": [
        {
          "object_addr": "module.public_private_subnets.module.this.var.id_length_limit",
          "status": "pass"
        }
      ]
    },
    {
      "object_kind": "var",
      "config_addr": "module.public_private_subnets.var.ipv4_cidrs",
      "status": "pass",
      "objects": [
        {
          "object_addr": "module.public_private_subnets.var.ipv4_cidrs",
          "status": "pass"
        }
      ]
    },
    {
      "object_kind": "var",
      "config_addr": "module.private_only_subnets.var.id_length_limit",
      "status": "pass",
      "objects": [
        {
          "object_addr": "module.private_only_subnets.var.id_length_limit",
          "status": "pass"
        }
      ]
    },
    {
      "object_kind": "var",
      "config_addr": "var.id_length_limit",
      "status": "pass",
      "objects": [
        {
          "object_addr": "var.id_length_limit",
          "status": "pass"
        }
      ]
    },
    {
      "object_kind": "var",
      "config_addr": "module.this.var.id_length_limit",
      "status": "pass",
      "objects": [
        {
          "object_addr": "module.this.var.id_length_limit",
          "status": "pass"
        }
      ]
    },
    {
      "object_kind": "var",
      "config_addr": "module.private_only_subnets.module.this.var.id_length_limit",
      "status": "pass",
      "objects": [
        {
          "object_addr": "module.private_only_subnets.module.this.var.id_length_limit",
          "status": "pass"
        }
      ]
    },
    {
      "object_kind": "var",
      "config_addr": "module.private_only_subnets.module.private_label.var.label_key_case",
      "status": "pass",
      "objects": [
        {
          "object_addr": "module.private_only_subnets.module.private_label.var.label_key_case",
          "status": "pass"
        }
      ]
    },
    {
      "object_kind": "var",
      "config_addr": "module.private_only_subnets.var.label_key_case",
      "status": "pass",
      "objects": [
        {
          "object_addr": "module.private_only_subnets.var.label_key_case",
          "status": "pass"
        }
      ]
    },
    {
      "object_kind": "var",
      "config_addr": "module.private_only_subnets.module.public_label.var.label_value_case",
      "status": "pass",
      "objects": [
        {
          "object_addr": "module.private_only_subnets.module.public_label.var.label_value_case",
          "status": "pass"
        }
      ]
    },
    {
      "object_kind": "var",
      "config_addr": "module.public_private_subnets.module.utils.var.id_length_limit",
      "status": "pass",
      "objects": [
        {
          "object_addr": "module.public_private_subnets.module.utils.var.id_length_limit",
          "status": "pass"
        }
      ]
    },
    {
      "object_kind": "var",
      "config_addr": "module.public_private_subnets.module.this.var.context",
      "status": "pass",
      "objects": [
        {
          "object_addr": "module.public_private_subnets.module.this.var.context",
          "status": "pass"
        }
      ]
    },
    {
      "object_kind": "var",
      "config_addr": "module.private_only_subnets.module.nat_label.var.context",
      "status": "pass",
      "objects": [
        {
          "object_addr": "module.private_only_subnets.module.nat_label.var.context",
          "status": "pass"
        }
      ]
    },
    {
      "object_kind": "var",
      "config_addr": "module.private_only_subnets.module.nat_instance_label.var.context",
      "status": "pass",
      "objects": [
        {
          "object_addr": "module.private_only_subnets.module.nat_instance_label.var.context",
          "status": "pass"
        }
      ]
    },
    {
      "object_kind": "var",
      "config_addr": "var.label_value_case",
      "status": "pass",
      "objects": [
        {
          "object_addr": "var.label_value_case",
          "status": "pass"
        }
      ]
    },
    {
      "object_kind": "var",
      "config_addr": "module.public_private_subnets.module.private_label.var.label_key_case",
      "status": "pass",
      "objects": [
        {
          "object_addr": "module.public_private_subnets.module.private_label.var.label_key_case",
          "status": "pass"
        }
      ]
    },
    {
      "object_kind": "var",
      "config_addr": "module.public_private_subnets.module.public_label.var.id_length_limit",
      "status": "pass",
      "objects": [
        {
          "object_addr": "module.public_private_subnets.module.public_label.var.id_length_limit",
          "status": "pass"
        }
      ]
    },
    {
      "object_kind": "var",
      "config_addr": "module.private_only_subnets.var.ipv6_cidr_block",
      "status": "pass",
      "objects": [
        {
          "object_addr": "module.private_only_subnets.var.ipv6_cidr_block",
          "status": "pass"
        }
      ]
    },
    {
      "object_kind": "var",
      "config_addr": "module.vpc.module.label.var.label_value_case",
      "status": "pass",
      "objects": [
        {
          "object_addr": "module.vpc.module.label.var.label_value_case",
          "status": "pass"
        }
      ]
    },
    {
      "object_kind": "var",
      "config_addr": "module.private_only_subnets.module.utils.module.this.var.context",
      "status": "pass",
      "objects": [
        {
          "object_addr": "module.private_only_subnets.module.utils.module.this.var.context",
          "status": "pass"
        }
      ]
    },
    {
      "object_kind": "var",
      "config_addr": "module.private_only_subnets.module.utils.module.this.var.label_value_case",
      "status": "pass",
      "objects": [
        {
          "object_addr": "module.private_only_subnets.module.utils.module.this.var.label_value_case",
          "status": "pass"
        }
      ]
    },
    {
      "object_kind": "var",
      "config_addr": "module.private_only_subnets.var.igw_id",
      "status": "pass",
      "objects": [
        {
          "object_addr": "module.private_only_subnets.var.igw_id",
          "status": "pass"
        }
      ]
    },
    {
      "object_kind": "var",
      "config_addr": "module.private_only_subnets.module.private_label.var.context",
      "status": "pass",
      "objects": [
        {
          "object_addr": "module.private_only_subnets.module.private_label.var.context",
          "status": "pass"
        }
      ]
    },
    {
      "object_kind": "var",
      "config_addr": "module.public_private_subnets.var.ipv6_cidr_block",
      "status": "pass",
      "objects": [
        {
          "object_addr": "module.public_private_subnets.var.ipv6_cidr_block",
          "status": "pass"
        }
      ]
    },
    {
      "object_kind": "var",
      "config_addr": "module.vpc.module.this.var.label_key_case",
      "status": "pass",
      "objects": [
        {
          "object_addr": "module.vpc.module.this.var.label_key_case",
          "status": "pass"
        }
      ]
    },
    {
      "object_kind": "var",
      "config_addr": "module.vpc.var.label_value_case",
      "status": "pass",
      "objects": [
        {
          "object_addr": "module.vpc.var.label_value_case",
          "status": "pass"
        }
      ]
    },
    {
      "object_kind": "var",
      "config_addr": "module.public_private_subnets.var.label_key_case",
      "status": "pass",
      "objects": [
        {
          "object_addr": "module.public_private_subnets.var.label_key_case",
          "status": "pass"
        }
      ]
    },
    {
      "object_kind": "var",
      "config_addr": "module.private_only_subnets.var.nat_instance_cpu_credits_override",
      "status": "pass",
      "objects": [
        {
          "object_addr": "module.private_only_subnets.var.nat_instance_cpu_credits_override",
          "status": "pass"
        }
      ]
    },
    {
      "object_kind": "var",
      "config_addr": "module.vpc.var.id_length_limit",
      "status": "pass",
      "objects": [
        {
          "object_addr": "module.vpc.var.id_length_limit",
          "status": "pass"
        }
      ]
    },
    {
      "object_kind": "var",
      "config_addr": "module.public_private_subnets.module.nat_label.var.id_length_limit",
      "status": "pass",
      "objects": [
        {
          "object_addr": "module.public_private_subnets.module.nat_label.var.id_length_limit",
          "status": "pass"
        }
      ]
    },
    {
      "object_kind": "var",
      "config_addr": "module.vpc.module.label.var.context",
      "status": "pass",
      "objects": [
        {
          "object_addr": "module.vpc.module.label.var.context",
          "status": "pass"
        }
      ]
    },
    {
      "object_kind": "var",
      "config_addr": "module.vpc.module.this.var.id_length_limit",
      "status": "pass",
      "objects": [
        {
          "object_addr": "module.vpc.module.this.var.id_length_limit",
          "status": "pass"
        }
      ]
    },
    {
      "object_kind": "var",
      "config_addr": "module.private_only_subnets.var.ipv6_egress_only_igw_id",
      "status": "pass",
      "objects": [
        {
          "object_addr": "module.private_only_subnets.var.ipv6_egress_only_igw_id",
          "status": "pass"
        }
      ]
    },
    {
      "object_kind": "var",
      "config_addr": "module.public_private_subnets.var.ipv6_egress_only_igw_id",
      "status": "pass",
      "objects": [
        {
          "object_addr": "module.public_private_subnets.var.ipv6_egress_only_igw_id",
          "status": "pass"
        }
      ]
    },
    {
      "object_kind": "var",
      "config_addr": "module.public_private_subnets.module.nat_instance_label.var.context",
      "status": "pass",
      "objects": [
        {
          "object_addr": "module.public_private_subnets.module.nat_instance_label.var.context",
          "status": "pass"
        }
      ]
    },
    {
      "object_kind": "var",
      "config_addr": "module.this.var.label_key_case",
      "status": "pass",
      "objects": [
        {
          "object_addr": "module.this.var.label_key_case",
          "status": "pass"
        }
      ]
    },
    {
      "object_kind": "var",
      "config_addr": "module.private_only_subnets.module.nat_label.var.label_value_case",
      "status": "pass",
      "objects": [
        {
          "object_addr": "module.private_only_subnets.module.nat_label.var.label_value_case",
          "status": "pass"
        }
      ]
    },
    {
      "object_kind": "var",
      "config_addr": "module.private_only_subnets.var.ipv4_cidr_block",
      "status": "pass",
      "objects": [
        {
          "object_addr": "module.private_only_subnets.var.ipv4_cidr_block",
          "status": "pass"
        }
      ]
    },
    {
      "object_kind": "var",
      "config_addr": "module.public_private_subnets.module.nat_label.var.label_key_case",
      "status": "pass",
      "objects": [
        {
          "object_addr": "module.public_private_subnets.module.nat_label.var.label_key_case",
          "status": "pass"
        }
      ]
    },
    {
      "object_kind": "var",
      "config_addr": "module.public_private_subnets.module.utils.module.this.var.label_value_case",
      "status": "pass",
      "objects": [
        {
          "object_addr": "module.public_private_subnets.module.utils.module.this.var.label_value_case",
          "status": "pass"
        }
      ]
    },
    {
      "object_kind": "var",
      "config_addr": "module.this.var.label_value_case",
      "status": "pass",
      "objects": [
        {
          "object_addr": "module.this.var.label_value_case",
          "status": "pass"
        }
      ]
    },
    {
      "object_kind": "var",
      "config_addr": "module.public_private_subnets.var.ipv4_cidr_block",
      "status": "pass",
      "objects": [
        {
          "object_addr": "module.public_private_subnets.var.ipv4_cidr_block",
          "status": "pass"
        }
      ]
    },
    {
      "object_kind": "var",
      "config_addr": "module.public_private_subnets.module.this.var.label_value_case",
      "status": "pass",
      "objects": [
        {
          "object_addr": "module.public_private_subnets.module.this.var.label_value_case",
          "status": "pass"
        }
      ]
    },
    {
      "object_kind": "var",
      "config_addr": "module.vpc.var.label_key_case",
      "status": "pass",
      "objects": [
        {
          "object_addr": "module.vpc.var.label_key_case",
          "status": "pass"
        }
      ]
    },
    {
      "object_kind": "var",
      "config_addr": "module.public_private_subnets.var.id_length_limit",
      "status": "pass",
      "objects": [
        {
          "object_addr": "module.public_private_subnets.var.id_length_limit",
          "status": "pass"
        }
      ]
    },
    {
      "object_kind": "var",
      "config_addr": "module.private_only_subnets.module.nat_instance_label.var.id_length_limit",
      "status": "pass",
      "objects": [
        {
          "object_addr": "module.private_only_subnets.module.nat_instance_label.var.id_length_limit",
          "status": "pass"
        }
      ]
    },
    {
      "object_kind": "var",
      "config_addr": "module.private_only_subnets.module.this.var.label_value_case",
      "status": "pass",
      "objects": [
        {
          "object_addr": "module.private_only_subnets.module.this.var.label_value_case",
          "status": "pass"
        }
      ]
    },
    {
      "object_kind": "var",
      "config_addr": "module.vpc.module.label.var.id_length_limit",
      "status": "pass",
      "objects": [
        {
          "object_addr": "module.vpc.module.label.var.id_length_limit",
          "status": "pass"
        }
      ]
    },
    {
      "object_kind": "var",
      "config_addr": "module.public_private_subnets.module.nat_instance_label.var.label_key_case",
      "status": "pass",
      "objects": [
        {
          "object_addr": "module.public_private_subnets.module.nat_instance_label.var.label_key_case",
          "status": "pass"
        }
      ]
    },
    {
      "object_kind": "var",
      "config_addr": "module.private_only_subnets.module.this.var.label_key_case",
      "status": "pass",
      "objects": [
        {
          "object_addr": "module.private_only_subnets.module.this.var.label_key_case",
          "status": "pass"
        }
      ]
    },
    {
      "object_kind": "var",
      "config_addr": "module.public_private_subnets.module.public_label.var.label_value_case",
      "status": "pass",
      "objects": [
        {
          "object_addr": "module.public_private_subnets.module.public_label.var.label_value_case",
          "status": "pass"
        }
      ]
    },
    {
      "object_kind": "var",
      "config_addr": "module.public_private_subnets.var.nat_instance_cpu_credits_override",
      "status": "pass",
      "objects": [
        {
          "object_addr": "module.public_private_subnets.var.nat_instance_cpu_credits_override",
          "status": "pass"
        }
      ]
    },
    {
      "object_kind": "var",
      "config_addr": "module.public_private_subnets.var.igw_id",
      "status": "pass",
      "objects": [
        {
          "object_addr": "module.public_private_subnets.var.igw_id",
          "status": "pass"
        }
      ]
    },
    {
      "object_kind": "var",
      "config_addr": "module.public_private_subnets.module.nat_label.var.context",
      "status": "pass",
      "objects": [
        {
          "object_addr": "module.public_private_subnets.module.nat_label.var.context",
          "status": "pass"
        }
      ]
    },
    {
      "object_kind": "var",
      "config_addr": "module.vpc.module.this.var.context",
      "status": "pass",
      "objects": [
        {
          "object_addr": "module.vpc.module.this.var.context",
          "status": "pass"
        }
      ]
    },
    {
      "object_kind": "var",
      "config_addr": "module.public_private_subnets.var.context",
      "status": "pass",
      "objects": [
        {
          "object_addr": "module.public_private_subnets.var.context",
          "status": "pass"
        }
      ]
    },
    {
      "object_kind": "var",
      "config_addr": "module.vpc.module.label.var.label_key_case",
      "status": "pass",
      "objects": [
        {
          "object_addr": "module.vpc.module.label.var.label_key_case",
          "status": "pass"
        }
      ]
    },
    {
      "object_kind": "var",
      "config_addr": "module.public_private_subnets.module.utils.module.this.var.id_length_limit",
      "status": "pass",
      "objects": [
        {
          "object_addr": "module.public_private_subnets.module.utils.module.this.var.id_length_limit",
          "status": "pass"
        }
      ]
    },
    {
      "object_kind": "var",
      "config_addr": "module.public_private_subnets.module.utils.var.label_key_case",
      "status": "pass",
      "objects": [
        {
          "object_addr": "module.public_private_subnets.module.utils.var.label_key_case",
          "status": "pass"
        }
      ]
    },
    {
      "object_kind": "var",
      "config_addr": "module.public_private_subnets.module.nat_instance_label.var.label_value_case",
      "status": "pass",
      "objects": [
        {
          "object_addr": "module.public_private_subnets.module.nat_instance_label.var.label_value_case",
          "status": "pass"
        }
      ]
    },
    {
      "object_kind": "var",
      "config_addr": "var.label_key_case",
      "status": "pass",
      "objects": [
        {
          "object_addr": "var.label_key_case",
          "status": "pass"
        }
      ]
    },
    {
      "object_kind": "var",
      "config_addr": "module.private_only_subnets.module.nat_instance_label.var.label_key_case",
      "status": "pass",
      "objects": [
        {
          "object_addr": "module.private_only_subnets.module.nat_instance_label.var.label_key_case",
          "status": "pass"
        }
      ]
    },
    {
      "object_kind": "var",
      "config_addr": "module.private_only_subnets.module.utils.var.label_value_case",
      "status": "pass",
      "objects": [
        {
          "object_addr": "module.private_only_subnets.module.utils.var.label_value_case",
          "status": "pass"
        }
      ]
    },
    {
      "object_kind": "var",
      "config_addr": "module.private_only_subnets.module.private_label.var.label_value_case",
      "status": "pass",
      "objects": [
        {
          "object_addr": "module.private_only_subnets.module.private_label.var.label_value_case",
          "status": "pass"
        }
      ]
    },
    {
      "object_kind": "var",
      "config_addr": "module.private_only_subnets.module.utils.var.context",
      "status": "pass",
      "objects": [
        {
          "object_addr": "module.private_only_subnets.module.utils.var.context",
          "status": "pass"
        }
      ]
    },
    {
      "object_kind": "var",
      "config_addr": "module.private_only_subnets.module.public_label.var.context",
      "status": "pass",
      "objects": [
        {
          "object_addr": "module.private_only_subnets.module.public_label.var.context",
          "status": "pass"
        }
      ]
    }
  ]
}
