{
  "version": 4,
  "terraform_version": "1.11.2",
  "serial": 602,
  "lineage": "3155a26e-ec2b-a54c-0e80-cb7304c42539",
  "outputs": {
    "postgres_security_group_id": {
      "value": "sg-0678326d5bab037d7",
      "type": "string"
    },
    "private_only_subnets_cidr_blocks": {
      "value": [
        "10.0.16.0/24",
        "10.0.17.0/24"
      ],
      "type": [
        "list",
        "string"
      ]
    },
    "public_subnets_cidr_blocks": {
      "value": [
        "10.0.6.0/24",
        "10.0.7.0/24"
      ],
      "type": [
        "list",
        "string"
      ]
    },
    "vpc_id": {
      "value": "vpc-07681cd3054d9f772",
      "type": "string"
    }
  },
  "resources": [
    {
      "module": "module.aws_key_pair",
      "mode": "managed",
      "type": "aws_key_pair",
      "name": "generated",
      "provider": "provider[\"registry.terraform.io/hashicorp/aws\"]",
      "instances": [
        {
          "index_key": 0,
          "schema_version": 1,
          "attributes": {
            "arn": "arn:aws:ec2:us-east-1:203918842945:key-pair/ssh-key",
            "fingerprint": "95:fa:5f:f1:13:31:b7:61:79:c7:b6:7b:58:3a:6f:ce",
            "id": "ssh-key",
            "key_name": "ssh-key",
            "key_name_prefix": "",
            "key_pair_id": "key-0d0080c45cbc0be86",
            "key_type": "rsa",
            "public_key": "ssh-rsa AAAAB3NzaC1yc2EAAAADAQABAAABAQC8J8LgEKzZag3TlAdWeuRCZHU7Ujd9QBLmSRk6qsIhwtRfoQoAa02Uw8nkUAF+kMwGQs7s2U08OsGwEgb5p7751V5p2H3Y9nYtmZDfqmd3XLsCQhGFzAZMIr4wnO8gXGJx7tkeGj4MmMsNVR8uLq2qBPa+zgyaQRE90N+ZTW0A+7DjEuryL4araZr+QBy8VS5vZYlquKXXOU6W9Ld6/j0pcpp1f14J5zpzyYJqJWsNxyf1Y3D5rfaWyjtzvguj6WoTaMVEsiwG7zrHeM8r8rz/Wv8cLvwi1FX7RhdwW4HRCWhOGaJMp9nzsALM1Ryx5m1979Fuv8j1UQmNCmYFwjjP",
            "tags": {
              "Attributes": "ssh-key",
              "Name": "ssh-key"
            },
            "tags_all": {
              "Attributes": "ssh-key",
              "Name": "ssh-key"
            }
          },
          "sensitive_attributes": [],
          "private": "eyJzY2hlbWFfdmVyc2lvbiI6IjEifQ==",
          "dependencies": [
            "module.aws_key_pair.tls_private_key.default"
          ]
        }
      ]
    },
    {
      "module": "module.aws_key_pair",
      "mode": "managed",
      "type": "local_file",
      "name": "public_key_openssh",
      "provider": "provider[\"registry.terraform.io/hashicorp/local\"]",
      "instances": [
        {
          "index_key": 0,
          "schema_version": 0,
          "attributes": {
            "content": "ssh-rsa AAAAB3NzaC1yc2EAAAADAQABAAABAQC8J8LgEKzZag3TlAdWeuRCZHU7Ujd9QBLmSRk6qsIhwtRfoQoAa02Uw8nkUAF+kMwGQs7s2U08OsGwEgb5p7751V5p2H3Y9nYtmZDfqmd3XLsCQhGFzAZMIr4wnO8gXGJx7tkeGj4MmMsNVR8uLq2qBPa+zgyaQRE90N+ZTW0A+7DjEuryL4araZr+QBy8VS5vZYlquKXXOU6W9Ld6/j0pcpp1f14J5zpzyYJqJWsNxyf1Y3D5rfaWyjtzvguj6WoTaMVEsiwG7zrHeM8r8rz/Wv8cLvwi1FX7RhdwW4HRCWhOGaJMp9nzsALM1Ryx5m1979Fuv8j1UQmNCmYFwjjP\n",
            "content_base64": null,
            "content_base64sha256": "XB05Nw0n9DXPwm8u+9eT3bLnB+1H0E41QqajcS6N4gI=",
            "content_base64sha512": "9ScdrpXBXbI4nfPHaDwHK4QhQ2II2QOPYmVqQQPLfoemsbKqTzo0LGpLSHBSusIxMrxphx9vMuW1IwOfVu4vNw==",
            "content_md5": "2158dcf7ccbed0b3836134d9da43091d",
            "content_sha1": "0e593ca698ac155b21f5d8df61fe5c80995f4e2d",
            "content_sha256": "5c1d39370d27f435cfc26f2efbd793ddb2e707ed47d04e3542a6a3712e8de202",
            "content_sha512": "f5271dae95c15db2389df3c7683c072b8421436208d9038f62656a4103cb7e87a6b1b2aa4f3a342c6a4b487052bac23132bc69871f6f32e5b523039f56ee2f37",
            "directory_permission": "0777",
            "file_permission": "0777",
            "filename": "~/.ssh/vitality-bastion.pub/ssh-key.pub",
            "id": "0e593ca698ac155b21f5d8df61fe5c80995f4e2d",
            "sensitive_content": null,
            "source": null
          },
          "sensitive_attributes": [
            [
              {
                "type": "get_attr",
                "value": "sensitive_content"
              }
            ]
          ],
          "dependencies": [
            "module.aws_key_pair.tls_private_key.default"
          ]
        }
      ]
    },
    {
      "module": "module.aws_key_pair",
      "mode": "managed",
      "type": "local_sensitive_file",
      "name": "private_key_pem",
      "provider": "provider[\"registry.terraform.io/hashicorp/local\"]",
      "instances": [
        {
          "index_key": 0,
          "schema_version": 0,
          "attributes": {
            "content": "-----BEGIN RSA PRIVATE KEY-----\nMIIEowIBAAKCAQEAvCfC4BCs2WoN05QHVnrkQmR1O1I3fUAS5kkZOqrCIcLUX6EK\nAGtNlMPJ5FABfpDMBkLO7NlNPDrBsBIG+ae++dVeadh92PZ2LZmQ36pnd1y7AkIR\nhcwGTCK+MJzvIFxice7ZHho+DJjLDVUfLi6tqgT2vs4MmkERPdDfmU1tAPuw4xLq\n8i+Gq2ma/kAcvFUub2WJaril1zlOlvS3ev49KXKadX9eCec6c8mCaiVrDccn9WNw\n+a32lso7c74Lo+lqE2jFRLIsBu86x3jPK/K8/1r/HC78ItRV+0YXcFuB0QloThmi\nTKfZ87ACzNUcseZtfe/Rbr/I9VEJjQpmBcI4zwIDAQABAoIBAF8BpMEHKoBNsNWY\n9WuRehicKSXfCe3QoLpvRrH87zGk8x+mbSpxBCeOBS+nxllmO98ddObbgsha0tpY\n//Sn4yK7voSrsEARkvLLi/+kR8JZrIQjYD2zG6ruECLz2zr36y2kcTVmAtbRgBYn\nWSs0nrQu9Xi7CloJaO9RvNXn5paLodVz8xyOt4Y/jOXEHDEWPdlXMykyXDHOqb5m\n4uC8CmO0BcWrtsyOBJBBNpdmx72JfNU2lKdiF1ZkSjp73e/4S2X5SYXKC9yGfA4/\n2FdwqEIvVwnguA4gikJCpRIonuAfgzHYzm80wHDcg4boBa0KnXelN9Kmvk80VgqN\nTJwrDEECgYEAx+LNNx0CWprQ/6Chrp+X6cyhf8erR8o/Z1Mu51sLgtE90dQXkOsn\nmcJHqHZVymJ83i/OYBTeFAHHazUZq4Ne5AtV1E1pAJ9RF1MHlWa+s1KFI6MTGgHU\n/9SpHk4iu9KpN0mepno4XjSp2ZzOZr9Q5cgpsHLIIlp6nsq5GJfMC+cCgYEA8Pnq\nOj/rUpUq4s4njxbfQL12XT6ghsWQ8dbgMsb+D2lkdQGxGqIBvxgC1cUq8zmvZRr+\nC261WFIFISRSzcNZ8kGX+TwzlrrO3vBnpNebdIC+RLw6eNXUagaz8FbgHFpKwKYx\npOZufvOu9STruRh9AMbNpwD9zR12exspu0T+jtkCgYAEMM8YnrUT7TcAhP+ex53J\nuw6PvUHsCWN26RmMpC4DmhtvsMCluyhjYt1ZvNFjotj3V40+GnHlfXwO1VgqbmCo\n60vrXYwcBTsQAB+ilDrfS5Wa/6pA21T54B2DkyPLSElf7V00JE/WOcht1YnGQbCS\ngLXPCzkC716uwZVL3LLcdQKBgQCkxX4PTl2OHkkwxF3wTWdiUSp6H7SL8tNlSdQL\nZF2cFCiIiRucZmJjU/u8SBFSNoNj0s0a7Bw7w/mV68xivcznBUrxNOThj+KcNi3o\nXTUCuHVhcoNY1H1l8idfk0eym1q51+niI14ymFVtck1sRv5SZZ2BMABbHGZDTxN9\n5XNaIQKBgH+5E7QDL2B8hOR8jwSeW/AHDrjqjewDlMqEhak3Chd6hgwIb7zJ25+2\nVNq2BKPEOiEpQn5gk5VjNijoB7GJ3UmHqpemum9O6WrAjL8MHZNcEp6eoqfFzWwM\nlXsaq88BvpzUWmO/vTP81Zphts4E5vewp2ag33aBEG+rHFVmqitV\n-----END RSA PRIVATE KEY-----\n",
            "content_base64": null,
            "content_base64sha256": "RykIfm983gPok4Q7EfUn15Qiai4vq6OxjhoOIeoiXVQ=",
            "content_base64sha512": "CCAVRYVM/J3tnG3QmSs/ESdloC624dg510tMkAxhYXCoSruh9ZJu4qux1DCymVpXFxpbeb/mOqGSNT3SdCDKhA==",
            "content_md5": "6f8bcb190dbf40a11feceee9b377c856",
            "content_sha1": "f534f5abcb5f7f47189896fe2e6ba135827b6641",
            "content_sha256": "4729087e6f7cde03e893843b11f527d794226a2e2faba3b18e1a0e21ea225d54",
            "content_sha512": "08201545854cfc9ded9c6dd0992b3f112765a02eb6e1d839d74b4c900c616170a84abba1f5926ee2abb1d430b2995a57171a5b79bfe63aa192353dd27420ca84",
            "directory_permission": "0700",
            "file_permission": "0600",
            "filename": "~/.ssh/vitality-bastion.pub/ssh-key",
            "id": "f534f5abcb5f7f47189896fe2e6ba135827b6641",
            "source": null
          },
          "sensitive_attributes": [
            [
              {
                "type": "get_attr",
                "value": "content"
              }
            ],
            [
              {
                "type": "get_attr",
                "value": "content_base64"
              }
            ]
          ],
          "dependencies": [
            "module.aws_key_pair.tls_private_key.default"
          ]
        }
      ]
    },
    {
      "module": "module.aws_key_pair",
      "mode": "managed",
      "type": "tls_private_key",
      "name": "default",
      "provider": "provider[\"registry.terraform.io/hashicorp/tls\"]",
      "instances": [
        {
          "index_key": 0,
          "schema_version": 1,
          "attributes": {
            "algorithm": "RSA",
            "ecdsa_curve": "P224",
            "id": "872f0bbd8ac310d96a2fec9ca3de9605e47b43b3",
            "private_key_openssh": "-----BEGIN OPENSSH PRIVATE KEY-----\nb3BlbnNzaC1rZXktdjEAAAAABG5vbmUAAAAEbm9uZQAAAAAAAAABAAABFwAAAAdz\nc2gtcnNhAAAAAwEAAQAAAQEAvCfC4BCs2WoN05QHVnrkQmR1O1I3fUAS5kkZOqrC\nIcLUX6EKAGtNlMPJ5FABfpDMBkLO7NlNPDrBsBIG+ae++dVeadh92PZ2LZmQ36pn\nd1y7AkIRhcwGTCK+MJzvIFxice7ZHho+DJjLDVUfLi6tqgT2vs4MmkERPdDfmU1t\nAPuw4xLq8i+Gq2ma/kAcvFUub2WJaril1zlOlvS3ev49KXKadX9eCec6c8mCaiVr\nDccn9WNw+a32lso7c74Lo+lqE2jFRLIsBu86x3jPK/K8/1r/HC78ItRV+0YXcFuB\n0QloThmiTKfZ87ACzNUcseZtfe/Rbr/I9VEJjQpmBcI4zwAAA7ixLqidsS6onQAA\nAAdzc2gtcnNhAAABAQC8J8LgEKzZag3TlAdWeuRCZHU7Ujd9QBLmSRk6qsIhwtRf\noQoAa02Uw8nkUAF+kMwGQs7s2U08OsGwEgb5p7751V5p2H3Y9nYtmZDfqmd3XLsC\nQhGFzAZMIr4wnO8gXGJx7tkeGj4MmMsNVR8uLq2qBPa+zgyaQRE90N+ZTW0A+7Dj\nEuryL4araZr+QBy8VS5vZYlquKXXOU6W9Ld6/j0pcpp1f14J5zpzyYJqJWsNxyf1\nY3D5rfaWyjtzvguj6WoTaMVEsiwG7zrHeM8r8rz/Wv8cLvwi1FX7RhdwW4HRCWhO\nGaJMp9nzsALM1Ryx5m1979Fuv8j1UQmNCmYFwjjPAAAAAwEAAQAAAQBfAaTBByqA\nTbDVmPVrkXoYnCkl3wnt0KC6b0ax/O8xpPMfpm0qcQQnjgUvp8ZZZjvfHXTm24LI\nWtLaWP/0p+Miu76Eq7BAEZLyy4v/pEfCWayEI2A9sxuq7hAi89s69+stpHE1ZgLW\n0YAWJ1krNJ60LvV4uwpaCWjvUbzV5+aWi6HVc/McjreGP4zlxBwxFj3ZVzMpMlwx\nzqm+ZuLgvApjtAXFq7bMjgSQQTaXZse9iXzVNpSnYhdWZEo6e93v+Etl+UmFygvc\nhnwOP9hXcKhCL1cJ4LgOIIpCQqUSKJ7gH4Mx2M5vNMBw3IOG6AWtCp13pTfSpr5P\nNFYKjUycKwxBAAAAgH+5E7QDL2B8hOR8jwSeW/AHDrjqjewDlMqEhak3Chd6hgwI\nb7zJ25+2VNq2BKPEOiEpQn5gk5VjNijoB7GJ3UmHqpemum9O6WrAjL8MHZNcEp6e\noqfFzWwMlXsaq88BvpzUWmO/vTP81Zphts4E5vewp2ag33aBEG+rHFVmqitVAAAA\ngQDH4s03HQJamtD/oKGun5fpzKF/x6tHyj9nUy7nWwuC0T3R1BeQ6yeZwkeodlXK\nYnzeL85gFN4UAcdrNRmrg17kC1XUTWkAn1EXUweVZr6zUoUjoxMaAdT/1KkeTiK7\n0qk3SZ6mejheNKnZnM5mv1DlyCmwcsgiWnqeyrkYl8wL5wAAAIEA8PnqOj/rUpUq\n4s4njxbfQL12XT6ghsWQ8dbgMsb+D2lkdQGxGqIBvxgC1cUq8zmvZRr+C261WFIF\nISRSzcNZ8kGX+TwzlrrO3vBnpNebdIC+RLw6eNXUagaz8FbgHFpKwKYxpOZufvOu\n9STruRh9AMbNpwD9zR12exspu0T+jtkAAAAAAQID\n-----END OPENSSH PRIVATE KEY-----\n",
            "private_key_pem": "-----BEGIN RSA PRIVATE KEY-----\nMIIEowIBAAKCAQEAvCfC4BCs2WoN05QHVnrkQmR1O1I3fUAS5kkZOqrCIcLUX6EK\nAGtNlMPJ5FABfpDMBkLO7NlNPDrBsBIG+ae++dVeadh92PZ2LZmQ36pnd1y7AkIR\nhcwGTCK+MJzvIFxice7ZHho+DJjLDVUfLi6tqgT2vs4MmkERPdDfmU1tAPuw4xLq\n8i+Gq2ma/kAcvFUub2WJaril1zlOlvS3ev49KXKadX9eCec6c8mCaiVrDccn9WNw\n+a32lso7c74Lo+lqE2jFRLIsBu86x3jPK/K8/1r/HC78ItRV+0YXcFuB0QloThmi\nTKfZ87ACzNUcseZtfe/Rbr/I9VEJjQpmBcI4zwIDAQABAoIBAF8BpMEHKoBNsNWY\n9WuRehicKSXfCe3QoLpvRrH87zGk8x+mbSpxBCeOBS+nxllmO98ddObbgsha0tpY\n//Sn4yK7voSrsEARkvLLi/+kR8JZrIQjYD2zG6ruECLz2zr36y2kcTVmAtbRgBYn\nWSs0nrQu9Xi7CloJaO9RvNXn5paLodVz8xyOt4Y/jOXEHDEWPdlXMykyXDHOqb5m\n4uC8CmO0BcWrtsyOBJBBNpdmx72JfNU2lKdiF1ZkSjp73e/4S2X5SYXKC9yGfA4/\n2FdwqEIvVwnguA4gikJCpRIonuAfgzHYzm80wHDcg4boBa0KnXelN9Kmvk80VgqN\nTJwrDEECgYEAx+LNNx0CWprQ/6Chrp+X6cyhf8erR8o/Z1Mu51sLgtE90dQXkOsn\nmcJHqHZVymJ83i/OYBTeFAHHazUZq4Ne5AtV1E1pAJ9RF1MHlWa+s1KFI6MTGgHU\n/9SpHk4iu9KpN0mepno4XjSp2ZzOZr9Q5cgpsHLIIlp6nsq5GJfMC+cCgYEA8Pnq\nOj/rUpUq4s4njxbfQL12XT6ghsWQ8dbgMsb+D2lkdQGxGqIBvxgC1cUq8zmvZRr+\nC261WFIFISRSzcNZ8kGX+TwzlrrO3vBnpNebdIC+RLw6eNXUagaz8FbgHFpKwKYx\npOZufvOu9STruRh9AMbNpwD9zR12exspu0T+jtkCgYAEMM8YnrUT7TcAhP+ex53J\nuw6PvUHsCWN26RmMpC4DmhtvsMCluyhjYt1ZvNFjotj3V40+GnHlfXwO1VgqbmCo\n60vrXYwcBTsQAB+ilDrfS5Wa/6pA21T54B2DkyPLSElf7V00JE/WOcht1YnGQbCS\ngLXPCzkC716uwZVL3LLcdQKBgQCkxX4PTl2OHkkwxF3wTWdiUSp6H7SL8tNlSdQL\nZF2cFCiIiRucZmJjU/u8SBFSNoNj0s0a7Bw7w/mV68xivcznBUrxNOThj+KcNi3o\nXTUCuHVhcoNY1H1l8idfk0eym1q51+niI14ymFVtck1sRv5SZZ2BMABbHGZDTxN9\n5XNaIQKBgH+5E7QDL2B8hOR8jwSeW/AHDrjqjewDlMqEhak3Chd6hgwIb7zJ25+2\nVNq2BKPEOiEpQn5gk5VjNijoB7GJ3UmHqpemum9O6WrAjL8MHZNcEp6eoqfFzWwM\nlXsaq88BvpzUWmO/vTP81Zphts4E5vewp2ag33aBEG+rHFVmqitV\n-----END RSA PRIVATE KEY-----\n",
            "private_key_pem_pkcs8": "-----BEGIN PRIVATE KEY-----\nMIIEvQIBADANBgkqhkiG9w0BAQEFAASCBKcwggSjAgEAAoIBAQC8J8LgEKzZag3T\nlAdWeuRCZHU7Ujd9QBLmSRk6qsIhwtRfoQoAa02Uw8nkUAF+kMwGQs7s2U08OsGw\nEgb5p7751V5p2H3Y9nYtmZDfqmd3XLsCQhGFzAZMIr4wnO8gXGJx7tkeGj4MmMsN\nVR8uLq2qBPa+zgyaQRE90N+ZTW0A+7DjEuryL4araZr+QBy8VS5vZYlquKXXOU6W\n9Ld6/j0pcpp1f14J5zpzyYJqJWsNxyf1Y3D5rfaWyjtzvguj6WoTaMVEsiwG7zrH\neM8r8rz/Wv8cLvwi1FX7RhdwW4HRCWhOGaJMp9nzsALM1Ryx5m1979Fuv8j1UQmN\nCmYFwjjPAgMBAAECggEAXwGkwQcqgE2w1Zj1a5F6GJwpJd8J7dCgum9GsfzvMaTz\nH6ZtKnEEJ44FL6fGWWY73x105tuCyFrS2lj/9KfjIru+hKuwQBGS8suL/6RHwlms\nhCNgPbMbqu4QIvPbOvfrLaRxNWYC1tGAFidZKzSetC71eLsKWglo71G81efmlouh\n1XPzHI63hj+M5cQcMRY92VczKTJcMc6pvmbi4LwKY7QFxau2zI4EkEE2l2bHvYl8\n1TaUp2IXVmRKOnvd7/hLZflJhcoL3IZ8Dj/YV3CoQi9XCeC4DiCKQkKlEiie4B+D\nMdjObzTAcNyDhugFrQqdd6U30qa+TzRWCo1MnCsMQQKBgQDH4s03HQJamtD/oKGu\nn5fpzKF/x6tHyj9nUy7nWwuC0T3R1BeQ6yeZwkeodlXKYnzeL85gFN4UAcdrNRmr\ng17kC1XUTWkAn1EXUweVZr6zUoUjoxMaAdT/1KkeTiK70qk3SZ6mejheNKnZnM5m\nv1DlyCmwcsgiWnqeyrkYl8wL5wKBgQDw+eo6P+tSlSriziePFt9AvXZdPqCGxZDx\n1uAyxv4PaWR1AbEaogG/GALVxSrzOa9lGv4LbrVYUgUhJFLNw1nyQZf5PDOWus7e\n8Gek15t0gL5EvDp41dRqBrPwVuAcWkrApjGk5m5+8671JOu5GH0Axs2nAP3NHXZ7\nGym7RP6O2QKBgAQwzxietRPtNwCE/57Hncm7Do+9QewJY3bpGYykLgOaG2+wwKW7\nKGNi3Vm80WOi2PdXjT4aceV9fA7VWCpuYKjrS+tdjBwFOxAAH6KUOt9LlZr/qkDb\nVPngHYOTI8tISV/tXTQkT9Y5yG3VicZBsJKAtc8LOQLvXq7BlUvcstx1AoGBAKTF\nfg9OXY4eSTDEXfBNZ2JRKnoftIvy02VJ1AtkXZwUKIiJG5xmYmNT+7xIEVI2g2PS\nzRrsHDvD+ZXrzGK9zOcFSvE05OGP4pw2LehdNQK4dWFyg1jUfWXyJ1+TR7KbWrnX\n6eIjXjKYVW1yTWxG/lJlnYEwAFscZkNPE33lc1ohAoGAf7kTtAMvYHyE5HyPBJ5b\n8AcOuOqN7AOUyoSFqTcKF3qGDAhvvMnbn7ZU2rYEo8Q6ISlCfmCTlWM2KOgHsYnd\nSYeql6a6b07pasCMvwwdk1wSnp6ip8XNbAyVexqrzwG+nNRaY7+9M/zVmmG2zgTm\n97CnZqDfdoEQb6scVWaqK1U=\n-----END PRIVATE KEY-----\n",
            "public_key_fingerprint_md5": "41:4f:ab:1e:61:e8:7d:33:ed:0c:60:b2:0b:ff:28:32",
            "public_key_fingerprint_sha256": "SHA256:6vpEiH2IV631Qkm3JH5gjZmOy8+3BSB9WjFpoGNB84M",
            "public_key_openssh": "ssh-rsa AAAAB3NzaC1yc2EAAAADAQABAAABAQC8J8LgEKzZag3TlAdWeuRCZHU7Ujd9QBLmSRk6qsIhwtRfoQoAa02Uw8nkUAF+kMwGQs7s2U08OsGwEgb5p7751V5p2H3Y9nYtmZDfqmd3XLsCQhGFzAZMIr4wnO8gXGJx7tkeGj4MmMsNVR8uLq2qBPa+zgyaQRE90N+ZTW0A+7DjEuryL4araZr+QBy8VS5vZYlquKXXOU6W9Ld6/j0pcpp1f14J5zpzyYJqJWsNxyf1Y3D5rfaWyjtzvguj6WoTaMVEsiwG7zrHeM8r8rz/Wv8cLvwi1FX7RhdwW4HRCWhOGaJMp9nzsALM1Ryx5m1979Fuv8j1UQmNCmYFwjjP\n",
            "public_key_pem": "-----BEGIN PUBLIC KEY-----\nMIIBIjANBgkqhkiG9w0BAQEFAAOCAQ8AMIIBCgKCAQEAvCfC4BCs2WoN05QHVnrk\nQmR1O1I3fUAS5kkZOqrCIcLUX6EKAGtNlMPJ5FABfpDMBkLO7NlNPDrBsBIG+ae+\n+dVeadh92PZ2LZmQ36pnd1y7AkIRhcwGTCK+MJzvIFxice7ZHho+DJjLDVUfLi6t\nqgT2vs4MmkERPdDfmU1tAPuw4xLq8i+Gq2ma/kAcvFUub2WJaril1zlOlvS3ev49\nKXKadX9eCec6c8mCaiVrDccn9WNw+a32lso7c74Lo+lqE2jFRLIsBu86x3jPK/K8\n/1r/HC78ItRV+0YXcFuB0QloThmiTKfZ87ACzNUcseZtfe/Rbr/I9VEJjQpmBcI4\nzwIDAQAB\n-----END PUBLIC KEY-----\n",
            "rsa_bits": 2048
          },
          "sensitive_attributes": [
            [
              {
                "type": "get_attr",
                "value": "private_key_pem_pkcs8"
              }
            ],
            [
              {
                "type": "get_attr",
                "value": "private_key_pem"
              }
            ],
            [
              {
                "type": "get_attr",
                "value": "private_key_openssh"
              }
            ]
          ]
        }
      ]
    },
    {
      "module": "module.ec2_bastion",
      "mode": "data",
      "type": "aws_ami",
      "name": "default",
      "provider": "provider[\"registry.terraform.io/hashicorp/aws\"]",
      "instances": [
        {
          "index_key": 0,
          "schema_version": 0,
          "attributes": {
            "architecture": "x86_64",
            "arn": "arn:aws:ec2:us-east-1::image/ami-0f6832b69407e9746",
            "block_device_mappings": [
              {
                "device_name": "/dev/xvda",
                "ebs": {
                  "delete_on_termination": "true",
                  "encrypted": "false",
                  "iops": "0",
                  "snapshot_id": "snap-0f4645f459e2ca3fd",
                  "throughput": "0",
                  "volume_size": "8",
                  "volume_type": "standard"
                },
                "no_device": "",
                "virtual_name": ""
              }
            ],
            "boot_mode": "",
            "creation_date": "2025-03-05T01:34:45.000Z",
            "deprecation_time": "2025-07-01T00:00:00.000Z",
            "description": "Amazon Linux 2 AMI 2.0.20250305.0 x86_64 HVM ebs",
            "ena_support": true,
            "executable_users": null,
            "filter": [
              {
                "name": "name",
                "values": [
                  "amzn2-ami-hvm-2.*-x86_64-ebs"
                ]
              }
            ],
            "hypervisor": "xen",
            "id": "ami-0f6832b69407e9746",
            "image_id": "ami-0f6832b69407e9746",
            "image_location": "amazon/amzn2-ami-hvm-2.0.20250305.0-x86_64-ebs",
            "image_owner_alias": "amazon",
            "image_type": "machine",
            "imds_support": "",
            "include_deprecated": false,
            "kernel_id": "",
            "most_recent": true,
            "name": "amzn2-ami-hvm-2.0.20250305.0-x86_64-ebs",
            "name_regex": null,
            "owner_id": "137112412989",
            "owners": [
              "amazon"
            ],
            "platform": "",
            "platform_details": "Linux/UNIX",
            "product_codes": [],
            "public": true,
            "ramdisk_id": "",
            "root_device_name": "/dev/xvda",
            "root_device_type": "ebs",
            "root_snapshot_id": "snap-0f4645f459e2ca3fd",
            "sriov_net_support": "simple",
            "state": "available",
            "state_reason": {
              "code": "UNSET",
              "message": "UNSET"
            },
            "tags": {},
            "timeouts": null,
            "tpm_support": "",
            "uefi_data": null,
            "usage_operation": "RunInstances",
            "virtualization_type": "hvm"
          },
          "sensitive_attributes": []
        }
      ]
    },
    {
      "module": "module.ec2_bastion",
      "mode": "data",
      "type": "aws_iam_policy_document",
      "name": "default",
      "provider": "provider[\"registry.terraform.io/hashicorp/aws\"]",
      "instances": [
        {
          "schema_version": 0,
          "attributes": {
            "id": "2851119427",
            "json": "{\n  \"Version\": \"2012-10-17\",\n  \"Statement\": [\n    {\n      \"Effect\": \"Allow\",\n      \"Action\": \"sts:AssumeRole\",\n      \"Principal\": {\n        \"Service\": \"ec2.amazonaws.com\"\n      }\n    }\n  ]\n}",
            "minified_json": "{\"Version\":\"2012-10-17\",\"Statement\":[{\"Effect\":\"Allow\",\"Action\":\"sts:AssumeRole\",\"Principal\":{\"Service\":\"ec2.amazonaws.com\"}}]}",
            "override_json": null,
            "override_policy_documents": null,
            "policy_id": null,
            "source_json": null,
            "source_policy_documents": null,
            "statement": [
              {
                "actions": [
                  "sts:AssumeRole"
                ],
                "condition": [],
                "effect": "Allow",
                "not_actions": [],
                "not_principals": [],
                "not_resources": [],
                "principals": [
                  {
                    "identifiers": [
                      "ec2.amazonaws.com"
                    ],
                    "type": "Service"
                  }
                ],
                "resources": [],
                "sid": ""
              }
            ],
            "version": "2012-10-17"
          },
          "sensitive_attributes": []
        }
      ]
    },
    {
      "module": "module.ec2_bastion",
      "mode": "data",
      "type": "aws_iam_policy_document",
      "name": "main",
      "provider": "provider[\"registry.terraform.io/hashicorp/aws\"]",
      "instances": [
        {
          "schema_version": 0,
          "attributes": {
            "id": "1360668109",
            "json": "{\n  \"Version\": \"2012-10-17\",\n  \"Statement\": [\n    {\n      \"Effect\": \"Allow\",\n      \"Action\": [\n        \"ssm:UpdateInstanceInformation\",\n        \"ssm:UpdateInstanceAssociationStatus\",\n        \"ssm:UpdateAssociationStatus\",\n        \"ssm:PutInventory\",\n        \"ssm:PutConfigurePackageResult\",\n        \"ssm:PutComplianceItems\",\n        \"ssm:ListInstanceAssociations\",\n        \"ssm:ListAssociations\",\n        \"ssm:GetParameters\",\n        \"ssm:GetParameter\",\n        \"ssm:GetManifest\",\n        \"ssm:GetDocument\",\n        \"ssm:GetDeployablePatchSnapshotForInstance\",\n        \"ssm:DescribeDocument\",\n        \"ssm:DescribeAssociation\"\n      ],\n      \"Resource\": \"*\"\n    },\n    {\n      \"Effect\": \"Allow\",\n      \"Action\": [\n        \"ssmmessages:OpenDataChannel\",\n        \"ssmmessages:OpenControlChannel\",\n        \"ssmmessages:CreateDataChannel\",\n        \"ssmmessages:CreateControlChannel\"\n      ],\n      \"Resource\": \"*\"\n    },\n    {\n      \"Effect\": \"Allow\",\n      \"Action\": [\n        \"ec2messages:SendReply\",\n        \"ec2messages:GetMessages\",\n        \"ec2messages:GetEndpoint\",\n        \"ec2messages:FailMessage\",\n        \"ec2messages:DeleteMessage\",\n        \"ec2messages:AcknowledgeMessage\"\n      ],\n      \"Resource\": \"*\"\n    },\n    {\n      \"Effect\": \"Allow\",\n      \"Action\": \"s3:GetEncryptionConfiguration\",\n      \"Resource\": \"*\"\n    }\n  ]\n}",
            "minified_json": "{\"Version\":\"2012-10-17\",\"Statement\":[{\"Effect\":\"Allow\",\"Action\":[\"ssm:UpdateInstanceInformation\",\"ssm:UpdateInstanceAssociationStatus\",\"ssm:UpdateAssociationStatus\",\"ssm:PutInventory\",\"ssm:PutConfigurePackageResult\",\"ssm:PutComplianceItems\",\"ssm:ListInstanceAssociations\",\"ssm:ListAssociations\",\"ssm:GetParameters\",\"ssm:GetParameter\",\"ssm:GetManifest\",\"ssm:GetDocument\",\"ssm:GetDeployablePatchSnapshotForInstance\",\"ssm:DescribeDocument\",\"ssm:DescribeAssociation\"],\"Resource\":\"*\"},{\"Effect\":\"Allow\",\"Action\":[\"ssmmessages:OpenDataChannel\",\"ssmmessages:OpenControlChannel\",\"ssmmessages:CreateDataChannel\",\"ssmmessages:CreateControlChannel\"],\"Resource\":\"*\"},{\"Effect\":\"Allow\",\"Action\":[\"ec2messages:SendReply\",\"ec2messages:GetMessages\",\"ec2messages:GetEndpoint\",\"ec2messages:FailMessage\",\"ec2messages:DeleteMessage\",\"ec2messages:AcknowledgeMessage\"],\"Resource\":\"*\"},{\"Effect\":\"Allow\",\"Action\":\"s3:GetEncryptionConfiguration\",\"Resource\":\"*\"}]}",
            "override_json": null,
            "override_policy_documents": null,
            "policy_id": null,
            "source_json": null,
            "source_policy_documents": null,
            "statement": [
              {
                "actions": [
                  "ssm:DescribeAssociation",
                  "ssm:DescribeDocument",
                  "ssm:GetDeployablePatchSnapshotForInstance",
                  "ssm:GetDocument",
                  "ssm:GetManifest",
                  "ssm:GetParameter",
                  "ssm:GetParameters",
                  "ssm:ListAssociations",
                  "ssm:ListInstanceAssociations",
                  "ssm:PutComplianceItems",
                  "ssm:PutConfigurePackageResult",
                  "ssm:PutInventory",
                  "ssm:UpdateAssociationStatus",
                  "ssm:UpdateInstanceAssociationStatus",
                  "ssm:UpdateInstanceInformation"
                ],
                "condition": [],
                "effect": "Allow",
                "not_actions": [],
                "not_principals": [],
                "not_resources": [],
                "principals": [],
                "resources": [
                  "*"
                ],
                "sid": ""
              },
              {
                "actions": [
                  "ssmmessages:CreateControlChannel",
                  "ssmmessages:CreateDataChannel",
                  "ssmmessages:OpenControlChannel",
                  "ssmmessages:OpenDataChannel"
                ],
                "condition": [],
                "effect": "Allow",
                "not_actions": [],
                "not_principals": [],
                "not_resources": [],
                "principals": [],
                "resources": [
                  "*"
                ],
                "sid": ""
              },
              {
                "actions": [
                  "ec2messages:AcknowledgeMessage",
                  "ec2messages:DeleteMessage",
                  "ec2messages:FailMessage",
                  "ec2messages:GetEndpoint",
                  "ec2messages:GetMessages",
                  "ec2messages:SendReply"
                ],
                "condition": [],
                "effect": "Allow",
                "not_actions": [],
                "not_principals": [],
                "not_resources": [],
                "principals": [],
                "resources": [
                  "*"
                ],
                "sid": ""
              },
              {
                "actions": [
                  "s3:GetEncryptionConfiguration"
                ],
                "condition": [],
                "effect": "Allow",
                "not_actions": [],
                "not_principals": [],
                "not_resources": [],
                "principals": [],
                "resources": [
                  "*"
                ],
                "sid": ""
              }
            ],
            "version": "2012-10-17"
          },
          "sensitive_attributes": []
        }
      ]
    },
    {
      "module": "module.ec2_bastion",
      "mode": "data",
      "type": "aws_region",
      "name": "default",
      "provider": "provider[\"registry.terraform.io/hashicorp/aws\"]",
      "instances": [
        {
          "schema_version": 0,
          "attributes": {
            "description": "US East (N. Virginia)",
            "endpoint": "ec2.us-east-1.amazonaws.com",
            "id": "us-east-1",
            "name": "us-east-1"
          },
          "sensitive_attributes": []
        }
      ]
    },
    {
      "module": "module.ec2_bastion",
      "mode": "managed",
      "type": "aws_eip",
      "name": "default",
      "provider": "provider[\"registry.terraform.io/hashicorp/aws\"]",
      "instances": [
        {
          "index_key": 0,
          "schema_version": 0,
          "attributes": {
            "address": null,
            "allocation_id": "eipalloc-03fae5a15ddd13b48",
            "arn": "arn:aws:ec2:us-east-1:203918842945:elastic-ip/eipalloc-03fae5a15ddd13b48",
            "associate_with_private_ip": null,
            "association_id": "eipassoc-0d5052dbc7d4b5f6a",
            "carrier_ip": "",
            "customer_owned_ip": "",
            "customer_owned_ipv4_pool": "",
            "domain": "vpc",
            "id": "eipalloc-03fae5a15ddd13b48",
            "instance": "i-0b42775a75d339c7d",
            "ipam_pool_id": null,
            "network_border_group": "us-east-1",
            "network_interface": "eni-0ae901544ccdb21fb",
            "private_dns": "ip-10-0-6-65.ec2.internal",
            "private_ip": "10.0.6.65",
            "ptr_record": "",
            "public_dns": "ec2-13-218-29-0.compute-1.amazonaws.com",
            "public_ip": "13.218.29.0",
            "public_ipv4_pool": "amazon",
            "tags": {
              "Attributes": "public",
              "Name": "vitality-dev-bastion-public",
              "Namespace": "vitality",
              "Stage": "dev"
            },
            "tags_all": {
              "Attributes": "public",
              "Name": "vitality-dev-bastion-public",
              "Namespace": "vitality",
              "Stage": "dev"
            },
            "timeouts": null,
            "vpc": true
          },
          "sensitive_attributes": [],
          "private": "eyJlMmJmYjczMC1lY2FhLTExZTYtOGY4OC0zNDM2M2JjN2M0YzAiOnsiZGVsZXRlIjoxODAwMDAwMDAwMDAsInJlYWQiOjkwMDAwMDAwMDAwMCwidXBkYXRlIjozMDAwMDAwMDAwMDB9fQ==",
          "dependencies": [
            "module.aws_key_pair.aws_key_pair.generated",
            "module.aws_key_pair.aws_key_pair.imported",
            "module.aws_key_pair.tls_private_key.default",
            "module.ec2_bastion.aws_iam_instance_profile.default",
            "module.ec2_bastion.aws_iam_role.default",
            "module.ec2_bastion.aws_instance.default",
            "module.ec2_bastion.data.aws_ami.default",
            "module.ec2_bastion.data.aws_iam_policy_document.default",
            "module.ec2_bastion.module.security_group.aws_security_group.default",
            "module.ec2_bastion.module.security_group.aws_security_group_rule.default",
            "module.ec2_bastion.module.security_group.data.aws_security_group.external",
            "module.public_private_subnets.aws_subnet.public",
            "module.public_private_subnets.data.aws_availability_zones.default",
            "module.public_private_subnets.data.aws_vpc.default",
            "module.vpc.aws_vpc.default"
          ]
        }
      ]
    },
    {
      "module": "module.ec2_bastion",
      "mode": "managed",
      "type": "aws_iam_instance_profile",
      "name": "default",
      "provider": "provider[\"registry.terraform.io/hashicorp/aws\"]",
      "instances": [
        {
          "index_key": 0,
          "schema_version": 0,
          "attributes": {
            "arn": "arn:aws:iam::203918842945:instance-profile/vitality-dev-bastion-public",
            "create_date": "2025-03-21T02:49:43Z",
            "id": "vitality-dev-bastion-public",
            "name": "vitality-dev-bastion-public",
            "name_prefix": "",
            "path": "/",
            "role": "vitality-dev-bastion-public",
            "tags": {
              "Attributes": "public",
              "Name": "vitality-dev-bastion-public",
              "Namespace": "vitality",
              "Stage": "dev"
            },
            "tags_all": {
              "Attributes": "public",
              "Name": "vitality-dev-bastion-public",
              "Namespace": "vitality",
              "Stage": "dev"
            },
            "unique_id": "AIPAS66UCTRATYCBVFBIM"
          },
          "sensitive_attributes": [],
          "private": "bnVsbA==",
          "dependencies": [
            "module.ec2_bastion.aws_iam_role.default",
            "module.ec2_bastion.data.aws_iam_policy_document.default"
          ]
        }
      ]
    },
    {
      "module": "module.ec2_bastion",
      "mode": "managed",
      "type": "aws_iam_role",
      "name": "default",
      "provider": "provider[\"registry.terraform.io/hashicorp/aws\"]",
      "instances": [
        {
          "index_key": 0,
          "schema_version": 0,
          "attributes": {
            "arn": "arn:aws:iam::203918842945:role/vitality-dev-bastion-public",
            "assume_role_policy": "{\"Statement\":[{\"Action\":\"sts:AssumeRole\",\"Effect\":\"Allow\",\"Principal\":{\"Service\":\"ec2.amazonaws.com\"}}],\"Version\":\"2012-10-17\"}",
            "create_date": "2025-03-21T02:49:43Z",
            "description": "",
            "force_detach_policies": false,
            "id": "vitality-dev-bastion-public",
            "inline_policy": [],
            "managed_policy_arns": [],
            "max_session_duration": 3600,
            "name": "vitality-dev-bastion-public",
            "name_prefix": "",
            "path": "/",
            "permissions_boundary": "",
            "tags": {
              "Attributes": "public",
              "Name": "vitality-dev-bastion-public",
              "Namespace": "vitality",
              "Stage": "dev"
            },
            "tags_all": {
              "Attributes": "public",
              "Name": "vitality-dev-bastion-public",
              "Namespace": "vitality",
              "Stage": "dev"
            },
            "unique_id": "AROAS66UCTRAU5AD4YDAA"
          },
          "sensitive_attributes": [],
          "private": "bnVsbA==",
          "dependencies": [
            "module.ec2_bastion.data.aws_iam_policy_document.default"
          ]
        }
      ]
    },
    {
      "module": "module.ec2_bastion",
      "mode": "managed",
      "type": "aws_iam_role_policy",
      "name": "main",
      "provider": "provider[\"registry.terraform.io/hashicorp/aws\"]",
      "instances": [
        {
          "index_key": 0,
          "schema_version": 0,
          "attributes": {
            "id": "vitality-dev-bastion-public:vitality-dev-bastion-public",
            "name": "vitality-dev-bastion-public",
            "name_prefix": "",
            "policy": "{\"Version\":\"2012-10-17\",\"Statement\":[{\"Action\":[\"ssm:UpdateInstanceInformation\",\"ssm:UpdateInstanceAssociationStatus\",\"ssm:UpdateAssociationStatus\",\"ssm:PutInventory\",\"ssm:PutConfigurePackageResult\",\"ssm:PutComplianceItems\",\"ssm:ListInstanceAssociations\",\"ssm:ListAssociations\",\"ssm:GetParameters\",\"ssm:GetParameter\",\"ssm:GetManifest\",\"ssm:GetDocument\",\"ssm:GetDeployablePatchSnapshotForInstance\",\"ssm:DescribeDocument\",\"ssm:DescribeAssociation\"],\"Effect\":\"Allow\",\"Resource\":\"*\"},{\"Action\":[\"ssmmessages:OpenDataChannel\",\"ssmmessages:OpenControlChannel\",\"ssmmessages:CreateDataChannel\",\"ssmmessages:CreateControlChannel\"],\"Effect\":\"Allow\",\"Resource\":\"*\"},{\"Action\":[\"ec2messages:SendReply\",\"ec2messages:GetMessages\",\"ec2messages:GetEndpoint\",\"ec2messages:FailMessage\",\"ec2messages:DeleteMessage\",\"ec2messages:AcknowledgeMessage\"],\"Effect\":\"Allow\",\"Resource\":\"*\"},{\"Action\":\"s3:GetEncryptionConfiguration\",\"Effect\":\"Allow\",\"Resource\":\"*\"}]}",
            "role": "vitality-dev-bastion-public"
          },
          "sensitive_attributes": [],
          "private": "bnVsbA==",
          "dependencies": [
            "module.ec2_bastion.aws_iam_role.default",
            "module.ec2_bastion.data.aws_iam_policy_document.default",
            "module.ec2_bastion.data.aws_iam_policy_document.main"
          ]
        }
      ]
    },
    {
      "module": "module.ec2_bastion",
      "mode": "managed",
      "type": "aws_instance",
      "name": "default",
      "provider": "provider[\"registry.terraform.io/hashicorp/aws\"]",
      "instances": [
        {
          "index_key": 0,
          "schema_version": 1,
          "attributes": {
            "ami": "ami-0f6832b69407e9746",
            "arn": "arn:aws:ec2:us-east-1:203918842945:instance/i-0b42775a75d339c7d",
            "associate_public_ip_address": true,
            "availability_zone": "us-east-1a",
            "capacity_reservation_specification": [
              {
                "capacity_reservation_preference": "open",
                "capacity_reservation_target": []
              }
            ],
            "cpu_core_count": 1,
            "cpu_options": [
              {
                "amd_sev_snp": "",
                "core_count": 1,
                "threads_per_core": 1
              }
            ],
            "cpu_threads_per_core": 1,
            "credit_specification": [
              {
                "cpu_credits": "standard"
              }
            ],
            "disable_api_stop": false,
            "disable_api_termination": false,
            "ebs_block_device": [],
            "ebs_optimized": false,
            "enable_primary_ipv6": null,
            "enclave_options": [
              {
                "enabled": false
              }
            ],
            "ephemeral_block_device": [],
            "get_password_data": false,
            "hibernation": false,
            "host_id": "",
            "host_resource_group_arn": null,
            "iam_instance_profile": "vitality-dev-bastion-public",
            "id": "i-0b42775a75d339c7d",
            "instance_initiated_shutdown_behavior": "stop",
            "instance_lifecycle": "",
            "instance_market_options": [],
            "instance_state": "running",
            "instance_type": "t2.micro",
            "ipv6_address_count": 0,
            "ipv6_addresses": [],
            "key_name": "ssh-key",
            "launch_template": [],
            "maintenance_options": [
              {
                "auto_recovery": "default"
              }
            ],
            "metadata_options": [
              {
                "http_endpoint": "enabled",
                "http_protocol_ipv6": "disabled",
                "http_put_response_hop_limit": 1,
                "http_tokens": "required",
                "instance_metadata_tags": "disabled"
              }
            ],
            "monitoring": true,
            "network_interface": [],
            "outpost_arn": "",
            "password_data": "",
            "placement_group": "",
            "placement_partition_number": 0,
            "primary_network_interface_id": "eni-0ae901544ccdb21fb",
            "private_dns": "ip-10-0-6-65.ec2.internal",
            "private_dns_name_options": [
              {
                "enable_resource_name_dns_a_record": false,
                "enable_resource_name_dns_aaaa_record": false,
                "hostname_type": "ip-name"
              }
            ],
            "private_ip": "10.0.6.65",
            "public_dns": "ec2-54-227-181-14.compute-1.amazonaws.com",
            "public_ip": "54.227.181.14",
            "root_block_device": [
              {
                "delete_on_termination": true,
                "device_name": "/dev/xvda",
                "encrypted": true,
                "iops": 0,
                "kms_key_id": "arn:aws:kms:us-east-1:203918842945:key/2b98fc46-d86d-4318-a26a-e8c68e0a7f32",
                "tags": null,
                "tags_all": {},
                "throughput": 0,
                "volume_id": "vol-09a0218b73bfec373",
                "volume_size": 8,
                "volume_type": "standard"
              }
            ],
            "secondary_private_ips": [],
            "security_groups": [],
            "source_dest_check": true,
            "spot_instance_request_id": "",
            "subnet_id": "subnet-0f46822cfaf7d5ee9",
            "tags": {
              "Attributes": "public",
              "Name": "vitality-dev-bastion-public",
              "Namespace": "vitality",
              "Stage": "dev"
            },
            "tags_all": {
              "Attributes": "public",
              "Name": "vitality-dev-bastion-public",
              "Namespace": "vitality",
              "Stage": "dev"
            },
            "tenancy": "default",
            "timeouts": null,
            "user_data": "4885b7ccbe6945deff941ffd7fc650d723e7ad17",
            "user_data_base64": null,
            "user_data_replace_on_change": false,
            "volume_tags": null,
            "vpc_security_group_ids": [
              "sg-02fea1576a0f9efad",
              "sg-062fbcecbe585dc83"
            ]
          },
          "sensitive_attributes": [],
          "private": "eyJlMmJmYjczMC1lY2FhLTExZTYtOGY4OC0zNDM2M2JjN2M0YzAiOnsiY3JlYXRlIjo2MDAwMDAwMDAwMDAsImRlbGV0ZSI6MTIwMDAwMDAwMDAwMCwicmVhZCI6OTAwMDAwMDAwMDAwLCJ1cGRhdGUiOjYwMDAwMDAwMDAwMH0sInNjaGVtYV92ZXJzaW9uIjoiMSJ9",
          "dependencies": [
            "module.aws_key_pair.aws_key_pair.generated",
            "module.aws_key_pair.aws_key_pair.imported",
            "module.aws_key_pair.tls_private_key.default",
            "module.ec2_bastion.aws_iam_instance_profile.default",
            "module.ec2_bastion.aws_iam_role.default",
            "module.ec2_bastion.data.aws_ami.default",
            "module.ec2_bastion.data.aws_iam_policy_document.default",
            "module.ec2_bastion.module.security_group.aws_security_group.default",
            "module.ec2_bastion.module.security_group.aws_security_group_rule.default",
            "module.ec2_bastion.module.security_group.data.aws_security_group.external",
            "module.public_private_subnets.aws_subnet.public",
            "module.public_private_subnets.data.aws_availability_zones.default",
            "module.public_private_subnets.data.aws_vpc.default",
            "module.vpc.aws_vpc.default"
          ]
        }
      ]
    },
    {
      "module": "module.ec2_bastion.module.security_group",
      "mode": "managed",
      "type": "aws_security_group",
      "name": "default",
      "provider": "provider[\"registry.terraform.io/hashicorp/aws\"]",
      "instances": [
        {
          "index_key": 0,
          "schema_version": 1,
          "attributes": {
            "arn": "arn:aws:ec2:us-east-1:203918842945:security-group/sg-062fbcecbe585dc83",
            "description": "Bastion host security group",
            "egress": [],
            "id": "sg-062fbcecbe585dc83",
            "ingress": [],
            "name": "vitality-dev-bastion-public",
            "name_prefix": "",
            "owner_id": "203918842945",
            "revoke_rules_on_delete": false,
            "tags": {
              "Attributes": "public",
              "Name": "vitality-dev-bastion-public",
              "Namespace": "vitality",
              "Stage": "dev"
            },
            "tags_all": {
              "Attributes": "public",
              "Name": "vitality-dev-bastion-public",
              "Namespace": "vitality",
              "Stage": "dev"
            },
            "timeouts": null,
            "vpc_id": "vpc-07681cd3054d9f772"
          },
          "sensitive_attributes": [],
          "private": "eyJlMmJmYjczMC1lY2FhLTExZTYtOGY4OC0zNDM2M2JjN2M0YzAiOnsiY3JlYXRlIjo2MDAwMDAwMDAwMDAsImRlbGV0ZSI6OTAwMDAwMDAwMDAwfSwic2NoZW1hX3ZlcnNpb24iOiIxIn0=",
          "dependencies": [
            "module.vpc.aws_vpc.default"
          ],
          "create_before_destroy": true
        }
      ]
    },
    {
      "module": "module.ec2_bastion.module.security_group",
      "mode": "managed",
      "type": "aws_security_group_rule",
      "name": "default",
      "provider": "provider[\"registry.terraform.io/hashicorp/aws\"]",
      "instances": [
        {
          "index_key": "egress--1-0-0-9c87e5e1ed040a443ce1ac8e6d6cf159",
          "schema_version": 2,
          "attributes": {
            "cidr_blocks": [
              "0.0.0.0/0"
            ],
            "description": "Allow all outbound traffic",
            "from_port": 0,
            "id": "sgrule-24156230",
            "ipv6_cidr_blocks": null,
            "prefix_list_ids": null,
            "protocol": "-1",
            "security_group_id": "sg-062fbcecbe585dc83",
            "security_group_rule_id": "sgr-0780c3634d91bda92",
            "self": false,
            "source_security_group_id": null,
            "timeouts": null,
            "to_port": 0,
            "type": "egress"
          },
          "sensitive_attributes": [],
          "private": "eyJlMmJmYjczMC1lY2FhLTExZTYtOGY4OC0zNDM2M2JjN2M0YzAiOnsiY3JlYXRlIjozMDAwMDAwMDAwMDB9LCJzY2hlbWFfdmVyc2lvbiI6IjIifQ==",
          "dependencies": [
            "module.ec2_bastion.module.security_group.aws_security_group.default",
            "module.ec2_bastion.module.security_group.data.aws_security_group.external",
            "module.vpc.aws_vpc.default"
          ]
        },
        {
          "index_key": "ingress-tcp-22-22-423a6669f6ad4c36d49b47a12e248189",
          "schema_version": 2,
          "attributes": {
            "cidr_blocks": [
              "0.0.0.0/0"
            ],
            "description": "Allow all inbound to SSH",
            "from_port": 22,
            "id": "sgrule-1222561486",
            "ipv6_cidr_blocks": null,
            "prefix_list_ids": null,
            "protocol": "tcp",
            "security_group_id": "sg-062fbcecbe585dc83",
            "security_group_rule_id": "sgr-064df6c23ea81c2fc",
            "self": false,
            "source_security_group_id": null,
            "timeouts": null,
            "to_port": 22,
            "type": "ingress"
          },
          "sensitive_attributes": [],
          "private": "eyJlMmJmYjczMC1lY2FhLTExZTYtOGY4OC0zNDM2M2JjN2M0YzAiOnsiY3JlYXRlIjozMDAwMDAwMDAwMDB9LCJzY2hlbWFfdmVyc2lvbiI6IjIifQ==",
          "dependencies": [
            "module.ec2_bastion.module.security_group.aws_security_group.default",
            "module.ec2_bastion.module.security_group.data.aws_security_group.external",
            "module.vpc.aws_vpc.default"
          ]
        }
      ]
    },
    {
      "module": "module.private_only_subnets",
      "mode": "data",
      "type": "aws_availability_zones",
      "name": "default",
      "provider": "provider[\"registry.terraform.io/hashicorp/aws\"]",
      "instances": [
        {
          "index_key": 0,
          "schema_version": 0,
          "attributes": {
            "all_availability_zones": null,
            "exclude_names": null,
            "exclude_zone_ids": null,
            "filter": [
              {
                "name": "opt-in-status",
                "values": [
                  "opt-in-not-required"
                ]
              }
            ],
            "group_names": [
              "us-east-1-zg-1"
            ],
            "id": "us-east-1",
            "names": [
              "us-east-1a",
              "us-east-1b",
              "us-east-1c",
              "us-east-1d",
              "us-east-1e",
              "us-east-1f"
            ],
            "state": null,
            "timeouts": null,
            "zone_ids": [
              "use1-az4",
              "use1-az6",
              "use1-az1",
              "use1-az2",
              "use1-az3",
              "use1-az5"
            ]
          },
          "sensitive_attributes": []
        }
      ]
    },
    {
      "module": "module.private_only_subnets",
      "mode": "managed",
      "type": "aws_eip",
      "name": "default",
      "provider": "provider[\"registry.terraform.io/hashicorp/aws\"]",
      "instances": [
        {
          "index_key": 0,
          "schema_version": 0,
          "attributes": {
            "address": null,
            "allocation_id": "eipalloc-02cbcf20c91d28ea5",
            "arn": "arn:aws:ec2:us-east-1:203918842945:elastic-ip/eipalloc-02cbcf20c91d28ea5",
            "associate_with_private_ip": null,
            "association_id": "eipassoc-05c69c9007bf429aa",
            "carrier_ip": "",
            "customer_owned_ip": "",
            "customer_owned_ipv4_pool": "",
            "domain": "vpc",
            "id": "eipalloc-02cbcf20c91d28ea5",
            "instance": "",
            "ipam_pool_id": null,
            "network_border_group": "us-east-1",
            "network_interface": "eni-039b35cf6ba0d0419",
            "private_dns": "ip-10-0-22-137.ec2.internal",
            "private_ip": "10.0.22.137",
            "ptr_record": "",
            "public_dns": "ec2-98-85-115-123.compute-1.amazonaws.com",
            "public_ip": "98.85.115.123",
            "public_ipv4_pool": "amazon",
            "tags": {
              "Attributes": "private-only-nat",
              "Name": "vitality-dev-app-private-only-nat-use1c",
              "Namespace": "vitality",
              "Stage": "dev"
            },
            "tags_all": {
              "Attributes": "private-only-nat",
              "Name": "vitality-dev-app-private-only-nat-use1c",
              "Namespace": "vitality",
              "Stage": "dev"
            },
            "timeouts": null,
            "vpc": true
          },
          "sensitive_attributes": [],
          "private": "eyJlMmJmYjczMC1lY2FhLTExZTYtOGY4OC0zNDM2M2JjN2M0YzAiOnsiZGVsZXRlIjoxODAwMDAwMDAwMDAsInJlYWQiOjkwMDAwMDAwMDAwMCwidXBkYXRlIjozMDAwMDAwMDAwMDB9fQ==",
          "dependencies": [
            "module.private_only_subnets.data.aws_availability_zones.default"
          ],
          "create_before_destroy": true
        },
        {
          "index_key": 1,
          "schema_version": 0,
          "attributes": {
            "address": null,
            "allocation_id": "eipalloc-003ca5ea21cfeaa09",
            "arn": "arn:aws:ec2:us-east-1:203918842945:elastic-ip/eipalloc-003ca5ea21cfeaa09",
            "associate_with_private_ip": null,
            "association_id": "eipassoc-00cf320a2207f1736",
            "carrier_ip": "",
            "customer_owned_ip": "",
            "customer_owned_ipv4_pool": "",
            "domain": "vpc",
            "id": "eipalloc-003ca5ea21cfeaa09",
            "instance": "",
            "ipam_pool_id": null,
            "network_border_group": "us-east-1",
            "network_interface": "eni-0e79ea5551ad5ac31",
            "private_dns": "ip-10-0-23-185.ec2.internal",
            "private_ip": "10.0.23.185",
            "ptr_record": "",
            "public_dns": "ec2-52-21-53-96.compute-1.amazonaws.com",
            "public_ip": "52.21.53.96",
            "public_ipv4_pool": "amazon",
            "tags": {
              "Attributes": "private-only-nat",
              "Name": "vitality-dev-app-private-only-nat-use1d",
              "Namespace": "vitality",
              "Stage": "dev"
            },
            "tags_all": {
              "Attributes": "private-only-nat",
              "Name": "vitality-dev-app-private-only-nat-use1d",
              "Namespace": "vitality",
              "Stage": "dev"
            },
            "timeouts": null,
            "vpc": true
          },
          "sensitive_attributes": [],
          "private": "eyJlMmJmYjczMC1lY2FhLTExZTYtOGY4OC0zNDM2M2JjN2M0YzAiOnsiZGVsZXRlIjoxODAwMDAwMDAwMDAsInJlYWQiOjkwMDAwMDAwMDAwMCwidXBkYXRlIjozMDAwMDAwMDAwMDB9fQ==",
          "dependencies": [
            "module.private_only_subnets.data.aws_availability_zones.default"
          ],
          "create_before_destroy": true
        }
      ]
    },
    {
      "module": "module.private_only_subnets",
      "mode": "managed",
      "type": "aws_nat_gateway",
      "name": "default",
      "provider": "provider[\"registry.terraform.io/hashicorp/aws\"]",
      "instances": [
        {
          "index_key": 0,
          "schema_version": 0,
          "attributes": {
            "allocation_id": "eipalloc-02cbcf20c91d28ea5",
            "association_id": "eipassoc-05c69c9007bf429aa",
            "connectivity_type": "public",
            "id": "nat-09fe3371106bcb2c6",
            "network_interface_id": "eni-039b35cf6ba0d0419",
            "private_ip": "10.0.22.137",
            "public_ip": "98.85.115.123",
            "secondary_allocation_ids": [],
            "secondary_private_ip_address_count": 0,
            "secondary_private_ip_addresses": [],
            "subnet_id": "subnet-0e4a2c5d8b76ced7c",
            "tags": {
              "Attributes": "private-only-nat",
              "Name": "vitality-dev-app-private-only-nat-use1c",
              "Namespace": "vitality",
              "Stage": "dev"
            },
            "tags_all": {
              "Attributes": "private-only-nat",
              "Name": "vitality-dev-app-private-only-nat-use1c",
              "Namespace": "vitality",
              "Stage": "dev"
            },
            "timeouts": null
          },
          "sensitive_attributes": [],
          "private": "eyJlMmJmYjczMC1lY2FhLTExZTYtOGY4OC0zNDM2M2JjN2M0YzAiOnsiY3JlYXRlIjo2MDAwMDAwMDAwMDAsImRlbGV0ZSI6MTgwMDAwMDAwMDAwMCwidXBkYXRlIjo2MDAwMDAwMDAwMDB9fQ==",
          "dependencies": [
            "module.private_only_subnets.aws_eip.default",
            "module.private_only_subnets.aws_eip_association.nat_instance",
            "module.private_only_subnets.aws_instance.nat_instance",
            "module.private_only_subnets.aws_security_group.nat_instance",
            "module.private_only_subnets.aws_subnet.public",
            "module.private_only_subnets.data.aws_ami.nat_instance",
            "module.private_only_subnets.data.aws_availability_zones.default",
            "module.private_only_subnets.data.aws_eip.nat",
            "module.private_only_subnets.data.aws_vpc.default",
            "module.vpc.aws_vpc.default"
          ]
        },
        {
          "index_key": 1,
          "schema_version": 0,
          "attributes": {
            "allocation_id": "eipalloc-003ca5ea21cfeaa09",
            "association_id": "eipassoc-00cf320a2207f1736",
            "connectivity_type": "public",
            "id": "nat-025c160dfdb0e86ba",
            "network_interface_id": "eni-0e79ea5551ad5ac31",
            "private_ip": "10.0.23.185",
            "public_ip": "52.21.53.96",
            "secondary_allocation_ids": [],
            "secondary_private_ip_address_count": 0,
            "secondary_private_ip_addresses": [],
            "subnet_id": "subnet-0226c9efca2849ff7",
            "tags": {
              "Attributes": "private-only-nat",
              "Name": "vitality-dev-app-private-only-nat-use1d",
              "Namespace": "vitality",
              "Stage": "dev"
            },
            "tags_all": {
              "Attributes": "private-only-nat",
              "Name": "vitality-dev-app-private-only-nat-use1d",
              "Namespace": "vitality",
              "Stage": "dev"
            },
            "timeouts": null
          },
          "sensitive_attributes": [],
          "private": "eyJlMmJmYjczMC1lY2FhLTExZTYtOGY4OC0zNDM2M2JjN2M0YzAiOnsiY3JlYXRlIjo2MDAwMDAwMDAwMDAsImRlbGV0ZSI6MTgwMDAwMDAwMDAwMCwidXBkYXRlIjo2MDAwMDAwMDAwMDB9fQ==",
          "dependencies": [
            "module.private_only_subnets.aws_eip.default",
            "module.private_only_subnets.aws_eip_association.nat_instance",
            "module.private_only_subnets.aws_instance.nat_instance",
            "module.private_only_subnets.aws_security_group.nat_instance",
            "module.private_only_subnets.aws_subnet.public",
            "module.private_only_subnets.data.aws_ami.nat_instance",
            "module.private_only_subnets.data.aws_availability_zones.default",
            "module.private_only_subnets.data.aws_eip.nat",
            "module.private_only_subnets.data.aws_vpc.default",
            "module.vpc.aws_vpc.default"
          ]
        }
      ]
    },
    {
      "module": "module.private_only_subnets",
      "mode": "managed",
      "type": "aws_network_acl",
      "name": "private",
      "provider": "provider[\"registry.terraform.io/hashicorp/aws\"]",
      "instances": [
        {
          "index_key": 0,
          "schema_version": 0,
          "attributes": {
            "arn": "arn:aws:ec2:us-east-1:203918842945:network-acl/acl-0e15a5de8584f637c",
            "egress": [
              {
                "action": "allow",
                "cidr_block": "0.0.0.0/0",
                "from_port": 0,
                "icmp_code": 0,
                "icmp_type": 0,
                "ipv6_cidr_block": "",
                "protocol": "-1",
                "rule_no": 100,
                "to_port": 0
              }
            ],
            "id": "acl-0e15a5de8584f637c",
            "ingress": [
              {
                "action": "allow",
                "cidr_block": "0.0.0.0/0",
                "from_port": 0,
                "icmp_code": 0,
                "icmp_type": 0,
                "ipv6_cidr_block": "",
                "protocol": "-1",
                "rule_no": 100,
                "to_port": 0
              }
            ],
            "owner_id": "203918842945",
            "subnet_ids": [
              "subnet-04ec5a322431e1d2e",
              "subnet-0c885fe6233e71373"
            ],
            "tags": {
              "Attributes": "private-only-private",
              "Name": "vitality-dev-app-private-only-private",
              "Namespace": "vitality",
              "Stage": "dev"
            },
            "tags_all": {
              "Attributes": "private-only-private",
              "Name": "vitality-dev-app-private-only-private",
              "Namespace": "vitality",
              "Stage": "dev"
            },
            "vpc_id": "vpc-07681cd3054d9f772"
          },
          "sensitive_attributes": [],
          "private": "bnVsbA==",
          "dependencies": [
            "module.private_only_subnets.aws_subnet.private",
            "module.private_only_subnets.data.aws_availability_zones.default",
            "module.private_only_subnets.data.aws_vpc.default",
            "module.vpc.aws_vpc.default"
          ]
        }
      ]
    },
    {
      "module": "module.private_only_subnets",
      "mode": "managed",
      "type": "aws_network_acl",
      "name": "public",
      "provider": "provider[\"registry.terraform.io/hashicorp/aws\"]",
      "instances": [
        {
          "index_key": 0,
          "schema_version": 0,
          "attributes": {
            "arn": "arn:aws:ec2:us-east-1:203918842945:network-acl/acl-0de62a0f300b0aa3f",
            "egress": [
              {
                "action": "allow",
                "cidr_block": "0.0.0.0/0",
                "from_port": 0,
                "icmp_code": 0,
                "icmp_type": 0,
                "ipv6_cidr_block": "",
                "protocol": "-1",
                "rule_no": 100,
                "to_port": 0
              }
            ],
            "id": "acl-0de62a0f300b0aa3f",
            "ingress": [
              {
                "action": "allow",
                "cidr_block": "0.0.0.0/0",
                "from_port": 0,
                "icmp_code": 0,
                "icmp_type": 0,
                "ipv6_cidr_block": "",
                "protocol": "-1",
                "rule_no": 100,
                "to_port": 0
              }
            ],
            "owner_id": "203918842945",
            "subnet_ids": [
              "subnet-0226c9efca2849ff7",
              "subnet-0e4a2c5d8b76ced7c"
            ],
            "tags": {
              "Attributes": "private-only-public",
              "Name": "vitality-dev-app-private-only-public",
              "Namespace": "vitality",
              "Stage": "dev"
            },
            "tags_all": {
              "Attributes": "private-only-public",
              "Name": "vitality-dev-app-private-only-public",
              "Namespace": "vitality",
              "Stage": "dev"
            },
            "vpc_id": "vpc-07681cd3054d9f772"
          },
          "sensitive_attributes": [],
          "private": "bnVsbA==",
          "dependencies": [
            "module.private_only_subnets.aws_subnet.public",
            "module.private_only_subnets.data.aws_availability_zones.default",
            "module.private_only_subnets.data.aws_vpc.default",
            "module.vpc.aws_vpc.default"
          ]
        }
      ]
    },
    {
      "module": "module.private_only_subnets",
      "mode": "managed",
      "type": "aws_network_acl_rule",
      "name": "private4_egress",
      "provider": "provider[\"registry.terraform.io/hashicorp/aws\"]",
      "instances": [
        {
          "index_key": 0,
          "schema_version": 0,
          "attributes": {
            "cidr_block": "0.0.0.0/0",
            "egress": true,
            "from_port": 0,
            "icmp_code": null,
            "icmp_type": null,
            "id": "nacl-3142965789",
            "ipv6_cidr_block": "",
            "network_acl_id": "acl-0e15a5de8584f637c",
            "protocol": "-1",
            "rule_action": "allow",
            "rule_number": 100,
            "to_port": 0
          },
          "sensitive_attributes": [],
          "private": "bnVsbA==",
          "dependencies": [
            "module.private_only_subnets.aws_network_acl.private",
            "module.private_only_subnets.aws_subnet.private",
            "module.private_only_subnets.data.aws_availability_zones.default",
            "module.private_only_subnets.data.aws_vpc.default",
            "module.vpc.aws_vpc.default"
          ]
        }
      ]
    },
    {
      "module": "module.private_only_subnets",
      "mode": "managed",
      "type": "aws_network_acl_rule",
      "name": "private4_ingress",
      "provider": "provider[\"registry.terraform.io/hashicorp/aws\"]",
      "instances": [
        {
          "index_key": 0,
          "schema_version": 0,
          "attributes": {
            "cidr_block": "0.0.0.0/0",
            "egress": false,
            "from_port": 0,
            "icmp_code": null,
            "icmp_type": null,
            "id": "nacl-946076318",
            "ipv6_cidr_block": "",
            "network_acl_id": "acl-0e15a5de8584f637c",
            "protocol": "-1",
            "rule_action": "allow",
            "rule_number": 100,
            "to_port": 0
          },
          "sensitive_attributes": [],
          "private": "bnVsbA==",
          "dependencies": [
            "module.private_only_subnets.aws_network_acl.private",
            "module.private_only_subnets.aws_subnet.private",
            "module.private_only_subnets.data.aws_availability_zones.default",
            "module.private_only_subnets.data.aws_vpc.default",
            "module.vpc.aws_vpc.default"
          ]
        }
      ]
    },
    {
      "module": "module.private_only_subnets",
      "mode": "managed",
      "type": "aws_network_acl_rule",
      "name": "public4_egress",
      "provider": "provider[\"registry.terraform.io/hashicorp/aws\"]",
      "instances": [
        {
          "index_key": 0,
          "schema_version": 0,
          "attributes": {
            "cidr_block": "0.0.0.0/0",
            "egress": true,
            "from_port": 0,
            "icmp_code": null,
            "icmp_type": null,
            "id": "nacl-999930347",
            "ipv6_cidr_block": "",
            "network_acl_id": "acl-0de62a0f300b0aa3f",
            "protocol": "-1",
            "rule_action": "allow",
            "rule_number": 100,
            "to_port": 0
          },
          "sensitive_attributes": [],
          "private": "bnVsbA==",
          "dependencies": [
            "module.private_only_subnets.aws_network_acl.public",
            "module.private_only_subnets.aws_subnet.public",
            "module.private_only_subnets.data.aws_availability_zones.default",
            "module.private_only_subnets.data.aws_vpc.default",
            "module.vpc.aws_vpc.default"
          ]
        }
      ]
    },
    {
      "module": "module.private_only_subnets",
      "mode": "managed",
      "type": "aws_network_acl_rule",
      "name": "public4_ingress",
      "provider": "provider[\"registry.terraform.io/hashicorp/aws\"]",
      "instances": [
        {
          "index_key": 0,
          "schema_version": 0,
          "attributes": {
            "cidr_block": "0.0.0.0/0",
            "egress": false,
            "from_port": 0,
            "icmp_code": null,
            "icmp_type": null,
            "id": "nacl-1815962068",
            "ipv6_cidr_block": "",
            "network_acl_id": "acl-0de62a0f300b0aa3f",
            "protocol": "-1",
            "rule_action": "allow",
            "rule_number": 100,
            "to_port": 0
          },
          "sensitive_attributes": [],
          "private": "bnVsbA==",
          "dependencies": [
            "module.private_only_subnets.aws_network_acl.public",
            "module.private_only_subnets.aws_subnet.public",
            "module.private_only_subnets.data.aws_availability_zones.default",
            "module.private_only_subnets.data.aws_vpc.default",
            "module.vpc.aws_vpc.default"
          ]
        }
      ]
    },
    {
      "module": "module.private_only_subnets",
      "mode": "managed",
      "type": "aws_route",
      "name": "nat4",
      "provider": "provider[\"registry.terraform.io/hashicorp/aws\"]",
      "instances": [
        {
          "index_key": 0,
          "schema_version": 0,
          "attributes": {
            "carrier_gateway_id": "",
            "core_network_arn": "",
            "destination_cidr_block": "0.0.0.0/0",
            "destination_ipv6_cidr_block": "",
            "destination_prefix_list_id": "",
            "egress_only_gateway_id": "",
            "gateway_id": "",
            "id": "r-rtb-0a31536b24ed052301080289494",
            "instance_id": "",
            "instance_owner_id": "",
            "local_gateway_id": "",
            "nat_gateway_id": "nat-09fe3371106bcb2c6",
            "network_interface_id": "",
            "origin": "CreateRoute",
            "route_table_id": "rtb-0a31536b24ed05230",
            "state": "active",
            "timeouts": {
              "create": null,
              "delete": null,
              "update": null
            },
            "transit_gateway_id": "",
            "vpc_endpoint_id": "",
            "vpc_peering_connection_id": ""
          },
          "sensitive_attributes": [],
          "private": "eyJlMmJmYjczMC1lY2FhLTExZTYtOGY4OC0zNDM2M2JjN2M0YzAiOnsiY3JlYXRlIjozMDAwMDAwMDAwMDAsImRlbGV0ZSI6MzAwMDAwMDAwMDAwLCJ1cGRhdGUiOjEyMDAwMDAwMDAwMH19",
          "dependencies": [
            "module.private_only_subnets.aws_eip.default",
            "module.private_only_subnets.aws_eip_association.nat_instance",
            "module.private_only_subnets.aws_instance.nat_instance",
            "module.private_only_subnets.aws_nat_gateway.default",
            "module.private_only_subnets.aws_route_table.private",
            "module.private_only_subnets.aws_security_group.nat_instance",
            "module.private_only_subnets.aws_subnet.public",
            "module.private_only_subnets.data.aws_ami.nat_instance",
            "module.private_only_subnets.data.aws_availability_zones.default",
            "module.private_only_subnets.data.aws_eip.nat",
            "module.private_only_subnets.data.aws_vpc.default",
            "module.vpc.aws_vpc.default"
          ]
        },
        {
          "index_key": 1,
          "schema_version": 0,
          "attributes": {
            "carrier_gateway_id": "",
            "core_network_arn": "",
            "destination_cidr_block": "0.0.0.0/0",
            "destination_ipv6_cidr_block": "",
            "destination_prefix_list_id": "",
            "egress_only_gateway_id": "",
            "gateway_id": "",
            "id": "r-rtb-022f34262761bd6281080289494",
            "instance_id": "",
            "instance_owner_id": "",
            "local_gateway_id": "",
            "nat_gateway_id": "nat-025c160dfdb0e86ba",
            "network_interface_id": "",
            "origin": "CreateRoute",
            "route_table_id": "rtb-022f34262761bd628",
            "state": "active",
            "timeouts": {
              "create": null,
              "delete": null,
              "update": null
            },
            "transit_gateway_id": "",
            "vpc_endpoint_id": "",
            "vpc_peering_connection_id": ""
          },
          "sensitive_attributes": [],
          "private": "eyJlMmJmYjczMC1lY2FhLTExZTYtOGY4OC0zNDM2M2JjN2M0YzAiOnsiY3JlYXRlIjozMDAwMDAwMDAwMDAsImRlbGV0ZSI6MzAwMDAwMDAwMDAwLCJ1cGRhdGUiOjEyMDAwMDAwMDAwMH19",
          "dependencies": [
            "module.private_only_subnets.aws_eip.default",
            "module.private_only_subnets.aws_eip_association.nat_instance",
            "module.private_only_subnets.aws_instance.nat_instance",
            "module.private_only_subnets.aws_nat_gateway.default",
            "module.private_only_subnets.aws_route_table.private",
            "module.private_only_subnets.aws_security_group.nat_instance",
            "module.private_only_subnets.aws_subnet.public",
            "module.private_only_subnets.data.aws_ami.nat_instance",
            "module.private_only_subnets.data.aws_availability_zones.default",
            "module.private_only_subnets.data.aws_eip.nat",
            "module.private_only_subnets.data.aws_vpc.default",
            "module.vpc.aws_vpc.default"
          ]
        }
      ]
    },
    {
      "module": "module.private_only_subnets",
      "mode": "managed",
      "type": "aws_route",
      "name": "public",
      "provider": "provider[\"registry.terraform.io/hashicorp/aws\"]",
      "instances": [
        {
          "index_key": 0,
          "schema_version": 0,
          "attributes": {
            "carrier_gateway_id": "",
            "core_network_arn": "",
            "destination_cidr_block": "0.0.0.0/0",
            "destination_ipv6_cidr_block": "",
            "destination_prefix_list_id": "",
            "egress_only_gateway_id": "",
            "gateway_id": "igw-0e9ea34bd18152efa",
            "id": "r-rtb-02f87b87d510fb6c91080289494",
            "instance_id": "",
            "instance_owner_id": "",
            "local_gateway_id": "",
            "nat_gateway_id": "",
            "network_interface_id": "",
            "origin": "CreateRoute",
            "route_table_id": "rtb-02f87b87d510fb6c9",
            "state": "active",
            "timeouts": {
              "create": null,
              "delete": null,
              "update": null
            },
            "transit_gateway_id": "",
            "vpc_endpoint_id": "",
            "vpc_peering_connection_id": ""
          },
          "sensitive_attributes": [],
          "private": "eyJlMmJmYjczMC1lY2FhLTExZTYtOGY4OC0zNDM2M2JjN2M0YzAiOnsiY3JlYXRlIjozMDAwMDAwMDAwMDAsImRlbGV0ZSI6MzAwMDAwMDAwMDAwLCJ1cGRhdGUiOjEyMDAwMDAwMDAwMH19",
          "dependencies": [
            "module.private_only_subnets.aws_route_table.public",
            "module.private_only_subnets.data.aws_availability_zones.default",
            "module.vpc.aws_internet_gateway.default",
            "module.vpc.aws_vpc.default"
          ]
        }
      ]
    },
    {
      "module": "module.private_only_subnets",
      "mode": "managed",
      "type": "aws_route_table",
      "name": "private",
      "provider": "provider[\"registry.terraform.io/hashicorp/aws\"]",
      "instances": [
        {
          "index_key": 0,
          "schema_version": 0,
          "attributes": {
            "arn": "arn:aws:ec2:us-east-1:203918842945:route-table/rtb-0a31536b24ed05230",
            "id": "rtb-0a31536b24ed05230",
            "owner_id": "203918842945",
            "propagating_vgws": [],
            "route": [
              {
                "carrier_gateway_id": "",
                "cidr_block": "0.0.0.0/0",
                "core_network_arn": "",
                "destination_prefix_list_id": "",
                "egress_only_gateway_id": "",
                "gateway_id": "",
                "ipv6_cidr_block": "",
                "local_gateway_id": "",
                "nat_gateway_id": "nat-09fe3371106bcb2c6",
                "network_interface_id": "",
                "transit_gateway_id": "",
                "vpc_endpoint_id": "",
                "vpc_peering_connection_id": ""
              }
            ],
            "tags": {
              "Attributes": "private-only-private",
              "Name": "vitality-dev-app-private-only-private-use1c",
              "Namespace": "vitality",
              "Stage": "dev"
            },
            "tags_all": {
              "Attributes": "private-only-private",
              "Name": "vitality-dev-app-private-only-private-use1c",
              "Namespace": "vitality",
              "Stage": "dev"
            },
            "timeouts": null,
            "vpc_id": "vpc-07681cd3054d9f772"
          },
          "sensitive_attributes": [],
          "private": "eyJlMmJmYjczMC1lY2FhLTExZTYtOGY4OC0zNDM2M2JjN2M0YzAiOnsiY3JlYXRlIjozMDAwMDAwMDAwMDAsImRlbGV0ZSI6MzAwMDAwMDAwMDAwLCJ1cGRhdGUiOjEyMDAwMDAwMDAwMH19",
          "dependencies": [
            "module.private_only_subnets.data.aws_availability_zones.default",
            "module.vpc.aws_vpc.default"
          ]
        },
        {
          "index_key": 1,
          "schema_version": 0,
          "attributes": {
            "arn": "arn:aws:ec2:us-east-1:203918842945:route-table/rtb-022f34262761bd628",
            "id": "rtb-022f34262761bd628",
            "owner_id": "203918842945",
            "propagating_vgws": [],
            "route": [
              {
                "carrier_gateway_id": "",
                "cidr_block": "0.0.0.0/0",
                "core_network_arn": "",
                "destination_prefix_list_id": "",
                "egress_only_gateway_id": "",
                "gateway_id": "",
                "ipv6_cidr_block": "",
                "local_gateway_id": "",
                "nat_gateway_id": "nat-025c160dfdb0e86ba",
                "network_interface_id": "",
                "transit_gateway_id": "",
                "vpc_endpoint_id": "",
                "vpc_peering_connection_id": ""
              }
            ],
            "tags": {
              "Attributes": "private-only-private",
              "Name": "vitality-dev-app-private-only-private-use1d",
              "Namespace": "vitality",
              "Stage": "dev"
            },
            "tags_all": {
              "Attributes": "private-only-private",
              "Name": "vitality-dev-app-private-only-private-use1d",
              "Namespace": "vitality",
              "Stage": "dev"
            },
            "timeouts": null,
            "vpc_id": "vpc-07681cd3054d9f772"
          },
          "sensitive_attributes": [],
          "private": "eyJlMmJmYjczMC1lY2FhLTExZTYtOGY4OC0zNDM2M2JjN2M0YzAiOnsiY3JlYXRlIjozMDAwMDAwMDAwMDAsImRlbGV0ZSI6MzAwMDAwMDAwMDAwLCJ1cGRhdGUiOjEyMDAwMDAwMDAwMH19",
          "dependencies": [
            "module.private_only_subnets.data.aws_availability_zones.default",
            "module.vpc.aws_vpc.default"
          ]
        }
      ]
    },
    {
      "module": "module.private_only_subnets",
      "mode": "managed",
      "type": "aws_route_table",
      "name": "public",
      "provider": "provider[\"registry.terraform.io/hashicorp/aws\"]",
      "instances": [
        {
          "index_key": 0,
          "schema_version": 0,
          "attributes": {
            "arn": "arn:aws:ec2:us-east-1:203918842945:route-table/rtb-02f87b87d510fb6c9",
            "id": "rtb-02f87b87d510fb6c9",
            "owner_id": "203918842945",
            "propagating_vgws": [],
            "route": [
              {
                "carrier_gateway_id": "",
                "cidr_block": "0.0.0.0/0",
                "core_network_arn": "",
                "destination_prefix_list_id": "",
                "egress_only_gateway_id": "",
                "gateway_id": "igw-0e9ea34bd18152efa",
                "ipv6_cidr_block": "",
                "local_gateway_id": "",
                "nat_gateway_id": "",
                "network_interface_id": "",
                "transit_gateway_id": "",
                "vpc_endpoint_id": "",
                "vpc_peering_connection_id": ""
              }
            ],
            "tags": {
              "Attributes": "private-only-public",
              "Name": "vitality-dev-app-private-only-public",
              "Namespace": "vitality",
              "Stage": "dev"
            },
            "tags_all": {
              "Attributes": "private-only-public",
              "Name": "vitality-dev-app-private-only-public",
              "Namespace": "vitality",
              "Stage": "dev"
            },
            "timeouts": null,
            "vpc_id": "vpc-07681cd3054d9f772"
          },
          "sensitive_attributes": [],
          "private": "eyJlMmJmYjczMC1lY2FhLTExZTYtOGY4OC0zNDM2M2JjN2M0YzAiOnsiY3JlYXRlIjozMDAwMDAwMDAwMDAsImRlbGV0ZSI6MzAwMDAwMDAwMDAwLCJ1cGRhdGUiOjEyMDAwMDAwMDAwMH19",
          "dependencies": [
            "module.private_only_subnets.data.aws_availability_zones.default",
            "module.vpc.aws_vpc.default"
          ]
        }
      ]
    },
    {
      "module": "module.private_only_subnets",
      "mode": "managed",
      "type": "aws_route_table_association",
      "name": "private",
      "provider": "provider[\"registry.terraform.io/hashicorp/aws\"]",
      "instances": [
        {
          "index_key": 0,
          "schema_version": 0,
          "attributes": {
            "gateway_id": "",
            "id": "rtbassoc-05602f49bcca2f66a",
            "route_table_id": "rtb-0a31536b24ed05230",
            "subnet_id": "subnet-04ec5a322431e1d2e",
            "timeouts": null
          },
          "sensitive_attributes": [],
          "private": "eyJlMmJmYjczMC1lY2FhLTExZTYtOGY4OC0zNDM2M2JjN2M0YzAiOnsiY3JlYXRlIjozMDAwMDAwMDAwMDAsImRlbGV0ZSI6MzAwMDAwMDAwMDAwLCJ1cGRhdGUiOjEyMDAwMDAwMDAwMH19",
          "dependencies": [
            "module.private_only_subnets.aws_route_table.private",
            "module.private_only_subnets.aws_subnet.private",
            "module.private_only_subnets.data.aws_availability_zones.default",
            "module.private_only_subnets.data.aws_vpc.default",
            "module.vpc.aws_vpc.default"
          ]
        },
        {
          "index_key": 1,
          "schema_version": 0,
          "attributes": {
            "gateway_id": "",
            "id": "rtbassoc-0e28bd129a4d60d89",
            "route_table_id": "rtb-022f34262761bd628",
            "subnet_id": "subnet-0c885fe6233e71373",
            "timeouts": null
          },
          "sensitive_attributes": [],
          "private": "eyJlMmJmYjczMC1lY2FhLTExZTYtOGY4OC0zNDM2M2JjN2M0YzAiOnsiY3JlYXRlIjozMDAwMDAwMDAwMDAsImRlbGV0ZSI6MzAwMDAwMDAwMDAwLCJ1cGRhdGUiOjEyMDAwMDAwMDAwMH19",
          "dependencies": [
            "module.private_only_subnets.aws_route_table.private",
            "module.private_only_subnets.aws_subnet.private",
            "module.private_only_subnets.data.aws_availability_zones.default",
            "module.private_only_subnets.data.aws_vpc.default",
            "module.vpc.aws_vpc.default"
          ]
        }
      ]
    },
    {
      "module": "module.private_only_subnets",
      "mode": "managed",
      "type": "aws_route_table_association",
      "name": "public",
      "provider": "provider[\"registry.terraform.io/hashicorp/aws\"]",
      "instances": [
        {
          "index_key": 0,
          "schema_version": 0,
          "attributes": {
            "gateway_id": "",
            "id": "rtbassoc-0a1d7d519e8f34f03",
            "route_table_id": "rtb-02f87b87d510fb6c9",
            "subnet_id": "subnet-0e4a2c5d8b76ced7c",
            "timeouts": null
          },
          "sensitive_attributes": [],
          "private": "eyJlMmJmYjczMC1lY2FhLTExZTYtOGY4OC0zNDM2M2JjN2M0YzAiOnsiY3JlYXRlIjozMDAwMDAwMDAwMDAsImRlbGV0ZSI6MzAwMDAwMDAwMDAwLCJ1cGRhdGUiOjEyMDAwMDAwMDAwMH19",
          "dependencies": [
            "module.private_only_subnets.aws_route_table.public",
            "module.private_only_subnets.aws_subnet.public",
            "module.private_only_subnets.data.aws_availability_zones.default",
            "module.private_only_subnets.data.aws_vpc.default",
            "module.vpc.aws_vpc.default"
          ]
        },
        {
          "index_key": 1,
          "schema_version": 0,
          "attributes": {
            "gateway_id": "",
            "id": "rtbassoc-023adc9a711bd6639",
            "route_table_id": "rtb-02f87b87d510fb6c9",
            "subnet_id": "subnet-0226c9efca2849ff7",
            "timeouts": null
          },
          "sensitive_attributes": [],
          "private": "eyJlMmJmYjczMC1lY2FhLTExZTYtOGY4OC0zNDM2M2JjN2M0YzAiOnsiY3JlYXRlIjozMDAwMDAwMDAwMDAsImRlbGV0ZSI6MzAwMDAwMDAwMDAwLCJ1cGRhdGUiOjEyMDAwMDAwMDAwMH19",
          "dependencies": [
            "module.private_only_subnets.aws_route_table.public",
            "module.private_only_subnets.aws_subnet.public",
            "module.private_only_subnets.data.aws_availability_zones.default",
            "module.private_only_subnets.data.aws_vpc.default",
            "module.vpc.aws_vpc.default"
          ]
        }
      ]
    },
    {
      "module": "module.private_only_subnets",
      "mode": "managed",
      "type": "aws_subnet",
      "name": "private",
      "provider": "provider[\"registry.terraform.io/hashicorp/aws\"]",
      "instances": [
        {
          "index_key": 0,
          "schema_version": 1,
          "attributes": {
            "arn": "arn:aws:ec2:us-east-1:203918842945:subnet/subnet-04ec5a322431e1d2e",
            "assign_ipv6_address_on_creation": false,
            "availability_zone": "us-east-1c",
            "availability_zone_id": "use1-az1",
            "cidr_block": "10.0.16.0/24",
            "customer_owned_ipv4_pool": "",
            "enable_dns64": false,
            "enable_lni_at_device_index": 0,
            "enable_resource_name_dns_a_record_on_launch": false,
            "enable_resource_name_dns_aaaa_record_on_launch": false,
            "id": "subnet-04ec5a322431e1d2e",
            "ipv6_cidr_block": "",
            "ipv6_cidr_block_association_id": "",
            "ipv6_native": false,
            "map_customer_owned_ip_on_launch": false,
            "map_public_ip_on_launch": false,
            "outpost_arn": "",
            "owner_id": "203918842945",
            "private_dns_hostname_type_on_launch": "ip-name",
            "tags": {
              "Attributes": "private-only-private",
              "Name": "vitality-dev-app-private-only-private-use1c",
              "Namespace": "vitality",
              "Stage": "dev"
            },
            "tags_all": {
              "Attributes": "private-only-private",
              "Name": "vitality-dev-app-private-only-private-use1c",
              "Namespace": "vitality",
              "Stage": "dev"
            },
            "timeouts": {
              "create": null,
              "delete": null
            },
            "vpc_id": "vpc-07681cd3054d9f772"
          },
          "sensitive_attributes": [],
          "private": "eyJlMmJmYjczMC1lY2FhLTExZTYtOGY4OC0zNDM2M2JjN2M0YzAiOnsiY3JlYXRlIjo2MDAwMDAwMDAwMDAsImRlbGV0ZSI6MTIwMDAwMDAwMDAwMH0sInNjaGVtYV92ZXJzaW9uIjoiMSJ9",
          "dependencies": [
            "module.private_only_subnets.data.aws_availability_zones.default",
            "module.private_only_subnets.data.aws_vpc.default",
            "module.vpc.aws_vpc.default"
          ]
        },
        {
          "index_key": 1,
          "schema_version": 1,
          "attributes": {
            "arn": "arn:aws:ec2:us-east-1:203918842945:subnet/subnet-0c885fe6233e71373",
            "assign_ipv6_address_on_creation": false,
            "availability_zone": "us-east-1d",
            "availability_zone_id": "use1-az2",
            "cidr_block": "10.0.17.0/24",
            "customer_owned_ipv4_pool": "",
            "enable_dns64": false,
            "enable_lni_at_device_index": 0,
            "enable_resource_name_dns_a_record_on_launch": false,
            "enable_resource_name_dns_aaaa_record_on_launch": false,
            "id": "subnet-0c885fe6233e71373",
            "ipv6_cidr_block": "",
            "ipv6_cidr_block_association_id": "",
            "ipv6_native": false,
            "map_customer_owned_ip_on_launch": false,
            "map_public_ip_on_launch": false,
            "outpost_arn": "",
            "owner_id": "203918842945",
            "private_dns_hostname_type_on_launch": "ip-name",
            "tags": {
              "Attributes": "private-only-private",
              "Name": "vitality-dev-app-private-only-private-use1d",
              "Namespace": "vitality",
              "Stage": "dev"
            },
            "tags_all": {
              "Attributes": "private-only-private",
              "Name": "vitality-dev-app-private-only-private-use1d",
              "Namespace": "vitality",
              "Stage": "dev"
            },
            "timeouts": {
              "create": null,
              "delete": null
            },
            "vpc_id": "vpc-07681cd3054d9f772"
          },
          "sensitive_attributes": [],
          "private": "eyJlMmJmYjczMC1lY2FhLTExZTYtOGY4OC0zNDM2M2JjN2M0YzAiOnsiY3JlYXRlIjo2MDAwMDAwMDAwMDAsImRlbGV0ZSI6MTIwMDAwMDAwMDAwMH0sInNjaGVtYV92ZXJzaW9uIjoiMSJ9",
          "dependencies": [
            "module.private_only_subnets.data.aws_availability_zones.default",
            "module.private_only_subnets.data.aws_vpc.default",
            "module.vpc.aws_vpc.default"
          ]
        }
      ]
    },
    {
      "module": "module.private_only_subnets",
      "mode": "managed",
      "type": "aws_subnet",
      "name": "public",
      "provider": "provider[\"registry.terraform.io/hashicorp/aws\"]",
      "instances": [
        {
          "index_key": 0,
          "schema_version": 1,
          "attributes": {
            "arn": "arn:aws:ec2:us-east-1:203918842945:subnet/subnet-0e4a2c5d8b76ced7c",
            "assign_ipv6_address_on_creation": false,
            "availability_zone": "us-east-1c",
            "availability_zone_id": "use1-az1",
            "cidr_block": "10.0.22.0/24",
            "customer_owned_ipv4_pool": "",
            "enable_dns64": false,
            "enable_lni_at_device_index": 0,
            "enable_resource_name_dns_a_record_on_launch": false,
            "enable_resource_name_dns_aaaa_record_on_launch": false,
            "id": "subnet-0e4a2c5d8b76ced7c",
            "ipv6_cidr_block": "",
            "ipv6_cidr_block_association_id": "",
            "ipv6_native": false,
            "map_customer_owned_ip_on_launch": false,
            "map_public_ip_on_launch": true,
            "outpost_arn": "",
            "owner_id": "203918842945",
            "private_dns_hostname_type_on_launch": "ip-name",
            "tags": {
              "Attributes": "private-only-public",
              "Name": "vitality-dev-app-private-only-public-use1c",
              "Namespace": "vitality",
              "Stage": "dev"
            },
            "tags_all": {
              "Attributes": "private-only-public",
              "Name": "vitality-dev-app-private-only-public-use1c",
              "Namespace": "vitality",
              "Stage": "dev"
            },
            "timeouts": {
              "create": null,
              "delete": null
            },
            "vpc_id": "vpc-07681cd3054d9f772"
          },
          "sensitive_attributes": [],
          "private": "eyJlMmJmYjczMC1lY2FhLTExZTYtOGY4OC0zNDM2M2JjN2M0YzAiOnsiY3JlYXRlIjo2MDAwMDAwMDAwMDAsImRlbGV0ZSI6MTIwMDAwMDAwMDAwMH0sInNjaGVtYV92ZXJzaW9uIjoiMSJ9",
          "dependencies": [
            "module.private_only_subnets.data.aws_availability_zones.default",
            "module.private_only_subnets.data.aws_vpc.default",
            "module.vpc.aws_vpc.default"
          ]
        },
        {
          "index_key": 1,
          "schema_version": 1,
          "attributes": {
            "arn": "arn:aws:ec2:us-east-1:203918842945:subnet/subnet-0226c9efca2849ff7",
            "assign_ipv6_address_on_creation": false,
            "availability_zone": "us-east-1d",
            "availability_zone_id": "use1-az2",
            "cidr_block": "10.0.23.0/24",
            "customer_owned_ipv4_pool": "",
            "enable_dns64": false,
            "enable_lni_at_device_index": 0,
            "enable_resource_name_dns_a_record_on_launch": false,
            "enable_resource_name_dns_aaaa_record_on_launch": false,
            "id": "subnet-0226c9efca2849ff7",
            "ipv6_cidr_block": "",
            "ipv6_cidr_block_association_id": "",
            "ipv6_native": false,
            "map_customer_owned_ip_on_launch": false,
            "map_public_ip_on_launch": true,
            "outpost_arn": "",
            "owner_id": "203918842945",
            "private_dns_hostname_type_on_launch": "ip-name",
            "tags": {
              "Attributes": "private-only-public",
              "Name": "vitality-dev-app-private-only-public-use1d",
              "Namespace": "vitality",
              "Stage": "dev"
            },
            "tags_all": {
              "Attributes": "private-only-public",
              "Name": "vitality-dev-app-private-only-public-use1d",
              "Namespace": "vitality",
              "Stage": "dev"
            },
            "timeouts": {
              "create": null,
              "delete": null
            },
            "vpc_id": "vpc-07681cd3054d9f772"
          },
          "sensitive_attributes": [],
          "private": "eyJlMmJmYjczMC1lY2FhLTExZTYtOGY4OC0zNDM2M2JjN2M0YzAiOnsiY3JlYXRlIjo2MDAwMDAwMDAwMDAsImRlbGV0ZSI6MTIwMDAwMDAwMDAwMH0sInNjaGVtYV92ZXJzaW9uIjoiMSJ9",
          "dependencies": [
            "module.private_only_subnets.data.aws_availability_zones.default",
            "module.private_only_subnets.data.aws_vpc.default",
            "module.vpc.aws_vpc.default"
          ]
        }
      ]
    },
    {
      "module": "module.private_only_subnets.module.utils",
      "mode": "data",
      "type": "aws_regions",
      "name": "complete",
      "provider": "provider[\"registry.terraform.io/hashicorp/aws\"]",
      "instances": [
        {
          "schema_version": 0,
          "attributes": {
            "all_regions": true,
            "filter": [],
            "id": "aws",
            "names": [
              "af-south-1",
              "ap-east-1",
              "ap-northeast-1",
              "ap-northeast-2",
              "ap-northeast-3",
              "ap-south-1",
              "ap-south-2",
              "ap-southeast-1",
              "ap-southeast-2",
              "ap-southeast-3",
              "ap-southeast-4",
              "ap-southeast-5",
              "ap-southeast-7",
              "ca-central-1",
              "ca-west-1",
              "eu-central-1",
              "eu-central-2",
              "eu-north-1",
              "eu-south-1",
              "eu-south-2",
              "eu-west-1",
              "eu-west-2",
              "eu-west-3",
              "il-central-1",
              "me-central-1",
              "me-south-1",
              "mx-central-1",
              "sa-east-1",
              "us-east-1",
              "us-east-2",
              "us-west-1",
              "us-west-2"
            ]
          },
          "sensitive_attributes": []
        }
      ]
    },
    {
      "module": "module.private_only_subnets.module.utils",
      "mode": "data",
      "type": "aws_regions",
      "name": "default",
      "provider": "provider[\"registry.terraform.io/hashicorp/aws\"]",
      "instances": [
        {
          "schema_version": 0,
          "attributes": {
            "all_regions": true,
            "filter": [
              {
                "name": "opt-in-status",
                "values": [
                  "opt-in-not-required"
                ]
              }
            ],
            "id": "aws",
            "names": [
              "ap-northeast-1",
              "ap-northeast-2",
              "ap-northeast-3",
              "ap-south-1",
              "ap-southeast-1",
              "ap-southeast-2",
              "ca-central-1",
              "eu-central-1",
              "eu-north-1",
              "eu-west-1",
              "eu-west-2",
              "eu-west-3",
              "sa-east-1",
              "us-east-1",
              "us-east-2",
              "us-west-1",
              "us-west-2"
            ]
          },
          "sensitive_attributes": []
        }
      ]
    },
    {
      "module": "module.private_only_subnets.module.utils",
      "mode": "data",
      "type": "aws_regions",
      "name": "not_opted_in",
      "provider": "provider[\"registry.terraform.io/hashicorp/aws\"]",
      "instances": [
        {
          "schema_version": 0,
          "attributes": {
            "all_regions": true,
            "filter": [
              {
                "name": "opt-in-status",
                "values": [
                  "not-opted-in"
                ]
              }
            ],
            "id": "aws",
            "names": [
              "af-south-1",
              "ap-east-1",
              "ap-south-2",
              "ap-southeast-3",
              "ap-southeast-4",
              "ap-southeast-5",
              "ap-southeast-7",
              "ca-west-1",
              "eu-central-2",
              "eu-south-1",
              "eu-south-2",
              "il-central-1",
              "me-central-1",
              "me-south-1",
              "mx-central-1"
            ]
          },
          "sensitive_attributes": []
        }
      ]
    },
    {
      "module": "module.private_only_subnets.module.utils",
      "mode": "data",
      "type": "aws_regions",
      "name": "opted_in",
      "provider": "provider[\"registry.terraform.io/hashicorp/aws\"]",
      "instances": [
        {
          "schema_version": 0,
          "attributes": {
            "all_regions": true,
            "filter": [
              {
                "name": "opt-in-status",
                "values": [
                  "opted-in"
                ]
              }
            ],
            "id": "aws",
            "names": []
          },
          "sensitive_attributes": []
        }
      ]
    },
    {
      "module": "module.public_private_subnets",
      "mode": "data",
      "type": "aws_availability_zones",
      "name": "default",
      "provider": "provider[\"registry.terraform.io/hashicorp/aws\"]",
      "instances": [
        {
          "index_key": 0,
          "schema_version": 0,
          "attributes": {
            "all_availability_zones": null,
            "exclude_names": null,
            "exclude_zone_ids": null,
            "filter": [
              {
                "name": "opt-in-status",
                "values": [
                  "opt-in-not-required"
                ]
              }
            ],
            "group_names": [
              "us-east-1-zg-1"
            ],
            "id": "us-east-1",
            "names": [
              "us-east-1a",
              "us-east-1b",
              "us-east-1c",
              "us-east-1d",
              "us-east-1e",
              "us-east-1f"
            ],
            "state": null,
            "timeouts": null,
            "zone_ids": [
              "use1-az4",
              "use1-az6",
              "use1-az1",
              "use1-az2",
              "use1-az3",
              "use1-az5"
            ]
          },
          "sensitive_attributes": []
        }
      ]
    },
    {
      "module": "module.public_private_subnets",
      "mode": "managed",
      "type": "aws_eip",
      "name": "default",
      "provider": "provider[\"registry.terraform.io/hashicorp/aws\"]",
      "instances": [
        {
          "index_key": 0,
          "schema_version": 0,
          "attributes": {
            "address": null,
            "allocation_id": "eipalloc-071eed9b27b7591f5",
            "arn": "arn:aws:ec2:us-east-1:203918842945:elastic-ip/eipalloc-071eed9b27b7591f5",
            "associate_with_private_ip": null,
            "association_id": "eipassoc-026d73653965c65dd",
            "carrier_ip": "",
            "customer_owned_ip": "",
            "customer_owned_ipv4_pool": "",
            "domain": "vpc",
            "id": "eipalloc-071eed9b27b7591f5",
            "instance": "",
            "ipam_pool_id": null,
            "network_border_group": "us-east-1",
            "network_interface": "eni-0498937faf781e473",
            "private_dns": "ip-10-0-6-134.ec2.internal",
            "private_ip": "10.0.6.134",
            "ptr_record": "",
            "public_dns": "ec2-98-83-21-204.compute-1.amazonaws.com",
            "public_ip": "98.83.21.204",
            "public_ipv4_pool": "amazon",
            "tags": {
              "Attributes": "public-private-nat",
              "Name": "vitality-dev-app-public-private-nat-use1a",
              "Namespace": "vitality",
              "Stage": "dev"
            },
            "tags_all": {
              "Attributes": "public-private-nat",
              "Name": "vitality-dev-app-public-private-nat-use1a",
              "Namespace": "vitality",
              "Stage": "dev"
            },
            "timeouts": null,
            "vpc": true
          },
          "sensitive_attributes": [],
          "private": "eyJlMmJmYjczMC1lY2FhLTExZTYtOGY4OC0zNDM2M2JjN2M0YzAiOnsiZGVsZXRlIjoxODAwMDAwMDAwMDAsInJlYWQiOjkwMDAwMDAwMDAwMCwidXBkYXRlIjozMDAwMDAwMDAwMDB9fQ==",
          "dependencies": [
            "module.public_private_subnets.data.aws_availability_zones.default"
          ],
          "create_before_destroy": true
        },
        {
          "index_key": 1,
          "schema_version": 0,
          "attributes": {
            "address": null,
            "allocation_id": "eipalloc-07f78d4efb31190f5",
            "arn": "arn:aws:ec2:us-east-1:203918842945:elastic-ip/eipalloc-07f78d4efb31190f5",
            "associate_with_private_ip": null,
            "association_id": "eipassoc-0fec2154a689c19a3",
            "carrier_ip": "",
            "customer_owned_ip": "",
            "customer_owned_ipv4_pool": "",
            "domain": "vpc",
            "id": "eipalloc-07f78d4efb31190f5",
            "instance": "",
            "ipam_pool_id": null,
            "network_border_group": "us-east-1",
            "network_interface": "eni-02f93b77b90ea4ebe",
            "private_dns": "ip-10-0-7-17.ec2.internal",
            "private_ip": "10.0.7.17",
            "ptr_record": "",
            "public_dns": "ec2-34-202-35-241.compute-1.amazonaws.com",
            "public_ip": "34.202.35.241",
            "public_ipv4_pool": "amazon",
            "tags": {
              "Attributes": "public-private-nat",
              "Name": "vitality-dev-app-public-private-nat-use1b",
              "Namespace": "vitality",
              "Stage": "dev"
            },
            "tags_all": {
              "Attributes": "public-private-nat",
              "Name": "vitality-dev-app-public-private-nat-use1b",
              "Namespace": "vitality",
              "Stage": "dev"
            },
            "timeouts": null,
            "vpc": true
          },
          "sensitive_attributes": [],
          "private": "eyJlMmJmYjczMC1lY2FhLTExZTYtOGY4OC0zNDM2M2JjN2M0YzAiOnsiZGVsZXRlIjoxODAwMDAwMDAwMDAsInJlYWQiOjkwMDAwMDAwMDAwMCwidXBkYXRlIjozMDAwMDAwMDAwMDB9fQ==",
          "dependencies": [
            "module.public_private_subnets.data.aws_availability_zones.default"
          ],
          "create_before_destroy": true
        }
      ]
    },
    {
      "module": "module.public_private_subnets",
      "mode": "managed",
      "type": "aws_nat_gateway",
      "name": "default",
      "provider": "provider[\"registry.terraform.io/hashicorp/aws\"]",
      "instances": [
        {
          "index_key": 0,
          "schema_version": 0,
          "attributes": {
            "allocation_id": "eipalloc-071eed9b27b7591f5",
            "association_id": "eipassoc-026d73653965c65dd",
            "connectivity_type": "public",
            "id": "nat-033fb51789dd0f44e",
            "network_interface_id": "eni-0498937faf781e473",
            "private_ip": "10.0.6.134",
            "public_ip": "98.83.21.204",
            "secondary_allocation_ids": [],
            "secondary_private_ip_address_count": 0,
            "secondary_private_ip_addresses": [],
            "subnet_id": "subnet-0f46822cfaf7d5ee9",
            "tags": {
              "Attributes": "public-private-nat",
              "Name": "vitality-dev-app-public-private-nat-use1a",
              "Namespace": "vitality",
              "Stage": "dev"
            },
            "tags_all": {
              "Attributes": "public-private-nat",
              "Name": "vitality-dev-app-public-private-nat-use1a",
              "Namespace": "vitality",
              "Stage": "dev"
            },
            "timeouts": null
          },
          "sensitive_attributes": [],
          "private": "eyJlMmJmYjczMC1lY2FhLTExZTYtOGY4OC0zNDM2M2JjN2M0YzAiOnsiY3JlYXRlIjo2MDAwMDAwMDAwMDAsImRlbGV0ZSI6MTgwMDAwMDAwMDAwMCwidXBkYXRlIjo2MDAwMDAwMDAwMDB9fQ==",
          "dependencies": [
            "module.public_private_subnets.aws_eip.default",
            "module.public_private_subnets.aws_eip_association.nat_instance",
            "module.public_private_subnets.aws_instance.nat_instance",
            "module.public_private_subnets.aws_security_group.nat_instance",
            "module.public_private_subnets.aws_subnet.public",
            "module.public_private_subnets.data.aws_ami.nat_instance",
            "module.public_private_subnets.data.aws_availability_zones.default",
            "module.public_private_subnets.data.aws_eip.nat",
            "module.public_private_subnets.data.aws_vpc.default",
            "module.vpc.aws_vpc.default"
          ]
        },
        {
          "index_key": 1,
          "schema_version": 0,
          "attributes": {
            "allocation_id": "eipalloc-07f78d4efb31190f5",
            "association_id": "eipassoc-0fec2154a689c19a3",
            "connectivity_type": "public",
            "id": "nat-0485fd3999e1c7d5e",
            "network_interface_id": "eni-02f93b77b90ea4ebe",
            "private_ip": "10.0.7.17",
            "public_ip": "34.202.35.241",
            "secondary_allocation_ids": [],
            "secondary_private_ip_address_count": 0,
            "secondary_private_ip_addresses": [],
            "subnet_id": "subnet-08db065a30264ca79",
            "tags": {
              "Attributes": "public-private-nat",
              "Name": "vitality-dev-app-public-private-nat-use1b",
              "Namespace": "vitality",
              "Stage": "dev"
            },
            "tags_all": {
              "Attributes": "public-private-nat",
              "Name": "vitality-dev-app-public-private-nat-use1b",
              "Namespace": "vitality",
              "Stage": "dev"
            },
            "timeouts": null
          },
          "sensitive_attributes": [],
          "private": "eyJlMmJmYjczMC1lY2FhLTExZTYtOGY4OC0zNDM2M2JjN2M0YzAiOnsiY3JlYXRlIjo2MDAwMDAwMDAwMDAsImRlbGV0ZSI6MTgwMDAwMDAwMDAwMCwidXBkYXRlIjo2MDAwMDAwMDAwMDB9fQ==",
          "dependencies": [
            "module.public_private_subnets.aws_eip.default",
            "module.public_private_subnets.aws_eip_association.nat_instance",
            "module.public_private_subnets.aws_instance.nat_instance",
            "module.public_private_subnets.aws_security_group.nat_instance",
            "module.public_private_subnets.aws_subnet.public",
            "module.public_private_subnets.data.aws_ami.nat_instance",
            "module.public_private_subnets.data.aws_availability_zones.default",
            "module.public_private_subnets.data.aws_eip.nat",
            "module.public_private_subnets.data.aws_vpc.default",
            "module.vpc.aws_vpc.default"
          ]
        }
      ]
    },
    {
      "module": "module.public_private_subnets",
      "mode": "managed",
      "type": "aws_network_acl",
      "name": "private",
      "provider": "provider[\"registry.terraform.io/hashicorp/aws\"]",
      "instances": [
        {
          "index_key": 0,
          "schema_version": 0,
          "attributes": {
            "arn": "arn:aws:ec2:us-east-1:203918842945:network-acl/acl-0bad9aecb97f95cd5",
            "egress": [
              {
                "action": "allow",
                "cidr_block": "0.0.0.0/0",
                "from_port": 0,
                "icmp_code": 0,
                "icmp_type": 0,
                "ipv6_cidr_block": "",
                "protocol": "-1",
                "rule_no": 100,
                "to_port": 0
              }
            ],
            "id": "acl-0bad9aecb97f95cd5",
            "ingress": [
              {
                "action": "allow",
                "cidr_block": "0.0.0.0/0",
                "from_port": 0,
                "icmp_code": 0,
                "icmp_type": 0,
                "ipv6_cidr_block": "",
                "protocol": "-1",
                "rule_no": 100,
                "to_port": 0
              }
            ],
            "owner_id": "203918842945",
            "subnet_ids": [
              "subnet-018c259d093563656",
              "subnet-074dcd6107539c8c2"
            ],
            "tags": {
              "Attributes": "public-private-private",
              "Name": "vitality-dev-app-public-private-private",
              "Namespace": "vitality",
              "Stage": "dev"
            },
            "tags_all": {
              "Attributes": "public-private-private",
              "Name": "vitality-dev-app-public-private-private",
              "Namespace": "vitality",
              "Stage": "dev"
            },
            "vpc_id": "vpc-07681cd3054d9f772"
          },
          "sensitive_attributes": [],
          "private": "bnVsbA==",
          "dependencies": [
            "module.public_private_subnets.aws_subnet.private",
            "module.public_private_subnets.data.aws_availability_zones.default",
            "module.public_private_subnets.data.aws_vpc.default",
            "module.vpc.aws_vpc.default"
          ]
        }
      ]
    },
    {
      "module": "module.public_private_subnets",
      "mode": "managed",
      "type": "aws_network_acl",
      "name": "public",
      "provider": "provider[\"registry.terraform.io/hashicorp/aws\"]",
      "instances": [
        {
          "index_key": 0,
          "schema_version": 0,
          "attributes": {
            "arn": "arn:aws:ec2:us-east-1:203918842945:network-acl/acl-035dc708eff828bab",
            "egress": [
              {
                "action": "allow",
                "cidr_block": "0.0.0.0/0",
                "from_port": 0,
                "icmp_code": 0,
                "icmp_type": 0,
                "ipv6_cidr_block": "",
                "protocol": "-1",
                "rule_no": 100,
                "to_port": 0
              }
            ],
            "id": "acl-035dc708eff828bab",
            "ingress": [
              {
                "action": "allow",
                "cidr_block": "0.0.0.0/0",
                "from_port": 0,
                "icmp_code": 0,
                "icmp_type": 0,
                "ipv6_cidr_block": "",
                "protocol": "-1",
                "rule_no": 100,
                "to_port": 0
              }
            ],
            "owner_id": "203918842945",
            "subnet_ids": [
              "subnet-08db065a30264ca79",
              "subnet-0f46822cfaf7d5ee9"
            ],
            "tags": {
              "Attributes": "public-private-public",
              "Name": "vitality-dev-app-public-private-public",
              "Namespace": "vitality",
              "Stage": "dev"
            },
            "tags_all": {
              "Attributes": "public-private-public",
              "Name": "vitality-dev-app-public-private-public",
              "Namespace": "vitality",
              "Stage": "dev"
            },
            "vpc_id": "vpc-07681cd3054d9f772"
          },
          "sensitive_attributes": [],
          "private": "bnVsbA==",
          "dependencies": [
            "module.public_private_subnets.aws_subnet.public",
            "module.public_private_subnets.data.aws_availability_zones.default",
            "module.public_private_subnets.data.aws_vpc.default",
            "module.vpc.aws_vpc.default"
          ]
        }
      ]
    },
    {
      "module": "module.public_private_subnets",
      "mode": "managed",
      "type": "aws_network_acl_rule",
      "name": "private4_egress",
      "provider": "provider[\"registry.terraform.io/hashicorp/aws\"]",
      "instances": [
        {
          "index_key": 0,
          "schema_version": 0,
          "attributes": {
            "cidr_block": "0.0.0.0/0",
            "egress": true,
            "from_port": 0,
            "icmp_code": null,
            "icmp_type": null,
            "id": "nacl-3472789838",
            "ipv6_cidr_block": "",
            "network_acl_id": "acl-0bad9aecb97f95cd5",
            "protocol": "-1",
            "rule_action": "allow",
            "rule_number": 100,
            "to_port": 0
          },
          "sensitive_attributes": [],
          "private": "bnVsbA==",
          "dependencies": [
            "module.public_private_subnets.aws_network_acl.private",
            "module.public_private_subnets.aws_subnet.private",
            "module.public_private_subnets.data.aws_availability_zones.default",
            "module.public_private_subnets.data.aws_vpc.default",
            "module.vpc.aws_vpc.default"
          ]
        }
      ]
    },
    {
      "module": "module.public_private_subnets",
      "mode": "managed",
      "type": "aws_network_acl_rule",
      "name": "private4_ingress",
      "provider": "provider[\"registry.terraform.io/hashicorp/aws\"]",
      "instances": [
        {
          "index_key": 0,
          "schema_version": 0,
          "attributes": {
            "cidr_block": "0.0.0.0/0",
            "egress": false,
            "from_port": 0,
            "icmp_code": null,
            "icmp_type": null,
            "id": "nacl-3396620699",
            "ipv6_cidr_block": "",
            "network_acl_id": "acl-0bad9aecb97f95cd5",
            "protocol": "-1",
            "rule_action": "allow",
            "rule_number": 100,
            "to_port": 0
          },
          "sensitive_attributes": [],
          "private": "bnVsbA==",
          "dependencies": [
            "module.public_private_subnets.aws_network_acl.private",
            "module.public_private_subnets.aws_subnet.private",
            "module.public_private_subnets.data.aws_availability_zones.default",
            "module.public_private_subnets.data.aws_vpc.default",
            "module.vpc.aws_vpc.default"
          ]
        }
      ]
    },
    {
      "module": "module.public_private_subnets",
      "mode": "managed",
      "type": "aws_network_acl_rule",
      "name": "public4_egress",
      "provider": "provider[\"registry.terraform.io/hashicorp/aws\"]",
      "instances": [
        {
          "index_key": 0,
          "schema_version": 0,
          "attributes": {
            "cidr_block": "0.0.0.0/0",
            "egress": true,
            "from_port": 0,
            "icmp_code": null,
            "icmp_type": null,
            "id": "nacl-2498365947",
            "ipv6_cidr_block": "",
            "network_acl_id": "acl-035dc708eff828bab",
            "protocol": "-1",
            "rule_action": "allow",
            "rule_number": 100,
            "to_port": 0
          },
          "sensitive_attributes": [],
          "private": "bnVsbA==",
          "dependencies": [
            "module.public_private_subnets.aws_network_acl.public",
            "module.public_private_subnets.aws_subnet.public",
            "module.public_private_subnets.data.aws_availability_zones.default",
            "module.public_private_subnets.data.aws_vpc.default",
            "module.vpc.aws_vpc.default"
          ]
        }
      ]
    },
    {
      "module": "module.public_private_subnets",
      "mode": "managed",
      "type": "aws_network_acl_rule",
      "name": "public4_ingress",
      "provider": "provider[\"registry.terraform.io/hashicorp/aws\"]",
      "instances": [
        {
          "index_key": 0,
          "schema_version": 0,
          "attributes": {
            "cidr_block": "0.0.0.0/0",
            "egress": false,
            "from_port": 0,
            "icmp_code": null,
            "icmp_type": null,
            "id": "nacl-1898250752",
            "ipv6_cidr_block": "",
            "network_acl_id": "acl-035dc708eff828bab",
            "protocol": "-1",
            "rule_action": "allow",
            "rule_number": 100,
            "to_port": 0
          },
          "sensitive_attributes": [],
          "private": "bnVsbA==",
          "dependencies": [
            "module.public_private_subnets.aws_network_acl.public",
            "module.public_private_subnets.aws_subnet.public",
            "module.public_private_subnets.data.aws_availability_zones.default",
            "module.public_private_subnets.data.aws_vpc.default",
            "module.vpc.aws_vpc.default"
          ]
        }
      ]
    },
    {
      "module": "module.public_private_subnets",
      "mode": "managed",
      "type": "aws_route",
      "name": "nat4",
      "provider": "provider[\"registry.terraform.io/hashicorp/aws\"]",
      "instances": [
        {
          "index_key": 0,
          "schema_version": 0,
          "attributes": {
            "carrier_gateway_id": "",
            "core_network_arn": "",
            "destination_cidr_block": "0.0.0.0/0",
            "destination_ipv6_cidr_block": "",
            "destination_prefix_list_id": "",
            "egress_only_gateway_id": "",
            "gateway_id": "",
            "id": "r-rtb-0364bab632a511e831080289494",
            "instance_id": "",
            "instance_owner_id": "",
            "local_gateway_id": "",
            "nat_gateway_id": "nat-033fb51789dd0f44e",
            "network_interface_id": "",
            "origin": "CreateRoute",
            "route_table_id": "rtb-0364bab632a511e83",
            "state": "active",
            "timeouts": {
              "create": null,
              "delete": null,
              "update": null
            },
            "transit_gateway_id": "",
            "vpc_endpoint_id": "",
            "vpc_peering_connection_id": ""
          },
          "sensitive_attributes": [],
          "private": "eyJlMmJmYjczMC1lY2FhLTExZTYtOGY4OC0zNDM2M2JjN2M0YzAiOnsiY3JlYXRlIjozMDAwMDAwMDAwMDAsImRlbGV0ZSI6MzAwMDAwMDAwMDAwLCJ1cGRhdGUiOjEyMDAwMDAwMDAwMH19",
          "dependencies": [
            "module.public_private_subnets.aws_eip.default",
            "module.public_private_subnets.aws_eip_association.nat_instance",
            "module.public_private_subnets.aws_instance.nat_instance",
            "module.public_private_subnets.aws_nat_gateway.default",
            "module.public_private_subnets.aws_route_table.private",
            "module.public_private_subnets.aws_security_group.nat_instance",
            "module.public_private_subnets.aws_subnet.public",
            "module.public_private_subnets.data.aws_ami.nat_instance",
            "module.public_private_subnets.data.aws_availability_zones.default",
            "module.public_private_subnets.data.aws_eip.nat",
            "module.public_private_subnets.data.aws_vpc.default",
            "module.vpc.aws_vpc.default"
          ]
        },
        {
          "index_key": 1,
          "schema_version": 0,
          "attributes": {
            "carrier_gateway_id": "",
            "core_network_arn": "",
            "destination_cidr_block": "0.0.0.0/0",
            "destination_ipv6_cidr_block": "",
            "destination_prefix_list_id": "",
            "egress_only_gateway_id": "",
            "gateway_id": "",
            "id": "r-rtb-0da36ea8d9376f7711080289494",
            "instance_id": "",
            "instance_owner_id": "",
            "local_gateway_id": "",
            "nat_gateway_id": "nat-0485fd3999e1c7d5e",
            "network_interface_id": "",
            "origin": "CreateRoute",
            "route_table_id": "rtb-0da36ea8d9376f771",
            "state": "active",
            "timeouts": {
              "create": null,
              "delete": null,
              "update": null
            },
            "transit_gateway_id": "",
            "vpc_endpoint_id": "",
            "vpc_peering_connection_id": ""
          },
          "sensitive_attributes": [],
          "private": "eyJlMmJmYjczMC1lY2FhLTExZTYtOGY4OC0zNDM2M2JjN2M0YzAiOnsiY3JlYXRlIjozMDAwMDAwMDAwMDAsImRlbGV0ZSI6MzAwMDAwMDAwMDAwLCJ1cGRhdGUiOjEyMDAwMDAwMDAwMH19",
          "dependencies": [
            "module.public_private_subnets.aws_eip.default",
            "module.public_private_subnets.aws_eip_association.nat_instance",
            "module.public_private_subnets.aws_instance.nat_instance",
            "module.public_private_subnets.aws_nat_gateway.default",
            "module.public_private_subnets.aws_route_table.private",
            "module.public_private_subnets.aws_security_group.nat_instance",
            "module.public_private_subnets.aws_subnet.public",
            "module.public_private_subnets.data.aws_ami.nat_instance",
            "module.public_private_subnets.data.aws_availability_zones.default",
            "module.public_private_subnets.data.aws_eip.nat",
            "module.public_private_subnets.data.aws_vpc.default",
            "module.vpc.aws_vpc.default"
          ]
        }
      ]
    },
    {
      "module": "module.public_private_subnets",
      "mode": "managed",
      "type": "aws_route",
      "name": "public",
      "provider": "provider[\"registry.terraform.io/hashicorp/aws\"]",
      "instances": [
        {
          "index_key": 0,
          "schema_version": 0,
          "attributes": {
            "carrier_gateway_id": "",
            "core_network_arn": "",
            "destination_cidr_block": "0.0.0.0/0",
            "destination_ipv6_cidr_block": "",
            "destination_prefix_list_id": "",
            "egress_only_gateway_id": "",
            "gateway_id": "igw-0e9ea34bd18152efa",
            "id": "r-rtb-0e8dd3caaa9f014e31080289494",
            "instance_id": "",
            "instance_owner_id": "",
            "local_gateway_id": "",
            "nat_gateway_id": "",
            "network_interface_id": "",
            "origin": "CreateRoute",
            "route_table_id": "rtb-0e8dd3caaa9f014e3",
            "state": "active",
            "timeouts": {
              "create": null,
              "delete": null,
              "update": null
            },
            "transit_gateway_id": "",
            "vpc_endpoint_id": "",
            "vpc_peering_connection_id": ""
          },
          "sensitive_attributes": [],
          "private": "eyJlMmJmYjczMC1lY2FhLTExZTYtOGY4OC0zNDM2M2JjN2M0YzAiOnsiY3JlYXRlIjozMDAwMDAwMDAwMDAsImRlbGV0ZSI6MzAwMDAwMDAwMDAwLCJ1cGRhdGUiOjEyMDAwMDAwMDAwMH19",
          "dependencies": [
            "module.public_private_subnets.aws_route_table.public",
            "module.public_private_subnets.data.aws_availability_zones.default",
            "module.vpc.aws_internet_gateway.default",
            "module.vpc.aws_vpc.default"
          ]
        }
      ]
    },
    {
      "module": "module.public_private_subnets",
      "mode": "managed",
      "type": "aws_route_table",
      "name": "private",
      "provider": "provider[\"registry.terraform.io/hashicorp/aws\"]",
      "instances": [
        {
          "index_key": 0,
          "schema_version": 0,
          "attributes": {
            "arn": "arn:aws:ec2:us-east-1:203918842945:route-table/rtb-0364bab632a511e83",
            "id": "rtb-0364bab632a511e83",
            "owner_id": "203918842945",
            "propagating_vgws": [],
            "route": [
              {
                "carrier_gateway_id": "",
                "cidr_block": "0.0.0.0/0",
                "core_network_arn": "",
                "destination_prefix_list_id": "",
                "egress_only_gateway_id": "",
                "gateway_id": "",
                "ipv6_cidr_block": "",
                "local_gateway_id": "",
                "nat_gateway_id": "nat-033fb51789dd0f44e",
                "network_interface_id": "",
                "transit_gateway_id": "",
                "vpc_endpoint_id": "",
                "vpc_peering_connection_id": ""
              }
            ],
            "tags": {
              "Attributes": "public-private-private",
              "Name": "vitality-dev-app-public-private-private-use1a",
              "Namespace": "vitality",
              "Stage": "dev"
            },
            "tags_all": {
              "Attributes": "public-private-private",
              "Name": "vitality-dev-app-public-private-private-use1a",
              "Namespace": "vitality",
              "Stage": "dev"
            },
            "timeouts": null,
            "vpc_id": "vpc-07681cd3054d9f772"
          },
          "sensitive_attributes": [],
          "private": "eyJlMmJmYjczMC1lY2FhLTExZTYtOGY4OC0zNDM2M2JjN2M0YzAiOnsiY3JlYXRlIjozMDAwMDAwMDAwMDAsImRlbGV0ZSI6MzAwMDAwMDAwMDAwLCJ1cGRhdGUiOjEyMDAwMDAwMDAwMH19",
          "dependencies": [
            "module.public_private_subnets.data.aws_availability_zones.default",
            "module.vpc.aws_vpc.default"
          ]
        },
        {
          "index_key": 1,
          "schema_version": 0,
          "attributes": {
            "arn": "arn:aws:ec2:us-east-1:203918842945:route-table/rtb-0da36ea8d9376f771",
            "id": "rtb-0da36ea8d9376f771",
            "owner_id": "203918842945",
            "propagating_vgws": [],
            "route": [
              {
                "carrier_gateway_id": "",
                "cidr_block": "0.0.0.0/0",
                "core_network_arn": "",
                "destination_prefix_list_id": "",
                "egress_only_gateway_id": "",
                "gateway_id": "",
                "ipv6_cidr_block": "",
                "local_gateway_id": "",
                "nat_gateway_id": "nat-0485fd3999e1c7d5e",
                "network_interface_id": "",
                "transit_gateway_id": "",
                "vpc_endpoint_id": "",
                "vpc_peering_connection_id": ""
              }
            ],
            "tags": {
              "Attributes": "public-private-private",
              "Name": "vitality-dev-app-public-private-private-use1b",
              "Namespace": "vitality",
              "Stage": "dev"
            },
            "tags_all": {
              "Attributes": "public-private-private",
              "Name": "vitality-dev-app-public-private-private-use1b",
              "Namespace": "vitality",
              "Stage": "dev"
            },
            "timeouts": null,
            "vpc_id": "vpc-07681cd3054d9f772"
          },
          "sensitive_attributes": [],
          "private": "eyJlMmJmYjczMC1lY2FhLTExZTYtOGY4OC0zNDM2M2JjN2M0YzAiOnsiY3JlYXRlIjozMDAwMDAwMDAwMDAsImRlbGV0ZSI6MzAwMDAwMDAwMDAwLCJ1cGRhdGUiOjEyMDAwMDAwMDAwMH19",
          "dependencies": [
            "module.public_private_subnets.data.aws_availability_zones.default",
            "module.vpc.aws_vpc.default"
          ]
        }
      ]
    },
    {
      "module": "module.public_private_subnets",
      "mode": "managed",
      "type": "aws_route_table",
      "name": "public",
      "provider": "provider[\"registry.terraform.io/hashicorp/aws\"]",
      "instances": [
        {
          "index_key": 0,
          "schema_version": 0,
          "attributes": {
            "arn": "arn:aws:ec2:us-east-1:203918842945:route-table/rtb-0e8dd3caaa9f014e3",
            "id": "rtb-0e8dd3caaa9f014e3",
            "owner_id": "203918842945",
            "propagating_vgws": [],
            "route": [
              {
                "carrier_gateway_id": "",
                "cidr_block": "0.0.0.0/0",
                "core_network_arn": "",
                "destination_prefix_list_id": "",
                "egress_only_gateway_id": "",
                "gateway_id": "igw-0e9ea34bd18152efa",
                "ipv6_cidr_block": "",
                "local_gateway_id": "",
                "nat_gateway_id": "",
                "network_interface_id": "",
                "transit_gateway_id": "",
                "vpc_endpoint_id": "",
                "vpc_peering_connection_id": ""
              }
            ],
            "tags": {
              "Attributes": "public-private-public",
              "Name": "vitality-dev-app-public-private-public",
              "Namespace": "vitality",
              "Stage": "dev"
            },
            "tags_all": {
              "Attributes": "public-private-public",
              "Name": "vitality-dev-app-public-private-public",
              "Namespace": "vitality",
              "Stage": "dev"
            },
            "timeouts": null,
            "vpc_id": "vpc-07681cd3054d9f772"
          },
          "sensitive_attributes": [],
          "private": "eyJlMmJmYjczMC1lY2FhLTExZTYtOGY4OC0zNDM2M2JjN2M0YzAiOnsiY3JlYXRlIjozMDAwMDAwMDAwMDAsImRlbGV0ZSI6MzAwMDAwMDAwMDAwLCJ1cGRhdGUiOjEyMDAwMDAwMDAwMH19",
          "dependencies": [
            "module.public_private_subnets.data.aws_availability_zones.default",
            "module.vpc.aws_vpc.default"
          ]
        }
      ]
    },
    {
      "module": "module.public_private_subnets",
      "mode": "managed",
      "type": "aws_route_table_association",
      "name": "private",
      "provider": "provider[\"registry.terraform.io/hashicorp/aws\"]",
      "instances": [
        {
          "index_key": 0,
          "schema_version": 0,
          "attributes": {
            "gateway_id": "",
            "id": "rtbassoc-0fa6494bcf45ee300",
            "route_table_id": "rtb-0364bab632a511e83",
            "subnet_id": "subnet-074dcd6107539c8c2",
            "timeouts": null
          },
          "sensitive_attributes": [],
          "private": "eyJlMmJmYjczMC1lY2FhLTExZTYtOGY4OC0zNDM2M2JjN2M0YzAiOnsiY3JlYXRlIjozMDAwMDAwMDAwMDAsImRlbGV0ZSI6MzAwMDAwMDAwMDAwLCJ1cGRhdGUiOjEyMDAwMDAwMDAwMH19",
          "dependencies": [
            "module.public_private_subnets.aws_route_table.private",
            "module.public_private_subnets.aws_subnet.private",
            "module.public_private_subnets.data.aws_availability_zones.default",
            "module.public_private_subnets.data.aws_vpc.default",
            "module.vpc.aws_vpc.default"
          ]
        },
        {
          "index_key": 1,
          "schema_version": 0,
          "attributes": {
            "gateway_id": "",
            "id": "rtbassoc-0aa093401e02c3886",
            "route_table_id": "rtb-0da36ea8d9376f771",
            "subnet_id": "subnet-018c259d093563656",
            "timeouts": null
          },
          "sensitive_attributes": [],
          "private": "eyJlMmJmYjczMC1lY2FhLTExZTYtOGY4OC0zNDM2M2JjN2M0YzAiOnsiY3JlYXRlIjozMDAwMDAwMDAwMDAsImRlbGV0ZSI6MzAwMDAwMDAwMDAwLCJ1cGRhdGUiOjEyMDAwMDAwMDAwMH19",
          "dependencies": [
            "module.public_private_subnets.aws_route_table.private",
            "module.public_private_subnets.aws_subnet.private",
            "module.public_private_subnets.data.aws_availability_zones.default",
            "module.public_private_subnets.data.aws_vpc.default",
            "module.vpc.aws_vpc.default"
          ]
        }
      ]
    },
    {
      "module": "module.public_private_subnets",
      "mode": "managed",
      "type": "aws_route_table_association",
      "name": "public",
      "provider": "provider[\"registry.terraform.io/hashicorp/aws\"]",
      "instances": [
        {
          "index_key": 0,
          "schema_version": 0,
          "attributes": {
            "gateway_id": "",
            "id": "rtbassoc-02f3aef3f1949c109",
            "route_table_id": "rtb-0e8dd3caaa9f014e3",
            "subnet_id": "subnet-0f46822cfaf7d5ee9",
            "timeouts": null
          },
          "sensitive_attributes": [],
          "private": "eyJlMmJmYjczMC1lY2FhLTExZTYtOGY4OC0zNDM2M2JjN2M0YzAiOnsiY3JlYXRlIjozMDAwMDAwMDAwMDAsImRlbGV0ZSI6MzAwMDAwMDAwMDAwLCJ1cGRhdGUiOjEyMDAwMDAwMDAwMH19",
          "dependencies": [
            "module.public_private_subnets.aws_route_table.public",
            "module.public_private_subnets.aws_subnet.public",
            "module.public_private_subnets.data.aws_availability_zones.default",
            "module.public_private_subnets.data.aws_vpc.default",
            "module.vpc.aws_vpc.default"
          ]
        },
        {
          "index_key": 1,
          "schema_version": 0,
          "attributes": {
            "gateway_id": "",
            "id": "rtbassoc-0b38f7a210cf71179",
            "route_table_id": "rtb-0e8dd3caaa9f014e3",
            "subnet_id": "subnet-08db065a30264ca79",
            "timeouts": null
          },
          "sensitive_attributes": [],
          "private": "eyJlMmJmYjczMC1lY2FhLTExZTYtOGY4OC0zNDM2M2JjN2M0YzAiOnsiY3JlYXRlIjozMDAwMDAwMDAwMDAsImRlbGV0ZSI6MzAwMDAwMDAwMDAwLCJ1cGRhdGUiOjEyMDAwMDAwMDAwMH19",
          "dependencies": [
            "module.public_private_subnets.aws_route_table.public",
            "module.public_private_subnets.aws_subnet.public",
            "module.public_private_subnets.data.aws_availability_zones.default",
            "module.public_private_subnets.data.aws_vpc.default",
            "module.vpc.aws_vpc.default"
          ]
        }
      ]
    },
    {
      "module": "module.public_private_subnets",
      "mode": "managed",
      "type": "aws_subnet",
      "name": "private",
      "provider": "provider[\"registry.terraform.io/hashicorp/aws\"]",
      "instances": [
        {
          "index_key": 0,
          "schema_version": 1,
          "attributes": {
            "arn": "arn:aws:ec2:us-east-1:203918842945:subnet/subnet-074dcd6107539c8c2",
            "assign_ipv6_address_on_creation": false,
            "availability_zone": "us-east-1a",
            "availability_zone_id": "use1-az4",
            "cidr_block": "10.0.0.0/24",
            "customer_owned_ipv4_pool": "",
            "enable_dns64": false,
            "enable_lni_at_device_index": 0,
            "enable_resource_name_dns_a_record_on_launch": false,
            "enable_resource_name_dns_aaaa_record_on_launch": false,
            "id": "subnet-074dcd6107539c8c2",
            "ipv6_cidr_block": "",
            "ipv6_cidr_block_association_id": "",
            "ipv6_native": false,
            "map_customer_owned_ip_on_launch": false,
            "map_public_ip_on_launch": false,
            "outpost_arn": "",
            "owner_id": "203918842945",
            "private_dns_hostname_type_on_launch": "ip-name",
            "tags": {
              "Attributes": "public-private-private",
              "Name": "vitality-dev-app-public-private-private-use1a",
              "Namespace": "vitality",
              "Stage": "dev"
            },
            "tags_all": {
              "Attributes": "public-private-private",
              "Name": "vitality-dev-app-public-private-private-use1a",
              "Namespace": "vitality",
              "Stage": "dev"
            },
            "timeouts": {
              "create": null,
              "delete": null
            },
            "vpc_id": "vpc-07681cd3054d9f772"
          },
          "sensitive_attributes": [],
          "private": "eyJlMmJmYjczMC1lY2FhLTExZTYtOGY4OC0zNDM2M2JjN2M0YzAiOnsiY3JlYXRlIjo2MDAwMDAwMDAwMDAsImRlbGV0ZSI6MTIwMDAwMDAwMDAwMH0sInNjaGVtYV92ZXJzaW9uIjoiMSJ9",
          "dependencies": [
            "module.public_private_subnets.data.aws_availability_zones.default",
            "module.public_private_subnets.data.aws_vpc.default",
            "module.vpc.aws_vpc.default"
          ]
        },
        {
          "index_key": 1,
          "schema_version": 1,
          "attributes": {
            "arn": "arn:aws:ec2:us-east-1:203918842945:subnet/subnet-018c259d093563656",
            "assign_ipv6_address_on_creation": false,
            "availability_zone": "us-east-1b",
            "availability_zone_id": "use1-az6",
            "cidr_block": "10.0.1.0/24",
            "customer_owned_ipv4_pool": "",
            "enable_dns64": false,
            "enable_lni_at_device_index": 0,
            "enable_resource_name_dns_a_record_on_launch": false,
            "enable_resource_name_dns_aaaa_record_on_launch": false,
            "id": "subnet-018c259d093563656",
            "ipv6_cidr_block": "",
            "ipv6_cidr_block_association_id": "",
            "ipv6_native": false,
            "map_customer_owned_ip_on_launch": false,
            "map_public_ip_on_launch": false,
            "outpost_arn": "",
            "owner_id": "203918842945",
            "private_dns_hostname_type_on_launch": "ip-name",
            "tags": {
              "Attributes": "public-private-private",
              "Name": "vitality-dev-app-public-private-private-use1b",
              "Namespace": "vitality",
              "Stage": "dev"
            },
            "tags_all": {
              "Attributes": "public-private-private",
              "Name": "vitality-dev-app-public-private-private-use1b",
              "Namespace": "vitality",
              "Stage": "dev"
            },
            "timeouts": {
              "create": null,
              "delete": null
            },
            "vpc_id": "vpc-07681cd3054d9f772"
          },
          "sensitive_attributes": [],
          "private": "eyJlMmJmYjczMC1lY2FhLTExZTYtOGY4OC0zNDM2M2JjN2M0YzAiOnsiY3JlYXRlIjo2MDAwMDAwMDAwMDAsImRlbGV0ZSI6MTIwMDAwMDAwMDAwMH0sInNjaGVtYV92ZXJzaW9uIjoiMSJ9",
          "dependencies": [
            "module.public_private_subnets.data.aws_availability_zones.default",
            "module.public_private_subnets.data.aws_vpc.default",
            "module.vpc.aws_vpc.default"
          ]
        }
      ]
    },
    {
      "module": "module.public_private_subnets",
      "mode": "managed",
      "type": "aws_subnet",
      "name": "public",
      "provider": "provider[\"registry.terraform.io/hashicorp/aws\"]",
      "instances": [
        {
          "index_key": 0,
          "schema_version": 1,
          "attributes": {
            "arn": "arn:aws:ec2:us-east-1:203918842945:subnet/subnet-0f46822cfaf7d5ee9",
            "assign_ipv6_address_on_creation": false,
            "availability_zone": "us-east-1a",
            "availability_zone_id": "use1-az4",
            "cidr_block": "10.0.6.0/24",
            "customer_owned_ipv4_pool": "",
            "enable_dns64": false,
            "enable_lni_at_device_index": 0,
            "enable_resource_name_dns_a_record_on_launch": false,
            "enable_resource_name_dns_aaaa_record_on_launch": false,
            "id": "subnet-0f46822cfaf7d5ee9",
            "ipv6_cidr_block": "",
            "ipv6_cidr_block_association_id": "",
            "ipv6_native": false,
            "map_customer_owned_ip_on_launch": false,
            "map_public_ip_on_launch": true,
            "outpost_arn": "",
            "owner_id": "203918842945",
            "private_dns_hostname_type_on_launch": "ip-name",
            "tags": {
              "Attributes": "public-private-public",
              "Name": "vitality-dev-app-public-private-public-use1a",
              "Namespace": "vitality",
              "Stage": "dev"
            },
            "tags_all": {
              "Attributes": "public-private-public",
              "Name": "vitality-dev-app-public-private-public-use1a",
              "Namespace": "vitality",
              "Stage": "dev"
            },
            "timeouts": {
              "create": null,
              "delete": null
            },
            "vpc_id": "vpc-07681cd3054d9f772"
          },
          "sensitive_attributes": [],
          "private": "eyJlMmJmYjczMC1lY2FhLTExZTYtOGY4OC0zNDM2M2JjN2M0YzAiOnsiY3JlYXRlIjo2MDAwMDAwMDAwMDAsImRlbGV0ZSI6MTIwMDAwMDAwMDAwMH0sInNjaGVtYV92ZXJzaW9uIjoiMSJ9",
          "dependencies": [
            "module.public_private_subnets.data.aws_availability_zones.default",
            "module.public_private_subnets.data.aws_vpc.default",
            "module.vpc.aws_vpc.default"
          ]
        },
        {
          "index_key": 1,
          "schema_version": 1,
          "attributes": {
            "arn": "arn:aws:ec2:us-east-1:203918842945:subnet/subnet-08db065a30264ca79",
            "assign_ipv6_address_on_creation": false,
            "availability_zone": "us-east-1b",
            "availability_zone_id": "use1-az6",
            "cidr_block": "10.0.7.0/24",
            "customer_owned_ipv4_pool": "",
            "enable_dns64": false,
            "enable_lni_at_device_index": 0,
            "enable_resource_name_dns_a_record_on_launch": false,
            "enable_resource_name_dns_aaaa_record_on_launch": false,
            "id": "subnet-08db065a30264ca79",
            "ipv6_cidr_block": "",
            "ipv6_cidr_block_association_id": "",
            "ipv6_native": false,
            "map_customer_owned_ip_on_launch": false,
            "map_public_ip_on_launch": true,
            "outpost_arn": "",
            "owner_id": "203918842945",
            "private_dns_hostname_type_on_launch": "ip-name",
            "tags": {
              "Attributes": "public-private-public",
              "Name": "vitality-dev-app-public-private-public-use1b",
              "Namespace": "vitality",
              "Stage": "dev"
            },
            "tags_all": {
              "Attributes": "public-private-public",
              "Name": "vitality-dev-app-public-private-public-use1b",
              "Namespace": "vitality",
              "Stage": "dev"
            },
            "timeouts": {
              "create": null,
              "delete": null
            },
            "vpc_id": "vpc-07681cd3054d9f772"
          },
          "sensitive_attributes": [],
          "private": "eyJlMmJmYjczMC1lY2FhLTExZTYtOGY4OC0zNDM2M2JjN2M0YzAiOnsiY3JlYXRlIjo2MDAwMDAwMDAwMDAsImRlbGV0ZSI6MTIwMDAwMDAwMDAwMH0sInNjaGVtYV92ZXJzaW9uIjoiMSJ9",
          "dependencies": [
            "module.public_private_subnets.data.aws_availability_zones.default",
            "module.public_private_subnets.data.aws_vpc.default",
            "module.vpc.aws_vpc.default"
          ]
        }
      ]
    },
    {
      "module": "module.public_private_subnets.module.utils",
      "mode": "data",
      "type": "aws_regions",
      "name": "complete",
      "provider": "provider[\"registry.terraform.io/hashicorp/aws\"]",
      "instances": [
        {
          "schema_version": 0,
          "attributes": {
            "all_regions": true,
            "filter": [],
            "id": "aws",
            "names": [
              "af-south-1",
              "ap-east-1",
              "ap-northeast-1",
              "ap-northeast-2",
              "ap-northeast-3",
              "ap-south-1",
              "ap-south-2",
              "ap-southeast-1",
              "ap-southeast-2",
              "ap-southeast-3",
              "ap-southeast-4",
              "ap-southeast-5",
              "ap-southeast-7",
              "ca-central-1",
              "ca-west-1",
              "eu-central-1",
              "eu-central-2",
              "eu-north-1",
              "eu-south-1",
              "eu-south-2",
              "eu-west-1",
              "eu-west-2",
              "eu-west-3",
              "il-central-1",
              "me-central-1",
              "me-south-1",
              "mx-central-1",
              "sa-east-1",
              "us-east-1",
              "us-east-2",
              "us-west-1",
              "us-west-2"
            ]
          },
          "sensitive_attributes": []
        }
      ]
    },
    {
      "module": "module.public_private_subnets.module.utils",
      "mode": "data",
      "type": "aws_regions",
      "name": "default",
      "provider": "provider[\"registry.terraform.io/hashicorp/aws\"]",
      "instances": [
        {
          "schema_version": 0,
          "attributes": {
            "all_regions": true,
            "filter": [
              {
                "name": "opt-in-status",
                "values": [
                  "opt-in-not-required"
                ]
              }
            ],
            "id": "aws",
            "names": [
              "ap-northeast-1",
              "ap-northeast-2",
              "ap-northeast-3",
              "ap-south-1",
              "ap-southeast-1",
              "ap-southeast-2",
              "ca-central-1",
              "eu-central-1",
              "eu-north-1",
              "eu-west-1",
              "eu-west-2",
              "eu-west-3",
              "sa-east-1",
              "us-east-1",
              "us-east-2",
              "us-west-1",
              "us-west-2"
            ]
          },
          "sensitive_attributes": []
        }
      ]
    },
    {
      "module": "module.public_private_subnets.module.utils",
      "mode": "data",
      "type": "aws_regions",
      "name": "not_opted_in",
      "provider": "provider[\"registry.terraform.io/hashicorp/aws\"]",
      "instances": [
        {
          "schema_version": 0,
          "attributes": {
            "all_regions": true,
            "filter": [
              {
                "name": "opt-in-status",
                "values": [
                  "not-opted-in"
                ]
              }
            ],
            "id": "aws",
            "names": [
              "af-south-1",
              "ap-east-1",
              "ap-south-2",
              "ap-southeast-3",
              "ap-southeast-4",
              "ap-southeast-5",
              "ap-southeast-7",
              "ca-west-1",
              "eu-central-2",
              "eu-south-1",
              "eu-south-2",
              "il-central-1",
              "me-central-1",
              "me-south-1",
              "mx-central-1"
            ]
          },
          "sensitive_attributes": []
        }
      ]
    },
    {
      "module": "module.public_private_subnets.module.utils",
      "mode": "data",
      "type": "aws_regions",
      "name": "opted_in",
      "provider": "provider[\"registry.terraform.io/hashicorp/aws\"]",
      "instances": [
        {
          "schema_version": 0,
          "attributes": {
            "all_regions": true,
            "filter": [
              {
                "name": "opt-in-status",
                "values": [
                  "opted-in"
                ]
              }
            ],
            "id": "aws",
            "names": []
          },
          "sensitive_attributes": []
        }
      ]
    },
    {
      "module": "module.sg_postgres",
      "mode": "managed",
      "type": "aws_security_group",
      "name": "cbd",
      "provider": "provider[\"registry.terraform.io/hashicorp/aws\"]",
      "instances": [
        {
          "index_key": 0,
          "schema_version": 1,
          "attributes": {
            "arn": "arn:aws:ec2:us-east-1:203918842945:security-group/sg-0678326d5bab037d7",
            "description": "Managed by Terraform",
            "egress": [
              {
                "cidr_blocks": [
                  "0.0.0.0/0"
                ],
                "description": "Allow all egress",
                "from_port": 0,
                "ipv6_cidr_blocks": [
                  "::/0"
                ],
                "prefix_list_ids": [],
                "protocol": "-1",
                "security_groups": [],
                "self": false,
                "to_port": 0
              }
            ],
            "id": "sg-0678326d5bab037d7",
            "ingress": [
              {
                "cidr_blocks": [],
                "description": "Allow Postgres access from trusted security groups",
                "from_port": 5432,
                "ipv6_cidr_blocks": [],
                "prefix_list_ids": [],
                "protocol": "tcp",
                "security_groups": [
                  "sg-032fd8b31099b9c18"
                ],
                "self": false,
                "to_port": 5432
              }
            ],
            "name": "postgres--csbl-20250321023716111600000005",
            "name_prefix": "postgres--csbl-",
            "owner_id": "203918842945",
            "revoke_rules_on_delete": false,
            "tags": {
              "Attributes": "postgres",
              "Name": "postgres"
            },
            "tags_all": {
              "Attributes": "postgres",
              "Name": "postgres"
            },
            "timeouts": {
              "create": "10m",
              "delete": "15m"
            },
            "vpc_id": "vpc-07681cd3054d9f772"
          },
          "sensitive_attributes": [],
          "private": "eyJlMmJmYjczMC1lY2FhLTExZTYtOGY4OC0zNDM2M2JjN2M0YzAiOnsiY3JlYXRlIjo2MDAwMDAwMDAwMDAsImRlbGV0ZSI6OTAwMDAwMDAwMDAwfSwic2NoZW1hX3ZlcnNpb24iOiIxIn0=",
          "dependencies": [
            "module.sg_postgres.random_id.rule_change_forces_new_security_group",
            "module.sg_primary.aws_security_group.cbd",
            "module.sg_primary.aws_security_group.default",
            "module.sg_primary.random_id.rule_change_forces_new_security_group",
            "module.vpc.aws_vpc.default"
          ],
          "create_before_destroy": true
        }
      ]
    },
    {
      "module": "module.sg_postgres",
      "mode": "managed",
      "type": "aws_security_group_rule",
      "name": "keyed",
      "provider": "provider[\"registry.terraform.io/hashicorp/aws\"]",
      "instances": [
        {
          "index_key": "_allow_all_egress_",
          "schema_version": 2,
          "attributes": {
            "cidr_blocks": [
              "0.0.0.0/0"
            ],
            "description": "Allow all egress",
            "from_port": 0,
            "id": "sgrule-3660447054",
            "ipv6_cidr_blocks": [
              "::/0"
            ],
            "prefix_list_ids": [],
            "protocol": "-1",
            "security_group_id": "sg-0678326d5bab037d7",
            "security_group_rule_id": "",
            "self": false,
            "source_security_group_id": null,
            "timeouts": null,
            "to_port": 0,
            "type": "egress"
          },
          "sensitive_attributes": [],
          "private": "eyJlMmJmYjczMC1lY2FhLTExZTYtOGY4OC0zNDM2M2JjN2M0YzAiOnsiY3JlYXRlIjozMDAwMDAwMDAwMDB9LCJzY2hlbWFfdmVyc2lvbiI6IjIifQ==",
          "dependencies": [
            "module.sg_postgres.aws_security_group.cbd",
            "module.sg_postgres.random_id.rule_change_forces_new_security_group",
            "module.sg_primary.aws_security_group.cbd",
            "module.sg_primary.aws_security_group.default",
            "module.sg_primary.random_id.rule_change_forces_new_security_group",
            "module.vpc.aws_vpc.default"
          ],
          "create_before_destroy": true
        },
        {
          "index_key": "_m[0]#postgres#sg#0",
          "schema_version": 2,
          "attributes": {
            "cidr_blocks": null,
            "description": "Allow Postgres access from trusted security groups",
            "from_port": 5432,
            "id": "sgrule-1548344836",
            "ipv6_cidr_blocks": null,
            "prefix_list_ids": [],
            "protocol": "tcp",
            "security_group_id": "sg-0678326d5bab037d7",
            "security_group_rule_id": "sgr-0c4f8a9a0293eb5e5",
            "self": false,
            "source_security_group_id": "sg-032fd8b31099b9c18",
            "timeouts": null,
            "to_port": 5432,
            "type": "ingress"
          },
          "sensitive_attributes": [],
          "private": "eyJlMmJmYjczMC1lY2FhLTExZTYtOGY4OC0zNDM2M2JjN2M0YzAiOnsiY3JlYXRlIjozMDAwMDAwMDAwMDB9LCJzY2hlbWFfdmVyc2lvbiI6IjIifQ==",
          "dependencies": [
            "module.sg_postgres.aws_security_group.cbd",
            "module.sg_postgres.random_id.rule_change_forces_new_security_group",
            "module.sg_primary.aws_security_group.cbd",
            "module.sg_primary.aws_security_group.default",
            "module.sg_primary.random_id.rule_change_forces_new_security_group",
            "module.vpc.aws_vpc.default"
          ],
          "create_before_destroy": true
        }
      ]
    },
    {
      "module": "module.sg_postgres",
      "mode": "managed",
      "type": "null_resource",
      "name": "sync_rules_and_sg_lifecycles",
      "provider": "provider[\"registry.terraform.io/hashicorp/null\"]",
      "instances": [
        {
          "index_key": 0,
          "schema_version": 0,
          "attributes": {
            "id": "4697791150575304750",
            "triggers": {
              "sg_ids": "sg-0678326d5bab037d7"
            }
          },
          "sensitive_attributes": [],
          "dependencies": [
            "module.sg_postgres.aws_security_group.cbd",
            "module.sg_postgres.aws_security_group_rule.keyed",
            "module.sg_postgres.random_id.rule_change_forces_new_security_group",
            "module.sg_primary.aws_security_group.cbd",
            "module.sg_primary.aws_security_group.default",
            "module.sg_primary.random_id.rule_change_forces_new_security_group",
            "module.vpc.aws_vpc.default"
          ],
          "create_before_destroy": true
        }
      ]
    },
    {
      "module": "module.sg_postgres",
      "mode": "managed",
      "type": "random_id",
      "name": "rule_change_forces_new_security_group",
      "provider": "provider[\"registry.terraform.io/hashicorp/random\"]",
      "instances": [
        {
          "index_key": 0,
          "schema_version": 0,
          "attributes": {
            "b64_std": "csbl",
            "b64_url": "csbl",
            "byte_length": 3,
            "dec": "7522021",
            "hex": "72c6e5",
            "id": "csbl",
            "keepers": {
              "rules": "{\"_allow_all_egress_\":{\"cidr_blocks\":[\"0.0.0.0/0\"],\"description\":\"Allow all egress\",\"from_port\":0,\"ipv6_cidr_blocks\":[\"::/0\"],\"key\":\"_allow_all_egress_\",\"prefix_list_ids\":[],\"protocol\":\"-1\",\"security_groups\":[],\"self\":null,\"source_security_group_id\":null,\"to_port\":0,\"type\":\"egress\"},\"_m[0]#postgres#sg#0\":{\"cidr_blocks\":[],\"description\":\"Allow Postgres access from trusted security groups\",\"from_port\":5432,\"ipv6_cidr_blocks\":[],\"key\":\"_m[0]#postgres#sg#0\",\"prefix_list_ids\":[],\"protocol\":\"tcp\",\"security_groups\":[],\"self\":null,\"source_security_group_id\":\"sg-032fd8b31099b9c18\",\"to_port\":5432,\"type\":\"ingress\"}}"
            },
            "prefix": null
          },
          "sensitive_attributes": [],
          "dependencies": [
            "module.sg_primary.aws_security_group.cbd",
            "module.sg_primary.aws_security_group.default",
            "module.sg_primary.random_id.rule_change_forces_new_security_group",
            "module.vpc.aws_vpc.default"
          ],
          "create_before_destroy": true
        }
      ]
    },
    {
      "module": "module.sg_primary",
      "mode": "managed",
      "type": "aws_security_group",
      "name": "cbd",
      "provider": "provider[\"registry.terraform.io/hashicorp/aws\"]",
      "instances": [
        {
          "index_key": 0,
          "schema_version": 1,
          "attributes": {
            "arn": "arn:aws:ec2:us-east-1:203918842945:security-group/sg-032fd8b31099b9c18",
            "description": "Managed by Terraform",
            "egress": [
              {
                "cidr_blocks": [
                  "0.0.0.0/0"
                ],
                "description": "Allow all egress",
                "from_port": 0,
                "ipv6_cidr_blocks": [
                  "::/0"
                ],
                "prefix_list_ids": [],
                "protocol": "-1",
                "security_groups": [],
                "self": false,
                "to_port": 0
              }
            ],
            "id": "sg-032fd8b31099b9c18",
            "ingress": [
              {
                "cidr_blocks": [
                  "0.0.0.0/0"
                ],
                "description": "Allow SSH from anywhere",
                "from_port": 22,
                "ipv6_cidr_blocks": [],
                "prefix_list_ids": [],
                "protocol": "tcp",
                "security_groups": [],
                "self": false,
                "to_port": 22
              },
              {
                "cidr_blocks": [],
                "description": "Allow HTTP from inside the security group",
                "from_port": 80,
                "ipv6_cidr_blocks": [],
                "prefix_list_ids": [],
                "protocol": "tcp",
                "security_groups": [],
                "self": true,
                "to_port": 80
              }
            ],
            "name": "primary--oEtj-20250321023714320500000003",
            "name_prefix": "primary--oEtj-",
            "owner_id": "203918842945",
            "revoke_rules_on_delete": false,
            "tags": {
              "Attributes": "primary",
              "Name": "primary"
            },
            "tags_all": {
              "Attributes": "primary",
              "Name": "primary"
            },
            "timeouts": {
              "create": "10m",
              "delete": "15m"
            },
            "vpc_id": "vpc-07681cd3054d9f772"
          },
          "sensitive_attributes": [],
          "private": "eyJlMmJmYjczMC1lY2FhLTExZTYtOGY4OC0zNDM2M2JjN2M0YzAiOnsiY3JlYXRlIjo2MDAwMDAwMDAwMDAsImRlbGV0ZSI6OTAwMDAwMDAwMDAwfSwic2NoZW1hX3ZlcnNpb24iOiIxIn0=",
          "dependencies": [
            "module.sg_primary.random_id.rule_change_forces_new_security_group",
            "module.vpc.aws_vpc.default"
          ],
          "create_before_destroy": true
        }
      ]
    },
    {
      "module": "module.sg_primary",
      "mode": "managed",
      "type": "aws_security_group_rule",
      "name": "keyed",
      "provider": "provider[\"registry.terraform.io/hashicorp/aws\"]",
      "instances": [
        {
          "index_key": "HTTP",
          "schema_version": 2,
          "attributes": {
            "cidr_blocks": null,
            "description": "Allow HTTP from inside the security group",
            "from_port": 80,
            "id": "sgrule-4129725999",
            "ipv6_cidr_blocks": null,
            "prefix_list_ids": [],
            "protocol": "tcp",
            "security_group_id": "sg-032fd8b31099b9c18",
            "security_group_rule_id": "sgr-0008904eb446a4816",
            "self": true,
            "source_security_group_id": null,
            "timeouts": null,
            "to_port": 80,
            "type": "ingress"
          },
          "sensitive_attributes": [],
          "private": "eyJlMmJmYjczMC1lY2FhLTExZTYtOGY4OC0zNDM2M2JjN2M0YzAiOnsiY3JlYXRlIjozMDAwMDAwMDAwMDB9LCJzY2hlbWFfdmVyc2lvbiI6IjIifQ==",
          "dependencies": [
            "module.sg_primary.aws_security_group.cbd",
            "module.sg_primary.random_id.rule_change_forces_new_security_group",
            "module.vpc.aws_vpc.default"
          ],
          "create_before_destroy": true
        },
        {
          "index_key": "_allow_all_egress_",
          "schema_version": 2,
          "attributes": {
            "cidr_blocks": [
              "0.0.0.0/0"
            ],
            "description": "Allow all egress",
            "from_port": 0,
            "id": "sgrule-2503492053",
            "ipv6_cidr_blocks": [
              "::/0"
            ],
            "prefix_list_ids": [],
            "protocol": "-1",
            "security_group_id": "sg-032fd8b31099b9c18",
            "security_group_rule_id": "",
            "self": false,
            "source_security_group_id": null,
            "timeouts": null,
            "to_port": 0,
            "type": "egress"
          },
          "sensitive_attributes": [],
          "private": "eyJlMmJmYjczMC1lY2FhLTExZTYtOGY4OC0zNDM2M2JjN2M0YzAiOnsiY3JlYXRlIjozMDAwMDAwMDAwMDB9LCJzY2hlbWFfdmVyc2lvbiI6IjIifQ==",
          "dependencies": [
            "module.sg_primary.aws_security_group.cbd",
            "module.sg_primary.random_id.rule_change_forces_new_security_group",
            "module.vpc.aws_vpc.default"
          ],
          "create_before_destroy": true
        },
        {
          "index_key": "ssh",
          "schema_version": 2,
          "attributes": {
            "cidr_blocks": [
              "0.0.0.0/0"
            ],
            "description": "Allow SSH from anywhere",
            "from_port": 22,
            "id": "sgrule-2157306702",
            "ipv6_cidr_blocks": null,
            "prefix_list_ids": [],
            "protocol": "tcp",
            "security_group_id": "sg-032fd8b31099b9c18",
            "security_group_rule_id": "sgr-0f4946b6d563e7247",
            "self": false,
            "source_security_group_id": null,
            "timeouts": null,
            "to_port": 22,
            "type": "ingress"
          },
          "sensitive_attributes": [],
          "private": "eyJlMmJmYjczMC1lY2FhLTExZTYtOGY4OC0zNDM2M2JjN2M0YzAiOnsiY3JlYXRlIjozMDAwMDAwMDAwMDB9LCJzY2hlbWFfdmVyc2lvbiI6IjIifQ==",
          "dependencies": [
            "module.sg_primary.aws_security_group.cbd",
            "module.sg_primary.random_id.rule_change_forces_new_security_group",
            "module.vpc.aws_vpc.default"
          ],
          "create_before_destroy": true
        }
      ]
    },
    {
      "module": "module.sg_primary",
      "mode": "managed",
      "type": "null_resource",
      "name": "sync_rules_and_sg_lifecycles",
      "provider": "provider[\"registry.terraform.io/hashicorp/null\"]",
      "instances": [
        {
          "index_key": 0,
          "schema_version": 0,
          "attributes": {
            "id": "3370847622919611961",
            "triggers": {
              "sg_ids": "sg-032fd8b31099b9c18"
            }
          },
          "sensitive_attributes": [],
          "dependencies": [
            "module.sg_primary.aws_security_group.cbd",
            "module.sg_primary.aws_security_group_rule.keyed",
            "module.sg_primary.random_id.rule_change_forces_new_security_group",
            "module.vpc.aws_vpc.default"
          ],
          "create_before_destroy": true
        }
      ]
    },
    {
      "module": "module.sg_primary",
      "mode": "managed",
      "type": "random_id",
      "name": "rule_change_forces_new_security_group",
      "provider": "provider[\"registry.terraform.io/hashicorp/random\"]",
      "instances": [
        {
          "index_key": 0,
          "schema_version": 0,
          "attributes": {
            "b64_std": "oEtj",
            "b64_url": "oEtj",
            "byte_length": 3,
            "dec": "10505059",
            "hex": "a04b63",
            "id": "oEtj",
            "keepers": {
              "rules": "{\"HTTP\":{\"cidr_blocks\":[],\"description\":\"Allow HTTP from inside the security group\",\"from_port\":80,\"ipv6_cidr_blocks\":[],\"key\":\"HTTP\",\"prefix_list_ids\":[],\"protocol\":\"tcp\",\"security_groups\":[],\"self\":true,\"source_security_group_id\":null,\"to_port\":80,\"type\":\"ingress\"},\"_allow_all_egress_\":{\"cidr_blocks\":[\"0.0.0.0/0\"],\"description\":\"Allow all egress\",\"from_port\":0,\"ipv6_cidr_blocks\":[\"::/0\"],\"key\":\"_allow_all_egress_\",\"prefix_list_ids\":[],\"protocol\":\"-1\",\"security_groups\":[],\"self\":null,\"source_security_group_id\":null,\"to_port\":0,\"type\":\"egress\"},\"ssh\":{\"cidr_blocks\":[\"0.0.0.0/0\"],\"description\":\"Allow SSH from anywhere\",\"from_port\":22,\"ipv6_cidr_blocks\":[],\"key\":\"ssh\",\"prefix_list_ids\":[],\"protocol\":\"tcp\",\"security_groups\":[],\"self\":null,\"source_security_group_id\":null,\"to_port\":22,\"type\":\"ingress\"}}"
            },
            "prefix": null
          },
          "sensitive_attributes": [],
          "create_before_destroy": true
        }
      ]
    },
    {
      "module": "module.vpc",
      "mode": "managed",
      "type": "aws_default_security_group",
      "name": "default",
      "provider": "provider[\"registry.terraform.io/hashicorp/aws\"]",
      "instances": [
        {
          "index_key": 0,
          "schema_version": 1,
          "attributes": {
            "arn": "arn:aws:ec2:us-east-1:203918842945:security-group/sg-02fea1576a0f9efad",
            "description": "default VPC security group",
            "egress": [],
            "id": "sg-02fea1576a0f9efad",
            "ingress": [],
            "name": "default",
            "name_prefix": "",
            "owner_id": "203918842945",
            "revoke_rules_on_delete": false,
            "tags": {
              "Name": "vitality-dev-app-default",
              "Namespace": "vitality",
              "Stage": "dev"
            },
            "tags_all": {
              "Name": "vitality-dev-app-default",
              "Namespace": "vitality",
              "Stage": "dev"
            },
            "vpc_id": "vpc-07681cd3054d9f772"
          },
          "sensitive_attributes": [],
          "private": "eyJzY2hlbWFfdmVyc2lvbiI6IjEifQ==",
          "dependencies": [
            "module.vpc.aws_vpc.default"
          ]
        }
      ]
    },
    {
      "module": "module.vpc",
      "mode": "managed",
      "type": "aws_internet_gateway",
      "name": "default",
      "provider": "provider[\"registry.terraform.io/hashicorp/aws\"]",
      "instances": [
        {
          "index_key": 0,
          "schema_version": 0,
          "attributes": {
            "arn": "arn:aws:ec2:us-east-1:203918842945:internet-gateway/igw-0e9ea34bd18152efa",
            "id": "igw-0e9ea34bd18152efa",
            "owner_id": "203918842945",
            "tags": {
              "Name": "vitality-dev-app",
              "Namespace": "vitality",
              "Stage": "dev"
            },
            "tags_all": {
              "Name": "vitality-dev-app",
              "Namespace": "vitality",
              "Stage": "dev"
            },
            "timeouts": null,
            "vpc_id": "vpc-07681cd3054d9f772"
          },
          "sensitive_attributes": [],
          "private": "eyJlMmJmYjczMC1lY2FhLTExZTYtOGY4OC0zNDM2M2JjN2M0YzAiOnsiY3JlYXRlIjoxMjAwMDAwMDAwMDAwLCJkZWxldGUiOjEyMDAwMDAwMDAwMDAsInVwZGF0ZSI6MTIwMDAwMDAwMDAwMH19",
          "dependencies": [
            "module.vpc.aws_vpc.default"
          ]
        }
      ]
    },
    {
      "module": "module.vpc",
      "mode": "managed",
      "type": "aws_vpc",
      "name": "default",
      "provider": "provider[\"registry.terraform.io/hashicorp/aws\"]",
      "instances": [
        {
          "index_key": 0,
          "schema_version": 1,
          "attributes": {
            "arn": "arn:aws:ec2:us-east-1:203918842945:vpc/vpc-07681cd3054d9f772",
            "assign_generated_ipv6_cidr_block": false,
            "cidr_block": "10.0.0.0/16",
            "default_network_acl_id": "acl-0b3af65977a1c6d63",
            "default_route_table_id": "rtb-0c717b6e887b87db9",
            "default_security_group_id": "sg-02fea1576a0f9efad",
            "dhcp_options_id": "dopt-0675ed68aee56a836",
            "enable_dns_hostnames": true,
            "enable_dns_support": true,
            "enable_network_address_usage_metrics": false,
            "id": "vpc-07681cd3054d9f772",
            "instance_tenancy": "default",
            "ipv4_ipam_pool_id": null,
            "ipv4_netmask_length": null,
            "ipv6_association_id": "",
            "ipv6_cidr_block": "",
            "ipv6_cidr_block_network_border_group": "",
            "ipv6_ipam_pool_id": "",
            "ipv6_netmask_length": 0,
            "main_route_table_id": "rtb-0c717b6e887b87db9",
            "owner_id": "203918842945",
            "tags": {
              "Name": "vitality-dev-app",
              "Namespace": "vitality",
              "Stage": "dev"
            },
            "tags_all": {
              "Name": "vitality-dev-app",
              "Namespace": "vitality",
              "Stage": "dev"
            }
          },
          "sensitive_attributes": [],
          "private": "eyJzY2hlbWFfdmVyc2lvbiI6IjEifQ==",
          "create_before_destroy": true
        }
      ]
    }
  ],
  "check_results": [
    {
      "object_kind": "var",
      "config_addr": "module.private_only_subnets.module.nat_instance_label.var.label_key_case",
      "status": "pass",
      "objects": [
        {
          "object_addr": "module.private_only_subnets.module.nat_instance_label.var.label_key_case",
          "status": "pass"
        }
      ]
    },
    {
      "object_kind": "var",
      "config_addr": "module.ec2_bastion.module.this.var.id_length_limit",
      "status": "pass",
      "objects": [
        {
          "object_addr": "module.ec2_bastion.module.this.var.id_length_limit",
          "status": "pass"
        }
      ]
    },
    {
      "object_kind": "var",
      "config_addr": "module.sg_postgres.var.security_group_name",
      "status": "pass",
      "objects": [
        {
          "object_addr": "module.sg_postgres.var.security_group_name",
          "status": "pass"
        }
      ]
    },
    {
      "object_kind": "var",
      "config_addr": "module.public_private_subnets.module.utils.var.context",
      "status": "pass",
      "objects": [
        {
          "object_addr": "module.public_private_subnets.module.utils.var.context",
          "status": "pass"
        }
      ]
    },
    {
      "object_kind": "var",
      "config_addr": "var.context",
      "status": "pass",
      "objects": [
        {
          "object_addr": "var.context",
          "status": "pass"
        }
      ]
    },
    {
      "object_kind": "var",
      "config_addr": "module.private_only_subnets.module.public_label.var.context",
      "status": "pass",
      "objects": [
        {
          "object_addr": "module.private_only_subnets.module.public_label.var.context",
          "status": "pass"
        }
      ]
    },
    {
      "object_kind": "var",
      "config_addr": "module.ec2_bastion.module.dns.var.id_length_limit",
      "status": "pass",
      "objects": [
        {
          "object_addr": "module.ec2_bastion.module.dns.var.id_length_limit",
          "status": "pass"
        }
      ]
    },
    {
      "object_kind": "var",
      "config_addr": "module.sg_primary.var.context",
      "status": "pass",
      "objects": [
        {
          "object_addr": "module.sg_primary.var.context",
          "status": "pass"
        }
      ]
    },
    {
      "object_kind": "var",
      "config_addr": "module.ec2_bastion.module.this.var.label_key_case",
      "status": "pass",
      "objects": [
        {
          "object_addr": "module.ec2_bastion.module.this.var.label_key_case",
          "status": "pass"
        }
      ]
    },
    {
      "object_kind": "var",
      "config_addr": "module.public_private_subnets.var.context",
      "status": "pass",
      "objects": [
        {
          "object_addr": "module.public_private_subnets.var.context",
          "status": "pass"
        }
      ]
    },
    {
      "object_kind": "var",
      "config_addr": "module.public_private_subnets.var.nat_instance_cpu_credits_override",
      "status": "pass",
      "objects": [
        {
          "object_addr": "module.public_private_subnets.var.nat_instance_cpu_credits_override",
          "status": "pass"
        }
      ]
    },
    {
      "object_kind": "var",
      "config_addr": "module.sg_postgres.module.this.var.id_length_limit",
      "status": "pass",
      "objects": [
        {
          "object_addr": "module.sg_postgres.module.this.var.id_length_limit",
          "status": "pass"
        }
      ]
    },
    {
      "object_kind": "var",
      "config_addr": "module.private_only_subnets.var.ipv6_cidrs",
      "status": "pass",
      "objects": [
        {
          "object_addr": "module.private_only_subnets.var.ipv6_cidrs",
          "status": "pass"
        }
      ]
    },
    {
      "object_kind": "var",
      "config_addr": "module.public_private_subnets.module.private_label.var.context",
      "status": "pass",
      "objects": [
        {
          "object_addr": "module.public_private_subnets.module.private_label.var.context",
          "status": "pass"
        }
      ]
    },
    {
      "object_kind": "var",
      "config_addr": "module.ec2_bastion.module.dns.var.label_value_case",
      "status": "pass",
      "objects": [
        {
          "object_addr": "module.ec2_bastion.module.dns.var.label_value_case",
          "status": "pass"
        }
      ]
    },
    {
      "object_kind": "var",
      "config_addr": "module.private_only_subnets.module.private_label.var.context",
      "status": "pass",
      "objects": [
        {
          "object_addr": "module.private_only_subnets.module.private_label.var.context",
          "status": "pass"
        }
      ]
    },
    {
      "object_kind": "var",
      "config_addr": "module.private_only_subnets.module.nat_label.var.label_key_case",
      "status": "pass",
      "objects": [
        {
          "object_addr": "module.private_only_subnets.module.nat_label.var.label_key_case",
          "status": "pass"
        }
      ]
    },
    {
      "object_kind": "var",
      "config_addr": "module.sg_primary.var.id_length_limit",
      "status": "pass",
      "objects": [
        {
          "object_addr": "module.sg_primary.var.id_length_limit",
          "status": "pass"
        }
      ]
    },
    {
      "object_kind": "var",
      "config_addr": "module.bastion_label.var.context",
      "status": "pass",
      "objects": [
        {
          "object_addr": "module.bastion_label.var.context",
          "status": "pass"
        }
      ]
    },
    {
      "object_kind": "var",
      "config_addr": "module.public_private_subnets.var.label_key_case",
      "status": "pass",
      "objects": [
        {
          "object_addr": "module.public_private_subnets.var.label_key_case",
          "status": "pass"
        }
      ]
    },
    {
      "object_kind": "var",
      "config_addr": "module.vpc.var.label_key_case",
      "status": "pass",
      "objects": [
        {
          "object_addr": "module.vpc.var.label_key_case",
          "status": "pass"
        }
      ]
    },
    {
      "object_kind": "var",
      "config_addr": "module.vpc.module.label.var.id_length_limit",
      "status": "pass",
      "objects": [
        {
          "object_addr": "module.vpc.module.label.var.id_length_limit",
          "status": "pass"
        }
      ]
    },
    {
      "object_kind": "var",
      "config_addr": "module.private_only_subnets.module.nat_instance_label.var.context",
      "status": "pass",
      "objects": [
        {
          "object_addr": "module.private_only_subnets.module.nat_instance_label.var.context",
          "status": "pass"
        }
      ]
    },
    {
      "object_kind": "var",
      "config_addr": "module.public_private_subnets.module.utils.var.id_length_limit",
      "status": "pass",
      "objects": [
        {
          "object_addr": "module.public_private_subnets.module.utils.var.id_length_limit",
          "status": "pass"
        }
      ]
    },
    {
      "object_kind": "var",
      "config_addr": "module.ec2_bastion.module.dns.module.this.var.id_length_limit",
      "status": "pass",
      "objects": [
        {
          "object_addr": "module.ec2_bastion.module.dns.module.this.var.id_length_limit",
          "status": "pass"
        }
      ]
    },
    {
      "object_kind": "var",
      "config_addr": "module.ec2_bastion.module.security_group.module.this.var.label_key_case",
      "status": "pass",
      "objects": [
        {
          "object_addr": "module.ec2_bastion.module.security_group.module.this.var.label_key_case",
          "status": "pass"
        }
      ]
    },
    {
      "object_kind": "var",
      "config_addr": "module.private_only_subnets.module.private_label.var.id_length_limit",
      "status": "pass",
      "objects": [
        {
          "object_addr": "module.private_only_subnets.module.private_label.var.id_length_limit",
          "status": "pass"
        }
      ]
    },
    {
      "object_kind": "var",
      "config_addr": "module.public_private_subnets.module.utils.module.this.var.label_key_case",
      "status": "pass",
      "objects": [
        {
          "object_addr": "module.public_private_subnets.module.utils.module.this.var.label_key_case",
          "status": "pass"
        }
      ]
    },
    {
      "object_kind": "var",
      "config_addr": "module.sg_primary.var.label_value_case",
      "status": "pass",
      "objects": [
        {
          "object_addr": "module.sg_primary.var.label_value_case",
          "status": "pass"
        }
      ]
    },
    {
      "object_kind": "var",
      "config_addr": "module.aws_key_pair.var.context",
      "status": "pass",
      "objects": [
        {
          "object_addr": "module.aws_key_pair.var.context",
          "status": "pass"
        }
      ]
    },
    {
      "object_kind": "var",
      "config_addr": "module.private_only_subnets.module.utils.module.this.var.label_value_case",
      "status": "pass",
      "objects": [
        {
          "object_addr": "module.private_only_subnets.module.utils.module.this.var.label_value_case",
          "status": "pass"
        }
      ]
    },
    {
      "object_kind": "var",
      "config_addr": "module.private_only_subnets.module.public_label.var.label_value_case",
      "status": "pass",
      "objects": [
        {
          "object_addr": "module.private_only_subnets.module.public_label.var.label_value_case",
          "status": "pass"
        }
      ]
    },
    {
      "object_kind": "var",
      "config_addr": "module.public_private_subnets.module.utils.var.label_key_case",
      "status": "pass",
      "objects": [
        {
          "object_addr": "module.public_private_subnets.module.utils.var.label_key_case",
          "status": "pass"
        }
      ]
    },
    {
      "object_kind": "var",
      "config_addr": "module.public_private_subnets.module.nat_instance_label.var.id_length_limit",
      "status": "pass",
      "objects": [
        {
          "object_addr": "module.public_private_subnets.module.nat_instance_label.var.id_length_limit",
          "status": "pass"
        }
      ]
    },
    {
      "object_kind": "var",
      "config_addr": "module.private_only_subnets.var.subnets_per_az_count",
      "status": "pass",
      "objects": [
        {
          "object_addr": "module.private_only_subnets.var.subnets_per_az_count",
          "status": "pass"
        }
      ]
    },
    {
      "object_kind": "var",
      "config_addr": "module.aws_key_pair.module.this.var.label_key_case",
      "status": "pass",
      "objects": [
        {
          "object_addr": "module.aws_key_pair.module.this.var.label_key_case",
          "status": "pass"
        }
      ]
    },
    {
      "object_kind": "var",
      "config_addr": "module.sg_primary.module.this.var.label_value_case",
      "status": "pass",
      "objects": [
        {
          "object_addr": "module.sg_primary.module.this.var.label_value_case",
          "status": "pass"
        }
      ]
    },
    {
      "object_kind": "var",
      "config_addr": "module.public_private_subnets.module.this.var.label_key_case",
      "status": "pass",
      "objects": [
        {
          "object_addr": "module.public_private_subnets.module.this.var.label_key_case",
          "status": "pass"
        }
      ]
    },
    {
      "object_kind": "var",
      "config_addr": "var.id_length_limit",
      "status": "pass",
      "objects": [
        {
          "object_addr": "var.id_length_limit",
          "status": "pass"
        }
      ]
    },
    {
      "object_kind": "var",
      "config_addr": "module.this.var.label_value_case",
      "status": "pass",
      "objects": [
        {
          "object_addr": "module.this.var.label_value_case",
          "status": "pass"
        }
      ]
    },
    {
      "object_kind": "var",
      "config_addr": "module.public_private_subnets.module.this.var.context",
      "status": "pass",
      "objects": [
        {
          "object_addr": "module.public_private_subnets.module.this.var.context",
          "status": "pass"
        }
      ]
    },
    {
      "object_kind": "var",
      "config_addr": "module.ec2_bastion.var.label_key_case",
      "status": "pass",
      "objects": [
        {
          "object_addr": "module.ec2_bastion.var.label_key_case",
          "status": "pass"
        }
      ]
    },
    {
      "object_kind": "var",
      "config_addr": "module.ec2_bastion.module.dns.module.this.var.label_value_case",
      "status": "pass",
      "objects": [
        {
          "object_addr": "module.ec2_bastion.module.dns.module.this.var.label_value_case",
          "status": "pass"
        }
      ]
    },
    {
      "object_kind": "var",
      "config_addr": "module.public_private_subnets.var.ipv4_cidrs",
      "status": "pass",
      "objects": [
        {
          "object_addr": "module.public_private_subnets.var.ipv4_cidrs",
          "status": "pass"
        }
      ]
    },
    {
      "object_kind": "var",
      "config_addr": "module.private_only_subnets.module.this.var.label_value_case",
      "status": "pass",
      "objects": [
        {
          "object_addr": "module.private_only_subnets.module.this.var.label_value_case",
          "status": "pass"
        }
      ]
    },
    {
      "object_kind": "var",
      "config_addr": "module.public_private_subnets.module.private_label.var.id_length_limit",
      "status": "pass",
      "objects": [
        {
          "object_addr": "module.public_private_subnets.module.private_label.var.id_length_limit",
          "status": "pass"
        }
      ]
    },
    {
      "object_kind": "var",
      "config_addr": "module.private_only_subnets.module.utils.module.this.var.id_length_limit",
      "status": "pass",
      "objects": [
        {
          "object_addr": "module.private_only_subnets.module.utils.module.this.var.id_length_limit",
          "status": "pass"
        }
      ]
    },
    {
      "object_kind": "var",
      "config_addr": "module.private_only_subnets.module.utils.var.label_key_case",
      "status": "pass",
      "objects": [
        {
          "object_addr": "module.private_only_subnets.module.utils.var.label_key_case",
          "status": "pass"
        }
      ]
    },
    {
      "object_kind": "var",
      "config_addr": "module.ec2_bastion.module.security_group.var.id_length_limit",
      "status": "pass",
      "objects": [
        {
          "object_addr": "module.ec2_bastion.module.security_group.var.id_length_limit",
          "status": "pass"
        }
      ]
    },
    {
      "object_kind": "var",
      "config_addr": "module.private_only_subnets.var.ipv4_cidr_block",
      "status": "pass",
      "objects": [
        {
          "object_addr": "module.private_only_subnets.var.ipv4_cidr_block",
          "status": "pass"
        }
      ]
    },
    {
      "object_kind": "var",
      "config_addr": "module.ec2_bastion.module.security_group.module.this.var.label_value_case",
      "status": "pass",
      "objects": [
        {
          "object_addr": "module.ec2_bastion.module.security_group.module.this.var.label_value_case",
          "status": "pass"
        }
      ]
    },
    {
      "object_kind": "var",
      "config_addr": "module.private_only_subnets.module.utils.var.id_length_limit",
      "status": "pass",
      "objects": [
        {
          "object_addr": "module.private_only_subnets.module.utils.var.id_length_limit",
          "status": "pass"
        }
      ]
    },
    {
      "object_kind": "var",
      "config_addr": "module.sg_postgres.module.this.var.label_key_case",
      "status": "pass",
      "objects": [
        {
          "object_addr": "module.sg_postgres.module.this.var.label_key_case",
          "status": "pass"
        }
      ]
    },
    {
      "object_kind": "var",
      "config_addr": "module.private_only_subnets.module.public_label.var.id_length_limit",
      "status": "pass",
      "objects": [
        {
          "object_addr": "module.private_only_subnets.module.public_label.var.id_length_limit",
          "status": "pass"
        }
      ]
    },
    {
      "object_kind": "var",
      "config_addr": "module.private_only_subnets.var.label_value_case",
      "status": "pass",
      "objects": [
        {
          "object_addr": "module.private_only_subnets.var.label_value_case",
          "status": "pass"
        }
      ]
    },
    {
      "object_kind": "var",
      "config_addr": "module.private_only_subnets.module.utils.module.this.var.label_key_case",
      "status": "pass",
      "objects": [
        {
          "object_addr": "module.private_only_subnets.module.utils.module.this.var.label_key_case",
          "status": "pass"
        }
      ]
    },
    {
      "object_kind": "var",
      "config_addr": "module.bastion_label.var.label_value_case",
      "status": "pass",
      "objects": [
        {
          "object_addr": "module.bastion_label.var.label_value_case",
          "status": "pass"
        }
      ]
    },
    {
      "object_kind": "var",
      "config_addr": "module.public_private_subnets.module.public_label.var.label_value_case",
      "status": "pass",
      "objects": [
        {
          "object_addr": "module.public_private_subnets.module.public_label.var.label_value_case",
          "status": "pass"
        }
      ]
    },
    {
      "object_kind": "var",
      "config_addr": "module.private_only_subnets.module.utils.module.this.var.context",
      "status": "pass",
      "objects": [
        {
          "object_addr": "module.private_only_subnets.module.utils.module.this.var.context",
          "status": "pass"
        }
      ]
    },
    {
      "object_kind": "var",
      "config_addr": "module.public_private_subnets.module.public_label.var.label_key_case",
      "status": "pass",
      "objects": [
        {
          "object_addr": "module.public_private_subnets.module.public_label.var.label_key_case",
          "status": "pass"
        }
      ]
    },
    {
      "object_kind": "var",
      "config_addr": "module.public_private_subnets.module.nat_label.var.context",
      "status": "pass",
      "objects": [
        {
          "object_addr": "module.public_private_subnets.module.nat_label.var.context",
          "status": "pass"
        }
      ]
    },
    {
      "object_kind": "var",
      "config_addr": "module.ec2_bastion.module.security_group.var.context",
      "status": "pass",
      "objects": [
        {
          "object_addr": "module.ec2_bastion.module.security_group.var.context",
          "status": "pass"
        }
      ]
    },
    {
      "object_kind": "var",
      "config_addr": "module.vpc.var.instance_tenancy",
      "status": "pass",
      "objects": [
        {
          "object_addr": "module.vpc.var.instance_tenancy",
          "status": "pass"
        }
      ]
    },
    {
      "object_kind": "var",
      "config_addr": "module.private_only_subnets.module.utils.var.context",
      "status": "pass",
      "objects": [
        {
          "object_addr": "module.private_only_subnets.module.utils.var.context",
          "status": "pass"
        }
      ]
    },
    {
      "object_kind": "var",
      "config_addr": "module.ec2_bastion.var.label_value_case",
      "status": "pass",
      "objects": [
        {
          "object_addr": "module.ec2_bastion.var.label_value_case",
          "status": "pass"
        }
      ]
    },
    {
      "object_kind": "var",
      "config_addr": "module.vpc.module.label.var.label_value_case",
      "status": "pass",
      "objects": [
        {
          "object_addr": "module.vpc.module.label.var.label_value_case",
          "status": "pass"
        }
      ]
    },
    {
      "object_kind": "var",
      "config_addr": "module.public_private_subnets.module.nat_label.var.id_length_limit",
      "status": "pass",
      "objects": [
        {
          "object_addr": "module.public_private_subnets.module.nat_label.var.id_length_limit",
          "status": "pass"
        }
      ]
    },
    {
      "object_kind": "var",
      "config_addr": "module.bastion_label.var.id_length_limit",
      "status": "pass",
      "objects": [
        {
          "object_addr": "module.bastion_label.var.id_length_limit",
          "status": "pass"
        }
      ]
    },
    {
      "object_kind": "var",
      "config_addr": "module.vpc.var.label_value_case",
      "status": "pass",
      "objects": [
        {
          "object_addr": "module.vpc.var.label_value_case",
          "status": "pass"
        }
      ]
    },
    {
      "object_kind": "var",
      "config_addr": "module.vpc.var.id_length_limit",
      "status": "pass",
      "objects": [
        {
          "object_addr": "module.vpc.var.id_length_limit",
          "status": "pass"
        }
      ]
    },
    {
      "object_kind": "var",
      "config_addr": "module.private_only_subnets.var.context",
      "status": "pass",
      "objects": [
        {
          "object_addr": "module.private_only_subnets.var.context",
          "status": "pass"
        }
      ]
    },
    {
      "object_kind": "var",
      "config_addr": "module.vpc.module.label.var.label_key_case",
      "status": "pass",
      "objects": [
        {
          "object_addr": "module.vpc.module.label.var.label_key_case",
          "status": "pass"
        }
      ]
    },
    {
      "object_kind": "var",
      "config_addr": "module.public_private_subnets.module.utils.var.label_value_case",
      "status": "pass",
      "objects": [
        {
          "object_addr": "module.public_private_subnets.module.utils.var.label_value_case",
          "status": "pass"
        }
      ]
    },
    {
      "object_kind": "var",
      "config_addr": "module.sg_postgres.module.this.var.context",
      "status": "pass",
      "objects": [
        {
          "object_addr": "module.sg_postgres.module.this.var.context",
          "status": "pass"
        }
      ]
    },
    {
      "object_kind": "var",
      "config_addr": "module.ec2_bastion.module.security_group.module.this.var.id_length_limit",
      "status": "pass",
      "objects": [
        {
          "object_addr": "module.ec2_bastion.module.security_group.module.this.var.id_length_limit",
          "status": "pass"
        }
      ]
    },
    {
      "object_kind": "var",
      "config_addr": "module.aws_key_pair.var.label_key_case",
      "status": "pass",
      "objects": [
        {
          "object_addr": "module.aws_key_pair.var.label_key_case",
          "status": "pass"
        }
      ]
    },
    {
      "object_kind": "var",
      "config_addr": "module.private_only_subnets.module.private_label.var.label_value_case",
      "status": "pass",
      "objects": [
        {
          "object_addr": "module.private_only_subnets.module.private_label.var.label_value_case",
          "status": "pass"
        }
      ]
    },
    {
      "object_kind": "var",
      "config_addr": "module.public_private_subnets.var.nat_instance_ami_id",
      "status": "pass",
      "objects": [
        {
          "object_addr": "module.public_private_subnets.var.nat_instance_ami_id",
          "status": "pass"
        }
      ]
    },
    {
      "object_kind": "var",
      "config_addr": "module.public_private_subnets.var.ipv6_cidrs",
      "status": "pass",
      "objects": [
        {
          "object_addr": "module.public_private_subnets.var.ipv6_cidrs",
          "status": "pass"
        }
      ]
    },
    {
      "object_kind": "var",
      "config_addr": "module.this.var.label_key_case",
      "status": "pass",
      "objects": [
        {
          "object_addr": "module.this.var.label_key_case",
          "status": "pass"
        }
      ]
    },
    {
      "object_kind": "var",
      "config_addr": "var.label_value_case",
      "status": "pass",
      "objects": [
        {
          "object_addr": "var.label_value_case",
          "status": "pass"
        }
      ]
    },
    {
      "object_kind": "var",
      "config_addr": "module.private_only_subnets.var.ipv6_cidr_block",
      "status": "pass",
      "objects": [
        {
          "object_addr": "module.private_only_subnets.var.ipv6_cidr_block",
          "status": "pass"
        }
      ]
    },
    {
      "object_kind": "var",
      "config_addr": "module.sg_postgres.var.id_length_limit",
      "status": "pass",
      "objects": [
        {
          "object_addr": "module.sg_postgres.var.id_length_limit",
          "status": "pass"
        }
      ]
    },
    {
      "object_kind": "var",
      "config_addr": "module.sg_primary.var.label_key_case",
      "status": "pass",
      "objects": [
        {
          "object_addr": "module.sg_primary.var.label_key_case",
          "status": "pass"
        }
      ]
    },
    {
      "object_kind": "var",
      "config_addr": "module.public_private_subnets.var.id_length_limit",
      "status": "pass",
      "objects": [
        {
          "object_addr": "module.public_private_subnets.var.id_length_limit",
          "status": "pass"
        }
      ]
    },
    {
      "object_kind": "var",
      "config_addr": "module.sg_postgres.module.this.var.label_value_case",
      "status": "pass",
      "objects": [
        {
          "object_addr": "module.sg_postgres.module.this.var.label_value_case",
          "status": "pass"
        }
      ]
    },
    {
      "object_kind": "var",
      "config_addr": "module.public_private_subnets.module.this.var.label_value_case",
      "status": "pass",
      "objects": [
        {
          "object_addr": "module.public_private_subnets.module.this.var.label_value_case",
          "status": "pass"
        }
      ]
    },
    {
      "object_kind": "var",
      "config_addr": "module.private_only_subnets.module.this.var.id_length_limit",
      "status": "pass",
      "objects": [
        {
          "object_addr": "module.private_only_subnets.module.this.var.id_length_limit",
          "status": "pass"
        }
      ]
    },
    {
      "object_kind": "var",
      "config_addr": "module.public_private_subnets.module.public_label.var.id_length_limit",
      "status": "pass",
      "objects": [
        {
          "object_addr": "module.public_private_subnets.module.public_label.var.id_length_limit",
          "status": "pass"
        }
      ]
    },
    {
      "object_kind": "var",
      "config_addr": "module.private_only_subnets.var.ipv4_cidrs",
      "status": "pass",
      "objects": [
        {
          "object_addr": "module.private_only_subnets.var.ipv4_cidrs",
          "status": "pass"
        }
      ]
    },
    {
      "object_kind": "var",
      "config_addr": "module.sg_postgres.var.label_value_case",
      "status": "pass",
      "objects": [
        {
          "object_addr": "module.sg_postgres.var.label_value_case",
          "status": "pass"
        }
      ]
    },
    {
      "object_kind": "var",
      "config_addr": "module.public_private_subnets.var.ipv6_cidr_block",
      "status": "pass",
      "objects": [
        {
          "object_addr": "module.public_private_subnets.var.ipv6_cidr_block",
          "status": "pass"
        }
      ]
    },
    {
      "object_kind": "var",
      "config_addr": "module.aws_key_pair.var.label_value_case",
      "status": "pass",
      "objects": [
        {
          "object_addr": "module.aws_key_pair.var.label_value_case",
          "status": "pass"
        }
      ]
    },
    {
      "object_kind": "var",
      "config_addr": "module.this.var.id_length_limit",
      "status": "pass",
      "objects": [
        {
          "object_addr": "module.this.var.id_length_limit",
          "status": "pass"
        }
      ]
    },
    {
      "object_kind": "var",
      "config_addr": "module.private_only_subnets.var.igw_id",
      "status": "pass",
      "objects": [
        {
          "object_addr": "module.private_only_subnets.var.igw_id",
          "status": "pass"
        }
      ]
    },
    {
      "object_kind": "var",
      "config_addr": "module.this.var.context",
      "status": "pass",
      "objects": [
        {
          "object_addr": "module.this.var.context",
          "status": "pass"
        }
      ]
    },
    {
      "object_kind": "var",
      "config_addr": "module.private_only_subnets.module.private_label.var.label_key_case",
      "status": "pass",
      "objects": [
        {
          "object_addr": "module.private_only_subnets.module.private_label.var.label_key_case",
          "status": "pass"
        }
      ]
    },
    {
      "object_kind": "var",
      "config_addr": "module.ec2_bastion.module.security_group.var.label_key_case",
      "status": "pass",
      "objects": [
        {
          "object_addr": "module.ec2_bastion.module.security_group.var.label_key_case",
          "status": "pass"
        }
      ]
    },
    {
      "object_kind": "var",
      "config_addr": "module.public_private_subnets.var.ipv6_egress_only_igw_id",
      "status": "pass",
      "objects": [
        {
          "object_addr": "module.public_private_subnets.var.ipv6_egress_only_igw_id",
          "status": "pass"
        }
      ]
    },
    {
      "object_kind": "var",
      "config_addr": "module.ec2_bastion.var.id_length_limit",
      "status": "pass",
      "objects": [
        {
          "object_addr": "module.ec2_bastion.var.id_length_limit",
          "status": "pass"
        }
      ]
    },
    {
      "object_kind": "var",
      "config_addr": "module.sg_postgres.var.context",
      "status": "pass",
      "objects": [
        {
          "object_addr": "module.sg_postgres.var.context",
          "status": "pass"
        }
      ]
    },
    {
      "object_kind": "var",
      "config_addr": "module.sg_primary.module.this.var.id_length_limit",
      "status": "pass",
      "objects": [
        {
          "object_addr": "module.sg_primary.module.this.var.id_length_limit",
          "status": "pass"
        }
      ]
    },
    {
      "object_kind": "var",
      "config_addr": "module.public_private_subnets.module.public_label.var.context",
      "status": "pass",
      "objects": [
        {
          "object_addr": "module.public_private_subnets.module.public_label.var.context",
          "status": "pass"
        }
      ]
    },
    {
      "object_kind": "var",
      "config_addr": "module.private_only_subnets.module.this.var.context",
      "status": "pass",
      "objects": [
        {
          "object_addr": "module.private_only_subnets.module.this.var.context",
          "status": "pass"
        }
      ]
    },
    {
      "object_kind": "var",
      "config_addr": "module.private_only_subnets.var.ipv6_egress_only_igw_id",
      "status": "pass",
      "objects": [
        {
          "object_addr": "module.private_only_subnets.var.ipv6_egress_only_igw_id",
          "status": "pass"
        }
      ]
    },
    {
      "object_kind": "var",
      "config_addr": "module.public_private_subnets.module.this.var.id_length_limit",
      "status": "pass",
      "objects": [
        {
          "object_addr": "module.public_private_subnets.module.this.var.id_length_limit",
          "status": "pass"
        }
      ]
    },
    {
      "object_kind": "var",
      "config_addr": "module.ec2_bastion.var.context",
      "status": "pass",
      "objects": [
        {
          "object_addr": "module.ec2_bastion.var.context",
          "status": "pass"
        }
      ]
    },
    {
      "object_kind": "var",
      "config_addr": "module.sg_primary.module.this.var.context",
      "status": "pass",
      "objects": [
        {
          "object_addr": "module.sg_primary.module.this.var.context",
          "status": "pass"
        }
      ]
    },
    {
      "object_kind": "var",
      "config_addr": "module.bastion_label.var.label_key_case",
      "status": "pass",
      "objects": [
        {
          "object_addr": "module.bastion_label.var.label_key_case",
          "status": "pass"
        }
      ]
    },
    {
      "object_kind": "var",
      "config_addr": "module.aws_key_pair.module.this.var.context",
      "status": "pass",
      "objects": [
        {
          "object_addr": "module.aws_key_pair.module.this.var.context",
          "status": "pass"
        }
      ]
    },
    {
      "object_kind": "var",
      "config_addr": "module.public_private_subnets.module.nat_instance_label.var.context",
      "status": "pass",
      "objects": [
        {
          "object_addr": "module.public_private_subnets.module.nat_instance_label.var.context",
          "status": "pass"
        }
      ]
    },
    {
      "object_kind": "var",
      "config_addr": "module.private_only_subnets.module.nat_label.var.label_value_case",
      "status": "pass",
      "objects": [
        {
          "object_addr": "module.private_only_subnets.module.nat_label.var.label_value_case",
          "status": "pass"
        }
      ]
    },
    {
      "object_kind": "var",
      "config_addr": "module.public_private_subnets.var.subnets_per_az_count",
      "status": "pass",
      "objects": [
        {
          "object_addr": "module.public_private_subnets.var.subnets_per_az_count",
          "status": "pass"
        }
      ]
    },
    {
      "object_kind": "var",
      "config_addr": "module.vpc.module.this.var.id_length_limit",
      "status": "pass",
      "objects": [
        {
          "object_addr": "module.vpc.module.this.var.id_length_limit",
          "status": "pass"
        }
      ]
    },
    {
      "object_kind": "var",
      "config_addr": "module.ec2_bastion.module.dns.var.context",
      "status": "pass",
      "objects": [
        {
          "object_addr": "module.ec2_bastion.module.dns.var.context",
          "status": "pass"
        }
      ]
    },
    {
      "object_kind": "var",
      "config_addr": "module.vpc.module.this.var.label_value_case",
      "status": "pass",
      "objects": [
        {
          "object_addr": "module.vpc.module.this.var.label_value_case",
          "status": "pass"
        }
      ]
    },
    {
      "object_kind": "var",
      "config_addr": "module.ec2_bastion.module.dns.module.this.var.label_key_case",
      "status": "pass",
      "objects": [
        {
          "object_addr": "module.ec2_bastion.module.dns.module.this.var.label_key_case",
          "status": "pass"
        }
      ]
    },
    {
      "object_kind": "var",
      "config_addr": "module.private_only_subnets.module.nat_instance_label.var.id_length_limit",
      "status": "pass",
      "objects": [
        {
          "object_addr": "module.private_only_subnets.module.nat_instance_label.var.id_length_limit",
          "status": "pass"
        }
      ]
    },
    {
      "object_kind": "var",
      "config_addr": "module.private_only_subnets.module.this.var.label_key_case",
      "status": "pass",
      "objects": [
        {
          "object_addr": "module.private_only_subnets.module.this.var.label_key_case",
          "status": "pass"
        }
      ]
    },
    {
      "object_kind": "var",
      "config_addr": "module.aws_key_pair.module.this.var.label_value_case",
      "status": "pass",
      "objects": [
        {
          "object_addr": "module.aws_key_pair.module.this.var.label_value_case",
          "status": "pass"
        }
      ]
    },
    {
      "object_kind": "var",
      "config_addr": "module.public_private_subnets.module.nat_label.var.label_key_case",
      "status": "pass",
      "objects": [
        {
          "object_addr": "module.public_private_subnets.module.nat_label.var.label_key_case",
          "status": "pass"
        }
      ]
    },
    {
      "object_kind": "var",
      "config_addr": "module.private_only_subnets.module.nat_label.var.id_length_limit",
      "status": "pass",
      "objects": [
        {
          "object_addr": "module.private_only_subnets.module.nat_label.var.id_length_limit",
          "status": "pass"
        }
      ]
    },
    {
      "object_kind": "var",
      "config_addr": "module.private_only_subnets.module.public_label.var.label_key_case",
      "status": "pass",
      "objects": [
        {
          "object_addr": "module.private_only_subnets.module.public_label.var.label_key_case",
          "status": "pass"
        }
      ]
    },
    {
      "object_kind": "var",
      "config_addr": "module.private_only_subnets.var.nat_instance_ami_id",
      "status": "pass",
      "objects": [
        {
          "object_addr": "module.private_only_subnets.var.nat_instance_ami_id",
          "status": "pass"
        }
      ]
    },
    {
      "object_kind": "var",
      "config_addr": "module.ec2_bastion.module.security_group.var.label_value_case",
      "status": "pass",
      "objects": [
        {
          "object_addr": "module.ec2_bastion.module.security_group.var.label_value_case",
          "status": "pass"
        }
      ]
    },
    {
      "object_kind": "var",
      "config_addr": "module.vpc.module.this.var.label_key_case",
      "status": "pass",
      "objects": [
        {
          "object_addr": "module.vpc.module.this.var.label_key_case",
          "status": "pass"
        }
      ]
    },
    {
      "object_kind": "var",
      "config_addr": "module.vpc.module.this.var.context",
      "status": "pass",
      "objects": [
        {
          "object_addr": "module.vpc.module.this.var.context",
          "status": "pass"
        }
      ]
    },
    {
      "object_kind": "var",
      "config_addr": "module.sg_postgres.var.label_key_case",
      "status": "pass",
      "objects": [
        {
          "object_addr": "module.sg_postgres.var.label_key_case",
          "status": "pass"
        }
      ]
    },
    {
      "object_kind": "var",
      "config_addr": "module.aws_key_pair.var.id_length_limit",
      "status": "pass",
      "objects": [
        {
          "object_addr": "module.aws_key_pair.var.id_length_limit",
          "status": "pass"
        }
      ]
    },
    {
      "object_kind": "var",
      "config_addr": "module.aws_key_pair.module.this.var.id_length_limit",
      "status": "pass",
      "objects": [
        {
          "object_addr": "module.aws_key_pair.module.this.var.id_length_limit",
          "status": "pass"
        }
      ]
    },
    {
      "object_kind": "var",
      "config_addr": "module.sg_postgres.var.target_security_group_id",
      "status": "pass",
      "objects": [
        {
          "object_addr": "module.sg_postgres.var.target_security_group_id",
          "status": "pass"
        }
      ]
    },
    {
      "object_kind": "var",
      "config_addr": "module.public_private_subnets.module.nat_instance_label.var.label_value_case",
      "status": "pass",
      "objects": [
        {
          "object_addr": "module.public_private_subnets.module.nat_instance_label.var.label_value_case",
          "status": "pass"
        }
      ]
    },
    {
      "object_kind": "var",
      "config_addr": "module.ec2_bastion.module.security_group.module.this.var.context",
      "status": "pass",
      "objects": [
        {
          "object_addr": "module.ec2_bastion.module.security_group.module.this.var.context",
          "status": "pass"
        }
      ]
    },
    {
      "object_kind": "var",
      "config_addr": "module.private_only_subnets.var.id_length_limit",
      "status": "pass",
      "objects": [
        {
          "object_addr": "module.private_only_subnets.var.id_length_limit",
          "status": "pass"
        }
      ]
    },
    {
      "object_kind": "var",
      "config_addr": "module.sg_primary.var.security_group_name",
      "status": "pass",
      "objects": [
        {
          "object_addr": "module.sg_primary.var.security_group_name",
          "status": "pass"
        }
      ]
    },
    {
      "object_kind": "var",
      "config_addr": "module.ec2_bastion.module.dns.var.label_key_case",
      "status": "pass",
      "objects": [
        {
          "object_addr": "module.ec2_bastion.module.dns.var.label_key_case",
          "status": "pass"
        }
      ]
    },
    {
      "object_kind": "var",
      "config_addr": "module.ec2_bastion.module.this.var.context",
      "status": "pass",
      "objects": [
        {
          "object_addr": "module.ec2_bastion.module.this.var.context",
          "status": "pass"
        }
      ]
    },
    {
      "object_kind": "var",
      "config_addr": "module.public_private_subnets.module.utils.module.this.var.context",
      "status": "pass",
      "objects": [
        {
          "object_addr": "module.public_private_subnets.module.utils.module.this.var.context",
          "status": "pass"
        }
      ]
    },
    {
      "object_kind": "var",
      "config_addr": "module.private_only_subnets.var.nat_instance_cpu_credits_override",
      "status": "pass",
      "objects": [
        {
          "object_addr": "module.private_only_subnets.var.nat_instance_cpu_credits_override",
          "status": "pass"
        }
      ]
    },
    {
      "object_kind": "var",
      "config_addr": "module.private_only_subnets.module.nat_instance_label.var.label_value_case",
      "status": "pass",
      "objects": [
        {
          "object_addr": "module.private_only_subnets.module.nat_instance_label.var.label_value_case",
          "status": "pass"
        }
      ]
    },
    {
      "object_kind": "var",
      "config_addr": "module.vpc.var.context",
      "status": "pass",
      "objects": [
        {
          "object_addr": "module.vpc.var.context",
          "status": "pass"
        }
      ]
    },
    {
      "object_kind": "var",
      "config_addr": "module.private_only_subnets.var.label_key_case",
      "status": "pass",
      "objects": [
        {
          "object_addr": "module.private_only_subnets.var.label_key_case",
          "status": "pass"
        }
      ]
    },
    {
      "object_kind": "var",
      "config_addr": "module.public_private_subnets.module.private_label.var.label_key_case",
      "status": "pass",
      "objects": [
        {
          "object_addr": "module.public_private_subnets.module.private_label.var.label_key_case",
          "status": "pass"
        }
      ]
    },
    {
      "object_kind": "var",
      "config_addr": "module.sg_primary.module.this.var.label_key_case",
      "status": "pass",
      "objects": [
        {
          "object_addr": "module.sg_primary.module.this.var.label_key_case",
          "status": "pass"
        }
      ]
    },
    {
      "object_kind": "var",
      "config_addr": "module.public_private_subnets.module.utils.module.this.var.label_value_case",
      "status": "pass",
      "objects": [
        {
          "object_addr": "module.public_private_subnets.module.utils.module.this.var.label_value_case",
          "status": "pass"
        }
      ]
    },
    {
      "object_kind": "var",
      "config_addr": "module.public_private_subnets.module.private_label.var.label_value_case",
      "status": "pass",
      "objects": [
        {
          "object_addr": "module.public_private_subnets.module.private_label.var.label_value_case",
          "status": "pass"
        }
      ]
    },
    {
      "object_kind": "var",
      "config_addr": "module.private_only_subnets.module.utils.var.label_value_case",
      "status": "pass",
      "objects": [
        {
          "object_addr": "module.private_only_subnets.module.utils.var.label_value_case",
          "status": "pass"
        }
      ]
    },
    {
      "object_kind": "var",
      "config_addr": "module.public_private_subnets.var.label_value_case",
      "status": "pass",
      "objects": [
        {
          "object_addr": "module.public_private_subnets.var.label_value_case",
          "status": "pass"
        }
      ]
    },
    {
      "object_kind": "var",
      "config_addr": "var.label_key_case",
      "status": "pass",
      "objects": [
        {
          "object_addr": "var.label_key_case",
          "status": "pass"
        }
      ]
    },
    {
      "object_kind": "var",
      "config_addr": "module.public_private_subnets.var.igw_id",
      "status": "pass",
      "objects": [
        {
          "object_addr": "module.public_private_subnets.var.igw_id",
          "status": "pass"
        }
      ]
    },
    {
      "object_kind": "var",
      "config_addr": "module.public_private_subnets.var.ipv4_cidr_block",
      "status": "pass",
      "objects": [
        {
          "object_addr": "module.public_private_subnets.var.ipv4_cidr_block",
          "status": "pass"
        }
      ]
    },
    {
      "object_kind": "var",
      "config_addr": "module.public_private_subnets.module.nat_label.var.label_value_case",
      "status": "pass",
      "objects": [
        {
          "object_addr": "module.public_private_subnets.module.nat_label.var.label_value_case",
          "status": "pass"
        }
      ]
    },
    {
      "object_kind": "var",
      "config_addr": "module.public_private_subnets.module.utils.module.this.var.id_length_limit",
      "status": "pass",
      "objects": [
        {
          "object_addr": "module.public_private_subnets.module.utils.module.this.var.id_length_limit",
          "status": "pass"
        }
      ]
    },
    {
      "object_kind": "var",
      "config_addr": "module.public_private_subnets.module.nat_instance_label.var.label_key_case",
      "status": "pass",
      "objects": [
        {
          "object_addr": "module.public_private_subnets.module.nat_instance_label.var.label_key_case",
          "status": "pass"
        }
      ]
    },
    {
      "object_kind": "var",
      "config_addr": "module.sg_primary.var.target_security_group_id",
      "status": "pass",
      "objects": [
        {
          "object_addr": "module.sg_primary.var.target_security_group_id",
          "status": "pass"
        }
      ]
    },
    {
      "object_kind": "var",
      "config_addr": "module.ec2_bastion.module.this.var.label_value_case",
      "status": "pass",
      "objects": [
        {
          "object_addr": "module.ec2_bastion.module.this.var.label_value_case",
          "status": "pass"
        }
      ]
    },
    {
      "object_kind": "var",
      "config_addr": "module.private_only_subnets.module.nat_label.var.context",
      "status": "pass",
      "objects": [
        {
          "object_addr": "module.private_only_subnets.module.nat_label.var.context",
          "status": "pass"
        }
      ]
    },
    {
      "object_kind": "var",
      "config_addr": "module.ec2_bastion.module.dns.module.this.var.context",
      "status": "pass",
      "objects": [
        {
          "object_addr": "module.ec2_bastion.module.dns.module.this.var.context",
          "status": "pass"
        }
      ]
    },
    {
      "object_kind": "var",
      "config_addr": "module.vpc.module.label.var.context",
      "status": "pass",
      "objects": [
        {
          "object_addr": "module.vpc.module.label.var.context",
          "status": "pass"
        }
      ]
    }
  ]
}
