{
  "version": 4,
  "terraform_version": "1.11.2",
  "serial": 16,
  "lineage": "c59f2e60-5a06-c28e-4a27-eee7f67eca8d",
  "outputs": {},
  "resources": [
    {
      "mode": "data",
      "type": "aws_security_group",
      "name": "db_sg",
      "provider": "provider[\"registry.terraform.io/hashicorp/aws\"]",
      "instances": [
        {
          "schema_version": 0,
          "attributes": {
            "arn": "arn:aws:ec2:us-east-1:203918842945:security-group/sg-08c01f95f3ca726af",
            "description": "Managed by Terraform",
            "filter": [
              {
                "name": "tag:Name",
                "values": [
                  "vitality-dev-app-postgres"
                ]
              }
            ],
            "id": "sg-08c01f95f3ca726af",
            "name": "vitality-dev-app-postgres--oVBX-20250321082048899600000009",
            "tags": {
              "Attributes": "postgres",
              "Name": "vitality-dev-app-postgres",
              "Namespace": "vitality",
              "Stage": "dev"
            },
            "timeouts": null,
            "vpc_id": "vpc-00f11cdb8b2f969b2"
          },
          "sensitive_attributes": []
        }
      ]
    },
    {
      "mode": "data",
      "type": "aws_subnet",
      "name": "private_subnet_details",
      "provider": "provider[\"registry.terraform.io/hashicorp/aws\"]",
      "instances": [
        {
          "index_key": "subnet-03911beb676de0a58",
          "schema_version": 0,
          "attributes": {
            "arn": "arn:aws:ec2:us-east-1:203918842945:subnet/subnet-03911beb676de0a58",
            "assign_ipv6_address_on_creation": false,
            "availability_zone": "us-east-1d",
            "availability_zone_id": "use1-az2",
            "available_ip_address_count": 251,
            "cidr_block": "10.0.17.0/24",
            "customer_owned_ipv4_pool": "",
            "default_for_az": false,
            "enable_dns64": false,
            "enable_lni_at_device_index": 0,
            "enable_resource_name_dns_a_record_on_launch": false,
            "enable_resource_name_dns_aaaa_record_on_launch": false,
            "filter": null,
            "id": "subnet-03911beb676de0a58",
            "ipv6_cidr_block": "",
            "ipv6_cidr_block_association_id": "",
            "ipv6_native": false,
            "map_customer_owned_ip_on_launch": false,
            "map_public_ip_on_launch": false,
            "outpost_arn": "",
            "owner_id": "203918842945",
            "private_dns_hostname_type_on_launch": "ip-name",
            "state": "available",
            "tags": {
              "Attributes": "private-only-private",
              "Name": "vitality-dev-app-private-only-private-use1d",
              "Namespace": "vitality",
              "Stage": "dev"
            },
            "timeouts": null,
            "vpc_id": "vpc-00f11cdb8b2f969b2"
          },
          "sensitive_attributes": []
        },
        {
          "index_key": "subnet-071e4069778af6cfc",
          "schema_version": 0,
          "attributes": {
            "arn": "arn:aws:ec2:us-east-1:203918842945:subnet/subnet-071e4069778af6cfc",
            "assign_ipv6_address_on_creation": false,
            "availability_zone": "us-east-1c",
            "availability_zone_id": "use1-az1",
            "available_ip_address_count": 251,
            "cidr_block": "10.0.16.0/24",
            "customer_owned_ipv4_pool": "",
            "default_for_az": false,
            "enable_dns64": false,
            "enable_lni_at_device_index": 0,
            "enable_resource_name_dns_a_record_on_launch": false,
            "enable_resource_name_dns_aaaa_record_on_launch": false,
            "filter": null,
            "id": "subnet-071e4069778af6cfc",
            "ipv6_cidr_block": "",
            "ipv6_cidr_block_association_id": "",
            "ipv6_native": false,
            "map_customer_owned_ip_on_launch": false,
            "map_public_ip_on_launch": false,
            "outpost_arn": "",
            "owner_id": "203918842945",
            "private_dns_hostname_type_on_launch": "ip-name",
            "state": "available",
            "tags": {
              "Attributes": "private-only-private",
              "Name": "vitality-dev-app-private-only-private-use1c",
              "Namespace": "vitality",
              "Stage": "dev"
            },
            "timeouts": null,
            "vpc_id": "vpc-00f11cdb8b2f969b2"
          },
          "sensitive_attributes": []
        }
      ]
    },
    {
      "mode": "data",
      "type": "aws_subnets",
      "name": "private_only_subnets",
      "provider": "provider[\"registry.terraform.io/hashicorp/aws\"]",
      "instances": [
        {
          "schema_version": 0,
          "attributes": {
            "filter": [
              {
                "name": "tag:Attributes",
                "values": [
                  "private-only-private"
                ]
              },
              {
                "name": "vpc-id",
                "values": [
                  "vpc-00f11cdb8b2f969b2"
                ]
              }
            ],
            "id": "us-east-1",
            "ids": [
              "subnet-071e4069778af6cfc",
              "subnet-03911beb676de0a58"
            ],
            "tags": null,
            "timeouts": null
          },
          "sensitive_attributes": []
        }
      ]
    },
    {
      "mode": "data",
      "type": "aws_vpc",
      "name": "primary",
      "provider": "provider[\"registry.terraform.io/hashicorp/aws\"]",
      "instances": [
        {
          "schema_version": 0,
          "attributes": {
            "arn": "arn:aws:ec2:us-east-1:203918842945:vpc/vpc-00f11cdb8b2f969b2",
            "cidr_block": "10.0.0.0/16",
            "cidr_block_associations": [
              {
                "association_id": "vpc-cidr-assoc-0fecbef6883da3da0",
                "cidr_block": "10.0.0.0/16",
                "state": "associated"
              }
            ],
            "default": false,
            "dhcp_options_id": "dopt-0675ed68aee56a836",
            "enable_dns_hostnames": true,
            "enable_dns_support": true,
            "enable_network_address_usage_metrics": false,
            "filter": [
              {
                "name": "tag:Name",
                "values": [
                  "vitality-dev-app-vpc"
                ]
              }
            ],
            "id": "vpc-00f11cdb8b2f969b2",
            "instance_tenancy": "default",
            "ipv6_association_id": "",
            "ipv6_cidr_block": "",
            "main_route_table_id": "rtb-046e4b255b45e235f",
            "owner_id": "203918842945",
            "state": null,
            "tags": {
              "Attributes": "vpc",
              "Name": "vitality-dev-app-vpc",
              "Namespace": "vitality",
              "Stage": "dev"
            },
            "timeouts": null
          },
          "sensitive_attributes": []
        }
      ]
    },
    {
      "module": "module.rds_cluster_aurora_postgres",
      "mode": "data",
      "type": "aws_iam_policy_document",
      "name": "enhanced_monitoring",
      "provider": "provider[\"registry.terraform.io/hashicorp/aws\"]",
      "instances": []
    },
    {
      "module": "module.rds_cluster_aurora_postgres",
      "mode": "data",
      "type": "aws_partition",
      "name": "current",
      "provider": "provider[\"registry.terraform.io/hashicorp/aws\"]",
      "instances": [
        {
          "index_key": 0,
          "schema_version": 0,
          "attributes": {
            "dns_suffix": "amazonaws.com",
            "id": "aws",
            "partition": "aws",
            "reverse_dns_prefix": "com.amazonaws"
          },
          "sensitive_attributes": []
        }
      ]
    },
    {
      "module": "module.rds_cluster_aurora_postgres",
      "mode": "data",
      "type": "aws_rds_reserved_instance_offering",
      "name": "default",
      "provider": "provider[\"registry.terraform.io/hashicorp/aws\"]",
      "instances": []
    },
    {
      "module": "module.rds_cluster_aurora_postgres",
      "mode": "managed",
      "type": "aws_appautoscaling_policy",
      "name": "replicas",
      "provider": "provider[\"registry.terraform.io/hashicorp/aws\"]",
      "instances": []
    },
    {
      "module": "module.rds_cluster_aurora_postgres",
      "mode": "managed",
      "type": "aws_appautoscaling_target",
      "name": "replicas",
      "provider": "provider[\"registry.terraform.io/hashicorp/aws\"]",
      "instances": []
    },
    {
      "module": "module.rds_cluster_aurora_postgres",
      "mode": "managed",
      "type": "aws_db_parameter_group",
      "name": "default",
      "provider": "provider[\"registry.terraform.io/hashicorp/aws\"]",
      "instances": [
        {
          "index_key": 0,
          "schema_version": 0,
          "attributes": {
            "arn": "arn:aws:rds:us-east-1:203918842945:pg:vitality-dev-postgres-20250321083123648500000002",
            "description": "DB instance parameter group",
            "family": "aurora-postgresql16",
            "id": "vitality-dev-postgres-20250321083123648500000002",
            "name": "vitality-dev-postgres-20250321083123648500000002",
            "name_prefix": "vitality-dev-postgres-",
            "parameter": [],
            "skip_destroy": false,
            "tags": {
              "Name": "vitality-dev-postgres",
              "Namespace": "vitality",
              "Stage": "dev"
            },
            "tags_all": {
              "Name": "vitality-dev-postgres",
              "Namespace": "vitality",
              "Stage": "dev"
            }
          },
          "sensitive_attributes": [],
          "private": "bnVsbA==",
          "create_before_destroy": true
        },
        {
          "index_key": 0,
          "deposed": "b502cfbe",
          "schema_version": 0,
          "attributes": {
            "arn": "arn:aws:rds:us-east-1:203918842945:pg:vitality-dev-postgres-20250321083037248000000001",
            "description": "DB instance parameter group",
            "family": "aurora-postgresql9.6",
            "id": "vitality-dev-postgres-20250321083037248000000001",
            "name": "vitality-dev-postgres-20250321083037248000000001",
            "name_prefix": "vitality-dev-postgres-",
            "parameter": [],
            "skip_destroy": false,
            "tags": {
              "Name": "vitality-dev-postgres",
              "Namespace": "vitality",
              "Stage": "dev"
            },
            "tags_all": {
              "Name": "vitality-dev-postgres",
              "Namespace": "vitality",
              "Stage": "dev"
            }
          },
          "sensitive_attributes": [],
          "private": "bnVsbA==",
          "create_before_destroy": true
        }
      ]
    },
    {
      "module": "module.rds_cluster_aurora_postgres",
      "mode": "managed",
      "type": "aws_db_subnet_group",
      "name": "default",
      "provider": "provider[\"registry.terraform.io/hashicorp/aws\"]",
      "instances": [
        {
          "index_key": 0,
          "schema_version": 0,
          "attributes": {
            "arn": "arn:aws:rds:us-east-1:203918842945:subgrp:vitality-dev-postgres",
            "description": "Allowed subnets for DB cluster instances",
            "id": "vitality-dev-postgres",
            "name": "vitality-dev-postgres",
            "name_prefix": "",
            "subnet_ids": [
              "subnet-03911beb676de0a58",
              "subnet-071e4069778af6cfc"
            ],
            "supported_network_types": [
              "IPV4"
            ],
            "tags": {
              "Name": "vitality-dev-postgres",
              "Namespace": "vitality",
              "Stage": "dev"
            },
            "tags_all": {
              "Name": "vitality-dev-postgres",
              "Namespace": "vitality",
              "Stage": "dev"
            },
            "vpc_id": "vpc-00f11cdb8b2f969b2"
          },
          "sensitive_attributes": [],
          "private": "bnVsbA==",
          "dependencies": [
            "data.aws_subnet.private_subnet_details",
            "data.aws_subnets.private_only_subnets",
            "data.aws_vpc.primary"
          ],
          "create_before_destroy": true
        }
      ]
    },
    {
      "module": "module.rds_cluster_aurora_postgres",
      "mode": "managed",
      "type": "aws_iam_role",
      "name": "enhanced_monitoring",
      "provider": "provider[\"registry.terraform.io/hashicorp/aws\"]",
      "instances": []
    },
    {
      "module": "module.rds_cluster_aurora_postgres",
      "mode": "managed",
      "type": "aws_iam_role_policy_attachment",
      "name": "enhanced_monitoring",
      "provider": "provider[\"registry.terraform.io/hashicorp/aws\"]",
      "instances": []
    },
    {
      "module": "module.rds_cluster_aurora_postgres",
      "mode": "managed",
      "type": "aws_rds_cluster",
      "name": "primary",
      "provider": "provider[\"registry.terraform.io/hashicorp/aws\"]",
      "instances": [
        {
          "index_key": 0,
          "schema_version": 1,
          "attributes": {
            "allocated_storage": 1,
            "allow_major_version_upgrade": false,
            "apply_immediately": true,
            "arn": "arn:aws:rds:us-east-1:203918842945:cluster:vitality-dev-postgres",
            "availability_zones": [
              "us-east-1a",
              "us-east-1c",
              "us-east-1d"
            ],
            "backtrack_window": 0,
            "backup_retention_period": 5,
            "ca_certificate_identifier": null,
            "ca_certificate_valid_till": null,
            "cluster_identifier": "vitality-dev-postgres",
            "cluster_identifier_prefix": "",
            "cluster_members": [],
            "cluster_resource_id": "cluster-K3HEQUGVV7HM4QPB5PJCNAKM3I",
            "cluster_scalability_type": "",
            "copy_tags_to_snapshot": false,
            "database_insights_mode": "standard",
            "database_name": "dbname",
            "db_cluster_instance_class": "",
            "db_cluster_parameter_group_name": "vitality-dev-postgres-20250321083123648000000001",
            "db_instance_parameter_group_name": null,
            "db_subnet_group_name": "vitality-dev-postgres",
            "db_system_id": "",
            "delete_automated_backups": true,
            "deletion_protection": false,
            "domain": "",
            "domain_iam_role_name": "",
            "enable_global_write_forwarding": false,
            "enable_http_endpoint": false,
            "enable_local_write_forwarding": false,
            "enabled_cloudwatch_logs_exports": null,
            "endpoint": "vitality-dev-postgres.cluster-c8v02o08i8tr.us-east-1.rds.amazonaws.com",
            "engine": "aurora-postgresql",
            "engine_lifecycle_support": "open-source-rds-extended-support",
            "engine_mode": "provisioned",
            "engine_version": "16.6",
            "engine_version_actual": "16.6",
            "final_snapshot_identifier": "vitality-dev-postgres",
            "global_cluster_identifier": "",
            "hosted_zone_id": "Z2R2ITUGPM61AM",
            "iam_database_authentication_enabled": false,
            "iam_roles": [],
            "id": "vitality-dev-postgres",
            "iops": 0,
            "kms_key_id": "",
            "manage_master_user_password": null,
            "master_password": "Test123456789",
            "master_password_wo": null,
            "master_password_wo_version": null,
            "master_user_secret": [],
            "master_user_secret_kms_key_id": null,
            "master_username": "admin1",
            "monitoring_interval": 0,
            "monitoring_role_arn": "",
            "network_type": "IPV4",
            "performance_insights_enabled": false,
            "performance_insights_kms_key_id": "",
            "performance_insights_retention_period": 0,
            "port": 5432,
            "preferred_backup_window": "07:00-09:00",
            "preferred_maintenance_window": "wed:03:00-wed:04:00",
            "reader_endpoint": "vitality-dev-postgres.cluster-ro-c8v02o08i8tr.us-east-1.rds.amazonaws.com",
            "replication_source_identifier": "",
            "restore_to_point_in_time": [],
            "s3_import": [],
            "scaling_configuration": [],
            "serverlessv2_scaling_configuration": [],
            "skip_final_snapshot": true,
            "snapshot_identifier": null,
            "source_region": "",
            "storage_encrypted": false,
            "storage_type": "",
            "tags": {
              "Name": "vitality-dev-postgres",
              "Namespace": "vitality",
              "Stage": "dev"
            },
            "tags_all": {
              "Name": "vitality-dev-postgres",
              "Namespace": "vitality",
              "Stage": "dev"
            },
            "timeouts": null,
            "vpc_security_group_ids": [
              "sg-086d3918bffc4ff60"
            ]
          },
          "sensitive_attributes": [
            [
              {
                "type": "get_attr",
                "value": "master_password"
              }
            ],
            [
              {
                "type": "get_attr",
                "value": "master_password_wo"
              }
            ]
          ],
          "private": "eyJlMmJmYjczMC1lY2FhLTExZTYtOGY4OC0zNDM2M2JjN2M0YzAiOnsiY3JlYXRlIjo3MjAwMDAwMDAwMDAwLCJkZWxldGUiOjcyMDAwMDAwMDAwMDAsInVwZGF0ZSI6NzIwMDAwMDAwMDAwMH0sInNjaGVtYV92ZXJzaW9uIjoiMSJ9",
          "dependencies": [
            "data.aws_subnet.private_subnet_details",
            "data.aws_subnets.private_only_subnets",
            "data.aws_vpc.primary",
            "module.rds_cluster_aurora_postgres.aws_db_parameter_group.default",
            "module.rds_cluster_aurora_postgres.aws_db_subnet_group.default",
            "module.rds_cluster_aurora_postgres.aws_rds_cluster_parameter_group.default",
            "module.rds_cluster_aurora_postgres.aws_security_group.default"
          ],
          "create_before_destroy": true
        }
      ]
    },
    {
      "module": "module.rds_cluster_aurora_postgres",
      "mode": "managed",
      "type": "aws_rds_cluster",
      "name": "secondary",
      "provider": "provider[\"registry.terraform.io/hashicorp/aws\"]",
      "instances": []
    },
    {
      "module": "module.rds_cluster_aurora_postgres",
      "mode": "managed",
      "type": "aws_rds_cluster_activity_stream",
      "name": "primary",
      "provider": "provider[\"registry.terraform.io/hashicorp/aws\"]",
      "instances": []
    },
    {
      "module": "module.rds_cluster_aurora_postgres",
      "mode": "managed",
      "type": "aws_rds_cluster_parameter_group",
      "name": "default",
      "provider": "provider[\"registry.terraform.io/hashicorp/aws\"]",
      "instances": [
        {
          "index_key": 0,
          "schema_version": 0,
          "attributes": {
            "arn": "arn:aws:rds:us-east-1:203918842945:cluster-pg:vitality-dev-postgres-20250321083123648000000001",
            "description": "DB cluster parameter group",
            "family": "aurora-postgresql16",
            "id": "vitality-dev-postgres-20250321083123648000000001",
            "name": "vitality-dev-postgres-20250321083123648000000001",
            "name_prefix": "vitality-dev-postgres-",
            "parameter": [],
            "tags": {
              "Name": "vitality-dev-postgres",
              "Namespace": "vitality",
              "Stage": "dev"
            },
            "tags_all": {
              "Name": "vitality-dev-postgres",
              "Namespace": "vitality",
              "Stage": "dev"
            }
          },
          "sensitive_attributes": [],
          "private": "bnVsbA==",
          "create_before_destroy": true
        },
        {
          "index_key": 0,
          "deposed": "0f469c4c",
          "schema_version": 0,
          "attributes": {
            "arn": "arn:aws:rds:us-east-1:203918842945:cluster-pg:vitality-dev-postgres-20250321083037257900000002",
            "description": "DB cluster parameter group",
            "family": "aurora-postgresql9.6",
            "id": "vitality-dev-postgres-20250321083037257900000002",
            "name": "vitality-dev-postgres-20250321083037257900000002",
            "name_prefix": "vitality-dev-postgres-",
            "parameter": [],
            "tags": {
              "Name": "vitality-dev-postgres",
              "Namespace": "vitality",
              "Stage": "dev"
            },
            "tags_all": {
              "Name": "vitality-dev-postgres",
              "Namespace": "vitality",
              "Stage": "dev"
            }
          },
          "sensitive_attributes": [],
          "private": "bnVsbA==",
          "create_before_destroy": true
        }
      ]
    },
    {
      "module": "module.rds_cluster_aurora_postgres",
      "mode": "managed",
      "type": "aws_rds_reserved_instance",
      "name": "default",
      "provider": "provider[\"registry.terraform.io/hashicorp/aws\"]",
      "instances": []
    },
    {
      "module": "module.rds_cluster_aurora_postgres",
      "mode": "managed",
      "type": "aws_security_group",
      "name": "default",
      "provider": "provider[\"registry.terraform.io/hashicorp/aws\"]",
      "instances": [
        {
          "index_key": 0,
          "schema_version": 1,
          "attributes": {
            "arn": "arn:aws:ec2:us-east-1:203918842945:security-group/sg-086d3918bffc4ff60",
            "description": "Allow inbound traffic from Security Groups and CIDRs",
            "egress": [
              {
                "cidr_blocks": [
                  "0.0.0.0/0"
                ],
                "description": "Allow outbound traffic",
                "from_port": 0,
                "ipv6_cidr_blocks": [],
                "prefix_list_ids": [],
                "protocol": "-1",
                "security_groups": [],
                "self": false,
                "to_port": 0
              },
              {
                "cidr_blocks": [],
                "description": "Allow outbound ipv6 traffic",
                "from_port": 0,
                "ipv6_cidr_blocks": [
                  "::/0"
                ],
                "prefix_list_ids": [],
                "protocol": "-1",
                "security_groups": [],
                "self": false,
                "to_port": 0
              }
            ],
            "id": "sg-086d3918bffc4ff60",
            "ingress": [
              {
                "cidr_blocks": [],
                "description": "Allow inbound traffic from existing security groups",
                "from_port": 5432,
                "ipv6_cidr_blocks": [],
                "prefix_list_ids": [],
                "protocol": "tcp",
                "security_groups": [
                  "sg-08c01f95f3ca726af"
                ],
                "self": false,
                "to_port": 5432
              }
            ],
            "name": "vitality-dev-postgres",
            "name_prefix": "",
            "owner_id": "203918842945",
            "revoke_rules_on_delete": false,
            "tags": {
              "Name": "vitality-dev-postgres",
              "Namespace": "vitality",
              "Stage": "dev"
            },
            "tags_all": {
              "Name": "vitality-dev-postgres",
              "Namespace": "vitality",
              "Stage": "dev"
            },
            "timeouts": null,
            "vpc_id": "vpc-00f11cdb8b2f969b2"
          },
          "sensitive_attributes": [],
          "private": "eyJlMmJmYjczMC1lY2FhLTExZTYtOGY4OC0zNDM2M2JjN2M0YzAiOnsiY3JlYXRlIjo2MDAwMDAwMDAwMDAsImRlbGV0ZSI6OTAwMDAwMDAwMDAwfSwic2NoZW1hX3ZlcnNpb24iOiIxIn0=",
          "dependencies": [
            "data.aws_vpc.primary"
          ],
          "create_before_destroy": true
        }
      ]
    },
    {
      "module": "module.rds_cluster_aurora_postgres",
      "mode": "managed",
      "type": "aws_security_group_rule",
      "name": "egress",
      "provider": "provider[\"registry.terraform.io/hashicorp/aws\"]",
      "instances": [
        {
          "index_key": 0,
          "schema_version": 2,
          "attributes": {
            "cidr_blocks": [
              "0.0.0.0/0"
            ],
            "description": "Allow outbound traffic",
            "from_port": 0,
            "id": "sgrule-4413010",
            "ipv6_cidr_blocks": null,
            "prefix_list_ids": null,
            "protocol": "-1",
            "security_group_id": "sg-086d3918bffc4ff60",
            "security_group_rule_id": "sgr-0863d12ba28c4edbc",
            "self": false,
            "source_security_group_id": null,
            "timeouts": null,
            "to_port": 0,
            "type": "egress"
          },
          "sensitive_attributes": [],
          "private": "eyJlMmJmYjczMC1lY2FhLTExZTYtOGY4OC0zNDM2M2JjN2M0YzAiOnsiY3JlYXRlIjozMDAwMDAwMDAwMDB9LCJzY2hlbWFfdmVyc2lvbiI6IjIifQ==",
          "dependencies": [
            "data.aws_vpc.primary",
            "module.rds_cluster_aurora_postgres.aws_security_group.default"
          ]
        }
      ]
    },
    {
      "module": "module.rds_cluster_aurora_postgres",
      "mode": "managed",
      "type": "aws_security_group_rule",
      "name": "egress_ipv6",
      "provider": "provider[\"registry.terraform.io/hashicorp/aws\"]",
      "instances": [
        {
          "index_key": 0,
          "schema_version": 2,
          "attributes": {
            "cidr_blocks": null,
            "description": "Allow outbound ipv6 traffic",
            "from_port": 0,
            "id": "sgrule-2356864958",
            "ipv6_cidr_blocks": [
              "::/0"
            ],
            "prefix_list_ids": null,
            "protocol": "-1",
            "security_group_id": "sg-086d3918bffc4ff60",
            "security_group_rule_id": "sgr-0322a6bf603bf0eb7",
            "self": false,
            "source_security_group_id": null,
            "timeouts": null,
            "to_port": 0,
            "type": "egress"
          },
          "sensitive_attributes": [],
          "private": "eyJlMmJmYjczMC1lY2FhLTExZTYtOGY4OC0zNDM2M2JjN2M0YzAiOnsiY3JlYXRlIjozMDAwMDAwMDAwMDB9LCJzY2hlbWFfdmVyc2lvbiI6IjIifQ==",
          "dependencies": [
            "data.aws_vpc.primary",
            "module.rds_cluster_aurora_postgres.aws_security_group.default"
          ]
        }
      ]
    },
    {
      "module": "module.rds_cluster_aurora_postgres",
      "mode": "managed",
      "type": "aws_security_group_rule",
      "name": "ingress_cidr_blocks",
      "provider": "provider[\"registry.terraform.io/hashicorp/aws\"]",
      "instances": []
    },
    {
      "module": "module.rds_cluster_aurora_postgres",
      "mode": "managed",
      "type": "aws_security_group_rule",
      "name": "ingress_ipv6_cidr_blocks",
      "provider": "provider[\"registry.terraform.io/hashicorp/aws\"]",
      "instances": []
    },
    {
      "module": "module.rds_cluster_aurora_postgres",
      "mode": "managed",
      "type": "aws_security_group_rule",
      "name": "ingress_security_groups",
      "provider": "provider[\"registry.terraform.io/hashicorp/aws\"]",
      "instances": [
        {
          "index_key": 0,
          "schema_version": 2,
          "attributes": {
            "cidr_blocks": null,
            "description": "Allow inbound traffic from existing security groups",
            "from_port": 5432,
            "id": "sgrule-2290948228",
            "ipv6_cidr_blocks": null,
            "prefix_list_ids": null,
            "protocol": "tcp",
            "security_group_id": "sg-086d3918bffc4ff60",
            "security_group_rule_id": "sgr-0a32889a8bfa18691",
            "self": false,
            "source_security_group_id": "sg-08c01f95f3ca726af",
            "timeouts": null,
            "to_port": 5432,
            "type": "ingress"
          },
          "sensitive_attributes": [],
          "private": "eyJlMmJmYjczMC1lY2FhLTExZTYtOGY4OC0zNDM2M2JjN2M0YzAiOnsiY3JlYXRlIjozMDAwMDAwMDAwMDB9LCJzY2hlbWFfdmVyc2lvbiI6IjIifQ==",
          "dependencies": [
            "data.aws_security_group.db_sg",
            "data.aws_vpc.primary",
            "module.rds_cluster_aurora_postgres.aws_security_group.default"
          ]
        }
      ]
    },
    {
      "module": "module.rds_cluster_aurora_postgres",
      "mode": "managed",
      "type": "aws_security_group_rule",
      "name": "traffic_inside_security_group",
      "provider": "provider[\"registry.terraform.io/hashicorp/aws\"]",
      "instances": []
    },
    {
      "module": "module.rds_cluster_aurora_postgres",
      "mode": "managed",
      "type": "random_pet",
      "name": "instance",
      "provider": "provider[\"registry.terraform.io/hashicorp/random\"]",
      "instances": [
        {
          "index_key": 0,
          "schema_version": 0,
          "attributes": {
            "id": "vitality-dev-postgres-intense-loon",
            "keepers": {
              "cluster_family": "aurora-postgresql16",
              "instance_class": "db.t4g.micro"
            },
            "length": 2,
            "prefix": "vitality-dev-postgres",
            "separator": "-"
          },
          "sensitive_attributes": [],
          "create_before_destroy": true
        },
        {
          "index_key": 0,
          "deposed": "532d35e7",
          "schema_version": 0,
          "attributes": {
            "id": "vitality-dev-postgres-neutral-gnu",
            "keepers": {
              "cluster_family": "aurora-postgresql9.6",
              "instance_class": "db.t4g.micro"
            },
            "length": 2,
            "prefix": "vitality-dev-postgres",
            "separator": "-"
          },
          "sensitive_attributes": [],
          "create_before_destroy": true
        }
      ]
    },
    {
      "module": "module.rds_cluster_aurora_postgres.module.dns_master",
      "mode": "data",
      "type": "aws_route53_zone",
      "name": "default",
      "provider": "provider[\"registry.terraform.io/hashicorp/aws\"]",
      "instances": []
    },
    {
      "module": "module.rds_cluster_aurora_postgres.module.dns_master",
      "mode": "managed",
      "type": "aws_route53_record",
      "name": "default",
      "provider": "provider[\"registry.terraform.io/hashicorp/aws\"]",
      "instances": []
    },
    {
      "module": "module.rds_cluster_aurora_postgres.module.dns_replicas",
      "mode": "data",
      "type": "aws_route53_zone",
      "name": "default",
      "provider": "provider[\"registry.terraform.io/hashicorp/aws\"]",
      "instances": []
    },
    {
      "module": "module.rds_cluster_aurora_postgres.module.dns_replicas",
      "mode": "managed",
      "type": "aws_route53_record",
      "name": "default",
      "provider": "provider[\"registry.terraform.io/hashicorp/aws\"]",
      "instances": []
    }
  ],
  "check_results": [
    {
      "object_kind": "var",
      "config_addr": "module.rds_cluster_aurora_postgres.module.dns_replicas.module.this.var.id_length_limit",
      "status": "pass",
      "objects": [
        {
          "object_addr": "module.rds_cluster_aurora_postgres.module.dns_replicas.module.this.var.id_length_limit",
          "status": "pass"
        }
      ]
    },
    {
      "object_kind": "var",
      "config_addr": "module.rds_cluster_aurora_postgres.module.dns_master.module.this.var.id_length_limit",
      "status": "pass",
      "objects": [
        {
          "object_addr": "module.rds_cluster_aurora_postgres.module.dns_master.module.this.var.id_length_limit",
          "status": "pass"
        }
      ]
    },
    {
      "object_kind": "var",
      "config_addr": "module.rds_cluster_aurora_postgres.module.dns_replicas.module.this.var.label_key_case",
      "status": "pass",
      "objects": [
        {
          "object_addr": "module.rds_cluster_aurora_postgres.module.dns_replicas.module.this.var.label_key_case",
          "status": "pass"
        }
      ]
    },
    {
      "object_kind": "var",
      "config_addr": "module.rds_cluster_aurora_postgres.module.rds_identifier.var.label_value_case",
      "status": "pass",
      "objects": [
        {
          "object_addr": "module.rds_cluster_aurora_postgres.module.rds_identifier[0].var.label_value_case",
          "status": "pass"
        }
      ]
    },
    {
      "object_kind": "var",
      "config_addr": "module.rds_cluster_aurora_postgres.module.dns_replicas.module.this.var.label_value_case",
      "status": "pass",
      "objects": [
        {
          "object_addr": "module.rds_cluster_aurora_postgres.module.dns_replicas.module.this.var.label_value_case",
          "status": "pass"
        }
      ]
    },
    {
      "object_kind": "var",
      "config_addr": "module.rds_cluster_aurora_postgres.module.this.var.label_value_case",
      "status": "pass",
      "objects": [
        {
          "object_addr": "module.rds_cluster_aurora_postgres.module.this.var.label_value_case",
          "status": "pass"
        }
      ]
    },
    {
      "object_kind": "var",
      "config_addr": "module.rds_cluster_aurora_postgres.var.label_value_case",
      "status": "pass",
      "objects": [
        {
          "object_addr": "module.rds_cluster_aurora_postgres.var.label_value_case",
          "status": "pass"
        }
      ]
    },
    {
      "object_kind": "var",
      "config_addr": "var.context",
      "status": "pass",
      "objects": [
        {
          "object_addr": "var.context",
          "status": "pass"
        }
      ]
    },
    {
      "object_kind": "var",
      "config_addr": "module.this.var.context",
      "status": "pass",
      "objects": [
        {
          "object_addr": "module.this.var.context",
          "status": "pass"
        }
      ]
    },
    {
      "object_kind": "var",
      "config_addr": "module.rds_cluster_aurora_postgres.module.dns_master.module.this.var.context",
      "status": "pass",
      "objects": [
        {
          "object_addr": "module.rds_cluster_aurora_postgres.module.dns_master.module.this.var.context",
          "status": "pass"
        }
      ]
    },
    {
      "object_kind": "var",
      "config_addr": "module.rds_cluster_aurora_postgres.module.rds_identifier.var.id_length_limit",
      "status": "pass",
      "objects": [
        {
          "object_addr": "module.rds_cluster_aurora_postgres.module.rds_identifier[0].var.id_length_limit",
          "status": "pass"
        }
      ]
    },
    {
      "object_kind": "var",
      "config_addr": "module.this.var.label_value_case",
      "status": "pass",
      "objects": [
        {
          "object_addr": "module.this.var.label_value_case",
          "status": "pass"
        }
      ]
    },
    {
      "object_kind": "var",
      "config_addr": "module.rds_cluster_aurora_postgres.var.label_key_case",
      "status": "pass",
      "objects": [
        {
          "object_addr": "module.rds_cluster_aurora_postgres.var.label_key_case",
          "status": "pass"
        }
      ]
    },
    {
      "object_kind": "var",
      "config_addr": "module.rds_cluster_aurora_postgres.module.enhanced_monitoring_label.var.label_key_case",
      "status": "pass",
      "objects": [
        {
          "object_addr": "module.rds_cluster_aurora_postgres.module.enhanced_monitoring_label.var.label_key_case",
          "status": "pass"
        }
      ]
    },
    {
      "object_kind": "var",
      "config_addr": "module.rds_cluster_aurora_postgres.module.dns_master.var.id_length_limit",
      "status": "pass",
      "objects": [
        {
          "object_addr": "module.rds_cluster_aurora_postgres.module.dns_master.var.id_length_limit",
          "status": "pass"
        }
      ]
    },
    {
      "object_kind": "var",
      "config_addr": "module.this.var.label_key_case",
      "status": "pass",
      "objects": [
        {
          "object_addr": "module.this.var.label_key_case",
          "status": "pass"
        }
      ]
    },
    {
      "object_kind": "var",
      "config_addr": "module.rds_cluster_aurora_postgres.module.dns_master.var.label_key_case",
      "status": "pass",
      "objects": [
        {
          "object_addr": "module.rds_cluster_aurora_postgres.module.dns_master.var.label_key_case",
          "status": "pass"
        }
      ]
    },
    {
      "object_kind": "var",
      "config_addr": "module.rds_cluster_aurora_postgres.module.dns_replicas.var.context",
      "status": "pass",
      "objects": [
        {
          "object_addr": "module.rds_cluster_aurora_postgres.module.dns_replicas.var.context",
          "status": "pass"
        }
      ]
    },
    {
      "object_kind": "var",
      "config_addr": "module.rds_cluster_aurora_postgres.module.this.var.label_key_case",
      "status": "pass",
      "objects": [
        {
          "object_addr": "module.rds_cluster_aurora_postgres.module.this.var.label_key_case",
          "status": "pass"
        }
      ]
    },
    {
      "object_kind": "var",
      "config_addr": "module.rds_cluster_aurora_postgres.var.context",
      "status": "pass",
      "objects": [
        {
          "object_addr": "module.rds_cluster_aurora_postgres.var.context",
          "status": "pass"
        }
      ]
    },
    {
      "object_kind": "var",
      "config_addr": "module.rds_cluster_aurora_postgres.module.enhanced_monitoring_label.var.context",
      "status": "pass",
      "objects": [
        {
          "object_addr": "module.rds_cluster_aurora_postgres.module.enhanced_monitoring_label.var.context",
          "status": "pass"
        }
      ]
    },
    {
      "object_kind": "var",
      "config_addr": "module.rds_cluster_aurora_postgres.var.cluster_type",
      "status": "pass",
      "objects": [
        {
          "object_addr": "module.rds_cluster_aurora_postgres.var.cluster_type",
          "status": "pass"
        }
      ]
    },
    {
      "object_kind": "var",
      "config_addr": "module.rds_cluster_aurora_postgres.module.this.var.id_length_limit",
      "status": "pass",
      "objects": [
        {
          "object_addr": "module.rds_cluster_aurora_postgres.module.this.var.id_length_limit",
          "status": "pass"
        }
      ]
    },
    {
      "object_kind": "var",
      "config_addr": "module.rds_cluster_aurora_postgres.module.dns_replicas.module.this.var.context",
      "status": "pass",
      "objects": [
        {
          "object_addr": "module.rds_cluster_aurora_postgres.module.dns_replicas.module.this.var.context",
          "status": "pass"
        }
      ]
    },
    {
      "object_kind": "var",
      "config_addr": "module.rds_cluster_aurora_postgres.var.id_length_limit",
      "status": "pass",
      "objects": [
        {
          "object_addr": "module.rds_cluster_aurora_postgres.var.id_length_limit",
          "status": "pass"
        }
      ]
    },
    {
      "object_kind": "var",
      "config_addr": "module.rds_cluster_aurora_postgres.module.dns_master.module.this.var.label_key_case",
      "status": "pass",
      "objects": [
        {
          "object_addr": "module.rds_cluster_aurora_postgres.module.dns_master.module.this.var.label_key_case",
          "status": "pass"
        }
      ]
    },
    {
      "object_kind": "var",
      "config_addr": "module.rds_cluster_aurora_postgres.module.dns_replicas.var.label_value_case",
      "status": "pass",
      "objects": [
        {
          "object_addr": "module.rds_cluster_aurora_postgres.module.dns_replicas.var.label_value_case",
          "status": "pass"
        }
      ]
    },
    {
      "object_kind": "var",
      "config_addr": "module.rds_cluster_aurora_postgres.module.rds_identifier.var.label_key_case",
      "status": "pass",
      "objects": [
        {
          "object_addr": "module.rds_cluster_aurora_postgres.module.rds_identifier[0].var.label_key_case",
          "status": "pass"
        }
      ]
    },
    {
      "object_kind": "var",
      "config_addr": "module.rds_cluster_aurora_postgres.module.dns_replicas.var.label_key_case",
      "status": "pass",
      "objects": [
        {
          "object_addr": "module.rds_cluster_aurora_postgres.module.dns_replicas.var.label_key_case",
          "status": "pass"
        }
      ]
    },
    {
      "object_kind": "var",
      "config_addr": "module.rds_cluster_aurora_postgres.module.dns_master.module.this.var.label_value_case",
      "status": "pass",
      "objects": [
        {
          "object_addr": "module.rds_cluster_aurora_postgres.module.dns_master.module.this.var.label_value_case",
          "status": "pass"
        }
      ]
    },
    {
      "object_kind": "var",
      "config_addr": "var.label_key_case",
      "status": "pass",
      "objects": [
        {
          "object_addr": "var.label_key_case",
          "status": "pass"
        }
      ]
    },
    {
      "object_kind": "var",
      "config_addr": "module.rds_cluster_aurora_postgres.module.enhanced_monitoring_label.var.id_length_limit",
      "status": "pass",
      "objects": [
        {
          "object_addr": "module.rds_cluster_aurora_postgres.module.enhanced_monitoring_label.var.id_length_limit",
          "status": "pass"
        }
      ]
    },
    {
      "object_kind": "var",
      "config_addr": "module.this.var.id_length_limit",
      "status": "pass",
      "objects": [
        {
          "object_addr": "module.this.var.id_length_limit",
          "status": "pass"
        }
      ]
    },
    {
      "object_kind": "var",
      "config_addr": "module.rds_cluster_aurora_postgres.module.enhanced_monitoring_label.var.label_value_case",
      "status": "pass",
      "objects": [
        {
          "object_addr": "module.rds_cluster_aurora_postgres.module.enhanced_monitoring_label.var.label_value_case",
          "status": "pass"
        }
      ]
    },
    {
      "object_kind": "var",
      "config_addr": "module.rds_cluster_aurora_postgres.module.rds_identifier.var.context",
      "status": "pass",
      "objects": [
        {
          "object_addr": "module.rds_cluster_aurora_postgres.module.rds_identifier[0].var.context",
          "status": "pass"
        }
      ]
    },
    {
      "object_kind": "var",
      "config_addr": "module.rds_cluster_aurora_postgres.module.this.var.context",
      "status": "pass",
      "objects": [
        {
          "object_addr": "module.rds_cluster_aurora_postgres.module.this.var.context",
          "status": "pass"
        }
      ]
    },
    {
      "object_kind": "var",
      "config_addr": "module.rds_cluster_aurora_postgres.module.dns_replicas.var.id_length_limit",
      "status": "pass",
      "objects": [
        {
          "object_addr": "module.rds_cluster_aurora_postgres.module.dns_replicas.var.id_length_limit",
          "status": "pass"
        }
      ]
    },
    {
      "object_kind": "var",
      "config_addr": "var.label_value_case",
      "status": "pass",
      "objects": [
        {
          "object_addr": "var.label_value_case",
          "status": "pass"
        }
      ]
    },
    {
      "object_kind": "var",
      "config_addr": "module.rds_cluster_aurora_postgres.module.dns_master.var.label_value_case",
      "status": "pass",
      "objects": [
        {
          "object_addr": "module.rds_cluster_aurora_postgres.module.dns_master.var.label_value_case",
          "status": "pass"
        }
      ]
    },
    {
      "object_kind": "var",
      "config_addr": "module.rds_cluster_aurora_postgres.module.dns_master.var.context",
      "status": "pass",
      "objects": [
        {
          "object_addr": "module.rds_cluster_aurora_postgres.module.dns_master.var.context",
          "status": "pass"
        }
      ]
    },
    {
      "object_kind": "var",
      "config_addr": "var.id_length_limit",
      "status": "pass",
      "objects": [
        {
          "object_addr": "var.id_length_limit",
          "status": "pass"
        }
      ]
    }
  ]
}
